{
  "version": 4,
  "terraform_version": "1.4.5",
  "serial": 775,
  "lineage": "56cf7014-7555-bdfe-125a-cffbadb7db47",
  "outputs": {},
  "resources": [
    {
      "mode": "managed",
      "type": "aws_flow_log",
      "name": "hub-flow-logs",
      "provider": "provider[\"registry.terraform.io/hashicorp/aws\"]",
      "instances": [
        {
          "schema_version": 0,
          "attributes": {
            "arn": "arn:aws:ec2:ca-central-1:131578276461:vpc-flow-log/fl-013a8ea6cb39039e5",
            "deliver_cross_account_role": "",
            "destination_options": [
              {
                "file_format": "plain-text",
                "hive_compatible_partitions": false,
                "per_hour_partition": false
              }
            ],
            "eni_id": null,
            "iam_role_arn": "",
            "id": "fl-013a8ea6cb39039e5",
            "log_destination": "arn:aws:s3:::hub-fl-bucket",
            "log_destination_type": "s3",
            "log_format": "${version} ${account-id} ${interface-id} ${srcaddr} ${dstaddr} ${srcport} ${dstport} ${protocol} ${packets} ${bytes} ${start} ${end} ${action} ${log-status}",
            "log_group_name": "",
            "max_aggregation_interval": 600,
            "subnet_id": null,
            "tags": {},
            "tags_all": {},
            "traffic_type": "ALL",
            "transit_gateway_attachment_id": null,
            "transit_gateway_id": null,
            "vpc_id": "vpc-08a3ad9b7950e3bea"
          },
          "sensitive_attributes": [],
          "private": "bnVsbA==",
          "dependencies": [
            "aws_s3_bucket.hub-fl-bucket",
            "module.vpc.aws_vpc.this"
          ]
        }
      ]
    },
    {
      "mode": "managed",
      "type": "aws_flow_log",
      "name": "pod-flow-logs",
      "provider": "provider[\"registry.terraform.io/hashicorp/aws\"]",
      "instances": [
        {
          "schema_version": 0,
          "attributes": {
            "arn": "arn:aws:ec2:ca-central-1:131578276461:vpc-flow-log/fl-0f4cf84bed743d934",
            "deliver_cross_account_role": "",
            "destination_options": [
              {
                "file_format": "plain-text",
                "hive_compatible_partitions": false,
                "per_hour_partition": false
              }
            ],
            "eni_id": null,
            "iam_role_arn": "",
            "id": "fl-0f4cf84bed743d934",
            "log_destination": "arn:aws:s3:::pod-fl-bucket",
            "log_destination_type": "s3",
            "log_format": "${version} ${account-id} ${interface-id} ${srcaddr} ${dstaddr} ${srcport} ${dstport} ${protocol} ${packets} ${bytes} ${start} ${end} ${action} ${log-status}",
            "log_group_name": "",
            "max_aggregation_interval": 600,
            "subnet_id": null,
            "tags": {},
            "tags_all": {},
            "traffic_type": "ALL",
            "transit_gateway_attachment_id": null,
            "transit_gateway_id": null,
            "vpc_id": "vpc-0edc33aad68f6dda3"
          },
          "sensitive_attributes": [],
          "private": "bnVsbA==",
          "dependencies": [
            "aws_s3_bucket.pod-fl-bucket",
            "module.vpc_pod.aws_vpc.this"
          ]
        }
      ]
    },
    {
      "mode": "managed",
      "type": "aws_route_table",
      "name": "fwsb_rt_hub",
      "provider": "provider[\"registry.terraform.io/hashicorp/aws\"]",
      "instances": [
        {
          "schema_version": 0,
          "attributes": {
            "arn": "arn:aws:ec2:ca-central-1:131578276461:route-table/rtb-0194db744d88c9f89",
            "id": "rtb-0194db744d88c9f89",
            "owner_id": "131578276461",
            "propagating_vgws": [],
            "route": [
              {
                "carrier_gateway_id": "",
                "cidr_block": "10.1.160.0/21",
                "core_network_arn": "",
                "destination_prefix_list_id": "",
                "egress_only_gateway_id": "",
                "gateway_id": "",
                "instance_id": "",
                "ipv6_cidr_block": "",
                "local_gateway_id": "",
                "nat_gateway_id": "",
                "network_interface_id": "",
                "transit_gateway_id": "tgw-0e9e564ab98eea754",
                "vpc_endpoint_id": "",
                "vpc_peering_connection_id": ""
              }
            ],
            "tags": {},
            "tags_all": {},
            "timeouts": null,
            "vpc_id": "vpc-08a3ad9b7950e3bea"
          },
          "sensitive_attributes": [],
          "private": "eyJlMmJmYjczMC1lY2FhLTExZTYtOGY4OC0zNDM2M2JjN2M0YzAiOnsiY3JlYXRlIjozMDAwMDAwMDAwMDAsImRlbGV0ZSI6MzAwMDAwMDAwMDAwLCJ1cGRhdGUiOjEyMDAwMDAwMDAwMH19",
          "dependencies": [
            "module.tgw.aws_ec2_transit_gateway.this",
            "module.vpc.aws_vpc.this"
          ]
        }
      ]
    },
    {
      "mode": "managed",
      "type": "aws_route_table",
      "name": "ingress1",
      "provider": "provider[\"registry.terraform.io/hashicorp/aws\"]",
      "instances": [
        {
          "schema_version": 0,
          "attributes": {
            "arn": "arn:aws:ec2:ca-central-1:131578276461:route-table/rtb-0ecbcbd86083e3f3f",
            "id": "rtb-0ecbcbd86083e3f3f",
            "owner_id": "131578276461",
            "propagating_vgws": [],
            "route": [
              {
                "carrier_gateway_id": "",
                "cidr_block": "10.1.160.0/21",
                "core_network_arn": "",
                "destination_prefix_list_id": "",
                "egress_only_gateway_id": "",
                "gateway_id": "",
                "instance_id": "",
                "ipv6_cidr_block": "",
                "local_gateway_id": "",
                "nat_gateway_id": "",
                "network_interface_id": "",
                "transit_gateway_id": "tgw-0e9e564ab98eea754",
                "vpc_endpoint_id": "",
                "vpc_peering_connection_id": ""
              }
            ],
            "tags": {},
            "tags_all": {},
            "timeouts": null,
            "vpc_id": "vpc-08a3ad9b7950e3bea"
          },
          "sensitive_attributes": [],
          "private": "eyJlMmJmYjczMC1lY2FhLTExZTYtOGY4OC0zNDM2M2JjN2M0YzAiOnsiY3JlYXRlIjozMDAwMDAwMDAwMDAsImRlbGV0ZSI6MzAwMDAwMDAwMDAwLCJ1cGRhdGUiOjEyMDAwMDAwMDAwMH19",
          "dependencies": [
            "module.tgw.aws_ec2_transit_gateway.this",
            "module.vpc.aws_vpc.this"
          ]
        }
      ]
    },
    {
      "mode": "managed",
      "type": "aws_route_table",
      "name": "ingress2",
      "provider": "provider[\"registry.terraform.io/hashicorp/aws\"]",
      "instances": [
        {
          "schema_version": 0,
          "attributes": {
            "arn": "arn:aws:ec2:ca-central-1:131578276461:route-table/rtb-0a0e709c7eb964a68",
            "id": "rtb-0a0e709c7eb964a68",
            "owner_id": "131578276461",
            "propagating_vgws": [],
            "route": [
              {
                "carrier_gateway_id": "",
                "cidr_block": "10.1.160.0/21",
                "core_network_arn": "",
                "destination_prefix_list_id": "",
                "egress_only_gateway_id": "",
                "gateway_id": "",
                "instance_id": "",
                "ipv6_cidr_block": "",
                "local_gateway_id": "",
                "nat_gateway_id": "",
                "network_interface_id": "",
                "transit_gateway_id": "tgw-0e9e564ab98eea754",
                "vpc_endpoint_id": "",
                "vpc_peering_connection_id": ""
              }
            ],
            "tags": {},
            "tags_all": {},
            "timeouts": null,
            "vpc_id": "vpc-08a3ad9b7950e3bea"
          },
          "sensitive_attributes": [],
          "private": "eyJlMmJmYjczMC1lY2FhLTExZTYtOGY4OC0zNDM2M2JjN2M0YzAiOnsiY3JlYXRlIjozMDAwMDAwMDAwMDAsImRlbGV0ZSI6MzAwMDAwMDAwMDAwLCJ1cGRhdGUiOjEyMDAwMDAwMDAwMH19",
          "dependencies": [
            "module.tgw.aws_ec2_transit_gateway.this",
            "module.vpc.aws_vpc.this"
          ]
        }
      ]
    },
    {
      "mode": "managed",
      "type": "aws_route_table",
      "name": "ingress3",
      "provider": "provider[\"registry.terraform.io/hashicorp/aws\"]",
      "instances": [
        {
          "schema_version": 0,
          "attributes": {
            "arn": "arn:aws:ec2:ca-central-1:131578276461:route-table/rtb-0fe6f6f6aa1ac62dd",
            "id": "rtb-0fe6f6f6aa1ac62dd",
            "owner_id": "131578276461",
            "propagating_vgws": [],
            "route": [
              {
                "carrier_gateway_id": "",
                "cidr_block": "10.1.160.0/21",
                "core_network_arn": "",
                "destination_prefix_list_id": "",
                "egress_only_gateway_id": "",
                "gateway_id": "",
                "instance_id": "",
                "ipv6_cidr_block": "",
                "local_gateway_id": "",
                "nat_gateway_id": "",
                "network_interface_id": "",
                "transit_gateway_id": "tgw-0e9e564ab98eea754",
                "vpc_endpoint_id": "",
                "vpc_peering_connection_id": ""
              }
            ],
            "tags": {},
            "tags_all": {},
            "timeouts": null,
            "vpc_id": "vpc-08a3ad9b7950e3bea"
          },
          "sensitive_attributes": [],
          "private": "eyJlMmJmYjczMC1lY2FhLTExZTYtOGY4OC0zNDM2M2JjN2M0YzAiOnsiY3JlYXRlIjozMDAwMDAwMDAwMDAsImRlbGV0ZSI6MzAwMDAwMDAwMDAwLCJ1cGRhdGUiOjEyMDAwMDAwMDAwMH19",
          "dependencies": [
            "module.tgw.aws_ec2_transit_gateway.this",
            "module.vpc.aws_vpc.this"
          ]
        }
      ]
    },
    {
      "mode": "managed",
      "type": "aws_route_table",
      "name": "pod_rt_db",
      "provider": "provider[\"registry.terraform.io/hashicorp/aws\"]",
      "instances": [
        {
          "schema_version": 0,
          "attributes": {
            "arn": "arn:aws:ec2:ca-central-1:131578276461:route-table/rtb-016c0fb4c2b4d370f",
            "id": "rtb-016c0fb4c2b4d370f",
            "owner_id": "131578276461",
            "propagating_vgws": [],
            "route": [
              {
                "carrier_gateway_id": "",
                "cidr_block": "10.1.128.0/20",
                "core_network_arn": "",
                "destination_prefix_list_id": "",
                "egress_only_gateway_id": "",
                "gateway_id": "",
                "instance_id": "",
                "ipv6_cidr_block": "",
                "local_gateway_id": "",
                "nat_gateway_id": "",
                "network_interface_id": "",
                "transit_gateway_id": "tgw-0e9e564ab98eea754",
                "vpc_endpoint_id": "",
                "vpc_peering_connection_id": ""
              }
            ],
            "tags": {},
            "tags_all": {},
            "timeouts": null,
            "vpc_id": "vpc-0edc33aad68f6dda3"
          },
          "sensitive_attributes": [],
          "private": "eyJlMmJmYjczMC1lY2FhLTExZTYtOGY4OC0zNDM2M2JjN2M0YzAiOnsiY3JlYXRlIjozMDAwMDAwMDAwMDAsImRlbGV0ZSI6MzAwMDAwMDAwMDAwLCJ1cGRhdGUiOjEyMDAwMDAwMDAwMH19",
          "dependencies": [
            "module.tgw.aws_ec2_transit_gateway.this",
            "module.vpc_pod.aws_vpc.this"
          ]
        }
      ]
    },
    {
      "mode": "managed",
      "type": "aws_route_table",
      "name": "pod_rt_tgwep",
      "provider": "provider[\"registry.terraform.io/hashicorp/aws\"]",
      "instances": [
        {
          "schema_version": 0,
          "attributes": {
            "arn": "arn:aws:ec2:ca-central-1:131578276461:route-table/rtb-03884b078d7fd0b78",
            "id": "rtb-03884b078d7fd0b78",
            "owner_id": "131578276461",
            "propagating_vgws": [],
            "route": [
              {
                "carrier_gateway_id": "",
                "cidr_block": "0.0.0.0/0",
                "core_network_arn": "",
                "destination_prefix_list_id": "",
                "egress_only_gateway_id": "",
                "gateway_id": "",
                "instance_id": "",
                "ipv6_cidr_block": "",
                "local_gateway_id": "",
                "nat_gateway_id": "",
                "network_interface_id": "",
                "transit_gateway_id": "tgw-0e9e564ab98eea754",
                "vpc_endpoint_id": "",
                "vpc_peering_connection_id": ""
              }
            ],
            "tags": {},
            "tags_all": {},
            "timeouts": null,
            "vpc_id": "vpc-0edc33aad68f6dda3"
          },
          "sensitive_attributes": [],
          "private": "eyJlMmJmYjczMC1lY2FhLTExZTYtOGY4OC0zNDM2M2JjN2M0YzAiOnsiY3JlYXRlIjozMDAwMDAwMDAwMDAsImRlbGV0ZSI6MzAwMDAwMDAwMDAwLCJ1cGRhdGUiOjEyMDAwMDAwMDAwMH19",
          "dependencies": [
            "module.tgw.aws_ec2_transit_gateway.this",
            "module.vpc_pod.aws_vpc.this"
          ]
        }
      ]
    },
    {
      "mode": "managed",
      "type": "aws_route_table",
      "name": "pod_rt_web_app",
      "provider": "provider[\"registry.terraform.io/hashicorp/aws\"]",
      "instances": [
        {
          "schema_version": 0,
          "attributes": {
            "arn": "arn:aws:ec2:ca-central-1:131578276461:route-table/rtb-0bbf084e1abb9fa79",
            "id": "rtb-0bbf084e1abb9fa79",
            "owner_id": "131578276461",
            "propagating_vgws": [],
            "route": [
              {
                "carrier_gateway_id": "",
                "cidr_block": "0.0.0.0/0",
                "core_network_arn": "",
                "destination_prefix_list_id": "",
                "egress_only_gateway_id": "",
                "gateway_id": "",
                "instance_id": "",
                "ipv6_cidr_block": "",
                "local_gateway_id": "",
                "nat_gateway_id": "",
                "network_interface_id": "",
                "transit_gateway_id": "tgw-0e9e564ab98eea754",
                "vpc_endpoint_id": "",
                "vpc_peering_connection_id": ""
              }
            ],
            "tags": {},
            "tags_all": {},
            "timeouts": null,
            "vpc_id": "vpc-0edc33aad68f6dda3"
          },
          "sensitive_attributes": [],
          "private": "eyJlMmJmYjczMC1lY2FhLTExZTYtOGY4OC0zNDM2M2JjN2M0YzAiOnsiY3JlYXRlIjozMDAwMDAwMDAwMDAsImRlbGV0ZSI6MzAwMDAwMDAwMDAwLCJ1cGRhdGUiOjEyMDAwMDAwMDAwMH19",
          "dependencies": [
            "module.tgw.aws_ec2_transit_gateway.this",
            "module.vpc_pod.aws_vpc.this"
          ]
        }
      ]
    },
    {
      "mode": "managed",
      "type": "aws_route_table",
      "name": "prisb1_rt_hub",
      "provider": "provider[\"registry.terraform.io/hashicorp/aws\"]",
      "instances": [
        {
          "schema_version": 0,
          "attributes": {
            "arn": "arn:aws:ec2:ca-central-1:131578276461:route-table/rtb-0fea1f91626d5d595",
            "id": "rtb-0fea1f91626d5d595",
            "owner_id": "131578276461",
            "propagating_vgws": [],
            "route": [
              {
                "carrier_gateway_id": "",
                "cidr_block": "0.0.0.0/0",
                "core_network_arn": "",
                "destination_prefix_list_id": "",
                "egress_only_gateway_id": "",
                "gateway_id": "",
                "instance_id": "",
                "ipv6_cidr_block": "",
                "local_gateway_id": "",
                "nat_gateway_id": "nat-0c5b919219de3017c",
                "network_interface_id": "",
                "transit_gateway_id": "",
                "vpc_endpoint_id": "",
                "vpc_peering_connection_id": ""
              },
              {
                "carrier_gateway_id": "",
                "cidr_block": "10.1.160.0/21",
                "core_network_arn": "",
                "destination_prefix_list_id": "",
                "egress_only_gateway_id": "",
                "gateway_id": "",
                "instance_id": "",
                "ipv6_cidr_block": "",
                "local_gateway_id": "",
                "nat_gateway_id": "",
                "network_interface_id": "",
                "transit_gateway_id": "tgw-0e9e564ab98eea754",
                "vpc_endpoint_id": "",
                "vpc_peering_connection_id": ""
              }
            ],
            "tags": {},
            "tags_all": {},
            "timeouts": null,
            "vpc_id": "vpc-08a3ad9b7950e3bea"
          },
          "sensitive_attributes": [],
          "private": "eyJlMmJmYjczMC1lY2FhLTExZTYtOGY4OC0zNDM2M2JjN2M0YzAiOnsiY3JlYXRlIjozMDAwMDAwMDAwMDAsImRlbGV0ZSI6MzAwMDAwMDAwMDAwLCJ1cGRhdGUiOjEyMDAwMDAwMDAwMH19",
          "dependencies": [
            "module.tgw.aws_ec2_transit_gateway.this",
            "module.vpc.aws_eip.nat",
            "module.vpc.aws_internet_gateway.this",
            "module.vpc.aws_nat_gateway.this",
            "module.vpc.aws_subnet.private",
            "module.vpc.aws_vpc.this",
            "module.vpc.aws_vpc_ipv4_cidr_block_association.this"
          ]
        }
      ]
    },
    {
      "mode": "managed",
      "type": "aws_route_table",
      "name": "prisb2_rt_hub",
      "provider": "provider[\"registry.terraform.io/hashicorp/aws\"]",
      "instances": [
        {
          "schema_version": 0,
          "attributes": {
            "arn": "arn:aws:ec2:ca-central-1:131578276461:route-table/rtb-0f499e974a2f3504f",
            "id": "rtb-0f499e974a2f3504f",
            "owner_id": "131578276461",
            "propagating_vgws": [],
            "route": [
              {
                "carrier_gateway_id": "",
                "cidr_block": "0.0.0.0/0",
                "core_network_arn": "",
                "destination_prefix_list_id": "",
                "egress_only_gateway_id": "",
                "gateway_id": "",
                "instance_id": "",
                "ipv6_cidr_block": "",
                "local_gateway_id": "",
                "nat_gateway_id": "nat-0d3fc877324aba8c6",
                "network_interface_id": "",
                "transit_gateway_id": "",
                "vpc_endpoint_id": "",
                "vpc_peering_connection_id": ""
              },
              {
                "carrier_gateway_id": "",
                "cidr_block": "10.1.160.0/21",
                "core_network_arn": "",
                "destination_prefix_list_id": "",
                "egress_only_gateway_id": "",
                "gateway_id": "",
                "instance_id": "",
                "ipv6_cidr_block": "",
                "local_gateway_id": "",
                "nat_gateway_id": "",
                "network_interface_id": "",
                "transit_gateway_id": "tgw-0e9e564ab98eea754",
                "vpc_endpoint_id": "",
                "vpc_peering_connection_id": ""
              }
            ],
            "tags": {},
            "tags_all": {},
            "timeouts": null,
            "vpc_id": "vpc-08a3ad9b7950e3bea"
          },
          "sensitive_attributes": [],
          "private": "eyJlMmJmYjczMC1lY2FhLTExZTYtOGY4OC0zNDM2M2JjN2M0YzAiOnsiY3JlYXRlIjozMDAwMDAwMDAwMDAsImRlbGV0ZSI6MzAwMDAwMDAwMDAwLCJ1cGRhdGUiOjEyMDAwMDAwMDAwMH19",
          "dependencies": [
            "module.tgw.aws_ec2_transit_gateway.this",
            "module.vpc.aws_eip.nat",
            "module.vpc.aws_internet_gateway.this",
            "module.vpc.aws_nat_gateway.this",
            "module.vpc.aws_subnet.private",
            "module.vpc.aws_vpc.this",
            "module.vpc.aws_vpc_ipv4_cidr_block_association.this"
          ]
        }
      ]
    },
    {
      "mode": "managed",
      "type": "aws_route_table",
      "name": "prisb3_rt_hub",
      "provider": "provider[\"registry.terraform.io/hashicorp/aws\"]",
      "instances": [
        {
          "schema_version": 0,
          "attributes": {
            "arn": "arn:aws:ec2:ca-central-1:131578276461:route-table/rtb-01a53842bc0b07989",
            "id": "rtb-01a53842bc0b07989",
            "owner_id": "131578276461",
            "propagating_vgws": [],
            "route": [
              {
                "carrier_gateway_id": "",
                "cidr_block": "0.0.0.0/0",
                "core_network_arn": "",
                "destination_prefix_list_id": "",
                "egress_only_gateway_id": "",
                "gateway_id": "",
                "instance_id": "",
                "ipv6_cidr_block": "",
                "local_gateway_id": "",
                "nat_gateway_id": "nat-091066ae8a793836f",
                "network_interface_id": "",
                "transit_gateway_id": "",
                "vpc_endpoint_id": "",
                "vpc_peering_connection_id": ""
              },
              {
                "carrier_gateway_id": "",
                "cidr_block": "10.1.160.0/21",
                "core_network_arn": "",
                "destination_prefix_list_id": "",
                "egress_only_gateway_id": "",
                "gateway_id": "",
                "instance_id": "",
                "ipv6_cidr_block": "",
                "local_gateway_id": "",
                "nat_gateway_id": "",
                "network_interface_id": "",
                "transit_gateway_id": "tgw-0e9e564ab98eea754",
                "vpc_endpoint_id": "",
                "vpc_peering_connection_id": ""
              }
            ],
            "tags": {},
            "tags_all": {},
            "timeouts": null,
            "vpc_id": "vpc-08a3ad9b7950e3bea"
          },
          "sensitive_attributes": [],
          "private": "eyJlMmJmYjczMC1lY2FhLTExZTYtOGY4OC0zNDM2M2JjN2M0YzAiOnsiY3JlYXRlIjozMDAwMDAwMDAwMDAsImRlbGV0ZSI6MzAwMDAwMDAwMDAwLCJ1cGRhdGUiOjEyMDAwMDAwMDAwMH19",
          "dependencies": [
            "module.tgw.aws_ec2_transit_gateway.this",
            "module.vpc.aws_eip.nat",
            "module.vpc.aws_internet_gateway.this",
            "module.vpc.aws_nat_gateway.this",
            "module.vpc.aws_subnet.private",
            "module.vpc.aws_vpc.this",
            "module.vpc.aws_vpc_ipv4_cidr_block_association.this"
          ]
        }
      ]
    },
    {
      "mode": "managed",
      "type": "aws_route_table",
      "name": "tgwep1_rt_hub",
      "provider": "provider[\"registry.terraform.io/hashicorp/aws\"]",
      "instances": [
        {
          "schema_version": 0,
          "attributes": {
            "arn": "arn:aws:ec2:ca-central-1:131578276461:route-table/rtb-0d915011725a581d4",
            "id": "rtb-0d915011725a581d4",
            "owner_id": "131578276461",
            "propagating_vgws": [],
            "route": [
              {
                "carrier_gateway_id": "",
                "cidr_block": "0.0.0.0/0",
                "core_network_arn": "",
                "destination_prefix_list_id": "",
                "egress_only_gateway_id": "",
                "gateway_id": "",
                "instance_id": "",
                "ipv6_cidr_block": "",
                "local_gateway_id": "",
                "nat_gateway_id": "nat-0c5b919219de3017c",
                "network_interface_id": "",
                "transit_gateway_id": "",
                "vpc_endpoint_id": "",
                "vpc_peering_connection_id": ""
              },
              {
                "carrier_gateway_id": "",
                "cidr_block": "10.1.160.0/21",
                "core_network_arn": "",
                "destination_prefix_list_id": "",
                "egress_only_gateway_id": "",
                "gateway_id": "",
                "instance_id": "",
                "ipv6_cidr_block": "",
                "local_gateway_id": "",
                "nat_gateway_id": "",
                "network_interface_id": "",
                "transit_gateway_id": "tgw-0e9e564ab98eea754",
                "vpc_endpoint_id": "",
                "vpc_peering_connection_id": ""
              }
            ],
            "tags": {},
            "tags_all": {},
            "timeouts": null,
            "vpc_id": "vpc-08a3ad9b7950e3bea"
          },
          "sensitive_attributes": [],
          "private": "eyJlMmJmYjczMC1lY2FhLTExZTYtOGY4OC0zNDM2M2JjN2M0YzAiOnsiY3JlYXRlIjozMDAwMDAwMDAwMDAsImRlbGV0ZSI6MzAwMDAwMDAwMDAwLCJ1cGRhdGUiOjEyMDAwMDAwMDAwMH19",
          "dependencies": [
            "module.tgw.aws_ec2_transit_gateway.this",
            "module.vpc.aws_eip.nat",
            "module.vpc.aws_internet_gateway.this",
            "module.vpc.aws_nat_gateway.this",
            "module.vpc.aws_subnet.private",
            "module.vpc.aws_vpc.this",
            "module.vpc.aws_vpc_ipv4_cidr_block_association.this"
          ]
        }
      ]
    },
    {
      "mode": "managed",
      "type": "aws_route_table",
      "name": "tgwep2_rt_hub",
      "provider": "provider[\"registry.terraform.io/hashicorp/aws\"]",
      "instances": [
        {
          "schema_version": 0,
          "attributes": {
            "arn": "arn:aws:ec2:ca-central-1:131578276461:route-table/rtb-0afe499f06c2531cd",
            "id": "rtb-0afe499f06c2531cd",
            "owner_id": "131578276461",
            "propagating_vgws": [],
            "route": [
              {
                "carrier_gateway_id": "",
                "cidr_block": "0.0.0.0/0",
                "core_network_arn": "",
                "destination_prefix_list_id": "",
                "egress_only_gateway_id": "",
                "gateway_id": "",
                "instance_id": "",
                "ipv6_cidr_block": "",
                "local_gateway_id": "",
                "nat_gateway_id": "nat-0d3fc877324aba8c6",
                "network_interface_id": "",
                "transit_gateway_id": "",
                "vpc_endpoint_id": "",
                "vpc_peering_connection_id": ""
              },
              {
                "carrier_gateway_id": "",
                "cidr_block": "10.1.160.0/21",
                "core_network_arn": "",
                "destination_prefix_list_id": "",
                "egress_only_gateway_id": "",
                "gateway_id": "",
                "instance_id": "",
                "ipv6_cidr_block": "",
                "local_gateway_id": "",
                "nat_gateway_id": "",
                "network_interface_id": "",
                "transit_gateway_id": "tgw-0e9e564ab98eea754",
                "vpc_endpoint_id": "",
                "vpc_peering_connection_id": ""
              }
            ],
            "tags": {},
            "tags_all": {},
            "timeouts": null,
            "vpc_id": "vpc-08a3ad9b7950e3bea"
          },
          "sensitive_attributes": [],
          "private": "eyJlMmJmYjczMC1lY2FhLTExZTYtOGY4OC0zNDM2M2JjN2M0YzAiOnsiY3JlYXRlIjozMDAwMDAwMDAwMDAsImRlbGV0ZSI6MzAwMDAwMDAwMDAwLCJ1cGRhdGUiOjEyMDAwMDAwMDAwMH19",
          "dependencies": [
            "module.tgw.aws_ec2_transit_gateway.this",
            "module.vpc.aws_eip.nat",
            "module.vpc.aws_internet_gateway.this",
            "module.vpc.aws_nat_gateway.this",
            "module.vpc.aws_subnet.private",
            "module.vpc.aws_vpc.this",
            "module.vpc.aws_vpc_ipv4_cidr_block_association.this"
          ]
        }
      ]
    },
    {
      "mode": "managed",
      "type": "aws_route_table",
      "name": "tgwep3_rt_hub",
      "provider": "provider[\"registry.terraform.io/hashicorp/aws\"]",
      "instances": [
        {
          "schema_version": 0,
          "attributes": {
            "arn": "arn:aws:ec2:ca-central-1:131578276461:route-table/rtb-01adf8cd6de8264c9",
            "id": "rtb-01adf8cd6de8264c9",
            "owner_id": "131578276461",
            "propagating_vgws": [],
            "route": [
              {
                "carrier_gateway_id": "",
                "cidr_block": "0.0.0.0/0",
                "core_network_arn": "",
                "destination_prefix_list_id": "",
                "egress_only_gateway_id": "",
                "gateway_id": "",
                "instance_id": "",
                "ipv6_cidr_block": "",
                "local_gateway_id": "",
                "nat_gateway_id": "nat-091066ae8a793836f",
                "network_interface_id": "",
                "transit_gateway_id": "",
                "vpc_endpoint_id": "",
                "vpc_peering_connection_id": ""
              },
              {
                "carrier_gateway_id": "",
                "cidr_block": "10.1.160.0/21",
                "core_network_arn": "",
                "destination_prefix_list_id": "",
                "egress_only_gateway_id": "",
                "gateway_id": "",
                "instance_id": "",
                "ipv6_cidr_block": "",
                "local_gateway_id": "",
                "nat_gateway_id": "",
                "network_interface_id": "",
                "transit_gateway_id": "tgw-0e9e564ab98eea754",
                "vpc_endpoint_id": "",
                "vpc_peering_connection_id": ""
              }
            ],
            "tags": {},
            "tags_all": {},
            "timeouts": null,
            "vpc_id": "vpc-08a3ad9b7950e3bea"
          },
          "sensitive_attributes": [],
          "private": "eyJlMmJmYjczMC1lY2FhLTExZTYtOGY4OC0zNDM2M2JjN2M0YzAiOnsiY3JlYXRlIjozMDAwMDAwMDAwMDAsImRlbGV0ZSI6MzAwMDAwMDAwMDAwLCJ1cGRhdGUiOjEyMDAwMDAwMDAwMH19",
          "dependencies": [
            "module.tgw.aws_ec2_transit_gateway.this",
            "module.vpc.aws_eip.nat",
            "module.vpc.aws_internet_gateway.this",
            "module.vpc.aws_nat_gateway.this",
            "module.vpc.aws_subnet.private",
            "module.vpc.aws_vpc.this",
            "module.vpc.aws_vpc_ipv4_cidr_block_association.this"
          ]
        }
      ]
    },
    {
      "mode": "managed",
      "type": "aws_s3_bucket",
      "name": "hub-fl-bucket",
      "provider": "provider[\"registry.terraform.io/hashicorp/aws\"]",
      "instances": [
        {
          "schema_version": 0,
          "attributes": {
            "acceleration_status": "",
            "acl": null,
            "arn": "arn:aws:s3:::hub-fl-bucket",
            "bucket": "hub-fl-bucket",
            "bucket_domain_name": "hub-fl-bucket.s3.amazonaws.com",
            "bucket_prefix": "",
            "bucket_regional_domain_name": "hub-fl-bucket.s3.ca-central-1.amazonaws.com",
            "cors_rule": [],
            "force_destroy": false,
            "grant": [
              {
                "id": "595ec6caadee759e93b68d40cc74ff2f729b297ea5161d77ccd3e8ba3c1c619d",
                "permissions": [
                  "FULL_CONTROL"
                ],
                "type": "CanonicalUser",
                "uri": ""
              }
            ],
            "hosted_zone_id": "Z1QDHH18159H29",
            "id": "hub-fl-bucket",
            "lifecycle_rule": [],
            "logging": [],
            "object_lock_configuration": [],
            "object_lock_enabled": false,
            "policy": "{\"Id\":\"AWSLogDeliveryWrite20150319\",\"Statement\":[{\"Action\":\"s3:PutObject\",\"Condition\":{\"ArnLike\":{\"aws:SourceArn\":\"arn:aws:logs:ca-central-1:131578276461:*\"},\"StringEquals\":{\"aws:SourceAccount\":\"131578276461\",\"s3:x-amz-acl\":\"bucket-owner-full-control\"}},\"Effect\":\"Allow\",\"Principal\":{\"Service\":\"delivery.logs.amazonaws.com\"},\"Resource\":\"arn:aws:s3:::hub-fl-bucket/AWSLogs/131578276461/*\",\"Sid\":\"AWSLogDeliveryWrite\"},{\"Action\":\"s3:GetBucketAcl\",\"Condition\":{\"ArnLike\":{\"aws:SourceArn\":\"arn:aws:logs:ca-central-1:131578276461:*\"},\"StringEquals\":{\"aws:SourceAccount\":\"131578276461\"}},\"Effect\":\"Allow\",\"Principal\":{\"Service\":\"delivery.logs.amazonaws.com\"},\"Resource\":\"arn:aws:s3:::hub-fl-bucket\",\"Sid\":\"AWSLogDeliveryAclCheck\"}],\"Version\":\"2012-10-17\"}",
            "region": "ca-central-1",
            "replication_configuration": [],
            "request_payer": "BucketOwner",
            "server_side_encryption_configuration": [
              {
                "rule": [
                  {
                    "apply_server_side_encryption_by_default": [
                      {
                        "kms_master_key_id": "",
                        "sse_algorithm": "AES256"
                      }
                    ],
                    "bucket_key_enabled": false
                  }
                ]
              }
            ],
            "tags": {},
            "tags_all": {},
            "timeouts": null,
            "versioning": [
              {
                "enabled": false,
                "mfa_delete": false
              }
            ],
            "website": [],
            "website_domain": null,
            "website_endpoint": null
          },
          "sensitive_attributes": [],
          "private": "eyJlMmJmYjczMC1lY2FhLTExZTYtOGY4OC0zNDM2M2JjN2M0YzAiOnsiY3JlYXRlIjoxMjAwMDAwMDAwMDAwLCJkZWxldGUiOjM2MDAwMDAwMDAwMDAsInJlYWQiOjEyMDAwMDAwMDAwMDAsInVwZGF0ZSI6MTIwMDAwMDAwMDAwMH19"
        }
      ]
    },
    {
      "mode": "managed",
      "type": "aws_s3_bucket",
      "name": "pod-fl-bucket",
      "provider": "provider[\"registry.terraform.io/hashicorp/aws\"]",
      "instances": [
        {
          "schema_version": 0,
          "attributes": {
            "acceleration_status": "",
            "acl": null,
            "arn": "arn:aws:s3:::pod-fl-bucket",
            "bucket": "pod-fl-bucket",
            "bucket_domain_name": "pod-fl-bucket.s3.amazonaws.com",
            "bucket_prefix": "",
            "bucket_regional_domain_name": "pod-fl-bucket.s3.ca-central-1.amazonaws.com",
            "cors_rule": [],
            "force_destroy": false,
            "grant": [
              {
                "id": "595ec6caadee759e93b68d40cc74ff2f729b297ea5161d77ccd3e8ba3c1c619d",
                "permissions": [
                  "FULL_CONTROL"
                ],
                "type": "CanonicalUser",
                "uri": ""
              }
            ],
            "hosted_zone_id": "Z1QDHH18159H29",
            "id": "pod-fl-bucket",
            "lifecycle_rule": [],
            "logging": [],
            "object_lock_configuration": [],
            "object_lock_enabled": false,
            "policy": "{\"Id\":\"AWSLogDeliveryWrite20150319\",\"Statement\":[{\"Action\":\"s3:PutObject\",\"Condition\":{\"ArnLike\":{\"aws:SourceArn\":\"arn:aws:logs:ca-central-1:131578276461:*\"},\"StringEquals\":{\"aws:SourceAccount\":\"131578276461\",\"s3:x-amz-acl\":\"bucket-owner-full-control\"}},\"Effect\":\"Allow\",\"Principal\":{\"Service\":\"delivery.logs.amazonaws.com\"},\"Resource\":\"arn:aws:s3:::pod-fl-bucket/AWSLogs/131578276461/*\",\"Sid\":\"AWSLogDeliveryWrite\"},{\"Action\":\"s3:GetBucketAcl\",\"Condition\":{\"ArnLike\":{\"aws:SourceArn\":\"arn:aws:logs:ca-central-1:131578276461:*\"},\"StringEquals\":{\"aws:SourceAccount\":\"131578276461\"}},\"Effect\":\"Allow\",\"Principal\":{\"Service\":\"delivery.logs.amazonaws.com\"},\"Resource\":\"arn:aws:s3:::pod-fl-bucket\",\"Sid\":\"AWSLogDeliveryAclCheck\"}],\"Version\":\"2012-10-17\"}",
            "region": "ca-central-1",
            "replication_configuration": [],
            "request_payer": "BucketOwner",
            "server_side_encryption_configuration": [
              {
                "rule": [
                  {
                    "apply_server_side_encryption_by_default": [
                      {
                        "kms_master_key_id": "",
                        "sse_algorithm": "AES256"
                      }
                    ],
                    "bucket_key_enabled": false
                  }
                ]
              }
            ],
            "tags": {},
            "tags_all": {},
            "timeouts": null,
            "versioning": [
              {
                "enabled": false,
                "mfa_delete": false
              }
            ],
            "website": [],
            "website_domain": null,
            "website_endpoint": null
          },
          "sensitive_attributes": [],
          "private": "eyJlMmJmYjczMC1lY2FhLTExZTYtOGY4OC0zNDM2M2JjN2M0YzAiOnsiY3JlYXRlIjoxMjAwMDAwMDAwMDAwLCJkZWxldGUiOjM2MDAwMDAwMDAwMDAsInJlYWQiOjEyMDAwMDAwMDAwMDAsInVwZGF0ZSI6MTIwMDAwMDAwMDAwMH19"
        }
      ]
    },
    {
      "mode": "managed",
      "type": "aws_security_group",
      "name": "app_sg_pod",
      "provider": "provider[\"registry.terraform.io/hashicorp/aws\"]",
      "instances": [
        {
          "schema_version": 1,
          "attributes": {
            "arn": "arn:aws:ec2:ca-central-1:131578276461:security-group/sg-06a12155536be2b30",
            "description": "web application sg",
            "egress": [
              {
                "cidr_blocks": [
                  "0.0.0.0/0"
                ],
                "description": "",
                "from_port": 0,
                "ipv6_cidr_blocks": [],
                "prefix_list_ids": [],
                "protocol": "tcp",
                "security_groups": [],
                "self": false,
                "to_port": 0
              }
            ],
            "id": "sg-06a12155536be2b30",
            "ingress": [
              {
                "cidr_blocks": [
                  "0.0.0.0/0"
                ],
                "description": "sip connections fron the internet",
                "from_port": 5060,
                "ipv6_cidr_blocks": [],
                "prefix_list_ids": [],
                "protocol": "tcp",
                "security_groups": [],
                "self": false,
                "to_port": 5060
              },
              {
                "cidr_blocks": [
                  "10.1.128.0/20"
                ],
                "description": "HTTPS access from the HUB VPC",
                "from_port": 443,
                "ipv6_cidr_blocks": [],
                "prefix_list_ids": [],
                "protocol": "tcp",
                "security_groups": [],
                "self": false,
                "to_port": 443
              },
              {
                "cidr_blocks": [
                  "10.1.160.128/26",
                  "10.1.160.192/26"
                ],
                "description": "",
                "from_port": 443,
                "ipv6_cidr_blocks": [],
                "prefix_list_ids": [],
                "protocol": "tcp",
                "security_groups": [],
                "self": false,
                "to_port": 443
              },
              {
                "cidr_blocks": [],
                "description": "HTTPS access from the POD VPC",
                "from_port": 443,
                "ipv6_cidr_blocks": [],
                "prefix_list_ids": [],
                "protocol": "tcp",
                "security_groups": [
                  "sg-0f2189e9908dbc513"
                ],
                "self": false,
                "to_port": 443
              }
            ],
            "name": "app_sg_pod",
            "name_prefix": "",
            "owner_id": "131578276461",
            "revoke_rules_on_delete": false,
            "tags": {},
            "tags_all": {},
            "timeouts": null,
            "vpc_id": "vpc-0edc33aad68f6dda3"
          },
          "sensitive_attributes": [],
          "private": "eyJlMmJmYjczMC1lY2FhLTExZTYtOGY4OC0zNDM2M2JjN2M0YzAiOnsiY3JlYXRlIjo2MDAwMDAwMDAwMDAsImRlbGV0ZSI6OTAwMDAwMDAwMDAwfSwic2NoZW1hX3ZlcnNpb24iOiIxIn0=",
          "dependencies": [
            "aws_security_group.pod_alb_sg",
            "module.vpc_pod.aws_vpc.this"
          ]
        }
      ]
    },
    {
      "mode": "managed",
      "type": "aws_security_group",
      "name": "db_sg_pod",
      "provider": "provider[\"registry.terraform.io/hashicorp/aws\"]",
      "instances": [
        {
          "schema_version": 1,
          "attributes": {
            "arn": "arn:aws:ec2:ca-central-1:131578276461:security-group/sg-04073754ec6036ab5",
            "description": "database pod sg mse-poc",
            "egress": [
              {
                "cidr_blocks": [
                  "0.0.0.0/0"
                ],
                "description": "allowing traffic from web tier to RDS instance",
                "from_port": 0,
                "ipv6_cidr_blocks": [],
                "prefix_list_ids": [],
                "protocol": "tcp",
                "security_groups": [],
                "self": false,
                "to_port": 0
              }
            ],
            "id": "sg-04073754ec6036ab5",
            "ingress": [
              {
                "cidr_blocks": [
                  "10.1.128.132/32"
                ],
                "description": "allowing traffic from private jumpbox",
                "from_port": 1443,
                "ipv6_cidr_blocks": [],
                "prefix_list_ids": [],
                "protocol": "tcp",
                "security_groups": [],
                "self": false,
                "to_port": 1443
              },
              {
                "cidr_blocks": [
                  "10.1.129.90/32"
                ],
                "description": "allowing traffic from Jumpbox to RDS instance",
                "from_port": 1443,
                "ipv6_cidr_blocks": [],
                "prefix_list_ids": [],
                "protocol": "tcp",
                "security_groups": [],
                "self": false,
                "to_port": 1443
              },
              {
                "cidr_blocks": [],
                "description": "allowing traffic from private jumpbox",
                "from_port": 1443,
                "ipv6_cidr_blocks": [],
                "prefix_list_ids": [],
                "protocol": "tcp",
                "security_groups": [
                  "sg-06a12155536be2b30"
                ],
                "self": false,
                "to_port": 1443
              },
              {
                "cidr_blocks": [],
                "description": "allowing traffic from private jumpbox",
                "from_port": 1443,
                "ipv6_cidr_blocks": [],
                "prefix_list_ids": [],
                "protocol": "tcp",
                "security_groups": [
                  "sg-0910cd238d398e1ad"
                ],
                "self": false,
                "to_port": 1443
              }
            ],
            "name": "db_sg_pod",
            "name_prefix": "",
            "owner_id": "131578276461",
            "revoke_rules_on_delete": false,
            "tags": {},
            "tags_all": {},
            "timeouts": null,
            "vpc_id": "vpc-0edc33aad68f6dda3"
          },
          "sensitive_attributes": [],
          "private": "eyJlMmJmYjczMC1lY2FhLTExZTYtOGY4OC0zNDM2M2JjN2M0YzAiOnsiY3JlYXRlIjo2MDAwMDAwMDAwMDAsImRlbGV0ZSI6OTAwMDAwMDAwMDAwfSwic2NoZW1hX3ZlcnNpb24iOiIxIn0=",
          "dependencies": [
            "aws_security_group.app_sg_pod",
            "aws_security_group.pod_alb_sg",
            "aws_security_group.web_sg_pod",
            "module.vpc_pod.aws_vpc.this"
          ]
        }
      ]
    },
    {
      "mode": "managed",
      "type": "aws_security_group",
      "name": "ec2_rds",
      "provider": "provider[\"registry.terraform.io/hashicorp/aws\"]",
      "instances": [
        {
          "schema_version": 1,
          "attributes": {
            "arn": "arn:aws:ec2:ca-central-1:131578276461:security-group/sg-066d805b4051f44a1",
            "description": "Security group attached to instances to securely connect to mse-poc. Modification could lead to connection loss.",
            "egress": [
              {
                "cidr_blocks": [
                  "10.1.160.128/26",
                  "10.1.160.192/26"
                ],
                "description": "Rule to allow connections to mse-poc from any instances this security group is attached to",
                "from_port": 1433,
                "ipv6_cidr_blocks": [],
                "prefix_list_ids": [],
                "protocol": "tcp",
                "security_groups": [],
                "self": false,
                "to_port": 1433
              }
            ],
            "id": "sg-066d805b4051f44a1",
            "ingress": [],
            "name": "ec2_rds",
            "name_prefix": "",
            "owner_id": "131578276461",
            "revoke_rules_on_delete": false,
            "tags": {},
            "tags_all": {},
            "timeouts": null,
            "vpc_id": "vpc-0edc33aad68f6dda3"
          },
          "sensitive_attributes": [],
          "private": "eyJlMmJmYjczMC1lY2FhLTExZTYtOGY4OC0zNDM2M2JjN2M0YzAiOnsiY3JlYXRlIjo2MDAwMDAwMDAwMDAsImRlbGV0ZSI6OTAwMDAwMDAwMDAwfSwic2NoZW1hX3ZlcnNpb24iOiIxIn0=",
          "dependencies": [
            "module.vpc_pod.aws_vpc.this"
          ]
        }
      ]
    },
    {
      "mode": "managed",
      "type": "aws_security_group",
      "name": "hub_alb_sg",
      "provider": "provider[\"registry.terraform.io/hashicorp/aws\"]",
      "instances": [
        {
          "schema_version": 1,
          "attributes": {
            "arn": "arn:aws:ec2:ca-central-1:131578276461:security-group/sg-0e81beae5cec979b2",
            "description": "security group for hub application load balancer",
            "egress": [
              {
                "cidr_blocks": [
                  "0.0.0.0/0"
                ],
                "description": "allowing http traffic from the internet",
                "from_port": 0,
                "ipv6_cidr_blocks": [],
                "prefix_list_ids": [],
                "protocol": "tcp",
                "security_groups": [],
                "self": false,
                "to_port": 0
              }
            ],
            "id": "sg-0e81beae5cec979b2",
            "ingress": [
              {
                "cidr_blocks": [
                  "0.0.0.0/0"
                ],
                "description": "allowing http traffic from the internet",
                "from_port": 80,
                "ipv6_cidr_blocks": [],
                "prefix_list_ids": [],
                "protocol": "tcp",
                "security_groups": [],
                "self": false,
                "to_port": 80
              },
              {
                "cidr_blocks": [
                  "0.0.0.0/0"
                ],
                "description": "allowing https traffic from the internet",
                "from_port": 443,
                "ipv6_cidr_blocks": [],
                "prefix_list_ids": [],
                "protocol": "tcp",
                "security_groups": [],
                "self": false,
                "to_port": 443
              }
            ],
            "name": "hub_alb_sg",
            "name_prefix": "",
            "owner_id": "131578276461",
            "revoke_rules_on_delete": false,
            "tags": {},
            "tags_all": {},
            "timeouts": null,
            "vpc_id": "vpc-08a3ad9b7950e3bea"
          },
          "sensitive_attributes": [],
          "private": "eyJlMmJmYjczMC1lY2FhLTExZTYtOGY4OC0zNDM2M2JjN2M0YzAiOnsiY3JlYXRlIjo2MDAwMDAwMDAwMDAsImRlbGV0ZSI6OTAwMDAwMDAwMDAwfSwic2NoZW1hX3ZlcnNpb24iOiIxIn0=",
          "dependencies": [
            "module.vpc.aws_vpc.this"
          ]
        }
      ]
    },
    {
      "mode": "managed",
      "type": "aws_security_group",
      "name": "pod_alb_sg",
      "provider": "provider[\"registry.terraform.io/hashicorp/aws\"]",
      "instances": [
        {
          "schema_version": 1,
          "attributes": {
            "arn": "arn:aws:ec2:ca-central-1:131578276461:security-group/sg-0f2189e9908dbc513",
            "description": "security group for pod application load balancer",
            "egress": [
              {
                "cidr_blocks": [
                  "0.0.0.0/0"
                ],
                "description": "",
                "from_port": 0,
                "ipv6_cidr_blocks": [],
                "prefix_list_ids": [],
                "protocol": "tcp",
                "security_groups": [],
                "self": false,
                "to_port": 0
              }
            ],
            "id": "sg-0f2189e9908dbc513",
            "ingress": [
              {
                "cidr_blocks": [
                  "10.1.128.0/20"
                ],
                "description": "HTTPS access from the HUB VPC",
                "from_port": 443,
                "ipv6_cidr_blocks": [],
                "prefix_list_ids": [],
                "protocol": "tcp",
                "security_groups": [],
                "self": false,
                "to_port": 443
              },
              {
                "cidr_blocks": [
                  "10.1.160.0/21"
                ],
                "description": "HTTPS access from the POD VPC",
                "from_port": 443,
                "ipv6_cidr_blocks": [],
                "prefix_list_ids": [],
                "protocol": "tcp",
                "security_groups": [],
                "self": false,
                "to_port": 443
              }
            ],
            "name": "pod_alb_sg",
            "name_prefix": "",
            "owner_id": "131578276461",
            "revoke_rules_on_delete": false,
            "tags": {},
            "tags_all": {},
            "timeouts": null,
            "vpc_id": "vpc-0edc33aad68f6dda3"
          },
          "sensitive_attributes": [],
          "private": "eyJlMmJmYjczMC1lY2FhLTExZTYtOGY4OC0zNDM2M2JjN2M0YzAiOnsiY3JlYXRlIjo2MDAwMDAwMDAwMDAsImRlbGV0ZSI6OTAwMDAwMDAwMDAwfSwic2NoZW1hX3ZlcnNpb24iOiIxIn0=",
          "dependencies": [
            "module.vpc_pod.aws_vpc.this"
          ]
        }
      ]
    },
    {
      "mode": "managed",
      "type": "aws_security_group",
      "name": "pod_ssmep_sg",
      "provider": "provider[\"registry.terraform.io/hashicorp/aws\"]",
      "instances": [
        {
          "schema_version": 1,
          "attributes": {
            "arn": "arn:aws:ec2:ca-central-1:131578276461:security-group/sg-010b03f02341a7825",
            "description": "security group for ssm endpoints in POD VPC for MSE PoC",
            "egress": [
              {
                "cidr_blocks": [
                  "0.0.0.0/0"
                ],
                "description": "",
                "from_port": 0,
                "ipv6_cidr_blocks": [],
                "prefix_list_ids": [],
                "protocol": "tcp",
                "security_groups": [],
                "self": false,
                "to_port": 0
              }
            ],
            "id": "sg-010b03f02341a7825",
            "ingress": [
              {
                "cidr_blocks": [
                  "10.1.160.0/21"
                ],
                "description": "HTTPS access to SSM from POD VPC VMs",
                "from_port": 443,
                "ipv6_cidr_blocks": [],
                "prefix_list_ids": [],
                "protocol": "tcp",
                "security_groups": [],
                "self": false,
                "to_port": 443
              }
            ],
            "name": "pod_ssmep_sg",
            "name_prefix": "",
            "owner_id": "131578276461",
            "revoke_rules_on_delete": false,
            "tags": {},
            "tags_all": {},
            "timeouts": null,
            "vpc_id": "vpc-0edc33aad68f6dda3"
          },
          "sensitive_attributes": [],
          "private": "eyJlMmJmYjczMC1lY2FhLTExZTYtOGY4OC0zNDM2M2JjN2M0YzAiOnsiY3JlYXRlIjo2MDAwMDAwMDAwMDAsImRlbGV0ZSI6OTAwMDAwMDAwMDAwfSwic2NoZW1hX3ZlcnNpb24iOiIxIn0=",
          "dependencies": [
            "module.vpc_pod.aws_vpc.this"
          ]
        }
      ]
    },
    {
      "mode": "managed",
      "type": "aws_security_group",
      "name": "rds_ec2",
      "provider": "provider[\"registry.terraform.io/hashicorp/aws\"]",
      "instances": [
        {
          "schema_version": 1,
          "attributes": {
            "arn": "arn:aws:ec2:ca-central-1:131578276461:security-group/sg-0a1824562c03a513d",
            "description": "Security group attached to mse-poc to allow EC2 instances with specific security groups attached to connect to the database. Modification could lead to connection loss.",
            "egress": [],
            "id": "sg-0a1824562c03a513d",
            "ingress": [
              {
                "cidr_blocks": [],
                "description": "Rule to allow connections from EC2 instances with sg-017c700ba8ece6e90 attached",
                "from_port": 1433,
                "ipv6_cidr_blocks": [],
                "prefix_list_ids": [],
                "protocol": "tcp",
                "security_groups": [
                  "sg-066d805b4051f44a1"
                ],
                "self": false,
                "to_port": 1433
              }
            ],
            "name": "rds_ec2",
            "name_prefix": "",
            "owner_id": "131578276461",
            "revoke_rules_on_delete": false,
            "tags": {},
            "tags_all": {},
            "timeouts": null,
            "vpc_id": "vpc-0edc33aad68f6dda3"
          },
          "sensitive_attributes": [],
          "private": "eyJlMmJmYjczMC1lY2FhLTExZTYtOGY4OC0zNDM2M2JjN2M0YzAiOnsiY3JlYXRlIjo2MDAwMDAwMDAwMDAsImRlbGV0ZSI6OTAwMDAwMDAwMDAwfSwic2NoZW1hX3ZlcnNpb24iOiIxIn0=",
          "dependencies": [
            "aws_security_group.ec2_rds",
            "module.vpc_pod.aws_vpc.this"
          ]
        }
      ]
    },
    {
      "mode": "managed",
      "type": "aws_security_group",
      "name": "web_sg_pod",
      "provider": "provider[\"registry.terraform.io/hashicorp/aws\"]",
      "instances": [
        {
          "schema_version": 1,
          "attributes": {
            "arn": "arn:aws:ec2:ca-central-1:131578276461:security-group/sg-0910cd238d398e1ad",
            "description": "web pod sg mse-pocc",
            "egress": [
              {
                "cidr_blocks": [
                  "0.0.0.0/0"
                ],
                "description": "",
                "from_port": 0,
                "ipv6_cidr_blocks": [],
                "prefix_list_ids": [],
                "protocol": "tcp",
                "security_groups": [],
                "self": false,
                "to_port": 0
              }
            ],
            "id": "sg-0910cd238d398e1ad",
            "ingress": [
              {
                "cidr_blocks": [
                  "10.1.160.128/26",
                  "10.1.160.192/26"
                ],
                "description": "allow https from web tier sg",
                "from_port": 443,
                "ipv6_cidr_blocks": [],
                "prefix_list_ids": [],
                "protocol": "tcp",
                "security_groups": [],
                "self": false,
                "to_port": 443
              },
              {
                "cidr_blocks": [],
                "description": "allow https from app tier sg",
                "from_port": 443,
                "ipv6_cidr_blocks": [],
                "prefix_list_ids": [],
                "protocol": "tcp",
                "security_groups": [
                  "sg-06a12155536be2b30"
                ],
                "self": false,
                "to_port": 443
              },
              {
                "cidr_blocks": [],
                "description": "allow https from pod alb sg",
                "from_port": 443,
                "ipv6_cidr_blocks": [],
                "prefix_list_ids": [],
                "protocol": "tcp",
                "security_groups": [
                  "sg-0f2189e9908dbc513"
                ],
                "self": false,
                "to_port": 443
              }
            ],
            "name": "web_sg_pod",
            "name_prefix": "",
            "owner_id": "131578276461",
            "revoke_rules_on_delete": false,
            "tags": {},
            "tags_all": {},
            "timeouts": null,
            "vpc_id": "vpc-0edc33aad68f6dda3"
          },
          "sensitive_attributes": [],
          "private": "eyJlMmJmYjczMC1lY2FhLTExZTYtOGY4OC0zNDM2M2JjN2M0YzAiOnsiY3JlYXRlIjo2MDAwMDAwMDAwMDAsImRlbGV0ZSI6OTAwMDAwMDAwMDAwfSwic2NoZW1hX3ZlcnNpb24iOiIxIn0=",
          "dependencies": [
            "aws_security_group.app_sg_pod",
            "aws_security_group.pod_alb_sg",
            "module.vpc_pod.aws_vpc.this"
          ]
        }
      ]
    },
    {
      "module": "module.endpoints",
      "mode": "data",
      "type": "aws_vpc_endpoint_service",
      "name": "this",
      "provider": "provider[\"registry.terraform.io/hashicorp/aws\"]",
      "instances": [
        {
          "index_key": "ec2",
          "schema_version": 0,
          "attributes": {
            "acceptance_required": false,
            "arn": "arn:aws:ec2:ca-central-1:131578276461:vpc-endpoint-service/vpce-svc-019cfe99bc70d7ce7",
            "availability_zones": [
              "ca-central-1a",
              "ca-central-1b",
              "ca-central-1d"
            ],
            "base_endpoint_dns_names": [
              "ec2.ca-central-1.vpce.amazonaws.com"
            ],
            "filter": [
              {
                "name": "service-type",
                "values": [
                  "Interface"
                ]
              }
            ],
            "id": "3788720971",
            "manages_vpc_endpoints": false,
            "owner": "amazon",
            "private_dns_name": "ec2.ca-central-1.amazonaws.com",
            "service": "ec2",
            "service_id": "vpce-svc-019cfe99bc70d7ce7",
            "service_name": "com.amazonaws.ca-central-1.ec2",
            "service_type": "Interface",
            "supported_ip_address_types": [
              "ipv4"
            ],
            "tags": {},
            "timeouts": null,
            "vpc_endpoint_policy_supported": true
          },
          "sensitive_attributes": []
        },
        {
          "index_key": "kms",
          "schema_version": 0,
          "attributes": {
            "acceptance_required": false,
            "arn": "arn:aws:ec2:ca-central-1:131578276461:vpc-endpoint-service/vpce-svc-0fdb652cf58a7f287",
            "availability_zones": [
              "ca-central-1a",
              "ca-central-1b",
              "ca-central-1d"
            ],
            "base_endpoint_dns_names": [
              "kms.ca-central-1.vpce.amazonaws.com"
            ],
            "filter": [
              {
                "name": "service-type",
                "values": [
                  "Interface"
                ]
              }
            ],
            "id": "1947548361",
            "manages_vpc_endpoints": false,
            "owner": "amazon",
            "private_dns_name": "kms.ca-central-1.amazonaws.com",
            "service": "kms",
            "service_id": "vpce-svc-0fdb652cf58a7f287",
            "service_name": "com.amazonaws.ca-central-1.kms",
            "service_type": "Interface",
            "supported_ip_address_types": [
              "ipv4"
            ],
            "tags": {},
            "timeouts": null,
            "vpc_endpoint_policy_supported": true
          },
          "sensitive_attributes": []
        },
        {
          "index_key": "logs",
          "schema_version": 0,
          "attributes": {
            "acceptance_required": false,
            "arn": "arn:aws:ec2:ca-central-1:131578276461:vpc-endpoint-service/vpce-svc-03f1ff4109611e186",
            "availability_zones": [
              "ca-central-1a",
              "ca-central-1b",
              "ca-central-1d"
            ],
            "base_endpoint_dns_names": [
              "logs.ca-central-1.vpce.amazonaws.com"
            ],
            "filter": [
              {
                "name": "service-type",
                "values": [
                  "Interface"
                ]
              }
            ],
            "id": "1228905383",
            "manages_vpc_endpoints": false,
            "owner": "amazon",
            "private_dns_name": "logs.ca-central-1.amazonaws.com",
            "service": "logs",
            "service_id": "vpce-svc-03f1ff4109611e186",
            "service_name": "com.amazonaws.ca-central-1.logs",
            "service_type": "Interface",
            "supported_ip_address_types": [
              "ipv4"
            ],
            "tags": {},
            "timeouts": null,
            "vpc_endpoint_policy_supported": true
          },
          "sensitive_attributes": []
        },
        {
          "index_key": "s3",
          "schema_version": 0,
          "attributes": {
            "acceptance_required": false,
            "arn": "arn:aws:ec2:ca-central-1:131578276461:vpc-endpoint-service/vpce-svc-003ae1489c63a6590",
            "availability_zones": [
              "ca-central-1a",
              "ca-central-1b",
              "ca-central-1d"
            ],
            "base_endpoint_dns_names": [
              "s3.ca-central-1.amazonaws.com"
            ],
            "filter": [
              {
                "name": "service-type",
                "values": [
                  "Gateway"
                ]
              }
            ],
            "id": "2773141372",
            "manages_vpc_endpoints": false,
            "owner": "amazon",
            "private_dns_name": "",
            "service": "s3",
            "service_id": "vpce-svc-003ae1489c63a6590",
            "service_name": "com.amazonaws.ca-central-1.s3",
            "service_type": "Gateway",
            "supported_ip_address_types": [
              "ipv4"
            ],
            "tags": {},
            "timeouts": null,
            "vpc_endpoint_policy_supported": true
          },
          "sensitive_attributes": []
        },
        {
          "index_key": "ssm",
          "schema_version": 0,
          "attributes": {
            "acceptance_required": false,
            "arn": "arn:aws:ec2:ca-central-1:131578276461:vpc-endpoint-service/vpce-svc-05839a5073d0f95fc",
            "availability_zones": [
              "ca-central-1a",
              "ca-central-1b",
              "ca-central-1d"
            ],
            "base_endpoint_dns_names": [
              "ec2messages.ca-central-1.vpce.amazonaws.com"
            ],
            "filter": [
              {
                "name": "service-type",
                "values": [
                  "Interface"
                ]
              }
            ],
            "id": "1759994176",
            "manages_vpc_endpoints": false,
            "owner": "amazon",
            "private_dns_name": "ec2messages.ca-central-1.amazonaws.com",
            "service": "ec2messages",
            "service_id": "vpce-svc-05839a5073d0f95fc",
            "service_name": "com.amazonaws.ca-central-1.ec2messages",
            "service_type": "Interface",
            "supported_ip_address_types": [
              "ipv4"
            ],
            "tags": {},
            "timeouts": null,
            "vpc_endpoint_policy_supported": true
          },
          "sensitive_attributes": []
        },
        {
          "index_key": "ssmmessages",
          "schema_version": 0,
          "attributes": {
            "acceptance_required": false,
            "arn": "arn:aws:ec2:ca-central-1:131578276461:vpc-endpoint-service/vpce-svc-0c3075e5b45f565db",
            "availability_zones": [
              "ca-central-1a",
              "ca-central-1b",
              "ca-central-1d"
            ],
            "base_endpoint_dns_names": [
              "ssmmessages.ca-central-1.vpce.amazonaws.com"
            ],
            "filter": [
              {
                "name": "service-type",
                "values": [
                  "Interface"
                ]
              }
            ],
            "id": "2766233735",
            "manages_vpc_endpoints": false,
            "owner": "amazon",
            "private_dns_name": "ssmmessages.ca-central-1.amazonaws.com",
            "service": "ssmmessages",
            "service_id": "vpce-svc-0c3075e5b45f565db",
            "service_name": "com.amazonaws.ca-central-1.ssmmessages",
            "service_type": "Interface",
            "supported_ip_address_types": [
              "ipv4"
            ],
            "tags": {},
            "timeouts": null,
            "vpc_endpoint_policy_supported": true
          },
          "sensitive_attributes": []
        }
      ]
    },
    {
      "module": "module.endpoints",
      "mode": "managed",
      "type": "aws_vpc_endpoint",
      "name": "this",
      "provider": "provider[\"registry.terraform.io/hashicorp/aws\"]",
      "instances": [
        {
          "index_key": "ec2",
          "schema_version": 0,
          "attributes": {
            "arn": "arn:aws:ec2:ca-central-1:131578276461:vpc-endpoint/vpce-093e272191ae2a9de",
            "auto_accept": null,
            "cidr_blocks": [],
            "dns_entry": [
              {
                "dns_name": "vpce-093e272191ae2a9de-o9mttuck.ec2.ca-central-1.vpce.amazonaws.com",
                "hosted_zone_id": "ZRCXCF510Y6P9"
              },
              {
                "dns_name": "vpce-093e272191ae2a9de-o9mttuck-ca-central-1b.ec2.ca-central-1.vpce.amazonaws.com",
                "hosted_zone_id": "ZRCXCF510Y6P9"
              },
              {
                "dns_name": "vpce-093e272191ae2a9de-o9mttuck-ca-central-1a.ec2.ca-central-1.vpce.amazonaws.com",
                "hosted_zone_id": "ZRCXCF510Y6P9"
              }
            ],
            "dns_options": [
              {
                "dns_record_ip_type": "ipv4"
              }
            ],
            "id": "vpce-093e272191ae2a9de",
            "ip_address_type": "ipv4",
            "network_interface_ids": [
              "eni-04eeb7dacd9e557a9",
              "eni-0e002129f5f5e286a"
            ],
            "owner_id": "131578276461",
            "policy": "{\"Statement\":[{\"Action\":\"*\",\"Effect\":\"Allow\",\"Principal\":\"*\",\"Resource\":\"*\"}]}",
            "prefix_list_id": null,
            "private_dns_enabled": false,
            "requester_managed": false,
            "route_table_ids": [],
            "security_group_ids": [
              "sg-01460a0bef878ccd9"
            ],
            "service_name": "com.amazonaws.ca-central-1.ec2",
            "state": "available",
            "subnet_ids": [
              "subnet-06043397b26a42005",
              "subnet-073875ae6e6bf3a89"
            ],
            "tags": {
              "Name": "ssm-interface-ep-ec2-vpc-endpoint"
            },
            "tags_all": {
              "Name": "ssm-interface-ep-ec2-vpc-endpoint"
            },
            "timeouts": {
              "create": "10m",
              "delete": "10m",
              "update": "10m"
            },
            "vpc_endpoint_type": "Interface",
            "vpc_id": "vpc-0edc33aad68f6dda3"
          },
          "sensitive_attributes": [],
          "private": "eyJlMmJmYjczMC1lY2FhLTExZTYtOGY4OC0zNDM2M2JjN2M0YzAiOnsiY3JlYXRlIjo2MDAwMDAwMDAwMDAsImRlbGV0ZSI6NjAwMDAwMDAwMDAwLCJ1cGRhdGUiOjYwMDAwMDAwMDAwMH19",
          "dependencies": [
            "aws_route_table.pod_rt_db",
            "aws_route_table.pod_rt_web_app",
            "module.endpoints.data.aws_vpc_endpoint_service.this",
            "module.tgw.aws_ec2_transit_gateway.this",
            "module.vpc_pod.aws_subnet.private",
            "module.vpc_pod.aws_vpc.this",
            "module.vpc_pod.aws_vpc_ipv4_cidr_block_association.this"
          ]
        },
        {
          "index_key": "kms",
          "schema_version": 0,
          "attributes": {
            "arn": "arn:aws:ec2:ca-central-1:131578276461:vpc-endpoint/vpce-0f69e3344fc3325ed",
            "auto_accept": null,
            "cidr_blocks": [],
            "dns_entry": [
              {
                "dns_name": "vpce-0f69e3344fc3325ed-m829ntfx.kms.ca-central-1.vpce.amazonaws.com",
                "hosted_zone_id": "ZRCXCF510Y6P9"
              },
              {
                "dns_name": "vpce-0f69e3344fc3325ed-m829ntfx-ca-central-1b.kms.ca-central-1.vpce.amazonaws.com",
                "hosted_zone_id": "ZRCXCF510Y6P9"
              },
              {
                "dns_name": "vpce-0f69e3344fc3325ed-m829ntfx-ca-central-1a.kms.ca-central-1.vpce.amazonaws.com",
                "hosted_zone_id": "ZRCXCF510Y6P9"
              }
            ],
            "dns_options": [
              {
                "dns_record_ip_type": "ipv4"
              }
            ],
            "id": "vpce-0f69e3344fc3325ed",
            "ip_address_type": "ipv4",
            "network_interface_ids": [
              "eni-00b7a8c6019b38c6d",
              "eni-0a44093cd2de9e849"
            ],
            "owner_id": "131578276461",
            "policy": "{\"Statement\":[{\"Action\":\"*\",\"Effect\":\"Allow\",\"Principal\":\"*\",\"Resource\":\"*\"}]}",
            "prefix_list_id": null,
            "private_dns_enabled": false,
            "requester_managed": false,
            "route_table_ids": [],
            "security_group_ids": [
              "sg-01460a0bef878ccd9"
            ],
            "service_name": "com.amazonaws.ca-central-1.kms",
            "state": "available",
            "subnet_ids": [
              "subnet-06043397b26a42005",
              "subnet-073875ae6e6bf3a89"
            ],
            "tags": {
              "Name": "kms-interface-ep-vpc-endpoint"
            },
            "tags_all": {
              "Name": "kms-interface-ep-vpc-endpoint"
            },
            "timeouts": {
              "create": "10m",
              "delete": "10m",
              "update": "10m"
            },
            "vpc_endpoint_type": "Interface",
            "vpc_id": "vpc-0edc33aad68f6dda3"
          },
          "sensitive_attributes": [],
          "private": "eyJlMmJmYjczMC1lY2FhLTExZTYtOGY4OC0zNDM2M2JjN2M0YzAiOnsiY3JlYXRlIjo2MDAwMDAwMDAwMDAsImRlbGV0ZSI6NjAwMDAwMDAwMDAwLCJ1cGRhdGUiOjYwMDAwMDAwMDAwMH19",
          "dependencies": [
            "aws_route_table.pod_rt_db",
            "aws_route_table.pod_rt_web_app",
            "module.endpoints.data.aws_vpc_endpoint_service.this",
            "module.tgw.aws_ec2_transit_gateway.this",
            "module.vpc_pod.aws_subnet.private",
            "module.vpc_pod.aws_vpc.this",
            "module.vpc_pod.aws_vpc_ipv4_cidr_block_association.this"
          ]
        },
        {
          "index_key": "logs",
          "schema_version": 0,
          "attributes": {
            "arn": "arn:aws:ec2:ca-central-1:131578276461:vpc-endpoint/vpce-0bee5a8aed884fb1a",
            "auto_accept": null,
            "cidr_blocks": [],
            "dns_entry": [
              {
                "dns_name": "vpce-0bee5a8aed884fb1a-aryaj99e.logs.ca-central-1.vpce.amazonaws.com",
                "hosted_zone_id": "ZRCXCF510Y6P9"
              },
              {
                "dns_name": "vpce-0bee5a8aed884fb1a-aryaj99e-ca-central-1b.logs.ca-central-1.vpce.amazonaws.com",
                "hosted_zone_id": "ZRCXCF510Y6P9"
              },
              {
                "dns_name": "vpce-0bee5a8aed884fb1a-aryaj99e-ca-central-1a.logs.ca-central-1.vpce.amazonaws.com",
                "hosted_zone_id": "ZRCXCF510Y6P9"
              }
            ],
            "dns_options": [
              {
                "dns_record_ip_type": "ipv4"
              }
            ],
            "id": "vpce-0bee5a8aed884fb1a",
            "ip_address_type": "ipv4",
            "network_interface_ids": [
              "eni-0481724f941b32298",
              "eni-04c966ec799236c64"
            ],
            "owner_id": "131578276461",
            "policy": "{\"Statement\":[{\"Action\":\"*\",\"Effect\":\"Allow\",\"Principal\":\"*\",\"Resource\":\"*\"}]}",
            "prefix_list_id": null,
            "private_dns_enabled": false,
            "requester_managed": false,
            "route_table_ids": [],
            "security_group_ids": [
              "sg-01460a0bef878ccd9"
            ],
            "service_name": "com.amazonaws.ca-central-1.logs",
            "state": "available",
            "subnet_ids": [
              "subnet-06043397b26a42005",
              "subnet-073875ae6e6bf3a89"
            ],
            "tags": {
              "Name": "logs-interface-vpc-endpoint"
            },
            "tags_all": {
              "Name": "logs-interface-vpc-endpoint"
            },
            "timeouts": {
              "create": "10m",
              "delete": "10m",
              "update": "10m"
            },
            "vpc_endpoint_type": "Interface",
            "vpc_id": "vpc-0edc33aad68f6dda3"
          },
          "sensitive_attributes": [],
          "private": "eyJlMmJmYjczMC1lY2FhLTExZTYtOGY4OC0zNDM2M2JjN2M0YzAiOnsiY3JlYXRlIjo2MDAwMDAwMDAwMDAsImRlbGV0ZSI6NjAwMDAwMDAwMDAwLCJ1cGRhdGUiOjYwMDAwMDAwMDAwMH19",
          "dependencies": [
            "aws_route_table.pod_rt_db",
            "aws_route_table.pod_rt_web_app",
            "module.endpoints.data.aws_vpc_endpoint_service.this",
            "module.tgw.aws_ec2_transit_gateway.this",
            "module.vpc_pod.aws_subnet.private",
            "module.vpc_pod.aws_vpc.this",
            "module.vpc_pod.aws_vpc_ipv4_cidr_block_association.this"
          ]
        },
        {
          "index_key": "s3",
          "schema_version": 0,
          "attributes": {
            "arn": "arn:aws:ec2:ca-central-1:131578276461:vpc-endpoint/vpce-0266165aac76b41f7",
            "auto_accept": null,
            "cidr_blocks": [
              "16.12.4.0/23",
              "3.5.252.0/22",
              "52.95.190.0/24",
              "52.95.146.0/23",
              "52.95.145.0/24"
            ],
            "dns_entry": [],
            "dns_options": [],
            "id": "vpce-0266165aac76b41f7",
            "ip_address_type": "",
            "network_interface_ids": [],
            "owner_id": "131578276461",
            "policy": "{\"Statement\":[{\"Action\":\"*\",\"Effect\":\"Allow\",\"Principal\":\"*\",\"Resource\":\"*\"}],\"Version\":\"2008-10-17\"}",
            "prefix_list_id": "pl-7da54014",
            "private_dns_enabled": false,
            "requester_managed": false,
            "route_table_ids": [
              "rtb-016c0fb4c2b4d370f",
              "rtb-0bbf084e1abb9fa79"
            ],
            "security_group_ids": [],
            "service_name": "com.amazonaws.ca-central-1.s3",
            "state": "available",
            "subnet_ids": [],
            "tags": {
              "Name": "s3-vpc-endpoint"
            },
            "tags_all": {
              "Name": "s3-vpc-endpoint"
            },
            "timeouts": {
              "create": "10m",
              "delete": "10m",
              "update": "10m"
            },
            "vpc_endpoint_type": "Gateway",
            "vpc_id": "vpc-0edc33aad68f6dda3"
          },
          "sensitive_attributes": [],
          "private": "eyJlMmJmYjczMC1lY2FhLTExZTYtOGY4OC0zNDM2M2JjN2M0YzAiOnsiY3JlYXRlIjo2MDAwMDAwMDAwMDAsImRlbGV0ZSI6NjAwMDAwMDAwMDAwLCJ1cGRhdGUiOjYwMDAwMDAwMDAwMH19",
          "dependencies": [
            "aws_route_table.pod_rt_db",
            "aws_route_table.pod_rt_web_app",
            "module.endpoints.data.aws_vpc_endpoint_service.this",
            "module.tgw.aws_ec2_transit_gateway.this",
            "module.vpc_pod.aws_subnet.private",
            "module.vpc_pod.aws_vpc.this",
            "module.vpc_pod.aws_vpc_ipv4_cidr_block_association.this"
          ]
        },
        {
          "index_key": "ssm",
          "schema_version": 0,
          "attributes": {
            "arn": "arn:aws:ec2:ca-central-1:131578276461:vpc-endpoint/vpce-0abc418ec3e576835",
            "auto_accept": null,
            "cidr_blocks": [],
            "dns_entry": [
              {
                "dns_name": "vpce-0abc418ec3e576835-pyylx9yz.ec2messages.ca-central-1.vpce.amazonaws.com",
                "hosted_zone_id": "ZRCXCF510Y6P9"
              },
              {
                "dns_name": "vpce-0abc418ec3e576835-pyylx9yz-ca-central-1a.ec2messages.ca-central-1.vpce.amazonaws.com",
                "hosted_zone_id": "ZRCXCF510Y6P9"
              },
              {
                "dns_name": "vpce-0abc418ec3e576835-pyylx9yz-ca-central-1b.ec2messages.ca-central-1.vpce.amazonaws.com",
                "hosted_zone_id": "ZRCXCF510Y6P9"
              }
            ],
            "dns_options": [
              {
                "dns_record_ip_type": "ipv4"
              }
            ],
            "id": "vpce-0abc418ec3e576835",
            "ip_address_type": "ipv4",
            "network_interface_ids": [
              "eni-074e98c4dfb6b7037",
              "eni-097c1ca3f5792e147"
            ],
            "owner_id": "131578276461",
            "policy": "{\"Statement\":[{\"Action\":\"*\",\"Effect\":\"Allow\",\"Principal\":\"*\",\"Resource\":\"*\"}]}",
            "prefix_list_id": null,
            "private_dns_enabled": false,
            "requester_managed": false,
            "route_table_ids": [],
            "security_group_ids": [
              "sg-01460a0bef878ccd9"
            ],
            "service_name": "com.amazonaws.ca-central-1.ec2messages",
            "state": "available",
            "subnet_ids": [
              "subnet-06043397b26a42005",
              "subnet-073875ae6e6bf3a89"
            ],
            "tags": {
              "Name": "ssm-interface-ep-ec2messages-vpc-endpoint"
            },
            "tags_all": {
              "Name": "ssm-interface-ep-ec2messages-vpc-endpoint"
            },
            "timeouts": {
              "create": "10m",
              "delete": "10m",
              "update": "10m"
            },
            "vpc_endpoint_type": "Interface",
            "vpc_id": "vpc-0edc33aad68f6dda3"
          },
          "sensitive_attributes": [],
          "private": "eyJlMmJmYjczMC1lY2FhLTExZTYtOGY4OC0zNDM2M2JjN2M0YzAiOnsiY3JlYXRlIjo2MDAwMDAwMDAwMDAsImRlbGV0ZSI6NjAwMDAwMDAwMDAwLCJ1cGRhdGUiOjYwMDAwMDAwMDAwMH19",
          "dependencies": [
            "aws_route_table.pod_rt_db",
            "aws_route_table.pod_rt_web_app",
            "module.endpoints.data.aws_vpc_endpoint_service.this",
            "module.tgw.aws_ec2_transit_gateway.this",
            "module.vpc_pod.aws_subnet.private",
            "module.vpc_pod.aws_vpc.this",
            "module.vpc_pod.aws_vpc_ipv4_cidr_block_association.this"
          ]
        },
        {
          "index_key": "ssmmessages",
          "schema_version": 0,
          "attributes": {
            "arn": "arn:aws:ec2:ca-central-1:131578276461:vpc-endpoint/vpce-0840cfd83a7d56f20",
            "auto_accept": null,
            "cidr_blocks": [],
            "dns_entry": [
              {
                "dns_name": "vpce-0840cfd83a7d56f20-yi5haguz.ssmmessages.ca-central-1.vpce.amazonaws.com",
                "hosted_zone_id": "ZRCXCF510Y6P9"
              },
              {
                "dns_name": "vpce-0840cfd83a7d56f20-yi5haguz-ca-central-1a.ssmmessages.ca-central-1.vpce.amazonaws.com",
                "hosted_zone_id": "ZRCXCF510Y6P9"
              },
              {
                "dns_name": "vpce-0840cfd83a7d56f20-yi5haguz-ca-central-1b.ssmmessages.ca-central-1.vpce.amazonaws.com",
                "hosted_zone_id": "ZRCXCF510Y6P9"
              }
            ],
            "dns_options": [
              {
                "dns_record_ip_type": "ipv4"
              }
            ],
            "id": "vpce-0840cfd83a7d56f20",
            "ip_address_type": "ipv4",
            "network_interface_ids": [
              "eni-0b5b1851d92dde9b5",
              "eni-0cc1a95ee56b38e07"
            ],
            "owner_id": "131578276461",
            "policy": "{\"Statement\":[{\"Action\":\"*\",\"Effect\":\"Allow\",\"Principal\":\"*\",\"Resource\":\"*\"}]}",
            "prefix_list_id": null,
            "private_dns_enabled": false,
            "requester_managed": false,
            "route_table_ids": [],
            "security_group_ids": [
              "sg-01460a0bef878ccd9"
            ],
            "service_name": "com.amazonaws.ca-central-1.ssmmessages",
            "state": "available",
            "subnet_ids": [
              "subnet-06043397b26a42005",
              "subnet-073875ae6e6bf3a89"
            ],
            "tags": {
              "Name": "ssm-interface-ep-ssmmessages-vpc-endpoint"
            },
            "tags_all": {
              "Name": "ssm-interface-ep-ssmmessages-vpc-endpoint"
            },
            "timeouts": {
              "create": "10m",
              "delete": "10m",
              "update": "10m"
            },
            "vpc_endpoint_type": "Interface",
            "vpc_id": "vpc-0edc33aad68f6dda3"
          },
          "sensitive_attributes": [],
          "private": "eyJlMmJmYjczMC1lY2FhLTExZTYtOGY4OC0zNDM2M2JjN2M0YzAiOnsiY3JlYXRlIjo2MDAwMDAwMDAwMDAsImRlbGV0ZSI6NjAwMDAwMDAwMDAwLCJ1cGRhdGUiOjYwMDAwMDAwMDAwMH19",
          "dependencies": [
            "aws_route_table.pod_rt_db",
            "aws_route_table.pod_rt_web_app",
            "module.endpoints.data.aws_vpc_endpoint_service.this",
            "module.tgw.aws_ec2_transit_gateway.this",
            "module.vpc_pod.aws_subnet.private",
            "module.vpc_pod.aws_vpc.this",
            "module.vpc_pod.aws_vpc_ipv4_cidr_block_association.this"
          ]
        }
      ]
    },
    {
      "module": "module.endpoints_hub",
      "mode": "data",
      "type": "aws_vpc_endpoint_service",
      "name": "this",
      "provider": "provider[\"registry.terraform.io/hashicorp/aws\"]",
      "instances": [
        {
          "index_key": "s3",
          "schema_version": 0,
          "attributes": {
            "acceptance_required": false,
            "arn": "arn:aws:ec2:ca-central-1:131578276461:vpc-endpoint-service/vpce-svc-003ae1489c63a6590",
            "availability_zones": [
              "ca-central-1a",
              "ca-central-1b",
              "ca-central-1d"
            ],
            "base_endpoint_dns_names": [
              "s3.ca-central-1.amazonaws.com"
            ],
            "filter": [
              {
                "name": "service-type",
                "values": [
                  "Gateway"
                ]
              }
            ],
            "id": "2773141372",
            "manages_vpc_endpoints": false,
            "owner": "amazon",
            "private_dns_name": "",
            "service": "s3",
            "service_id": "vpce-svc-003ae1489c63a6590",
            "service_name": "com.amazonaws.ca-central-1.s3",
            "service_type": "Gateway",
            "supported_ip_address_types": [
              "ipv4"
            ],
            "tags": {},
            "timeouts": null,
            "vpc_endpoint_policy_supported": true
          },
          "sensitive_attributes": []
        }
      ]
    },
    {
      "module": "module.endpoints_hub",
      "mode": "managed",
      "type": "aws_vpc_endpoint",
      "name": "this",
      "provider": "provider[\"registry.terraform.io/hashicorp/aws\"]",
      "instances": [
        {
          "index_key": "s3",
          "schema_version": 0,
          "attributes": {
            "arn": "arn:aws:ec2:ca-central-1:131578276461:vpc-endpoint/vpce-065aeae6a9e49b974",
            "auto_accept": null,
            "cidr_blocks": [
              "16.12.4.0/23",
              "3.5.252.0/22",
              "52.95.190.0/24",
              "52.95.146.0/23",
              "52.95.145.0/24"
            ],
            "dns_entry": [],
            "dns_options": [],
            "id": "vpce-065aeae6a9e49b974",
            "ip_address_type": "",
            "network_interface_ids": [],
            "owner_id": "131578276461",
            "policy": "{\"Statement\":[{\"Action\":\"*\",\"Effect\":\"Allow\",\"Principal\":\"*\",\"Resource\":\"*\"}],\"Version\":\"2008-10-17\"}",
            "prefix_list_id": "pl-7da54014",
            "private_dns_enabled": false,
            "requester_managed": false,
            "route_table_ids": [
              "rtb-0194db744d88c9f89",
              "rtb-01a53842bc0b07989",
              "rtb-0a0e709c7eb964a68",
              "rtb-0ecbcbd86083e3f3f",
              "rtb-0f499e974a2f3504f",
              "rtb-0fe6f6f6aa1ac62dd",
              "rtb-0fea1f91626d5d595"
            ],
            "security_group_ids": [],
            "service_name": "com.amazonaws.ca-central-1.s3",
            "state": "available",
            "subnet_ids": [],
            "tags": {
              "Name": "hub-s3-gw-endpoint"
            },
            "tags_all": {
              "Name": "hub-s3-gw-endpoint"
            },
            "timeouts": {
              "create": "10m",
              "delete": "10m",
              "update": "10m"
            },
            "vpc_endpoint_type": "Gateway",
            "vpc_id": "vpc-08a3ad9b7950e3bea"
          },
          "sensitive_attributes": [],
          "private": "eyJlMmJmYjczMC1lY2FhLTExZTYtOGY4OC0zNDM2M2JjN2M0YzAiOnsiY3JlYXRlIjo2MDAwMDAwMDAwMDAsImRlbGV0ZSI6NjAwMDAwMDAwMDAwLCJ1cGRhdGUiOjYwMDAwMDAwMDAwMH19",
          "dependencies": [
            "aws_route_table.fwsb_rt_hub",
            "aws_route_table.ingress1",
            "aws_route_table.ingress2",
            "aws_route_table.ingress3",
            "aws_route_table.prisb1_rt_hub",
            "aws_route_table.prisb2_rt_hub",
            "aws_route_table.prisb3_rt_hub",
            "module.endpoints_hub.data.aws_vpc_endpoint_service.this",
            "module.vpc.aws_vpc.this"
          ]
        }
      ]
    },
    {
      "module": "module.tgw",
      "mode": "managed",
      "type": "aws_ec2_tag",
      "name": "this",
      "provider": "provider[\"registry.terraform.io/hashicorp/aws\"]",
      "instances": [
        {
          "index_key": "Name",
          "schema_version": 0,
          "attributes": {
            "id": "tgw-rtb-050067f3e932291ab,Name",
            "key": "Name",
            "resource_id": "tgw-rtb-050067f3e932291ab",
            "value": "tgw-mse-poc"
          },
          "sensitive_attributes": [],
          "private": "bnVsbA==",
          "dependencies": [
            "module.tgw.aws_ec2_transit_gateway.this"
          ]
        }
      ]
    },
    {
      "module": "module.tgw",
      "mode": "managed",
      "type": "aws_ec2_transit_gateway",
      "name": "this",
      "provider": "provider[\"registry.terraform.io/hashicorp/aws\"]",
      "instances": [
        {
          "index_key": 0,
          "schema_version": 0,
          "attributes": {
            "amazon_side_asn": 64512,
            "arn": "arn:aws:ec2:ca-central-1:131578276461:transit-gateway/tgw-0e9e564ab98eea754",
            "association_default_route_table_id": "tgw-rtb-050067f3e932291ab",
            "auto_accept_shared_attachments": "enable",
            "default_route_table_association": "enable",
            "default_route_table_propagation": "enable",
            "description": "My TGW shared with several other AWS accounts",
            "dns_support": "enable",
            "id": "tgw-0e9e564ab98eea754",
            "multicast_support": "disable",
            "owner_id": "131578276461",
            "propagation_default_route_table_id": "tgw-rtb-050067f3e932291ab",
            "tags": {
              "Name": "tgw-mse-poc"
            },
            "tags_all": {
              "Name": "tgw-mse-poc"
            },
            "timeouts": {
              "create": null,
              "delete": null,
              "update": null
            },
            "transit_gateway_cidr_blocks": [],
            "vpn_ecmp_support": "enable"
          },
          "sensitive_attributes": [],
          "private": "eyJlMmJmYjczMC1lY2FhLTExZTYtOGY4OC0zNDM2M2JjN2M0YzAiOnsiY3JlYXRlIjo2MDAwMDAwMDAwMDAsImRlbGV0ZSI6NjAwMDAwMDAwMDAwLCJ1cGRhdGUiOjYwMDAwMDAwMDAwMH19"
        }
      ]
    },
    {
      "module": "module.tgw",
      "mode": "managed",
      "type": "aws_ec2_transit_gateway_route",
      "name": "this",
      "provider": "provider[\"registry.terraform.io/hashicorp/aws\"]",
      "instances": [
        {
          "index_key": 0,
          "schema_version": 0,
          "attributes": {
            "blackhole": false,
            "destination_cidr_block": "10.1.160.0/21",
            "id": "tgw-rtb-07b21b66d36782f56_10.1.160.0/21",
            "transit_gateway_attachment_id": "tgw-attach-042861e4d438f4db6",
            "transit_gateway_route_table_id": "tgw-rtb-07b21b66d36782f56"
          },
          "sensitive_attributes": [],
          "private": "bnVsbA==",
          "dependencies": [
            "module.tgw.aws_ec2_transit_gateway.this",
            "module.tgw.aws_ec2_transit_gateway_route_table.this",
            "module.tgw.aws_ec2_transit_gateway_vpc_attachment.this",
            "module.vpc.aws_subnet.private",
            "module.vpc.aws_vpc.this",
            "module.vpc.aws_vpc_ipv4_cidr_block_association.this",
            "module.vpc_pod.aws_subnet.private",
            "module.vpc_pod.aws_vpc.this",
            "module.vpc_pod.aws_vpc_ipv4_cidr_block_association.this"
          ]
        },
        {
          "index_key": 1,
          "schema_version": 0,
          "attributes": {
            "blackhole": false,
            "destination_cidr_block": "0.0.0.0/0",
            "id": "tgw-rtb-07b21b66d36782f56_0.0.0.0/0",
            "transit_gateway_attachment_id": "tgw-attach-0c5d4c5c951d1ce42",
            "transit_gateway_route_table_id": "tgw-rtb-07b21b66d36782f56"
          },
          "sensitive_attributes": [],
          "private": "bnVsbA==",
          "dependencies": [
            "module.tgw.aws_ec2_transit_gateway.this",
            "module.tgw.aws_ec2_transit_gateway_route_table.this",
            "module.tgw.aws_ec2_transit_gateway_vpc_attachment.this",
            "module.vpc.aws_subnet.private",
            "module.vpc.aws_vpc.this",
            "module.vpc.aws_vpc_ipv4_cidr_block_association.this",
            "module.vpc_pod.aws_subnet.private",
            "module.vpc_pod.aws_vpc.this",
            "module.vpc_pod.aws_vpc_ipv4_cidr_block_association.this"
          ]
        }
      ]
    },
    {
      "module": "module.tgw",
      "mode": "managed",
      "type": "aws_ec2_transit_gateway_route_table",
      "name": "this",
      "provider": "provider[\"registry.terraform.io/hashicorp/aws\"]",
      "instances": [
        {
          "index_key": 0,
          "schema_version": 0,
          "attributes": {
            "arn": "arn:aws:ec2:ca-central-1:131578276461:transit-gateway-route-table/tgw-rtb-07b21b66d36782f56",
            "default_association_route_table": false,
            "default_propagation_route_table": false,
            "id": "tgw-rtb-07b21b66d36782f56",
            "tags": {
              "Name": "tgw-mse-poc"
            },
            "tags_all": {
              "Name": "tgw-mse-poc"
            },
            "transit_gateway_id": "tgw-0e9e564ab98eea754"
          },
          "sensitive_attributes": [],
          "private": "bnVsbA==",
          "dependencies": [
            "module.tgw.aws_ec2_transit_gateway.this"
          ]
        }
      ]
    },
    {
      "module": "module.tgw",
      "mode": "managed",
      "type": "aws_ec2_transit_gateway_vpc_attachment",
      "name": "this",
      "provider": "provider[\"registry.terraform.io/hashicorp/aws\"]",
      "instances": [
        {
          "index_key": "tgw_att_to_hub",
          "schema_version": 0,
          "attributes": {
            "appliance_mode_support": "disable",
            "dns_support": "enable",
            "id": "tgw-attach-042861e4d438f4db6",
            "ipv6_support": "disable",
            "subnet_ids": [
              "subnet-02edc7bebf516694e",
              "subnet-077b8b6f804efe57e",
              "subnet-0a64c80b3ad984bf2"
            ],
            "tags": {
              "Name": "tgw-mse-poc"
            },
            "tags_all": {
              "Name": "tgw-mse-poc"
            },
            "transit_gateway_default_route_table_association": true,
            "transit_gateway_default_route_table_propagation": true,
            "transit_gateway_id": "tgw-0e9e564ab98eea754",
            "vpc_id": "vpc-08a3ad9b7950e3bea",
            "vpc_owner_id": "131578276461"
          },
          "sensitive_attributes": [],
          "private": "bnVsbA==",
          "dependencies": [
            "module.tgw.aws_ec2_transit_gateway.this",
            "module.vpc.aws_subnet.private",
            "module.vpc.aws_vpc.this",
            "module.vpc.aws_vpc_ipv4_cidr_block_association.this",
            "module.vpc_pod.aws_subnet.private",
            "module.vpc_pod.aws_vpc.this",
            "module.vpc_pod.aws_vpc_ipv4_cidr_block_association.this"
          ]
        },
        {
          "index_key": "tgw_att_to_pod",
          "schema_version": 0,
          "attributes": {
            "appliance_mode_support": "disable",
            "dns_support": "enable",
            "id": "tgw-attach-0c5d4c5c951d1ce42",
            "ipv6_support": "disable",
            "subnet_ids": [
              "subnet-01d3803687eed355c",
              "subnet-04c1844a336d5312a"
            ],
            "tags": {
              "Name": "tgw-mse-poc"
            },
            "tags_all": {
              "Name": "tgw-mse-poc"
            },
            "transit_gateway_default_route_table_association": true,
            "transit_gateway_default_route_table_propagation": true,
            "transit_gateway_id": "tgw-0e9e564ab98eea754",
            "vpc_id": "vpc-0edc33aad68f6dda3",
            "vpc_owner_id": "131578276461"
          },
          "sensitive_attributes": [],
          "private": "bnVsbA==",
          "dependencies": [
            "module.tgw.aws_ec2_transit_gateway.this",
            "module.vpc.aws_subnet.private",
            "module.vpc.aws_vpc.this",
            "module.vpc.aws_vpc_ipv4_cidr_block_association.this",
            "module.vpc_pod.aws_subnet.private",
            "module.vpc_pod.aws_vpc.this",
            "module.vpc_pod.aws_vpc_ipv4_cidr_block_association.this"
          ]
        }
      ]
    },
    {
      "module": "module.tgw",
      "mode": "managed",
      "type": "aws_ram_resource_association",
      "name": "this",
      "provider": "provider[\"registry.terraform.io/hashicorp/aws\"]",
      "instances": [
        {
          "index_key": 0,
          "schema_version": 0,
          "attributes": {
            "id": "arn:aws:ram:ca-central-1:131578276461:resource-share/b8689aa6-eb5e-4a61-be6f-22f6f08b76a5,arn:aws:ec2:ca-central-1:131578276461:transit-gateway/tgw-0e9e564ab98eea754",
            "resource_arn": "arn:aws:ec2:ca-central-1:131578276461:transit-gateway/tgw-0e9e564ab98eea754",
            "resource_share_arn": "arn:aws:ram:ca-central-1:131578276461:resource-share/b8689aa6-eb5e-4a61-be6f-22f6f08b76a5"
          },
          "sensitive_attributes": [],
          "private": "bnVsbA==",
          "dependencies": [
            "module.tgw.aws_ec2_transit_gateway.this",
            "module.tgw.aws_ram_resource_share.this"
          ]
        }
      ]
    },
    {
      "module": "module.tgw",
      "mode": "managed",
      "type": "aws_ram_resource_share",
      "name": "this",
      "provider": "provider[\"registry.terraform.io/hashicorp/aws\"]",
      "instances": [
        {
          "index_key": 0,
          "schema_version": 0,
          "attributes": {
            "allow_external_principals": true,
            "arn": "arn:aws:ram:ca-central-1:131578276461:resource-share/b8689aa6-eb5e-4a61-be6f-22f6f08b76a5",
            "id": "arn:aws:ram:ca-central-1:131578276461:resource-share/b8689aa6-eb5e-4a61-be6f-22f6f08b76a5",
            "name": "tgw-mse-poc",
            "permission_arns": [
              "arn:aws:ram::aws:permission/AWSRAMDefaultPermissionTransitGateway"
            ],
            "tags": {
              "Name": "tgw-mse-poc"
            },
            "tags_all": {
              "Name": "tgw-mse-poc"
            },
            "timeouts": null
          },
          "sensitive_attributes": [],
          "private": "eyJlMmJmYjczMC1lY2FhLTExZTYtOGY4OC0zNDM2M2JjN2M0YzAiOnsiY3JlYXRlIjozMDAwMDAwMDAwMDAsImRlbGV0ZSI6MzAwMDAwMDAwMDAwfX0="
        }
      ]
    },
    {
      "module": "module.vpc",
      "mode": "managed",
      "type": "aws_default_network_acl",
      "name": "this",
      "provider": "provider[\"registry.terraform.io/hashicorp/aws\"]",
      "instances": [
        {
          "index_key": 0,
          "schema_version": 0,
          "attributes": {
            "arn": "arn:aws:ec2:ca-central-1:131578276461:network-acl/acl-0958a6a5e20e6ed54",
            "default_network_acl_id": "acl-0958a6a5e20e6ed54",
            "egress": [
              {
                "action": "allow",
                "cidr_block": "",
                "from_port": 0,
                "icmp_code": 0,
                "icmp_type": 0,
                "ipv6_cidr_block": "::/0",
                "protocol": "-1",
                "rule_no": 101,
                "to_port": 0
              },
              {
                "action": "allow",
                "cidr_block": "0.0.0.0/0",
                "from_port": 0,
                "icmp_code": 0,
                "icmp_type": 0,
                "ipv6_cidr_block": "",
                "protocol": "-1",
                "rule_no": 100,
                "to_port": 0
              }
            ],
            "id": "acl-0958a6a5e20e6ed54",
            "ingress": [
              {
                "action": "allow",
                "cidr_block": "",
                "from_port": 0,
                "icmp_code": 0,
                "icmp_type": 0,
                "ipv6_cidr_block": "::/0",
                "protocol": "-1",
                "rule_no": 101,
                "to_port": 0
              },
              {
                "action": "allow",
                "cidr_block": "0.0.0.0/0",
                "from_port": 0,
                "icmp_code": 0,
                "icmp_type": 0,
                "ipv6_cidr_block": "",
                "protocol": "-1",
                "rule_no": 100,
                "to_port": 0
              }
            ],
            "owner_id": "131578276461",
            "subnet_ids": [
              "subnet-0201c726ebb4ae1f6",
              "subnet-02edc7bebf516694e",
              "subnet-03470d76c8ffe994f",
              "subnet-0410f8cc523b436fb",
              "subnet-077b8b6f804efe57e",
              "subnet-0822457cd34cf98a8",
              "subnet-09350a6f09d84a8ae",
              "subnet-09e480123e02815cc",
              "subnet-0a64c80b3ad984bf2",
              "subnet-0d7419b4cb10cc742",
              "subnet-0d9e73a5253cc78be",
              "subnet-0f02b01dbc10bb01e"
            ],
            "tags": {
              "Name": "hub-default"
            },
            "tags_all": {
              "Name": "hub-default"
            },
            "vpc_id": "vpc-08a3ad9b7950e3bea"
          },
          "sensitive_attributes": [],
          "private": "bnVsbA==",
          "dependencies": [
            "module.vpc.aws_vpc.this"
          ]
        }
      ]
    },
    {
      "module": "module.vpc",
      "mode": "managed",
      "type": "aws_default_route_table",
      "name": "default",
      "provider": "provider[\"registry.terraform.io/hashicorp/aws\"]",
      "instances": [
        {
          "index_key": 0,
          "schema_version": 0,
          "attributes": {
            "arn": "arn:aws:ec2:ca-central-1:131578276461:route-table/rtb-01227902ba86a0c02",
            "default_route_table_id": "rtb-01227902ba86a0c02",
            "id": "rtb-01227902ba86a0c02",
            "owner_id": "131578276461",
            "propagating_vgws": [],
            "route": [],
            "tags": {
              "Name": "hub-default"
            },
            "tags_all": {
              "Name": "hub-default"
            },
            "timeouts": {
              "create": "5m",
              "update": "5m"
            },
            "vpc_id": "vpc-08a3ad9b7950e3bea"
          },
          "sensitive_attributes": [],
          "private": "eyJlMmJmYjczMC1lY2FhLTExZTYtOGY4OC0zNDM2M2JjN2M0YzAiOnsiY3JlYXRlIjozMDAwMDAwMDAwMDAsInVwZGF0ZSI6MzAwMDAwMDAwMDAwfX0=",
          "dependencies": [
            "module.vpc.aws_vpc.this"
          ]
        }
      ]
    },
    {
      "module": "module.vpc",
      "mode": "managed",
      "type": "aws_default_security_group",
      "name": "this",
      "provider": "provider[\"registry.terraform.io/hashicorp/aws\"]",
      "instances": [
        {
          "index_key": 0,
          "schema_version": 1,
          "attributes": {
            "arn": "arn:aws:ec2:ca-central-1:131578276461:security-group/sg-0a7ea13e6cc7de578",
            "description": "default VPC security group",
            "egress": [],
            "id": "sg-0a7ea13e6cc7de578",
            "ingress": [],
            "name": "default",
            "name_prefix": "",
            "owner_id": "131578276461",
            "revoke_rules_on_delete": false,
            "tags": {
              "Name": "hub-default"
            },
            "tags_all": {
              "Name": "hub-default"
            },
            "vpc_id": "vpc-08a3ad9b7950e3bea"
          },
          "sensitive_attributes": [],
          "private": "eyJzY2hlbWFfdmVyc2lvbiI6IjEifQ==",
          "dependencies": [
            "module.vpc.aws_vpc.this"
          ]
        }
      ]
    },
    {
      "module": "module.vpc",
      "mode": "managed",
      "type": "aws_eip",
      "name": "nat",
      "provider": "provider[\"registry.terraform.io/hashicorp/aws\"]",
      "instances": [
        {
          "index_key": 0,
          "schema_version": 0,
          "attributes": {
            "address": null,
            "allocation_id": "eipalloc-0ea0af2125b18e6a1",
            "associate_with_private_ip": null,
            "association_id": "eipassoc-0d714146af2cbebe0",
            "carrier_ip": "",
            "customer_owned_ip": "",
            "customer_owned_ipv4_pool": "",
            "domain": "vpc",
            "id": "eipalloc-0ea0af2125b18e6a1",
            "instance": "",
            "network_border_group": "ca-central-1",
            "network_interface": "eni-0ddb500796109def5",
            "private_dns": "ip-10-1-129-24.ca-central-1.compute.internal",
            "private_ip": "10.1.129.24",
            "public_dns": "ec2-99-79-84-85.ca-central-1.compute.amazonaws.com",
            "public_ip": "99.79.84.85",
            "public_ipv4_pool": "amazon",
            "tags": {
              "Name": "hub-ca-central-1a"
            },
            "tags_all": {
              "Name": "hub-ca-central-1a"
            },
            "timeouts": null,
            "vpc": true
          },
          "sensitive_attributes": [],
          "private": "eyJlMmJmYjczMC1lY2FhLTExZTYtOGY4OC0zNDM2M2JjN2M0YzAiOnsiZGVsZXRlIjoxODAwMDAwMDAwMDAsInJlYWQiOjkwMDAwMDAwMDAwMCwidXBkYXRlIjozMDAwMDAwMDAwMDB9fQ=="
        },
        {
          "index_key": 1,
          "schema_version": 0,
          "attributes": {
            "address": null,
            "allocation_id": "eipalloc-05299b4fb28298090",
            "associate_with_private_ip": null,
            "association_id": "eipassoc-0c3ee2bbd24651c0e",
            "carrier_ip": "",
            "customer_owned_ip": "",
            "customer_owned_ipv4_pool": "",
            "domain": "vpc",
            "id": "eipalloc-05299b4fb28298090",
            "instance": "",
            "network_border_group": "ca-central-1",
            "network_interface": "eni-0e450517ecd52a09e",
            "private_dns": "ip-10-1-129-72.ca-central-1.compute.internal",
            "private_ip": "10.1.129.72",
            "public_dns": "ec2-35-182-194-89.ca-central-1.compute.amazonaws.com",
            "public_ip": "35.182.194.89",
            "public_ipv4_pool": "amazon",
            "tags": {
              "Name": "hub-ca-central-1b"
            },
            "tags_all": {
              "Name": "hub-ca-central-1b"
            },
            "timeouts": null,
            "vpc": true
          },
          "sensitive_attributes": [],
          "private": "eyJlMmJmYjczMC1lY2FhLTExZTYtOGY4OC0zNDM2M2JjN2M0YzAiOnsiZGVsZXRlIjoxODAwMDAwMDAwMDAsInJlYWQiOjkwMDAwMDAwMDAwMCwidXBkYXRlIjozMDAwMDAwMDAwMDB9fQ=="
        },
        {
          "index_key": 2,
          "schema_version": 0,
          "attributes": {
            "address": null,
            "allocation_id": "eipalloc-0815d96d7196dfe1a",
            "associate_with_private_ip": null,
            "association_id": "eipassoc-06d5a9271ad274808",
            "carrier_ip": "",
            "customer_owned_ip": "",
            "customer_owned_ipv4_pool": "",
            "domain": "vpc",
            "id": "eipalloc-0815d96d7196dfe1a",
            "instance": "",
            "network_border_group": "ca-central-1",
            "network_interface": "eni-07029fd3cbe02815a",
            "private_dns": "ip-10-1-129-50.ca-central-1.compute.internal",
            "private_ip": "10.1.129.50",
            "public_dns": "ec2-99-79-8-240.ca-central-1.compute.amazonaws.com",
            "public_ip": "99.79.8.240",
            "public_ipv4_pool": "amazon",
            "tags": {
              "Name": "hub-ca-central-1d"
            },
            "tags_all": {
              "Name": "hub-ca-central-1d"
            },
            "timeouts": null,
            "vpc": true
          },
          "sensitive_attributes": [],
          "private": "eyJlMmJmYjczMC1lY2FhLTExZTYtOGY4OC0zNDM2M2JjN2M0YzAiOnsiZGVsZXRlIjoxODAwMDAwMDAwMDAsInJlYWQiOjkwMDAwMDAwMDAwMCwidXBkYXRlIjozMDAwMDAwMDAwMDB9fQ=="
        }
      ]
    },
    {
      "module": "module.vpc",
      "mode": "managed",
      "type": "aws_internet_gateway",
      "name": "this",
      "provider": "provider[\"registry.terraform.io/hashicorp/aws\"]",
      "instances": [
        {
          "index_key": 0,
          "schema_version": 0,
          "attributes": {
            "arn": "arn:aws:ec2:ca-central-1:131578276461:internet-gateway/igw-0dd60fe6c8a05b134",
            "id": "igw-0dd60fe6c8a05b134",
            "owner_id": "131578276461",
            "tags": {
              "Name": "hub"
            },
            "tags_all": {
              "Name": "hub"
            },
            "timeouts": null,
            "vpc_id": "vpc-08a3ad9b7950e3bea"
          },
          "sensitive_attributes": [],
          "private": "eyJlMmJmYjczMC1lY2FhLTExZTYtOGY4OC0zNDM2M2JjN2M0YzAiOnsiY3JlYXRlIjoxMjAwMDAwMDAwMDAwLCJkZWxldGUiOjEyMDAwMDAwMDAwMDAsInVwZGF0ZSI6MTIwMDAwMDAwMDAwMH19",
          "dependencies": [
            "module.vpc.aws_vpc.this",
            "module.vpc.aws_vpc_ipv4_cidr_block_association.this"
          ]
        }
      ]
    },
    {
      "module": "module.vpc",
      "mode": "managed",
      "type": "aws_nat_gateway",
      "name": "this",
      "provider": "provider[\"registry.terraform.io/hashicorp/aws\"]",
      "instances": [
        {
          "index_key": 0,
          "schema_version": 0,
          "attributes": {
            "allocation_id": "eipalloc-0ea0af2125b18e6a1",
            "association_id": "eipassoc-0d714146af2cbebe0",
            "connectivity_type": "public",
            "id": "nat-0c5b919219de3017c",
            "network_interface_id": "eni-0ddb500796109def5",
            "private_ip": "10.1.129.24",
            "public_ip": "99.79.84.85",
            "subnet_id": "subnet-0201c726ebb4ae1f6",
            "tags": {
              "Name": "hub-ca-central-1a"
            },
            "tags_all": {
              "Name": "hub-ca-central-1a"
            }
          },
          "sensitive_attributes": [],
          "private": "bnVsbA==",
          "dependencies": [
            "module.vpc.aws_eip.nat",
            "module.vpc.aws_internet_gateway.this",
            "module.vpc.aws_subnet.private",
            "module.vpc.aws_vpc.this",
            "module.vpc.aws_vpc_ipv4_cidr_block_association.this"
          ]
        },
        {
          "index_key": 1,
          "schema_version": 0,
          "attributes": {
            "allocation_id": "eipalloc-05299b4fb28298090",
            "association_id": "eipassoc-0c3ee2bbd24651c0e",
            "connectivity_type": "public",
            "id": "nat-0d3fc877324aba8c6",
            "network_interface_id": "eni-0e450517ecd52a09e",
            "private_ip": "10.1.129.72",
            "public_ip": "35.182.194.89",
            "subnet_id": "subnet-0822457cd34cf98a8",
            "tags": {
              "Name": "hub-ca-central-1b"
            },
            "tags_all": {
              "Name": "hub-ca-central-1b"
            }
          },
          "sensitive_attributes": [],
          "private": "bnVsbA==",
          "dependencies": [
            "module.vpc.aws_eip.nat",
            "module.vpc.aws_internet_gateway.this",
            "module.vpc.aws_subnet.private",
            "module.vpc.aws_vpc.this",
            "module.vpc.aws_vpc_ipv4_cidr_block_association.this"
          ]
        },
        {
          "index_key": 2,
          "schema_version": 0,
          "attributes": {
            "allocation_id": "eipalloc-0815d96d7196dfe1a",
            "association_id": "eipassoc-06d5a9271ad274808",
            "connectivity_type": "public",
            "id": "nat-091066ae8a793836f",
            "network_interface_id": "eni-07029fd3cbe02815a",
            "private_ip": "10.1.129.50",
            "public_ip": "99.79.8.240",
            "subnet_id": "subnet-0410f8cc523b436fb",
            "tags": {
              "Name": "hub-ca-central-1d"
            },
            "tags_all": {
              "Name": "hub-ca-central-1d"
            }
          },
          "sensitive_attributes": [],
          "private": "bnVsbA==",
          "dependencies": [
            "module.vpc.aws_eip.nat",
            "module.vpc.aws_internet_gateway.this",
            "module.vpc.aws_subnet.private",
            "module.vpc.aws_vpc.this",
            "module.vpc.aws_vpc_ipv4_cidr_block_association.this"
          ]
        }
      ]
    },
    {
      "module": "module.vpc",
      "mode": "managed",
      "type": "aws_route",
      "name": "private_nat_gateway",
      "provider": "provider[\"registry.terraform.io/hashicorp/aws\"]",
      "instances": [
        {
          "index_key": 0,
          "schema_version": 0,
          "attributes": {
            "carrier_gateway_id": "",
            "core_network_arn": "",
            "destination_cidr_block": "0.0.0.0/0",
            "destination_ipv6_cidr_block": "",
            "destination_prefix_list_id": "",
            "egress_only_gateway_id": "",
            "gateway_id": "",
            "id": "r-rtb-00cd16f65e459848f1080289494",
            "instance_id": "",
            "instance_owner_id": "",
            "local_gateway_id": "",
            "nat_gateway_id": "nat-0c5b919219de3017c",
            "network_interface_id": "",
            "origin": "CreateRoute",
            "route_table_id": "rtb-00cd16f65e459848f",
            "state": "active",
            "timeouts": {
              "create": "5m",
              "delete": null,
              "update": null
            },
            "transit_gateway_id": "",
            "vpc_endpoint_id": "",
            "vpc_peering_connection_id": ""
          },
          "sensitive_attributes": [],
          "private": "eyJlMmJmYjczMC1lY2FhLTExZTYtOGY4OC0zNDM2M2JjN2M0YzAiOnsiY3JlYXRlIjozMDAwMDAwMDAwMDAsImRlbGV0ZSI6MzAwMDAwMDAwMDAwLCJ1cGRhdGUiOjEyMDAwMDAwMDAwMH19",
          "dependencies": [
            "module.vpc.aws_eip.nat",
            "module.vpc.aws_internet_gateway.this",
            "module.vpc.aws_nat_gateway.this",
            "module.vpc.aws_route_table.private",
            "module.vpc.aws_subnet.private",
            "module.vpc.aws_vpc.this",
            "module.vpc.aws_vpc_ipv4_cidr_block_association.this"
          ]
        },
        {
          "index_key": 1,
          "schema_version": 0,
          "attributes": {
            "carrier_gateway_id": "",
            "core_network_arn": "",
            "destination_cidr_block": "0.0.0.0/0",
            "destination_ipv6_cidr_block": "",
            "destination_prefix_list_id": "",
            "egress_only_gateway_id": "",
            "gateway_id": "",
            "id": "r-rtb-0f20d914a1f96a11c1080289494",
            "instance_id": "",
            "instance_owner_id": "",
            "local_gateway_id": "",
            "nat_gateway_id": "nat-0d3fc877324aba8c6",
            "network_interface_id": "",
            "origin": "CreateRoute",
            "route_table_id": "rtb-0f20d914a1f96a11c",
            "state": "active",
            "timeouts": {
              "create": "5m",
              "delete": null,
              "update": null
            },
            "transit_gateway_id": "",
            "vpc_endpoint_id": "",
            "vpc_peering_connection_id": ""
          },
          "sensitive_attributes": [],
          "private": "eyJlMmJmYjczMC1lY2FhLTExZTYtOGY4OC0zNDM2M2JjN2M0YzAiOnsiY3JlYXRlIjozMDAwMDAwMDAwMDAsImRlbGV0ZSI6MzAwMDAwMDAwMDAwLCJ1cGRhdGUiOjEyMDAwMDAwMDAwMH19",
          "dependencies": [
            "module.vpc.aws_eip.nat",
            "module.vpc.aws_internet_gateway.this",
            "module.vpc.aws_nat_gateway.this",
            "module.vpc.aws_route_table.private",
            "module.vpc.aws_subnet.private",
            "module.vpc.aws_vpc.this",
            "module.vpc.aws_vpc_ipv4_cidr_block_association.this"
          ]
        },
        {
          "index_key": 2,
          "schema_version": 0,
          "attributes": {
            "carrier_gateway_id": "",
            "core_network_arn": "",
            "destination_cidr_block": "0.0.0.0/0",
            "destination_ipv6_cidr_block": "",
            "destination_prefix_list_id": "",
            "egress_only_gateway_id": "",
            "gateway_id": "",
            "id": "r-rtb-06689f67627dfd3931080289494",
            "instance_id": "",
            "instance_owner_id": "",
            "local_gateway_id": "",
            "nat_gateway_id": "nat-091066ae8a793836f",
            "network_interface_id": "",
            "origin": "CreateRoute",
            "route_table_id": "rtb-06689f67627dfd393",
            "state": "active",
            "timeouts": {
              "create": "5m",
              "delete": null,
              "update": null
            },
            "transit_gateway_id": "",
            "vpc_endpoint_id": "",
            "vpc_peering_connection_id": ""
          },
          "sensitive_attributes": [],
          "private": "eyJlMmJmYjczMC1lY2FhLTExZTYtOGY4OC0zNDM2M2JjN2M0YzAiOnsiY3JlYXRlIjozMDAwMDAwMDAwMDAsImRlbGV0ZSI6MzAwMDAwMDAwMDAwLCJ1cGRhdGUiOjEyMDAwMDAwMDAwMH19",
          "dependencies": [
            "module.vpc.aws_eip.nat",
            "module.vpc.aws_internet_gateway.this",
            "module.vpc.aws_nat_gateway.this",
            "module.vpc.aws_route_table.private",
            "module.vpc.aws_subnet.private",
            "module.vpc.aws_vpc.this",
            "module.vpc.aws_vpc_ipv4_cidr_block_association.this"
          ]
        }
      ]
    },
    {
      "module": "module.vpc",
      "mode": "managed",
      "type": "aws_route",
      "name": "public_internet_gateway",
      "provider": "provider[\"registry.terraform.io/hashicorp/aws\"]",
      "instances": [
        {
          "index_key": 0,
          "schema_version": 0,
          "attributes": {
            "carrier_gateway_id": "",
            "core_network_arn": "",
            "destination_cidr_block": "0.0.0.0/0",
            "destination_ipv6_cidr_block": "",
            "destination_prefix_list_id": "",
            "egress_only_gateway_id": "",
            "gateway_id": "igw-0dd60fe6c8a05b134",
            "id": "r-rtb-0561190d73743db681080289494",
            "instance_id": "",
            "instance_owner_id": "",
            "local_gateway_id": "",
            "nat_gateway_id": "",
            "network_interface_id": "",
            "origin": "CreateRoute",
            "route_table_id": "rtb-0561190d73743db68",
            "state": "active",
            "timeouts": {
              "create": "5m",
              "delete": null,
              "update": null
            },
            "transit_gateway_id": "",
            "vpc_endpoint_id": "",
            "vpc_peering_connection_id": ""
          },
          "sensitive_attributes": [],
          "private": "eyJlMmJmYjczMC1lY2FhLTExZTYtOGY4OC0zNDM2M2JjN2M0YzAiOnsiY3JlYXRlIjozMDAwMDAwMDAwMDAsImRlbGV0ZSI6MzAwMDAwMDAwMDAwLCJ1cGRhdGUiOjEyMDAwMDAwMDAwMH19",
          "dependencies": [
            "module.vpc.aws_internet_gateway.this",
            "module.vpc.aws_route_table.public",
            "module.vpc.aws_vpc.this",
            "module.vpc.aws_vpc_ipv4_cidr_block_association.this"
          ]
        }
      ]
    },
    {
      "module": "module.vpc",
      "mode": "managed",
      "type": "aws_route_table",
      "name": "private",
      "provider": "provider[\"registry.terraform.io/hashicorp/aws\"]",
      "instances": [
        {
          "index_key": 0,
          "schema_version": 0,
          "attributes": {
            "arn": "arn:aws:ec2:ca-central-1:131578276461:route-table/rtb-00cd16f65e459848f",
            "id": "rtb-00cd16f65e459848f",
            "owner_id": "131578276461",
            "propagating_vgws": [],
            "route": [
              {
                "carrier_gateway_id": "",
                "cidr_block": "0.0.0.0/0",
                "core_network_arn": "",
                "destination_prefix_list_id": "",
                "egress_only_gateway_id": "",
                "gateway_id": "",
                "instance_id": "",
                "ipv6_cidr_block": "",
                "local_gateway_id": "",
                "nat_gateway_id": "nat-0c5b919219de3017c",
                "network_interface_id": "",
                "transit_gateway_id": "",
                "vpc_endpoint_id": "",
                "vpc_peering_connection_id": ""
              }
            ],
            "tags": {
              "Name": "hub-private-ca-central-1a"
            },
            "tags_all": {
              "Name": "hub-private-ca-central-1a"
            },
            "timeouts": null,
            "vpc_id": "vpc-08a3ad9b7950e3bea"
          },
          "sensitive_attributes": [],
          "private": "eyJlMmJmYjczMC1lY2FhLTExZTYtOGY4OC0zNDM2M2JjN2M0YzAiOnsiY3JlYXRlIjozMDAwMDAwMDAwMDAsImRlbGV0ZSI6MzAwMDAwMDAwMDAwLCJ1cGRhdGUiOjEyMDAwMDAwMDAwMH19",
          "dependencies": [
            "module.vpc.aws_vpc.this",
            "module.vpc.aws_vpc_ipv4_cidr_block_association.this"
          ]
        },
        {
          "index_key": 1,
          "schema_version": 0,
          "attributes": {
            "arn": "arn:aws:ec2:ca-central-1:131578276461:route-table/rtb-0f20d914a1f96a11c",
            "id": "rtb-0f20d914a1f96a11c",
            "owner_id": "131578276461",
            "propagating_vgws": [],
            "route": [
              {
                "carrier_gateway_id": "",
                "cidr_block": "0.0.0.0/0",
                "core_network_arn": "",
                "destination_prefix_list_id": "",
                "egress_only_gateway_id": "",
                "gateway_id": "",
                "instance_id": "",
                "ipv6_cidr_block": "",
                "local_gateway_id": "",
                "nat_gateway_id": "nat-0d3fc877324aba8c6",
                "network_interface_id": "",
                "transit_gateway_id": "",
                "vpc_endpoint_id": "",
                "vpc_peering_connection_id": ""
              }
            ],
            "tags": {
              "Name": "hub-private-ca-central-1b"
            },
            "tags_all": {
              "Name": "hub-private-ca-central-1b"
            },
            "timeouts": null,
            "vpc_id": "vpc-08a3ad9b7950e3bea"
          },
          "sensitive_attributes": [],
          "private": "eyJlMmJmYjczMC1lY2FhLTExZTYtOGY4OC0zNDM2M2JjN2M0YzAiOnsiY3JlYXRlIjozMDAwMDAwMDAwMDAsImRlbGV0ZSI6MzAwMDAwMDAwMDAwLCJ1cGRhdGUiOjEyMDAwMDAwMDAwMH19",
          "dependencies": [
            "module.vpc.aws_vpc.this",
            "module.vpc.aws_vpc_ipv4_cidr_block_association.this"
          ]
        },
        {
          "index_key": 2,
          "schema_version": 0,
          "attributes": {
            "arn": "arn:aws:ec2:ca-central-1:131578276461:route-table/rtb-06689f67627dfd393",
            "id": "rtb-06689f67627dfd393",
            "owner_id": "131578276461",
            "propagating_vgws": [],
            "route": [
              {
                "carrier_gateway_id": "",
                "cidr_block": "0.0.0.0/0",
                "core_network_arn": "",
                "destination_prefix_list_id": "",
                "egress_only_gateway_id": "",
                "gateway_id": "",
                "instance_id": "",
                "ipv6_cidr_block": "",
                "local_gateway_id": "",
                "nat_gateway_id": "nat-091066ae8a793836f",
                "network_interface_id": "",
                "transit_gateway_id": "",
                "vpc_endpoint_id": "",
                "vpc_peering_connection_id": ""
              }
            ],
            "tags": {
              "Name": "hub-private-ca-central-1d"
            },
            "tags_all": {
              "Name": "hub-private-ca-central-1d"
            },
            "timeouts": null,
            "vpc_id": "vpc-08a3ad9b7950e3bea"
          },
          "sensitive_attributes": [],
          "private": "eyJlMmJmYjczMC1lY2FhLTExZTYtOGY4OC0zNDM2M2JjN2M0YzAiOnsiY3JlYXRlIjozMDAwMDAwMDAwMDAsImRlbGV0ZSI6MzAwMDAwMDAwMDAwLCJ1cGRhdGUiOjEyMDAwMDAwMDAwMH19",
          "dependencies": [
            "module.vpc.aws_vpc.this",
            "module.vpc.aws_vpc_ipv4_cidr_block_association.this"
          ]
        }
      ]
    },
    {
      "module": "module.vpc",
      "mode": "managed",
      "type": "aws_route_table",
      "name": "public",
      "provider": "provider[\"registry.terraform.io/hashicorp/aws\"]",
      "instances": [
        {
          "index_key": 0,
          "schema_version": 0,
          "attributes": {
            "arn": "arn:aws:ec2:ca-central-1:131578276461:route-table/rtb-0561190d73743db68",
            "id": "rtb-0561190d73743db68",
            "owner_id": "131578276461",
            "propagating_vgws": [],
            "route": [
              {
                "carrier_gateway_id": "",
                "cidr_block": "0.0.0.0/0",
                "core_network_arn": "",
                "destination_prefix_list_id": "",
                "egress_only_gateway_id": "",
                "gateway_id": "igw-0dd60fe6c8a05b134",
                "instance_id": "",
                "ipv6_cidr_block": "",
                "local_gateway_id": "",
                "nat_gateway_id": "",
                "network_interface_id": "",
                "transit_gateway_id": "",
                "vpc_endpoint_id": "",
                "vpc_peering_connection_id": ""
              }
            ],
            "tags": {
              "Name": "hub-public"
            },
            "tags_all": {
              "Name": "hub-public"
            },
            "timeouts": null,
            "vpc_id": "vpc-08a3ad9b7950e3bea"
          },
          "sensitive_attributes": [],
          "private": "eyJlMmJmYjczMC1lY2FhLTExZTYtOGY4OC0zNDM2M2JjN2M0YzAiOnsiY3JlYXRlIjozMDAwMDAwMDAwMDAsImRlbGV0ZSI6MzAwMDAwMDAwMDAwLCJ1cGRhdGUiOjEyMDAwMDAwMDAwMH19",
          "dependencies": [
            "module.vpc.aws_vpc.this",
            "module.vpc.aws_vpc_ipv4_cidr_block_association.this"
          ]
        }
      ]
    },
    {
      "module": "module.vpc",
      "mode": "managed",
      "type": "aws_route_table_association",
      "name": "private",
      "provider": "provider[\"registry.terraform.io/hashicorp/aws\"]",
      "instances": [
        {
          "index_key": 0,
          "schema_version": 0,
          "attributes": {
            "gateway_id": "",
            "id": "rtbassoc-0362aa68048e46091",
            "route_table_id": "rtb-00cd16f65e459848f",
            "subnet_id": "subnet-0f02b01dbc10bb01e",
            "timeouts": null
          },
          "sensitive_attributes": [],
          "private": "eyJlMmJmYjczMC1lY2FhLTExZTYtOGY4OC0zNDM2M2JjN2M0YzAiOnsiY3JlYXRlIjozMDAwMDAwMDAwMDAsImRlbGV0ZSI6MzAwMDAwMDAwMDAwLCJ1cGRhdGUiOjEyMDAwMDAwMDAwMH19",
          "dependencies": [
            "module.vpc.aws_route_table.private",
            "module.vpc.aws_subnet.private",
            "module.vpc.aws_vpc.this",
            "module.vpc.aws_vpc_ipv4_cidr_block_association.this"
          ]
        },
        {
          "index_key": 1,
          "schema_version": 0,
          "attributes": {
            "gateway_id": "",
            "id": "rtbassoc-04ca708e49fd3fae4",
            "route_table_id": "rtb-0f20d914a1f96a11c",
            "subnet_id": "subnet-09350a6f09d84a8ae",
            "timeouts": null
          },
          "sensitive_attributes": [],
          "private": "eyJlMmJmYjczMC1lY2FhLTExZTYtOGY4OC0zNDM2M2JjN2M0YzAiOnsiY3JlYXRlIjozMDAwMDAwMDAwMDAsImRlbGV0ZSI6MzAwMDAwMDAwMDAwLCJ1cGRhdGUiOjEyMDAwMDAwMDAwMH19",
          "dependencies": [
            "module.vpc.aws_route_table.private",
            "module.vpc.aws_subnet.private",
            "module.vpc.aws_vpc.this",
            "module.vpc.aws_vpc_ipv4_cidr_block_association.this"
          ]
        },
        {
          "index_key": 2,
          "schema_version": 0,
          "attributes": {
            "gateway_id": "",
            "id": "rtbassoc-0f8681488073243bf",
            "route_table_id": "rtb-06689f67627dfd393",
            "subnet_id": "subnet-0d9e73a5253cc78be",
            "timeouts": null
          },
          "sensitive_attributes": [],
          "private": "eyJlMmJmYjczMC1lY2FhLTExZTYtOGY4OC0zNDM2M2JjN2M0YzAiOnsiY3JlYXRlIjozMDAwMDAwMDAwMDAsImRlbGV0ZSI6MzAwMDAwMDAwMDAwLCJ1cGRhdGUiOjEyMDAwMDAwMDAwMH19",
          "dependencies": [
            "module.vpc.aws_route_table.private",
            "module.vpc.aws_subnet.private",
            "module.vpc.aws_vpc.this",
            "module.vpc.aws_vpc_ipv4_cidr_block_association.this"
          ]
        },
        {
          "index_key": 3,
          "schema_version": 0,
          "attributes": {
            "gateway_id": "",
            "id": "rtbassoc-02433ca725be16817",
            "route_table_id": "rtb-00cd16f65e459848f",
            "subnet_id": "subnet-02edc7bebf516694e",
            "timeouts": null
          },
          "sensitive_attributes": [],
          "private": "eyJlMmJmYjczMC1lY2FhLTExZTYtOGY4OC0zNDM2M2JjN2M0YzAiOnsiY3JlYXRlIjozMDAwMDAwMDAwMDAsImRlbGV0ZSI6MzAwMDAwMDAwMDAwLCJ1cGRhdGUiOjEyMDAwMDAwMDAwMH19",
          "dependencies": [
            "module.vpc.aws_route_table.private",
            "module.vpc.aws_subnet.private",
            "module.vpc.aws_vpc.this",
            "module.vpc.aws_vpc_ipv4_cidr_block_association.this"
          ]
        },
        {
          "index_key": 4,
          "schema_version": 0,
          "attributes": {
            "gateway_id": "",
            "id": "rtbassoc-06927a0d54adf24ae",
            "route_table_id": "rtb-0f20d914a1f96a11c",
            "subnet_id": "subnet-077b8b6f804efe57e",
            "timeouts": null
          },
          "sensitive_attributes": [],
          "private": "eyJlMmJmYjczMC1lY2FhLTExZTYtOGY4OC0zNDM2M2JjN2M0YzAiOnsiY3JlYXRlIjozMDAwMDAwMDAwMDAsImRlbGV0ZSI6MzAwMDAwMDAwMDAwLCJ1cGRhdGUiOjEyMDAwMDAwMDAwMH19",
          "dependencies": [
            "module.vpc.aws_route_table.private",
            "module.vpc.aws_subnet.private",
            "module.vpc.aws_vpc.this",
            "module.vpc.aws_vpc_ipv4_cidr_block_association.this"
          ]
        },
        {
          "index_key": 5,
          "schema_version": 0,
          "attributes": {
            "gateway_id": "",
            "id": "rtbassoc-0a96575a29d704780",
            "route_table_id": "rtb-06689f67627dfd393",
            "subnet_id": "subnet-0a64c80b3ad984bf2",
            "timeouts": null
          },
          "sensitive_attributes": [],
          "private": "eyJlMmJmYjczMC1lY2FhLTExZTYtOGY4OC0zNDM2M2JjN2M0YzAiOnsiY3JlYXRlIjozMDAwMDAwMDAwMDAsImRlbGV0ZSI6MzAwMDAwMDAwMDAwLCJ1cGRhdGUiOjEyMDAwMDAwMDAwMH19",
          "dependencies": [
            "module.vpc.aws_route_table.private",
            "module.vpc.aws_subnet.private",
            "module.vpc.aws_vpc.this",
            "module.vpc.aws_vpc_ipv4_cidr_block_association.this"
          ]
        },
        {
          "index_key": 6,
          "schema_version": 0,
          "attributes": {
            "gateway_id": "",
            "id": "rtbassoc-0832ceb237004b370",
            "route_table_id": "rtb-00cd16f65e459848f",
            "subnet_id": "subnet-0201c726ebb4ae1f6",
            "timeouts": null
          },
          "sensitive_attributes": [],
          "private": "eyJlMmJmYjczMC1lY2FhLTExZTYtOGY4OC0zNDM2M2JjN2M0YzAiOnsiY3JlYXRlIjozMDAwMDAwMDAwMDAsImRlbGV0ZSI6MzAwMDAwMDAwMDAwLCJ1cGRhdGUiOjEyMDAwMDAwMDAwMH19",
          "dependencies": [
            "module.vpc.aws_route_table.private",
            "module.vpc.aws_subnet.private",
            "module.vpc.aws_vpc.this",
            "module.vpc.aws_vpc_ipv4_cidr_block_association.this"
          ]
        },
        {
          "index_key": 7,
          "schema_version": 0,
          "attributes": {
            "gateway_id": "",
            "id": "rtbassoc-0efd5db366855cf88",
            "route_table_id": "rtb-0f20d914a1f96a11c",
            "subnet_id": "subnet-0822457cd34cf98a8",
            "timeouts": null
          },
          "sensitive_attributes": [],
          "private": "eyJlMmJmYjczMC1lY2FhLTExZTYtOGY4OC0zNDM2M2JjN2M0YzAiOnsiY3JlYXRlIjozMDAwMDAwMDAwMDAsImRlbGV0ZSI6MzAwMDAwMDAwMDAwLCJ1cGRhdGUiOjEyMDAwMDAwMDAwMH19",
          "dependencies": [
            "module.vpc.aws_route_table.private",
            "module.vpc.aws_subnet.private",
            "module.vpc.aws_vpc.this",
            "module.vpc.aws_vpc_ipv4_cidr_block_association.this"
          ]
        },
        {
          "index_key": 8,
          "schema_version": 0,
          "attributes": {
            "gateway_id": "",
            "id": "rtbassoc-026da66483358d4be",
            "route_table_id": "rtb-06689f67627dfd393",
            "subnet_id": "subnet-0410f8cc523b436fb",
            "timeouts": null
          },
          "sensitive_attributes": [],
          "private": "eyJlMmJmYjczMC1lY2FhLTExZTYtOGY4OC0zNDM2M2JjN2M0YzAiOnsiY3JlYXRlIjozMDAwMDAwMDAwMDAsImRlbGV0ZSI6MzAwMDAwMDAwMDAwLCJ1cGRhdGUiOjEyMDAwMDAwMDAwMH19",
          "dependencies": [
            "module.vpc.aws_route_table.private",
            "module.vpc.aws_subnet.private",
            "module.vpc.aws_vpc.this",
            "module.vpc.aws_vpc_ipv4_cidr_block_association.this"
          ]
        }
      ]
    },
    {
      "module": "module.vpc",
      "mode": "managed",
      "type": "aws_route_table_association",
      "name": "public",
      "provider": "provider[\"registry.terraform.io/hashicorp/aws\"]",
      "instances": [
        {
          "index_key": 0,
          "schema_version": 0,
          "attributes": {
            "gateway_id": "",
            "id": "rtbassoc-087034a4e9befbbd9",
            "route_table_id": "rtb-0561190d73743db68",
            "subnet_id": "subnet-03470d76c8ffe994f",
            "timeouts": null
          },
          "sensitive_attributes": [],
          "private": "eyJlMmJmYjczMC1lY2FhLTExZTYtOGY4OC0zNDM2M2JjN2M0YzAiOnsiY3JlYXRlIjozMDAwMDAwMDAwMDAsImRlbGV0ZSI6MzAwMDAwMDAwMDAwLCJ1cGRhdGUiOjEyMDAwMDAwMDAwMH19",
          "dependencies": [
            "module.vpc.aws_route_table.public",
            "module.vpc.aws_subnet.public",
            "module.vpc.aws_vpc.this",
            "module.vpc.aws_vpc_ipv4_cidr_block_association.this"
          ]
        },
        {
          "index_key": 1,
          "schema_version": 0,
          "attributes": {
            "gateway_id": "",
            "id": "rtbassoc-0e058255ed895e14f",
            "route_table_id": "rtb-0561190d73743db68",
            "subnet_id": "subnet-0d7419b4cb10cc742",
            "timeouts": null
          },
          "sensitive_attributes": [],
          "private": "eyJlMmJmYjczMC1lY2FhLTExZTYtOGY4OC0zNDM2M2JjN2M0YzAiOnsiY3JlYXRlIjozMDAwMDAwMDAwMDAsImRlbGV0ZSI6MzAwMDAwMDAwMDAwLCJ1cGRhdGUiOjEyMDAwMDAwMDAwMH19",
          "dependencies": [
            "module.vpc.aws_route_table.public",
            "module.vpc.aws_subnet.public",
            "module.vpc.aws_vpc.this",
            "module.vpc.aws_vpc_ipv4_cidr_block_association.this"
          ]
        },
        {
          "index_key": 2,
          "schema_version": 0,
          "attributes": {
            "gateway_id": "",
            "id": "rtbassoc-0198f9625649656b8",
            "route_table_id": "rtb-0561190d73743db68",
            "subnet_id": "subnet-09e480123e02815cc",
            "timeouts": null
          },
          "sensitive_attributes": [],
          "private": "eyJlMmJmYjczMC1lY2FhLTExZTYtOGY4OC0zNDM2M2JjN2M0YzAiOnsiY3JlYXRlIjozMDAwMDAwMDAwMDAsImRlbGV0ZSI6MzAwMDAwMDAwMDAwLCJ1cGRhdGUiOjEyMDAwMDAwMDAwMH19",
          "dependencies": [
            "module.vpc.aws_route_table.public",
            "module.vpc.aws_subnet.public",
            "module.vpc.aws_vpc.this",
            "module.vpc.aws_vpc_ipv4_cidr_block_association.this"
          ]
        }
      ]
    },
    {
      "module": "module.vpc",
      "mode": "managed",
      "type": "aws_subnet",
      "name": "private",
      "provider": "provider[\"registry.terraform.io/hashicorp/aws\"]",
      "instances": [
        {
          "index_key": 0,
          "schema_version": 1,
          "attributes": {
            "arn": "arn:aws:ec2:ca-central-1:131578276461:subnet/subnet-0f02b01dbc10bb01e",
            "assign_ipv6_address_on_creation": false,
            "availability_zone": "ca-central-1a",
            "availability_zone_id": "cac1-az1",
            "cidr_block": "10.1.128.96/28",
            "customer_owned_ipv4_pool": "",
            "enable_dns64": false,
            "enable_lni_at_device_index": 0,
            "enable_resource_name_dns_a_record_on_launch": false,
            "enable_resource_name_dns_aaaa_record_on_launch": false,
            "id": "subnet-0f02b01dbc10bb01e",
            "ipv6_cidr_block": "",
            "ipv6_cidr_block_association_id": "",
            "ipv6_native": false,
            "map_customer_owned_ip_on_launch": false,
            "map_public_ip_on_launch": false,
            "outpost_arn": "",
            "owner_id": "131578276461",
            "private_dns_hostname_type_on_launch": "ip-name",
            "tags": {
              "Name": "hub-private-ca-central-1a"
            },
            "tags_all": {
              "Name": "hub-private-ca-central-1a"
            },
            "timeouts": null,
            "vpc_id": "vpc-08a3ad9b7950e3bea"
          },
          "sensitive_attributes": [],
          "private": "eyJlMmJmYjczMC1lY2FhLTExZTYtOGY4OC0zNDM2M2JjN2M0YzAiOnsiY3JlYXRlIjo2MDAwMDAwMDAwMDAsImRlbGV0ZSI6MTIwMDAwMDAwMDAwMH0sInNjaGVtYV92ZXJzaW9uIjoiMSJ9",
          "dependencies": [
            "module.vpc.aws_vpc.this",
            "module.vpc.aws_vpc_ipv4_cidr_block_association.this"
          ]
        },
        {
          "index_key": 1,
          "schema_version": 1,
          "attributes": {
            "arn": "arn:aws:ec2:ca-central-1:131578276461:subnet/subnet-09350a6f09d84a8ae",
            "assign_ipv6_address_on_creation": false,
            "availability_zone": "ca-central-1b",
            "availability_zone_id": "cac1-az2",
            "cidr_block": "10.1.128.128/28",
            "customer_owned_ipv4_pool": "",
            "enable_dns64": false,
            "enable_lni_at_device_index": 0,
            "enable_resource_name_dns_a_record_on_launch": false,
            "enable_resource_name_dns_aaaa_record_on_launch": false,
            "id": "subnet-09350a6f09d84a8ae",
            "ipv6_cidr_block": "",
            "ipv6_cidr_block_association_id": "",
            "ipv6_native": false,
            "map_customer_owned_ip_on_launch": false,
            "map_public_ip_on_launch": false,
            "outpost_arn": "",
            "owner_id": "131578276461",
            "private_dns_hostname_type_on_launch": "ip-name",
            "tags": {
              "Name": "hub-private-ca-central-1b"
            },
            "tags_all": {
              "Name": "hub-private-ca-central-1b"
            },
            "timeouts": null,
            "vpc_id": "vpc-08a3ad9b7950e3bea"
          },
          "sensitive_attributes": [],
          "private": "eyJlMmJmYjczMC1lY2FhLTExZTYtOGY4OC0zNDM2M2JjN2M0YzAiOnsiY3JlYXRlIjo2MDAwMDAwMDAwMDAsImRlbGV0ZSI6MTIwMDAwMDAwMDAwMH0sInNjaGVtYV92ZXJzaW9uIjoiMSJ9",
          "dependencies": [
            "module.vpc.aws_vpc.this",
            "module.vpc.aws_vpc_ipv4_cidr_block_association.this"
          ]
        },
        {
          "index_key": 2,
          "schema_version": 1,
          "attributes": {
            "arn": "arn:aws:ec2:ca-central-1:131578276461:subnet/subnet-0d9e73a5253cc78be",
            "assign_ipv6_address_on_creation": false,
            "availability_zone": "ca-central-1d",
            "availability_zone_id": "cac1-az4",
            "cidr_block": "10.1.128.112/28",
            "customer_owned_ipv4_pool": "",
            "enable_dns64": false,
            "enable_lni_at_device_index": 0,
            "enable_resource_name_dns_a_record_on_launch": false,
            "enable_resource_name_dns_aaaa_record_on_launch": false,
            "id": "subnet-0d9e73a5253cc78be",
            "ipv6_cidr_block": "",
            "ipv6_cidr_block_association_id": "",
            "ipv6_native": false,
            "map_customer_owned_ip_on_launch": false,
            "map_public_ip_on_launch": false,
            "outpost_arn": "",
            "owner_id": "131578276461",
            "private_dns_hostname_type_on_launch": "ip-name",
            "tags": {
              "Name": "hub-private-ca-central-1d"
            },
            "tags_all": {
              "Name": "hub-private-ca-central-1d"
            },
            "timeouts": null,
            "vpc_id": "vpc-08a3ad9b7950e3bea"
          },
          "sensitive_attributes": [],
          "private": "eyJlMmJmYjczMC1lY2FhLTExZTYtOGY4OC0zNDM2M2JjN2M0YzAiOnsiY3JlYXRlIjo2MDAwMDAwMDAwMDAsImRlbGV0ZSI6MTIwMDAwMDAwMDAwMH0sInNjaGVtYV92ZXJzaW9uIjoiMSJ9",
          "dependencies": [
            "module.vpc.aws_vpc.this",
            "module.vpc.aws_vpc_ipv4_cidr_block_association.this"
          ]
        },
        {
          "index_key": 3,
          "schema_version": 1,
          "attributes": {
            "arn": "arn:aws:ec2:ca-central-1:131578276461:subnet/subnet-02edc7bebf516694e",
            "assign_ipv6_address_on_creation": false,
            "availability_zone": "ca-central-1a",
            "availability_zone_id": "cac1-az1",
            "cidr_block": "10.1.128.48/28",
            "customer_owned_ipv4_pool": "",
            "enable_dns64": false,
            "enable_lni_at_device_index": 0,
            "enable_resource_name_dns_a_record_on_launch": false,
            "enable_resource_name_dns_aaaa_record_on_launch": false,
            "id": "subnet-02edc7bebf516694e",
            "ipv6_cidr_block": "",
            "ipv6_cidr_block_association_id": "",
            "ipv6_native": false,
            "map_customer_owned_ip_on_launch": false,
            "map_public_ip_on_launch": false,
            "outpost_arn": "",
            "owner_id": "131578276461",
            "private_dns_hostname_type_on_launch": "ip-name",
            "tags": {
              "Name": "hub-private-ca-central-1a"
            },
            "tags_all": {
              "Name": "hub-private-ca-central-1a"
            },
            "timeouts": null,
            "vpc_id": "vpc-08a3ad9b7950e3bea"
          },
          "sensitive_attributes": [],
          "private": "eyJlMmJmYjczMC1lY2FhLTExZTYtOGY4OC0zNDM2M2JjN2M0YzAiOnsiY3JlYXRlIjo2MDAwMDAwMDAwMDAsImRlbGV0ZSI6MTIwMDAwMDAwMDAwMH0sInNjaGVtYV92ZXJzaW9uIjoiMSJ9",
          "dependencies": [
            "module.vpc.aws_vpc.this",
            "module.vpc.aws_vpc_ipv4_cidr_block_association.this"
          ]
        },
        {
          "index_key": 4,
          "schema_version": 1,
          "attributes": {
            "arn": "arn:aws:ec2:ca-central-1:131578276461:subnet/subnet-077b8b6f804efe57e",
            "assign_ipv6_address_on_creation": false,
            "availability_zone": "ca-central-1b",
            "availability_zone_id": "cac1-az2",
            "cidr_block": "10.1.128.80/28",
            "customer_owned_ipv4_pool": "",
            "enable_dns64": false,
            "enable_lni_at_device_index": 0,
            "enable_resource_name_dns_a_record_on_launch": false,
            "enable_resource_name_dns_aaaa_record_on_launch": false,
            "id": "subnet-077b8b6f804efe57e",
            "ipv6_cidr_block": "",
            "ipv6_cidr_block_association_id": "",
            "ipv6_native": false,
            "map_customer_owned_ip_on_launch": false,
            "map_public_ip_on_launch": false,
            "outpost_arn": "",
            "owner_id": "131578276461",
            "private_dns_hostname_type_on_launch": "ip-name",
            "tags": {
              "Name": "hub-private-ca-central-1b"
            },
            "tags_all": {
              "Name": "hub-private-ca-central-1b"
            },
            "timeouts": null,
            "vpc_id": "vpc-08a3ad9b7950e3bea"
          },
          "sensitive_attributes": [],
          "private": "eyJlMmJmYjczMC1lY2FhLTExZTYtOGY4OC0zNDM2M2JjN2M0YzAiOnsiY3JlYXRlIjo2MDAwMDAwMDAwMDAsImRlbGV0ZSI6MTIwMDAwMDAwMDAwMH0sInNjaGVtYV92ZXJzaW9uIjoiMSJ9",
          "dependencies": [
            "module.vpc.aws_vpc.this",
            "module.vpc.aws_vpc_ipv4_cidr_block_association.this"
          ]
        },
        {
          "index_key": 5,
          "schema_version": 1,
          "attributes": {
            "arn": "arn:aws:ec2:ca-central-1:131578276461:subnet/subnet-0a64c80b3ad984bf2",
            "assign_ipv6_address_on_creation": false,
            "availability_zone": "ca-central-1d",
            "availability_zone_id": "cac1-az4",
            "cidr_block": "10.1.128.64/28",
            "customer_owned_ipv4_pool": "",
            "enable_dns64": false,
            "enable_lni_at_device_index": 0,
            "enable_resource_name_dns_a_record_on_launch": false,
            "enable_resource_name_dns_aaaa_record_on_launch": false,
            "id": "subnet-0a64c80b3ad984bf2",
            "ipv6_cidr_block": "",
            "ipv6_cidr_block_association_id": "",
            "ipv6_native": false,
            "map_customer_owned_ip_on_launch": false,
            "map_public_ip_on_launch": false,
            "outpost_arn": "",
            "owner_id": "131578276461",
            "private_dns_hostname_type_on_launch": "ip-name",
            "tags": {
              "Name": "hub-private-ca-central-1d"
            },
            "tags_all": {
              "Name": "hub-private-ca-central-1d"
            },
            "timeouts": null,
            "vpc_id": "vpc-08a3ad9b7950e3bea"
          },
          "sensitive_attributes": [],
          "private": "eyJlMmJmYjczMC1lY2FhLTExZTYtOGY4OC0zNDM2M2JjN2M0YzAiOnsiY3JlYXRlIjo2MDAwMDAwMDAwMDAsImRlbGV0ZSI6MTIwMDAwMDAwMDAwMH0sInNjaGVtYV92ZXJzaW9uIjoiMSJ9",
          "dependencies": [
            "module.vpc.aws_vpc.this",
            "module.vpc.aws_vpc_ipv4_cidr_block_association.this"
          ]
        },
        {
          "index_key": 6,
          "schema_version": 1,
          "attributes": {
            "arn": "arn:aws:ec2:ca-central-1:131578276461:subnet/subnet-0201c726ebb4ae1f6",
            "assign_ipv6_address_on_creation": false,
            "availability_zone": "ca-central-1a",
            "availability_zone_id": "cac1-az1",
            "cidr_block": "10.1.129.0/27",
            "customer_owned_ipv4_pool": "",
            "enable_dns64": false,
            "enable_lni_at_device_index": 0,
            "enable_resource_name_dns_a_record_on_launch": false,
            "enable_resource_name_dns_aaaa_record_on_launch": false,
            "id": "subnet-0201c726ebb4ae1f6",
            "ipv6_cidr_block": "",
            "ipv6_cidr_block_association_id": "",
            "ipv6_native": false,
            "map_customer_owned_ip_on_launch": false,
            "map_public_ip_on_launch": false,
            "outpost_arn": "",
            "owner_id": "131578276461",
            "private_dns_hostname_type_on_launch": "ip-name",
            "tags": {
              "Name": "hub-private-ca-central-1a"
            },
            "tags_all": {
              "Name": "hub-private-ca-central-1a"
            },
            "timeouts": null,
            "vpc_id": "vpc-08a3ad9b7950e3bea"
          },
          "sensitive_attributes": [],
          "private": "eyJlMmJmYjczMC1lY2FhLTExZTYtOGY4OC0zNDM2M2JjN2M0YzAiOnsiY3JlYXRlIjo2MDAwMDAwMDAwMDAsImRlbGV0ZSI6MTIwMDAwMDAwMDAwMH0sInNjaGVtYV92ZXJzaW9uIjoiMSJ9",
          "dependencies": [
            "module.vpc.aws_vpc.this",
            "module.vpc.aws_vpc_ipv4_cidr_block_association.this"
          ]
        },
        {
          "index_key": 7,
          "schema_version": 1,
          "attributes": {
            "arn": "arn:aws:ec2:ca-central-1:131578276461:subnet/subnet-0822457cd34cf98a8",
            "assign_ipv6_address_on_creation": false,
            "availability_zone": "ca-central-1b",
            "availability_zone_id": "cac1-az2",
            "cidr_block": "10.1.129.64/27",
            "customer_owned_ipv4_pool": "",
            "enable_dns64": false,
            "enable_lni_at_device_index": 0,
            "enable_resource_name_dns_a_record_on_launch": false,
            "enable_resource_name_dns_aaaa_record_on_launch": false,
            "id": "subnet-0822457cd34cf98a8",
            "ipv6_cidr_block": "",
            "ipv6_cidr_block_association_id": "",
            "ipv6_native": false,
            "map_customer_owned_ip_on_launch": false,
            "map_public_ip_on_launch": false,
            "outpost_arn": "",
            "owner_id": "131578276461",
            "private_dns_hostname_type_on_launch": "ip-name",
            "tags": {
              "Name": "hub-private-ca-central-1b"
            },
            "tags_all": {
              "Name": "hub-private-ca-central-1b"
            },
            "timeouts": null,
            "vpc_id": "vpc-08a3ad9b7950e3bea"
          },
          "sensitive_attributes": [],
          "private": "eyJlMmJmYjczMC1lY2FhLTExZTYtOGY4OC0zNDM2M2JjN2M0YzAiOnsiY3JlYXRlIjo2MDAwMDAwMDAwMDAsImRlbGV0ZSI6MTIwMDAwMDAwMDAwMH0sInNjaGVtYV92ZXJzaW9uIjoiMSJ9",
          "dependencies": [
            "module.vpc.aws_vpc.this",
            "module.vpc.aws_vpc_ipv4_cidr_block_association.this"
          ]
        },
        {
          "index_key": 8,
          "schema_version": 1,
          "attributes": {
            "arn": "arn:aws:ec2:ca-central-1:131578276461:subnet/subnet-0410f8cc523b436fb",
            "assign_ipv6_address_on_creation": false,
            "availability_zone": "ca-central-1d",
            "availability_zone_id": "cac1-az4",
            "cidr_block": "10.1.129.32/27",
            "customer_owned_ipv4_pool": "",
            "enable_dns64": false,
            "enable_lni_at_device_index": 0,
            "enable_resource_name_dns_a_record_on_launch": false,
            "enable_resource_name_dns_aaaa_record_on_launch": false,
            "id": "subnet-0410f8cc523b436fb",
            "ipv6_cidr_block": "",
            "ipv6_cidr_block_association_id": "",
            "ipv6_native": false,
            "map_customer_owned_ip_on_launch": false,
            "map_public_ip_on_launch": false,
            "outpost_arn": "",
            "owner_id": "131578276461",
            "private_dns_hostname_type_on_launch": "ip-name",
            "tags": {
              "Name": "hub-private-ca-central-1d"
            },
            "tags_all": {
              "Name": "hub-private-ca-central-1d"
            },
            "timeouts": null,
            "vpc_id": "vpc-08a3ad9b7950e3bea"
          },
          "sensitive_attributes": [],
          "private": "eyJlMmJmYjczMC1lY2FhLTExZTYtOGY4OC0zNDM2M2JjN2M0YzAiOnsiY3JlYXRlIjo2MDAwMDAwMDAwMDAsImRlbGV0ZSI6MTIwMDAwMDAwMDAwMH0sInNjaGVtYV92ZXJzaW9uIjoiMSJ9",
          "dependencies": [
            "module.vpc.aws_vpc.this",
            "module.vpc.aws_vpc_ipv4_cidr_block_association.this"
          ]
        }
      ]
    },
    {
      "module": "module.vpc",
      "mode": "managed",
      "type": "aws_subnet",
      "name": "public",
      "provider": "provider[\"registry.terraform.io/hashicorp/aws\"]",
      "instances": [
        {
          "index_key": 0,
          "schema_version": 1,
          "attributes": {
            "arn": "arn:aws:ec2:ca-central-1:131578276461:subnet/subnet-03470d76c8ffe994f",
            "assign_ipv6_address_on_creation": false,
            "availability_zone": "ca-central-1a",
            "availability_zone_id": "cac1-az1",
            "cidr_block": "10.1.128.0/28",
            "customer_owned_ipv4_pool": "",
            "enable_dns64": false,
            "enable_lni_at_device_index": 0,
            "enable_resource_name_dns_a_record_on_launch": false,
            "enable_resource_name_dns_aaaa_record_on_launch": false,
            "id": "subnet-03470d76c8ffe994f",
            "ipv6_cidr_block": "",
            "ipv6_cidr_block_association_id": "",
            "ipv6_native": false,
            "map_customer_owned_ip_on_launch": false,
            "map_public_ip_on_launch": false,
            "outpost_arn": "",
            "owner_id": "131578276461",
            "private_dns_hostname_type_on_launch": "ip-name",
            "tags": {
              "Name": "hub-public-ca-central-1a"
            },
            "tags_all": {
              "Name": "hub-public-ca-central-1a"
            },
            "timeouts": null,
            "vpc_id": "vpc-08a3ad9b7950e3bea"
          },
          "sensitive_attributes": [],
          "private": "eyJlMmJmYjczMC1lY2FhLTExZTYtOGY4OC0zNDM2M2JjN2M0YzAiOnsiY3JlYXRlIjo2MDAwMDAwMDAwMDAsImRlbGV0ZSI6MTIwMDAwMDAwMDAwMH0sInNjaGVtYV92ZXJzaW9uIjoiMSJ9",
          "dependencies": [
            "module.vpc.aws_vpc.this",
            "module.vpc.aws_vpc_ipv4_cidr_block_association.this"
          ]
        },
        {
          "index_key": 1,
          "schema_version": 1,
          "attributes": {
            "arn": "arn:aws:ec2:ca-central-1:131578276461:subnet/subnet-0d7419b4cb10cc742",
            "assign_ipv6_address_on_creation": false,
            "availability_zone": "ca-central-1b",
            "availability_zone_id": "cac1-az2",
            "cidr_block": "10.1.128.32/28",
            "customer_owned_ipv4_pool": "",
            "enable_dns64": false,
            "enable_lni_at_device_index": 0,
            "enable_resource_name_dns_a_record_on_launch": false,
            "enable_resource_name_dns_aaaa_record_on_launch": false,
            "id": "subnet-0d7419b4cb10cc742",
            "ipv6_cidr_block": "",
            "ipv6_cidr_block_association_id": "",
            "ipv6_native": false,
            "map_customer_owned_ip_on_launch": false,
            "map_public_ip_on_launch": false,
            "outpost_arn": "",
            "owner_id": "131578276461",
            "private_dns_hostname_type_on_launch": "ip-name",
            "tags": {
              "Name": "hub-public-ca-central-1b"
            },
            "tags_all": {
              "Name": "hub-public-ca-central-1b"
            },
            "timeouts": null,
            "vpc_id": "vpc-08a3ad9b7950e3bea"
          },
          "sensitive_attributes": [],
          "private": "eyJlMmJmYjczMC1lY2FhLTExZTYtOGY4OC0zNDM2M2JjN2M0YzAiOnsiY3JlYXRlIjo2MDAwMDAwMDAwMDAsImRlbGV0ZSI6MTIwMDAwMDAwMDAwMH0sInNjaGVtYV92ZXJzaW9uIjoiMSJ9",
          "dependencies": [
            "module.vpc.aws_vpc.this",
            "module.vpc.aws_vpc_ipv4_cidr_block_association.this"
          ]
        },
        {
          "index_key": 2,
          "schema_version": 1,
          "attributes": {
            "arn": "arn:aws:ec2:ca-central-1:131578276461:subnet/subnet-09e480123e02815cc",
            "assign_ipv6_address_on_creation": false,
            "availability_zone": "ca-central-1d",
            "availability_zone_id": "cac1-az4",
            "cidr_block": "10.1.128.16/28",
            "customer_owned_ipv4_pool": "",
            "enable_dns64": false,
            "enable_lni_at_device_index": 0,
            "enable_resource_name_dns_a_record_on_launch": false,
            "enable_resource_name_dns_aaaa_record_on_launch": false,
            "id": "subnet-09e480123e02815cc",
            "ipv6_cidr_block": "",
            "ipv6_cidr_block_association_id": "",
            "ipv6_native": false,
            "map_customer_owned_ip_on_launch": false,
            "map_public_ip_on_launch": false,
            "outpost_arn": "",
            "owner_id": "131578276461",
            "private_dns_hostname_type_on_launch": "ip-name",
            "tags": {
              "Name": "hub-public-ca-central-1d"
            },
            "tags_all": {
              "Name": "hub-public-ca-central-1d"
            },
            "timeouts": null,
            "vpc_id": "vpc-08a3ad9b7950e3bea"
          },
          "sensitive_attributes": [],
          "private": "eyJlMmJmYjczMC1lY2FhLTExZTYtOGY4OC0zNDM2M2JjN2M0YzAiOnsiY3JlYXRlIjo2MDAwMDAwMDAwMDAsImRlbGV0ZSI6MTIwMDAwMDAwMDAwMH0sInNjaGVtYV92ZXJzaW9uIjoiMSJ9",
          "dependencies": [
            "module.vpc.aws_vpc.this",
            "module.vpc.aws_vpc_ipv4_cidr_block_association.this"
          ]
        }
      ]
    },
    {
      "module": "module.vpc",
      "mode": "managed",
      "type": "aws_vpc",
      "name": "this",
      "provider": "provider[\"registry.terraform.io/hashicorp/aws\"]",
      "instances": [
        {
          "index_key": 0,
          "schema_version": 1,
          "attributes": {
            "arn": "arn:aws:ec2:ca-central-1:131578276461:vpc/vpc-08a3ad9b7950e3bea",
            "assign_generated_ipv6_cidr_block": false,
            "cidr_block": "10.1.128.0/20",
            "default_network_acl_id": "acl-0958a6a5e20e6ed54",
            "default_route_table_id": "rtb-01227902ba86a0c02",
            "default_security_group_id": "sg-0a7ea13e6cc7de578",
            "dhcp_options_id": "dopt-9eb070f7",
            "enable_classiclink": false,
            "enable_classiclink_dns_support": false,
            "enable_dns_hostnames": true,
            "enable_dns_support": true,
            "enable_network_address_usage_metrics": false,
            "id": "vpc-08a3ad9b7950e3bea",
            "instance_tenancy": "default",
            "ipv4_ipam_pool_id": null,
            "ipv4_netmask_length": null,
            "ipv6_association_id": "",
            "ipv6_cidr_block": "",
            "ipv6_cidr_block_network_border_group": "",
            "ipv6_ipam_pool_id": "",
            "ipv6_netmask_length": 0,
            "main_route_table_id": "rtb-01227902ba86a0c02",
            "owner_id": "131578276461",
            "tags": {
              "Name": "hub"
            },
            "tags_all": {
              "Name": "hub"
            }
          },
          "sensitive_attributes": [],
          "private": "eyJzY2hlbWFfdmVyc2lvbiI6IjEifQ=="
        }
      ]
    },
    {
      "module": "module.vpc",
      "mode": "managed",
      "type": "aws_vpn_gateway",
      "name": "this",
      "provider": "provider[\"registry.terraform.io/hashicorp/aws\"]",
      "instances": [
        {
          "index_key": 0,
          "schema_version": 0,
          "attributes": {
            "amazon_side_asn": "64512",
            "arn": "arn:aws:ec2:ca-central-1:131578276461:vpn-gateway/vgw-0e8788126278007db",
            "availability_zone": null,
            "id": "vgw-0e8788126278007db",
            "tags": {
              "Name": "hub"
            },
            "tags_all": {
              "Name": "hub"
            },
            "vpc_id": "vpc-08a3ad9b7950e3bea"
          },
          "sensitive_attributes": [],
          "private": "bnVsbA==",
          "dependencies": [
            "module.vpc.aws_vpc.this",
            "module.vpc.aws_vpc_ipv4_cidr_block_association.this"
          ]
        }
      ]
    },
    {
      "module": "module.vpc_pod",
      "mode": "managed",
      "type": "aws_default_network_acl",
      "name": "this",
      "provider": "provider[\"registry.terraform.io/hashicorp/aws\"]",
      "instances": [
        {
          "index_key": 0,
          "schema_version": 0,
          "attributes": {
            "arn": "arn:aws:ec2:ca-central-1:131578276461:network-acl/acl-091c7ea30f3c38e20",
            "default_network_acl_id": "acl-091c7ea30f3c38e20",
            "egress": [
              {
                "action": "allow",
                "cidr_block": "",
                "from_port": 0,
                "icmp_code": 0,
                "icmp_type": 0,
                "ipv6_cidr_block": "::/0",
                "protocol": "-1",
                "rule_no": 101,
                "to_port": 0
              },
              {
                "action": "allow",
                "cidr_block": "0.0.0.0/0",
                "from_port": 0,
                "icmp_code": 0,
                "icmp_type": 0,
                "ipv6_cidr_block": "",
                "protocol": "-1",
                "rule_no": 100,
                "to_port": 0
              }
            ],
            "id": "acl-091c7ea30f3c38e20",
            "ingress": [
              {
                "action": "allow",
                "cidr_block": "",
                "from_port": 0,
                "icmp_code": 0,
                "icmp_type": 0,
                "ipv6_cidr_block": "::/0",
                "protocol": "-1",
                "rule_no": 101,
                "to_port": 0
              },
              {
                "action": "allow",
                "cidr_block": "0.0.0.0/0",
                "from_port": 0,
                "icmp_code": 0,
                "icmp_type": 0,
                "ipv6_cidr_block": "",
                "protocol": "-1",
                "rule_no": 100,
                "to_port": 0
              }
            ],
            "owner_id": "131578276461",
            "subnet_ids": [
              "subnet-0100e153b2bc9ee96",
              "subnet-01d3803687eed355c",
              "subnet-0340667dff412085e",
              "subnet-04c1844a336d5312a",
              "subnet-06043397b26a42005",
              "subnet-073875ae6e6bf3a89",
              "subnet-0857d7d94a5a2c70d",
              "subnet-0949c4c6e458a5da3"
            ],
            "tags": {
              "Name": "pod-default"
            },
            "tags_all": {
              "Name": "pod-default"
            },
            "vpc_id": "vpc-0edc33aad68f6dda3"
          },
          "sensitive_attributes": [],
          "private": "bnVsbA==",
          "dependencies": [
            "module.vpc_pod.aws_vpc.this"
          ]
        }
      ]
    },
    {
      "module": "module.vpc_pod",
      "mode": "managed",
      "type": "aws_default_route_table",
      "name": "default",
      "provider": "provider[\"registry.terraform.io/hashicorp/aws\"]",
      "instances": [
        {
          "index_key": 0,
          "schema_version": 0,
          "attributes": {
            "arn": "arn:aws:ec2:ca-central-1:131578276461:route-table/rtb-035224b13deba6142",
            "default_route_table_id": "rtb-035224b13deba6142",
            "id": "rtb-035224b13deba6142",
            "owner_id": "131578276461",
            "propagating_vgws": [],
            "route": [],
            "tags": {
              "Name": "pod-default"
            },
            "tags_all": {
              "Name": "pod-default"
            },
            "timeouts": {
              "create": "5m",
              "update": "5m"
            },
            "vpc_id": "vpc-0edc33aad68f6dda3"
          },
          "sensitive_attributes": [],
          "private": "eyJlMmJmYjczMC1lY2FhLTExZTYtOGY4OC0zNDM2M2JjN2M0YzAiOnsiY3JlYXRlIjozMDAwMDAwMDAwMDAsInVwZGF0ZSI6MzAwMDAwMDAwMDAwfX0=",
          "dependencies": [
            "module.vpc_pod.aws_vpc.this"
          ]
        }
      ]
    },
    {
      "module": "module.vpc_pod",
      "mode": "managed",
      "type": "aws_default_security_group",
      "name": "this",
      "provider": "provider[\"registry.terraform.io/hashicorp/aws\"]",
      "instances": [
        {
          "index_key": 0,
          "schema_version": 1,
          "attributes": {
            "arn": "arn:aws:ec2:ca-central-1:131578276461:security-group/sg-01460a0bef878ccd9",
            "description": "default VPC security group",
            "egress": [],
            "id": "sg-01460a0bef878ccd9",
            "ingress": [],
            "name": "default",
            "name_prefix": "",
            "owner_id": "131578276461",
            "revoke_rules_on_delete": false,
            "tags": {
              "Name": "pod-default"
            },
            "tags_all": {
              "Name": "pod-default"
            },
            "vpc_id": "vpc-0edc33aad68f6dda3"
          },
          "sensitive_attributes": [],
          "private": "eyJzY2hlbWFfdmVyc2lvbiI6IjEifQ==",
          "dependencies": [
            "module.vpc_pod.aws_vpc.this"
          ]
        }
      ]
    },
    {
      "module": "module.vpc_pod",
      "mode": "managed",
      "type": "aws_route_table",
      "name": "private",
      "provider": "provider[\"registry.terraform.io/hashicorp/aws\"]",
      "instances": [
        {
          "index_key": 0,
          "schema_version": 0,
          "attributes": {
            "arn": "arn:aws:ec2:ca-central-1:131578276461:route-table/rtb-08c426f76c3d7cd35",
            "id": "rtb-08c426f76c3d7cd35",
            "owner_id": "131578276461",
            "propagating_vgws": [],
            "route": [],
            "tags": {
              "Name": "pod-private-ca-central-1a"
            },
            "tags_all": {
              "Name": "pod-private-ca-central-1a"
            },
            "timeouts": null,
            "vpc_id": "vpc-0edc33aad68f6dda3"
          },
          "sensitive_attributes": [],
          "private": "eyJlMmJmYjczMC1lY2FhLTExZTYtOGY4OC0zNDM2M2JjN2M0YzAiOnsiY3JlYXRlIjozMDAwMDAwMDAwMDAsImRlbGV0ZSI6MzAwMDAwMDAwMDAwLCJ1cGRhdGUiOjEyMDAwMDAwMDAwMH19",
          "dependencies": [
            "module.vpc_pod.aws_vpc.this",
            "module.vpc_pod.aws_vpc_ipv4_cidr_block_association.this"
          ]
        },
        {
          "index_key": 1,
          "schema_version": 0,
          "attributes": {
            "arn": "arn:aws:ec2:ca-central-1:131578276461:route-table/rtb-0893ea0aff8b58feb",
            "id": "rtb-0893ea0aff8b58feb",
            "owner_id": "131578276461",
            "propagating_vgws": [],
            "route": [],
            "tags": {
              "Name": "pod-private-ca-central-1b"
            },
            "tags_all": {
              "Name": "pod-private-ca-central-1b"
            },
            "timeouts": null,
            "vpc_id": "vpc-0edc33aad68f6dda3"
          },
          "sensitive_attributes": [],
          "private": "eyJlMmJmYjczMC1lY2FhLTExZTYtOGY4OC0zNDM2M2JjN2M0YzAiOnsiY3JlYXRlIjozMDAwMDAwMDAwMDAsImRlbGV0ZSI6MzAwMDAwMDAwMDAwLCJ1cGRhdGUiOjEyMDAwMDAwMDAwMH19",
          "dependencies": [
            "module.vpc_pod.aws_vpc.this",
            "module.vpc_pod.aws_vpc_ipv4_cidr_block_association.this"
          ]
        },
        {
          "index_key": 2,
          "schema_version": 0,
          "attributes": {
            "arn": "arn:aws:ec2:ca-central-1:131578276461:route-table/rtb-0aa2f805e7fb647e7",
            "id": "rtb-0aa2f805e7fb647e7",
            "owner_id": "131578276461",
            "propagating_vgws": [],
            "route": [],
            "tags": {
              "Name": "pod-private-ca-central-1a"
            },
            "tags_all": {
              "Name": "pod-private-ca-central-1a"
            },
            "timeouts": null,
            "vpc_id": "vpc-0edc33aad68f6dda3"
          },
          "sensitive_attributes": [],
          "private": "eyJlMmJmYjczMC1lY2FhLTExZTYtOGY4OC0zNDM2M2JjN2M0YzAiOnsiY3JlYXRlIjozMDAwMDAwMDAwMDAsImRlbGV0ZSI6MzAwMDAwMDAwMDAwLCJ1cGRhdGUiOjEyMDAwMDAwMDAwMH19",
          "dependencies": [
            "module.vpc_pod.aws_vpc.this",
            "module.vpc_pod.aws_vpc_ipv4_cidr_block_association.this"
          ]
        },
        {
          "index_key": 3,
          "schema_version": 0,
          "attributes": {
            "arn": "arn:aws:ec2:ca-central-1:131578276461:route-table/rtb-0b7d8b4ffeb83600b",
            "id": "rtb-0b7d8b4ffeb83600b",
            "owner_id": "131578276461",
            "propagating_vgws": [],
            "route": [],
            "tags": {
              "Name": "pod-private-ca-central-1b"
            },
            "tags_all": {
              "Name": "pod-private-ca-central-1b"
            },
            "timeouts": null,
            "vpc_id": "vpc-0edc33aad68f6dda3"
          },
          "sensitive_attributes": [],
          "private": "eyJlMmJmYjczMC1lY2FhLTExZTYtOGY4OC0zNDM2M2JjN2M0YzAiOnsiY3JlYXRlIjozMDAwMDAwMDAwMDAsImRlbGV0ZSI6MzAwMDAwMDAwMDAwLCJ1cGRhdGUiOjEyMDAwMDAwMDAwMH19",
          "dependencies": [
            "module.vpc_pod.aws_vpc.this",
            "module.vpc_pod.aws_vpc_ipv4_cidr_block_association.this"
          ]
        },
        {
          "index_key": 4,
          "schema_version": 0,
          "attributes": {
            "arn": "arn:aws:ec2:ca-central-1:131578276461:route-table/rtb-0813e5d392f6134b4",
            "id": "rtb-0813e5d392f6134b4",
            "owner_id": "131578276461",
            "propagating_vgws": [],
            "route": [],
            "tags": {
              "Name": "pod-private-ca-central-1a"
            },
            "tags_all": {
              "Name": "pod-private-ca-central-1a"
            },
            "timeouts": null,
            "vpc_id": "vpc-0edc33aad68f6dda3"
          },
          "sensitive_attributes": [],
          "private": "eyJlMmJmYjczMC1lY2FhLTExZTYtOGY4OC0zNDM2M2JjN2M0YzAiOnsiY3JlYXRlIjozMDAwMDAwMDAwMDAsImRlbGV0ZSI6MzAwMDAwMDAwMDAwLCJ1cGRhdGUiOjEyMDAwMDAwMDAwMH19",
          "dependencies": [
            "module.vpc_pod.aws_vpc.this",
            "module.vpc_pod.aws_vpc_ipv4_cidr_block_association.this"
          ]
        },
        {
          "index_key": 5,
          "schema_version": 0,
          "attributes": {
            "arn": "arn:aws:ec2:ca-central-1:131578276461:route-table/rtb-0fd53c8e99f47815e",
            "id": "rtb-0fd53c8e99f47815e",
            "owner_id": "131578276461",
            "propagating_vgws": [],
            "route": [],
            "tags": {
              "Name": "pod-private-ca-central-1b"
            },
            "tags_all": {
              "Name": "pod-private-ca-central-1b"
            },
            "timeouts": null,
            "vpc_id": "vpc-0edc33aad68f6dda3"
          },
          "sensitive_attributes": [],
          "private": "eyJlMmJmYjczMC1lY2FhLTExZTYtOGY4OC0zNDM2M2JjN2M0YzAiOnsiY3JlYXRlIjozMDAwMDAwMDAwMDAsImRlbGV0ZSI6MzAwMDAwMDAwMDAwLCJ1cGRhdGUiOjEyMDAwMDAwMDAwMH19",
          "dependencies": [
            "module.vpc_pod.aws_vpc.this",
            "module.vpc_pod.aws_vpc_ipv4_cidr_block_association.this"
          ]
        },
        {
          "index_key": 6,
          "schema_version": 0,
          "attributes": {
            "arn": "arn:aws:ec2:ca-central-1:131578276461:route-table/rtb-089f707e7b7a24cb8",
            "id": "rtb-089f707e7b7a24cb8",
            "owner_id": "131578276461",
            "propagating_vgws": [],
            "route": [],
            "tags": {
              "Name": "pod-private-ca-central-1a"
            },
            "tags_all": {
              "Name": "pod-private-ca-central-1a"
            },
            "timeouts": null,
            "vpc_id": "vpc-0edc33aad68f6dda3"
          },
          "sensitive_attributes": [],
          "private": "eyJlMmJmYjczMC1lY2FhLTExZTYtOGY4OC0zNDM2M2JjN2M0YzAiOnsiY3JlYXRlIjozMDAwMDAwMDAwMDAsImRlbGV0ZSI6MzAwMDAwMDAwMDAwLCJ1cGRhdGUiOjEyMDAwMDAwMDAwMH19",
          "dependencies": [
            "module.vpc_pod.aws_vpc.this",
            "module.vpc_pod.aws_vpc_ipv4_cidr_block_association.this"
          ]
        },
        {
          "index_key": 7,
          "schema_version": 0,
          "attributes": {
            "arn": "arn:aws:ec2:ca-central-1:131578276461:route-table/rtb-0d9673d3b88e6b255",
            "id": "rtb-0d9673d3b88e6b255",
            "owner_id": "131578276461",
            "propagating_vgws": [],
            "route": [],
            "tags": {
              "Name": "pod-private-ca-central-1b"
            },
            "tags_all": {
              "Name": "pod-private-ca-central-1b"
            },
            "timeouts": null,
            "vpc_id": "vpc-0edc33aad68f6dda3"
          },
          "sensitive_attributes": [],
          "private": "eyJlMmJmYjczMC1lY2FhLTExZTYtOGY4OC0zNDM2M2JjN2M0YzAiOnsiY3JlYXRlIjozMDAwMDAwMDAwMDAsImRlbGV0ZSI6MzAwMDAwMDAwMDAwLCJ1cGRhdGUiOjEyMDAwMDAwMDAwMH19",
          "dependencies": [
            "module.vpc_pod.aws_vpc.this",
            "module.vpc_pod.aws_vpc_ipv4_cidr_block_association.this"
          ]
        }
      ]
    },
    {
      "module": "module.vpc_pod",
      "mode": "managed",
      "type": "aws_route_table_association",
      "name": "private",
      "provider": "provider[\"registry.terraform.io/hashicorp/aws\"]",
      "instances": [
        {
          "index_key": 0,
          "schema_version": 0,
          "attributes": {
            "gateway_id": "",
            "id": "rtbassoc-03fb37360ec2a7cc0",
            "route_table_id": "rtb-08c426f76c3d7cd35",
            "subnet_id": "subnet-04c1844a336d5312a",
            "timeouts": null
          },
          "sensitive_attributes": [],
          "private": "eyJlMmJmYjczMC1lY2FhLTExZTYtOGY4OC0zNDM2M2JjN2M0YzAiOnsiY3JlYXRlIjozMDAwMDAwMDAwMDAsImRlbGV0ZSI6MzAwMDAwMDAwMDAwLCJ1cGRhdGUiOjEyMDAwMDAwMDAwMH19",
          "dependencies": [
            "module.vpc_pod.aws_route_table.private",
            "module.vpc_pod.aws_subnet.private",
            "module.vpc_pod.aws_vpc.this",
            "module.vpc_pod.aws_vpc_ipv4_cidr_block_association.this"
          ]
        },
        {
          "index_key": 1,
          "schema_version": 0,
          "attributes": {
            "gateway_id": "",
            "id": "rtbassoc-0405a545f610ab0d7",
            "route_table_id": "rtb-0893ea0aff8b58feb",
            "subnet_id": "subnet-01d3803687eed355c",
            "timeouts": null
          },
          "sensitive_attributes": [],
          "private": "eyJlMmJmYjczMC1lY2FhLTExZTYtOGY4OC0zNDM2M2JjN2M0YzAiOnsiY3JlYXRlIjozMDAwMDAwMDAwMDAsImRlbGV0ZSI6MzAwMDAwMDAwMDAwLCJ1cGRhdGUiOjEyMDAwMDAwMDAwMH19",
          "dependencies": [
            "module.vpc_pod.aws_route_table.private",
            "module.vpc_pod.aws_subnet.private",
            "module.vpc_pod.aws_vpc.this",
            "module.vpc_pod.aws_vpc_ipv4_cidr_block_association.this"
          ]
        },
        {
          "index_key": 2,
          "schema_version": 0,
          "attributes": {
            "gateway_id": "",
            "id": "rtbassoc-07dd26c134fbd1f25",
            "route_table_id": "rtb-0aa2f805e7fb647e7",
            "subnet_id": "subnet-06043397b26a42005",
            "timeouts": null
          },
          "sensitive_attributes": [],
          "private": "eyJlMmJmYjczMC1lY2FhLTExZTYtOGY4OC0zNDM2M2JjN2M0YzAiOnsiY3JlYXRlIjozMDAwMDAwMDAwMDAsImRlbGV0ZSI6MzAwMDAwMDAwMDAwLCJ1cGRhdGUiOjEyMDAwMDAwMDAwMH19",
          "dependencies": [
            "module.vpc_pod.aws_route_table.private",
            "module.vpc_pod.aws_subnet.private",
            "module.vpc_pod.aws_vpc.this",
            "module.vpc_pod.aws_vpc_ipv4_cidr_block_association.this"
          ]
        },
        {
          "index_key": 3,
          "schema_version": 0,
          "attributes": {
            "gateway_id": "",
            "id": "rtbassoc-08533a9ea1219c7cb",
            "route_table_id": "rtb-0b7d8b4ffeb83600b",
            "subnet_id": "subnet-073875ae6e6bf3a89",
            "timeouts": null
          },
          "sensitive_attributes": [],
          "private": "eyJlMmJmYjczMC1lY2FhLTExZTYtOGY4OC0zNDM2M2JjN2M0YzAiOnsiY3JlYXRlIjozMDAwMDAwMDAwMDAsImRlbGV0ZSI6MzAwMDAwMDAwMDAwLCJ1cGRhdGUiOjEyMDAwMDAwMDAwMH19",
          "dependencies": [
            "module.vpc_pod.aws_route_table.private",
            "module.vpc_pod.aws_subnet.private",
            "module.vpc_pod.aws_vpc.this",
            "module.vpc_pod.aws_vpc_ipv4_cidr_block_association.this"
          ]
        },
        {
          "index_key": 4,
          "schema_version": 0,
          "attributes": {
            "gateway_id": "",
            "id": "rtbassoc-0bb4f13dc4ca24ccb",
            "route_table_id": "rtb-0813e5d392f6134b4",
            "subnet_id": "subnet-0857d7d94a5a2c70d",
            "timeouts": null
          },
          "sensitive_attributes": [],
          "private": "eyJlMmJmYjczMC1lY2FhLTExZTYtOGY4OC0zNDM2M2JjN2M0YzAiOnsiY3JlYXRlIjozMDAwMDAwMDAwMDAsImRlbGV0ZSI6MzAwMDAwMDAwMDAwLCJ1cGRhdGUiOjEyMDAwMDAwMDAwMH19",
          "dependencies": [
            "module.vpc_pod.aws_route_table.private",
            "module.vpc_pod.aws_subnet.private",
            "module.vpc_pod.aws_vpc.this",
            "module.vpc_pod.aws_vpc_ipv4_cidr_block_association.this"
          ]
        },
        {
          "index_key": 5,
          "schema_version": 0,
          "attributes": {
            "gateway_id": "",
            "id": "rtbassoc-0bf731534d04462dd",
            "route_table_id": "rtb-0fd53c8e99f47815e",
            "subnet_id": "subnet-0340667dff412085e",
            "timeouts": null
          },
          "sensitive_attributes": [],
          "private": "eyJlMmJmYjczMC1lY2FhLTExZTYtOGY4OC0zNDM2M2JjN2M0YzAiOnsiY3JlYXRlIjozMDAwMDAwMDAwMDAsImRlbGV0ZSI6MzAwMDAwMDAwMDAwLCJ1cGRhdGUiOjEyMDAwMDAwMDAwMH19",
          "dependencies": [
            "module.vpc_pod.aws_route_table.private",
            "module.vpc_pod.aws_subnet.private",
            "module.vpc_pod.aws_vpc.this",
            "module.vpc_pod.aws_vpc_ipv4_cidr_block_association.this"
          ]
        },
        {
          "index_key": 6,
          "schema_version": 0,
          "attributes": {
            "gateway_id": "",
            "id": "rtbassoc-051c91615e2469bbb",
            "route_table_id": "rtb-089f707e7b7a24cb8",
            "subnet_id": "subnet-0100e153b2bc9ee96",
            "timeouts": null
          },
          "sensitive_attributes": [],
          "private": "eyJlMmJmYjczMC1lY2FhLTExZTYtOGY4OC0zNDM2M2JjN2M0YzAiOnsiY3JlYXRlIjozMDAwMDAwMDAwMDAsImRlbGV0ZSI6MzAwMDAwMDAwMDAwLCJ1cGRhdGUiOjEyMDAwMDAwMDAwMH19",
          "dependencies": [
            "module.vpc_pod.aws_route_table.private",
            "module.vpc_pod.aws_subnet.private",
            "module.vpc_pod.aws_vpc.this",
            "module.vpc_pod.aws_vpc_ipv4_cidr_block_association.this"
          ]
        },
        {
          "index_key": 7,
          "schema_version": 0,
          "attributes": {
            "gateway_id": "",
            "id": "rtbassoc-06661d0d168ecced4",
            "route_table_id": "rtb-0d9673d3b88e6b255",
            "subnet_id": "subnet-0949c4c6e458a5da3",
            "timeouts": null
          },
          "sensitive_attributes": [],
          "private": "eyJlMmJmYjczMC1lY2FhLTExZTYtOGY4OC0zNDM2M2JjN2M0YzAiOnsiY3JlYXRlIjozMDAwMDAwMDAwMDAsImRlbGV0ZSI6MzAwMDAwMDAwMDAwLCJ1cGRhdGUiOjEyMDAwMDAwMDAwMH19",
          "dependencies": [
            "module.vpc_pod.aws_route_table.private",
            "module.vpc_pod.aws_subnet.private",
            "module.vpc_pod.aws_vpc.this",
            "module.vpc_pod.aws_vpc_ipv4_cidr_block_association.this"
          ]
        }
      ]
    },
    {
      "module": "module.vpc_pod",
      "mode": "managed",
      "type": "aws_subnet",
      "name": "private",
      "provider": "provider[\"registry.terraform.io/hashicorp/aws\"]",
      "instances": [
        {
          "index_key": 0,
          "schema_version": 1,
          "attributes": {
            "arn": "arn:aws:ec2:ca-central-1:131578276461:subnet/subnet-04c1844a336d5312a",
            "assign_ipv6_address_on_creation": false,
            "availability_zone": "ca-central-1a",
            "availability_zone_id": "cac1-az1",
            "cidr_block": "10.1.160.0/28",
            "customer_owned_ipv4_pool": "",
            "enable_dns64": false,
            "enable_lni_at_device_index": 0,
            "enable_resource_name_dns_a_record_on_launch": false,
            "enable_resource_name_dns_aaaa_record_on_launch": false,
            "id": "subnet-04c1844a336d5312a",
            "ipv6_cidr_block": "",
            "ipv6_cidr_block_association_id": "",
            "ipv6_native": false,
            "map_customer_owned_ip_on_launch": false,
            "map_public_ip_on_launch": false,
            "outpost_arn": "",
            "owner_id": "131578276461",
            "private_dns_hostname_type_on_launch": "ip-name",
            "tags": {
              "Name": "pod-private-ca-central-1a"
            },
            "tags_all": {
              "Name": "pod-private-ca-central-1a"
            },
            "timeouts": null,
            "vpc_id": "vpc-0edc33aad68f6dda3"
          },
          "sensitive_attributes": [],
          "private": "eyJlMmJmYjczMC1lY2FhLTExZTYtOGY4OC0zNDM2M2JjN2M0YzAiOnsiY3JlYXRlIjo2MDAwMDAwMDAwMDAsImRlbGV0ZSI6MTIwMDAwMDAwMDAwMH0sInNjaGVtYV92ZXJzaW9uIjoiMSJ9",
          "dependencies": [
            "module.vpc_pod.aws_vpc.this",
            "module.vpc_pod.aws_vpc_ipv4_cidr_block_association.this"
          ]
        },
        {
          "index_key": 1,
          "schema_version": 1,
          "attributes": {
            "arn": "arn:aws:ec2:ca-central-1:131578276461:subnet/subnet-01d3803687eed355c",
            "assign_ipv6_address_on_creation": false,
            "availability_zone": "ca-central-1b",
            "availability_zone_id": "cac1-az2",
            "cidr_block": "10.1.160.16/28",
            "customer_owned_ipv4_pool": "",
            "enable_dns64": false,
            "enable_lni_at_device_index": 0,
            "enable_resource_name_dns_a_record_on_launch": false,
            "enable_resource_name_dns_aaaa_record_on_launch": false,
            "id": "subnet-01d3803687eed355c",
            "ipv6_cidr_block": "",
            "ipv6_cidr_block_association_id": "",
            "ipv6_native": false,
            "map_customer_owned_ip_on_launch": false,
            "map_public_ip_on_launch": false,
            "outpost_arn": "",
            "owner_id": "131578276461",
            "private_dns_hostname_type_on_launch": "ip-name",
            "tags": {
              "Name": "pod-private-ca-central-1b"
            },
            "tags_all": {
              "Name": "pod-private-ca-central-1b"
            },
            "timeouts": null,
            "vpc_id": "vpc-0edc33aad68f6dda3"
          },
          "sensitive_attributes": [],
          "private": "eyJlMmJmYjczMC1lY2FhLTExZTYtOGY4OC0zNDM2M2JjN2M0YzAiOnsiY3JlYXRlIjo2MDAwMDAwMDAwMDAsImRlbGV0ZSI6MTIwMDAwMDAwMDAwMH0sInNjaGVtYV92ZXJzaW9uIjoiMSJ9",
          "dependencies": [
            "module.vpc_pod.aws_vpc.this",
            "module.vpc_pod.aws_vpc_ipv4_cidr_block_association.this"
          ]
        },
        {
          "index_key": 2,
          "schema_version": 1,
          "attributes": {
            "arn": "arn:aws:ec2:ca-central-1:131578276461:subnet/subnet-06043397b26a42005",
            "assign_ipv6_address_on_creation": false,
            "availability_zone": "ca-central-1a",
            "availability_zone_id": "cac1-az1",
            "cidr_block": "10.1.160.128/26",
            "customer_owned_ipv4_pool": "",
            "enable_dns64": false,
            "enable_lni_at_device_index": 0,
            "enable_resource_name_dns_a_record_on_launch": false,
            "enable_resource_name_dns_aaaa_record_on_launch": false,
            "id": "subnet-06043397b26a42005",
            "ipv6_cidr_block": "",
            "ipv6_cidr_block_association_id": "",
            "ipv6_native": false,
            "map_customer_owned_ip_on_launch": false,
            "map_public_ip_on_launch": false,
            "outpost_arn": "",
            "owner_id": "131578276461",
            "private_dns_hostname_type_on_launch": "ip-name",
            "tags": {
              "Name": "pod-private-ca-central-1a"
            },
            "tags_all": {
              "Name": "pod-private-ca-central-1a"
            },
            "timeouts": null,
            "vpc_id": "vpc-0edc33aad68f6dda3"
          },
          "sensitive_attributes": [],
          "private": "eyJlMmJmYjczMC1lY2FhLTExZTYtOGY4OC0zNDM2M2JjN2M0YzAiOnsiY3JlYXRlIjo2MDAwMDAwMDAwMDAsImRlbGV0ZSI6MTIwMDAwMDAwMDAwMH0sInNjaGVtYV92ZXJzaW9uIjoiMSJ9",
          "dependencies": [
            "module.vpc_pod.aws_vpc.this",
            "module.vpc_pod.aws_vpc_ipv4_cidr_block_association.this"
          ]
        },
        {
          "index_key": 3,
          "schema_version": 1,
          "attributes": {
            "arn": "arn:aws:ec2:ca-central-1:131578276461:subnet/subnet-073875ae6e6bf3a89",
            "assign_ipv6_address_on_creation": false,
            "availability_zone": "ca-central-1b",
            "availability_zone_id": "cac1-az2",
            "cidr_block": "10.1.160.192/26",
            "customer_owned_ipv4_pool": "",
            "enable_dns64": false,
            "enable_lni_at_device_index": 0,
            "enable_resource_name_dns_a_record_on_launch": false,
            "enable_resource_name_dns_aaaa_record_on_launch": false,
            "id": "subnet-073875ae6e6bf3a89",
            "ipv6_cidr_block": "",
            "ipv6_cidr_block_association_id": "",
            "ipv6_native": false,
            "map_customer_owned_ip_on_launch": false,
            "map_public_ip_on_launch": false,
            "outpost_arn": "",
            "owner_id": "131578276461",
            "private_dns_hostname_type_on_launch": "ip-name",
            "tags": {
              "Name": "pod-private-ca-central-1b"
            },
            "tags_all": {
              "Name": "pod-private-ca-central-1b"
            },
            "timeouts": null,
            "vpc_id": "vpc-0edc33aad68f6dda3"
          },
          "sensitive_attributes": [],
          "private": "eyJlMmJmYjczMC1lY2FhLTExZTYtOGY4OC0zNDM2M2JjN2M0YzAiOnsiY3JlYXRlIjo2MDAwMDAwMDAwMDAsImRlbGV0ZSI6MTIwMDAwMDAwMDAwMH0sInNjaGVtYV92ZXJzaW9uIjoiMSJ9",
          "dependencies": [
            "module.vpc_pod.aws_vpc.this",
            "module.vpc_pod.aws_vpc_ipv4_cidr_block_association.this"
          ]
        },
        {
          "index_key": 4,
          "schema_version": 1,
          "attributes": {
            "arn": "arn:aws:ec2:ca-central-1:131578276461:subnet/subnet-0857d7d94a5a2c70d",
            "assign_ipv6_address_on_creation": false,
            "availability_zone": "ca-central-1a",
            "availability_zone_id": "cac1-az1",
            "cidr_block": "10.1.160.64/28",
            "customer_owned_ipv4_pool": "",
            "enable_dns64": false,
            "enable_lni_at_device_index": 0,
            "enable_resource_name_dns_a_record_on_launch": false,
            "enable_resource_name_dns_aaaa_record_on_launch": false,
            "id": "subnet-0857d7d94a5a2c70d",
            "ipv6_cidr_block": "",
            "ipv6_cidr_block_association_id": "",
            "ipv6_native": false,
            "map_customer_owned_ip_on_launch": false,
            "map_public_ip_on_launch": false,
            "outpost_arn": "",
            "owner_id": "131578276461",
            "private_dns_hostname_type_on_launch": "ip-name",
            "tags": {
              "Name": "pod-private-ca-central-1a"
            },
            "tags_all": {
              "Name": "pod-private-ca-central-1a"
            },
            "timeouts": null,
            "vpc_id": "vpc-0edc33aad68f6dda3"
          },
          "sensitive_attributes": [],
          "private": "eyJlMmJmYjczMC1lY2FhLTExZTYtOGY4OC0zNDM2M2JjN2M0YzAiOnsiY3JlYXRlIjo2MDAwMDAwMDAwMDAsImRlbGV0ZSI6MTIwMDAwMDAwMDAwMH0sInNjaGVtYV92ZXJzaW9uIjoiMSJ9",
          "dependencies": [
            "module.vpc_pod.aws_vpc.this",
            "module.vpc_pod.aws_vpc_ipv4_cidr_block_association.this"
          ]
        },
        {
          "index_key": 5,
          "schema_version": 1,
          "attributes": {
            "arn": "arn:aws:ec2:ca-central-1:131578276461:subnet/subnet-0340667dff412085e",
            "assign_ipv6_address_on_creation": false,
            "availability_zone": "ca-central-1b",
            "availability_zone_id": "cac1-az2",
            "cidr_block": "10.1.160.80/28",
            "customer_owned_ipv4_pool": "",
            "enable_dns64": false,
            "enable_lni_at_device_index": 0,
            "enable_resource_name_dns_a_record_on_launch": false,
            "enable_resource_name_dns_aaaa_record_on_launch": false,
            "id": "subnet-0340667dff412085e",
            "ipv6_cidr_block": "",
            "ipv6_cidr_block_association_id": "",
            "ipv6_native": false,
            "map_customer_owned_ip_on_launch": false,
            "map_public_ip_on_launch": false,
            "outpost_arn": "",
            "owner_id": "131578276461",
            "private_dns_hostname_type_on_launch": "ip-name",
            "tags": {
              "Name": "pod-private-ca-central-1b"
            },
            "tags_all": {
              "Name": "pod-private-ca-central-1b"
            },
            "timeouts": null,
            "vpc_id": "vpc-0edc33aad68f6dda3"
          },
          "sensitive_attributes": [],
          "private": "eyJlMmJmYjczMC1lY2FhLTExZTYtOGY4OC0zNDM2M2JjN2M0YzAiOnsiY3JlYXRlIjo2MDAwMDAwMDAwMDAsImRlbGV0ZSI6MTIwMDAwMDAwMDAwMH0sInNjaGVtYV92ZXJzaW9uIjoiMSJ9",
          "dependencies": [
            "module.vpc_pod.aws_vpc.this",
            "module.vpc_pod.aws_vpc_ipv4_cidr_block_association.this"
          ]
        },
        {
          "index_key": 6,
          "schema_version": 1,
          "attributes": {
            "arn": "arn:aws:ec2:ca-central-1:131578276461:subnet/subnet-0100e153b2bc9ee96",
            "assign_ipv6_address_on_creation": false,
            "availability_zone": "ca-central-1a",
            "availability_zone_id": "cac1-az1",
            "cidr_block": "10.1.161.0/24",
            "customer_owned_ipv4_pool": "",
            "enable_dns64": false,
            "enable_lni_at_device_index": 0,
            "enable_resource_name_dns_a_record_on_launch": false,
            "enable_resource_name_dns_aaaa_record_on_launch": false,
            "id": "subnet-0100e153b2bc9ee96",
            "ipv6_cidr_block": "",
            "ipv6_cidr_block_association_id": "",
            "ipv6_native": false,
            "map_customer_owned_ip_on_launch": false,
            "map_public_ip_on_launch": false,
            "outpost_arn": "",
            "owner_id": "131578276461",
            "private_dns_hostname_type_on_launch": "ip-name",
            "tags": {
              "Name": "pod-private-ca-central-1a"
            },
            "tags_all": {
              "Name": "pod-private-ca-central-1a"
            },
            "timeouts": null,
            "vpc_id": "vpc-0edc33aad68f6dda3"
          },
          "sensitive_attributes": [],
          "private": "eyJlMmJmYjczMC1lY2FhLTExZTYtOGY4OC0zNDM2M2JjN2M0YzAiOnsiY3JlYXRlIjo2MDAwMDAwMDAwMDAsImRlbGV0ZSI6MTIwMDAwMDAwMDAwMH0sInNjaGVtYV92ZXJzaW9uIjoiMSJ9",
          "dependencies": [
            "module.vpc_pod.aws_vpc.this",
            "module.vpc_pod.aws_vpc_ipv4_cidr_block_association.this"
          ]
        },
        {
          "index_key": 7,
          "schema_version": 1,
          "attributes": {
            "arn": "arn:aws:ec2:ca-central-1:131578276461:subnet/subnet-0949c4c6e458a5da3",
            "assign_ipv6_address_on_creation": false,
            "availability_zone": "ca-central-1b",
            "availability_zone_id": "cac1-az2",
            "cidr_block": "10.1.162.0/24",
            "customer_owned_ipv4_pool": "",
            "enable_dns64": false,
            "enable_lni_at_device_index": 0,
            "enable_resource_name_dns_a_record_on_launch": false,
            "enable_resource_name_dns_aaaa_record_on_launch": false,
            "id": "subnet-0949c4c6e458a5da3",
            "ipv6_cidr_block": "",
            "ipv6_cidr_block_association_id": "",
            "ipv6_native": false,
            "map_customer_owned_ip_on_launch": false,
            "map_public_ip_on_launch": false,
            "outpost_arn": "",
            "owner_id": "131578276461",
            "private_dns_hostname_type_on_launch": "ip-name",
            "tags": {
              "Name": "pod-private-ca-central-1b"
            },
            "tags_all": {
              "Name": "pod-private-ca-central-1b"
            },
            "timeouts": null,
            "vpc_id": "vpc-0edc33aad68f6dda3"
          },
          "sensitive_attributes": [],
          "private": "eyJlMmJmYjczMC1lY2FhLTExZTYtOGY4OC0zNDM2M2JjN2M0YzAiOnsiY3JlYXRlIjo2MDAwMDAwMDAwMDAsImRlbGV0ZSI6MTIwMDAwMDAwMDAwMH0sInNjaGVtYV92ZXJzaW9uIjoiMSJ9",
          "dependencies": [
            "module.vpc_pod.aws_vpc.this",
            "module.vpc_pod.aws_vpc_ipv4_cidr_block_association.this"
          ]
        }
      ]
    },
    {
      "module": "module.vpc_pod",
      "mode": "managed",
      "type": "aws_vpc",
      "name": "this",
      "provider": "provider[\"registry.terraform.io/hashicorp/aws\"]",
      "instances": [
        {
          "index_key": 0,
          "schema_version": 1,
          "attributes": {
            "arn": "arn:aws:ec2:ca-central-1:131578276461:vpc/vpc-0edc33aad68f6dda3",
            "assign_generated_ipv6_cidr_block": false,
            "cidr_block": "10.1.160.0/21",
            "default_network_acl_id": "acl-091c7ea30f3c38e20",
            "default_route_table_id": "rtb-035224b13deba6142",
            "default_security_group_id": "sg-01460a0bef878ccd9",
            "dhcp_options_id": "dopt-9eb070f7",
            "enable_classiclink": false,
            "enable_classiclink_dns_support": false,
            "enable_dns_hostnames": true,
            "enable_dns_support": true,
            "enable_network_address_usage_metrics": false,
            "id": "vpc-0edc33aad68f6dda3",
            "instance_tenancy": "default",
            "ipv4_ipam_pool_id": null,
            "ipv4_netmask_length": null,
            "ipv6_association_id": "",
            "ipv6_cidr_block": "",
            "ipv6_cidr_block_network_border_group": "",
            "ipv6_ipam_pool_id": "",
            "ipv6_netmask_length": 0,
            "main_route_table_id": "rtb-035224b13deba6142",
            "owner_id": "131578276461",
            "tags": {
              "Name": "pod"
            },
            "tags_all": {
              "Name": "pod"
            }
          },
          "sensitive_attributes": [],
          "private": "eyJzY2hlbWFfdmVyc2lvbiI6IjEifQ=="
        }
      ]
    }
  ],
  "check_results": null
}
