{
  "version": 4,
  "terraform_version": "1.4.6",
  "serial": 120,
  "lineage": "9aac1bc0-0836-1f13-0a18-5df3f22406a3",
  "outputs": {},
  "resources": [
    {
      "mode": "managed",
      "type": "aws_route_table",
      "name": "fwsb_rt_hub",
      "provider": "provider[\"registry.terraform.io/hashicorp/aws\"]",
      "instances": [
        {
          "schema_version": 0,
          "attributes": {
            "arn": "arn:aws:ec2:ap-northeast-1:931366402038:route-table/rtb-06f99ab7e44d9007b",
            "id": "rtb-06f99ab7e44d9007b",
            "owner_id": "931366402038",
            "propagating_vgws": [],
            "route": [
              {
                "carrier_gateway_id": "",
                "cidr_block": "10.1.160.0/21",
                "core_network_arn": "",
                "destination_prefix_list_id": "",
                "egress_only_gateway_id": "",
                "gateway_id": "",
                "instance_id": "",
                "ipv6_cidr_block": "",
                "local_gateway_id": "",
                "nat_gateway_id": "",
                "network_interface_id": "",
                "transit_gateway_id": "tgw-08d6cbe193856b390",
                "vpc_endpoint_id": "",
                "vpc_peering_connection_id": ""
              }
            ],
            "tags": null,
            "tags_all": {},
            "timeouts": null,
            "vpc_id": "vpc-006fb29d2106dabe5"
          },
          "sensitive_attributes": [],
          "private": "eyJlMmJmYjczMC1lY2FhLTExZTYtOGY4OC0zNDM2M2JjN2M0YzAiOnsiY3JlYXRlIjozMDAwMDAwMDAwMDAsImRlbGV0ZSI6MzAwMDAwMDAwMDAwLCJ1cGRhdGUiOjEyMDAwMDAwMDAwMH19",
          "dependencies": [
            "module.tgw.aws_ec2_transit_gateway.this",
            "module.vpc.aws_vpc.this"
          ]
        }
      ]
    },
    {
      "mode": "managed",
      "type": "aws_route_table",
      "name": "ingress1",
      "provider": "provider[\"registry.terraform.io/hashicorp/aws\"]",
      "instances": [
        {
          "schema_version": 0,
          "attributes": {
            "arn": "arn:aws:ec2:ap-northeast-1:931366402038:route-table/rtb-03508e7538c9d7937",
            "id": "rtb-03508e7538c9d7937",
            "owner_id": "931366402038",
            "propagating_vgws": [],
            "route": [
              {
                "carrier_gateway_id": "",
                "cidr_block": "10.1.160.0/21",
                "core_network_arn": "",
                "destination_prefix_list_id": "",
                "egress_only_gateway_id": "",
                "gateway_id": "",
                "instance_id": "",
                "ipv6_cidr_block": "",
                "local_gateway_id": "",
                "nat_gateway_id": "",
                "network_interface_id": "",
                "transit_gateway_id": "tgw-08d6cbe193856b390",
                "vpc_endpoint_id": "",
                "vpc_peering_connection_id": ""
              }
            ],
            "tags": null,
            "tags_all": {},
            "timeouts": null,
            "vpc_id": "vpc-006fb29d2106dabe5"
          },
          "sensitive_attributes": [],
          "private": "eyJlMmJmYjczMC1lY2FhLTExZTYtOGY4OC0zNDM2M2JjN2M0YzAiOnsiY3JlYXRlIjozMDAwMDAwMDAwMDAsImRlbGV0ZSI6MzAwMDAwMDAwMDAwLCJ1cGRhdGUiOjEyMDAwMDAwMDAwMH19",
          "dependencies": [
            "module.tgw.aws_ec2_transit_gateway.this",
            "module.vpc.aws_vpc.this"
          ]
        }
      ]
    },
    {
      "mode": "managed",
      "type": "aws_route_table",
      "name": "ingress2",
      "provider": "provider[\"registry.terraform.io/hashicorp/aws\"]",
      "instances": [
        {
          "schema_version": 0,
          "attributes": {
            "arn": "arn:aws:ec2:ap-northeast-1:931366402038:route-table/rtb-062726d2f0095c702",
            "id": "rtb-062726d2f0095c702",
            "owner_id": "931366402038",
            "propagating_vgws": [],
            "route": [
              {
                "carrier_gateway_id": "",
                "cidr_block": "10.1.160.0/21",
                "core_network_arn": "",
                "destination_prefix_list_id": "",
                "egress_only_gateway_id": "",
                "gateway_id": "",
                "instance_id": "",
                "ipv6_cidr_block": "",
                "local_gateway_id": "",
                "nat_gateway_id": "",
                "network_interface_id": "",
                "transit_gateway_id": "tgw-08d6cbe193856b390",
                "vpc_endpoint_id": "",
                "vpc_peering_connection_id": ""
              }
            ],
            "tags": null,
            "tags_all": {},
            "timeouts": null,
            "vpc_id": "vpc-006fb29d2106dabe5"
          },
          "sensitive_attributes": [],
          "private": "eyJlMmJmYjczMC1lY2FhLTExZTYtOGY4OC0zNDM2M2JjN2M0YzAiOnsiY3JlYXRlIjozMDAwMDAwMDAwMDAsImRlbGV0ZSI6MzAwMDAwMDAwMDAwLCJ1cGRhdGUiOjEyMDAwMDAwMDAwMH19",
          "dependencies": [
            "module.tgw.aws_ec2_transit_gateway.this",
            "module.vpc.aws_vpc.this"
          ]
        }
      ]
    },
    {
      "mode": "managed",
      "type": "aws_route_table",
      "name": "ingress3",
      "provider": "provider[\"registry.terraform.io/hashicorp/aws\"]",
      "instances": [
        {
          "schema_version": 0,
          "attributes": {
            "arn": "arn:aws:ec2:ap-northeast-1:931366402038:route-table/rtb-0e73f86cfac2f132e",
            "id": "rtb-0e73f86cfac2f132e",
            "owner_id": "931366402038",
            "propagating_vgws": [],
            "route": [
              {
                "carrier_gateway_id": "",
                "cidr_block": "10.1.160.0/21",
                "core_network_arn": "",
                "destination_prefix_list_id": "",
                "egress_only_gateway_id": "",
                "gateway_id": "",
                "instance_id": "",
                "ipv6_cidr_block": "",
                "local_gateway_id": "",
                "nat_gateway_id": "",
                "network_interface_id": "",
                "transit_gateway_id": "tgw-08d6cbe193856b390",
                "vpc_endpoint_id": "",
                "vpc_peering_connection_id": ""
              }
            ],
            "tags": null,
            "tags_all": {},
            "timeouts": null,
            "vpc_id": "vpc-006fb29d2106dabe5"
          },
          "sensitive_attributes": [],
          "private": "eyJlMmJmYjczMC1lY2FhLTExZTYtOGY4OC0zNDM2M2JjN2M0YzAiOnsiY3JlYXRlIjozMDAwMDAwMDAwMDAsImRlbGV0ZSI6MzAwMDAwMDAwMDAwLCJ1cGRhdGUiOjEyMDAwMDAwMDAwMH19",
          "dependencies": [
            "module.tgw.aws_ec2_transit_gateway.this",
            "module.vpc.aws_vpc.this"
          ]
        }
      ]
    },
    {
      "mode": "managed",
      "type": "aws_route_table",
      "name": "pod_rt_db",
      "provider": "provider[\"registry.terraform.io/hashicorp/aws\"]",
      "instances": [
        {
          "schema_version": 0,
          "attributes": {
            "arn": "arn:aws:ec2:ap-northeast-1:931366402038:route-table/rtb-0842e081452780269",
            "id": "rtb-0842e081452780269",
            "owner_id": "931366402038",
            "propagating_vgws": [],
            "route": [
              {
                "carrier_gateway_id": "",
                "cidr_block": "10.1.128.0/20",
                "core_network_arn": "",
                "destination_prefix_list_id": "",
                "egress_only_gateway_id": "",
                "gateway_id": "",
                "instance_id": "",
                "ipv6_cidr_block": "",
                "local_gateway_id": "",
                "nat_gateway_id": "",
                "network_interface_id": "",
                "transit_gateway_id": "tgw-08d6cbe193856b390",
                "vpc_endpoint_id": "",
                "vpc_peering_connection_id": ""
              }
            ],
            "tags": null,
            "tags_all": {},
            "timeouts": null,
            "vpc_id": "vpc-0958fbd2b8d22c6a8"
          },
          "sensitive_attributes": [],
          "private": "eyJlMmJmYjczMC1lY2FhLTExZTYtOGY4OC0zNDM2M2JjN2M0YzAiOnsiY3JlYXRlIjozMDAwMDAwMDAwMDAsImRlbGV0ZSI6MzAwMDAwMDAwMDAwLCJ1cGRhdGUiOjEyMDAwMDAwMDAwMH19",
          "dependencies": [
            "module.tgw.aws_ec2_transit_gateway.this",
            "module.vpc_pod.aws_vpc.this"
          ]
        }
      ]
    },
    {
      "mode": "managed",
      "type": "aws_route_table",
      "name": "pod_rt_tgwep",
      "provider": "provider[\"registry.terraform.io/hashicorp/aws\"]",
      "instances": [
        {
          "schema_version": 0,
          "attributes": {
            "arn": "arn:aws:ec2:ap-northeast-1:931366402038:route-table/rtb-0b2f26d313d0c0ba4",
            "id": "rtb-0b2f26d313d0c0ba4",
            "owner_id": "931366402038",
            "propagating_vgws": [],
            "route": [
              {
                "carrier_gateway_id": "",
                "cidr_block": "0.0.0.0/0",
                "core_network_arn": "",
                "destination_prefix_list_id": "",
                "egress_only_gateway_id": "",
                "gateway_id": "",
                "instance_id": "",
                "ipv6_cidr_block": "",
                "local_gateway_id": "",
                "nat_gateway_id": "",
                "network_interface_id": "",
                "transit_gateway_id": "tgw-08d6cbe193856b390",
                "vpc_endpoint_id": "",
                "vpc_peering_connection_id": ""
              }
            ],
            "tags": null,
            "tags_all": {},
            "timeouts": null,
            "vpc_id": "vpc-0958fbd2b8d22c6a8"
          },
          "sensitive_attributes": [],
          "private": "eyJlMmJmYjczMC1lY2FhLTExZTYtOGY4OC0zNDM2M2JjN2M0YzAiOnsiY3JlYXRlIjozMDAwMDAwMDAwMDAsImRlbGV0ZSI6MzAwMDAwMDAwMDAwLCJ1cGRhdGUiOjEyMDAwMDAwMDAwMH19",
          "dependencies": [
            "module.tgw.aws_ec2_transit_gateway.this",
            "module.vpc_pod.aws_vpc.this"
          ]
        }
      ]
    },
    {
      "mode": "managed",
      "type": "aws_route_table",
      "name": "pod_rt_web_app",
      "provider": "provider[\"registry.terraform.io/hashicorp/aws\"]",
      "instances": [
        {
          "schema_version": 0,
          "attributes": {
            "arn": "arn:aws:ec2:ap-northeast-1:931366402038:route-table/rtb-06adacb1a3748360c",
            "id": "rtb-06adacb1a3748360c",
            "owner_id": "931366402038",
            "propagating_vgws": [],
            "route": [
              {
                "carrier_gateway_id": "",
                "cidr_block": "0.0.0.0/0",
                "core_network_arn": "",
                "destination_prefix_list_id": "",
                "egress_only_gateway_id": "",
                "gateway_id": "",
                "instance_id": "",
                "ipv6_cidr_block": "",
                "local_gateway_id": "",
                "nat_gateway_id": "",
                "network_interface_id": "",
                "transit_gateway_id": "tgw-08d6cbe193856b390",
                "vpc_endpoint_id": "",
                "vpc_peering_connection_id": ""
              }
            ],
            "tags": null,
            "tags_all": {},
            "timeouts": null,
            "vpc_id": "vpc-0958fbd2b8d22c6a8"
          },
          "sensitive_attributes": [],
          "private": "eyJlMmJmYjczMC1lY2FhLTExZTYtOGY4OC0zNDM2M2JjN2M0YzAiOnsiY3JlYXRlIjozMDAwMDAwMDAwMDAsImRlbGV0ZSI6MzAwMDAwMDAwMDAwLCJ1cGRhdGUiOjEyMDAwMDAwMDAwMH19",
          "dependencies": [
            "module.tgw.aws_ec2_transit_gateway.this",
            "module.vpc_pod.aws_vpc.this"
          ]
        }
      ]
    },
    {
      "mode": "managed",
      "type": "aws_route_table",
      "name": "prisb1_rt_hub",
      "provider": "provider[\"registry.terraform.io/hashicorp/aws\"]",
      "instances": [
        {
          "schema_version": 0,
          "attributes": {
            "arn": "arn:aws:ec2:ap-northeast-1:931366402038:route-table/rtb-01beeaae66072d8dc",
            "id": "rtb-01beeaae66072d8dc",
            "owner_id": "931366402038",
            "propagating_vgws": [],
            "route": [
              {
                "carrier_gateway_id": "",
                "cidr_block": "0.0.0.0/0",
                "core_network_arn": "",
                "destination_prefix_list_id": "",
                "egress_only_gateway_id": "",
                "gateway_id": "",
                "instance_id": "",
                "ipv6_cidr_block": "",
                "local_gateway_id": "",
                "nat_gateway_id": "nat-01b598cb7e1ea0657",
                "network_interface_id": "",
                "transit_gateway_id": "",
                "vpc_endpoint_id": "",
                "vpc_peering_connection_id": ""
              },
              {
                "carrier_gateway_id": "",
                "cidr_block": "10.1.160.0/21",
                "core_network_arn": "",
                "destination_prefix_list_id": "",
                "egress_only_gateway_id": "",
                "gateway_id": "",
                "instance_id": "",
                "ipv6_cidr_block": "",
                "local_gateway_id": "",
                "nat_gateway_id": "",
                "network_interface_id": "",
                "transit_gateway_id": "tgw-08d6cbe193856b390",
                "vpc_endpoint_id": "",
                "vpc_peering_connection_id": ""
              }
            ],
            "tags": null,
            "tags_all": {},
            "timeouts": null,
            "vpc_id": "vpc-006fb29d2106dabe5"
          },
          "sensitive_attributes": [],
          "private": "eyJlMmJmYjczMC1lY2FhLTExZTYtOGY4OC0zNDM2M2JjN2M0YzAiOnsiY3JlYXRlIjozMDAwMDAwMDAwMDAsImRlbGV0ZSI6MzAwMDAwMDAwMDAwLCJ1cGRhdGUiOjEyMDAwMDAwMDAwMH19",
          "dependencies": [
            "module.tgw.aws_ec2_transit_gateway.this",
            "module.vpc.aws_eip.nat",
            "module.vpc.aws_internet_gateway.this",
            "module.vpc.aws_nat_gateway.this",
            "module.vpc.aws_subnet.private",
            "module.vpc.aws_vpc.this",
            "module.vpc.aws_vpc_ipv4_cidr_block_association.this"
          ]
        }
      ]
    },
    {
      "mode": "managed",
      "type": "aws_route_table",
      "name": "prisb2_rt_hub",
      "provider": "provider[\"registry.terraform.io/hashicorp/aws\"]",
      "instances": [
        {
          "schema_version": 0,
          "attributes": {
            "arn": "arn:aws:ec2:ap-northeast-1:931366402038:route-table/rtb-015f98323434e9dda",
            "id": "rtb-015f98323434e9dda",
            "owner_id": "931366402038",
            "propagating_vgws": [],
            "route": [
              {
                "carrier_gateway_id": "",
                "cidr_block": "0.0.0.0/0",
                "core_network_arn": "",
                "destination_prefix_list_id": "",
                "egress_only_gateway_id": "",
                "gateway_id": "",
                "instance_id": "",
                "ipv6_cidr_block": "",
                "local_gateway_id": "",
                "nat_gateway_id": "nat-08b661452476f755f",
                "network_interface_id": "",
                "transit_gateway_id": "",
                "vpc_endpoint_id": "",
                "vpc_peering_connection_id": ""
              },
              {
                "carrier_gateway_id": "",
                "cidr_block": "10.1.160.0/21",
                "core_network_arn": "",
                "destination_prefix_list_id": "",
                "egress_only_gateway_id": "",
                "gateway_id": "",
                "instance_id": "",
                "ipv6_cidr_block": "",
                "local_gateway_id": "",
                "nat_gateway_id": "",
                "network_interface_id": "",
                "transit_gateway_id": "tgw-08d6cbe193856b390",
                "vpc_endpoint_id": "",
                "vpc_peering_connection_id": ""
              }
            ],
            "tags": null,
            "tags_all": {},
            "timeouts": null,
            "vpc_id": "vpc-006fb29d2106dabe5"
          },
          "sensitive_attributes": [],
          "private": "eyJlMmJmYjczMC1lY2FhLTExZTYtOGY4OC0zNDM2M2JjN2M0YzAiOnsiY3JlYXRlIjozMDAwMDAwMDAwMDAsImRlbGV0ZSI6MzAwMDAwMDAwMDAwLCJ1cGRhdGUiOjEyMDAwMDAwMDAwMH19",
          "dependencies": [
            "module.tgw.aws_ec2_transit_gateway.this",
            "module.vpc.aws_eip.nat",
            "module.vpc.aws_internet_gateway.this",
            "module.vpc.aws_nat_gateway.this",
            "module.vpc.aws_subnet.private",
            "module.vpc.aws_vpc.this",
            "module.vpc.aws_vpc_ipv4_cidr_block_association.this"
          ]
        }
      ]
    },
    {
      "mode": "managed",
      "type": "aws_route_table",
      "name": "prisb3_rt_hub",
      "provider": "provider[\"registry.terraform.io/hashicorp/aws\"]",
      "instances": [
        {
          "schema_version": 0,
          "attributes": {
            "arn": "arn:aws:ec2:ap-northeast-1:931366402038:route-table/rtb-0e59b5cff7d5f02f3",
            "id": "rtb-0e59b5cff7d5f02f3",
            "owner_id": "931366402038",
            "propagating_vgws": [],
            "route": [
              {
                "carrier_gateway_id": "",
                "cidr_block": "0.0.0.0/0",
                "core_network_arn": "",
                "destination_prefix_list_id": "",
                "egress_only_gateway_id": "",
                "gateway_id": "",
                "instance_id": "",
                "ipv6_cidr_block": "",
                "local_gateway_id": "",
                "nat_gateway_id": "nat-091903ff3e840c180",
                "network_interface_id": "",
                "transit_gateway_id": "",
                "vpc_endpoint_id": "",
                "vpc_peering_connection_id": ""
              },
              {
                "carrier_gateway_id": "",
                "cidr_block": "10.1.160.0/21",
                "core_network_arn": "",
                "destination_prefix_list_id": "",
                "egress_only_gateway_id": "",
                "gateway_id": "",
                "instance_id": "",
                "ipv6_cidr_block": "",
                "local_gateway_id": "",
                "nat_gateway_id": "",
                "network_interface_id": "",
                "transit_gateway_id": "tgw-08d6cbe193856b390",
                "vpc_endpoint_id": "",
                "vpc_peering_connection_id": ""
              }
            ],
            "tags": null,
            "tags_all": {},
            "timeouts": null,
            "vpc_id": "vpc-006fb29d2106dabe5"
          },
          "sensitive_attributes": [],
          "private": "eyJlMmJmYjczMC1lY2FhLTExZTYtOGY4OC0zNDM2M2JjN2M0YzAiOnsiY3JlYXRlIjozMDAwMDAwMDAwMDAsImRlbGV0ZSI6MzAwMDAwMDAwMDAwLCJ1cGRhdGUiOjEyMDAwMDAwMDAwMH19",
          "dependencies": [
            "module.tgw.aws_ec2_transit_gateway.this",
            "module.vpc.aws_eip.nat",
            "module.vpc.aws_internet_gateway.this",
            "module.vpc.aws_nat_gateway.this",
            "module.vpc.aws_subnet.private",
            "module.vpc.aws_vpc.this",
            "module.vpc.aws_vpc_ipv4_cidr_block_association.this"
          ]
        }
      ]
    },
    {
      "mode": "managed",
      "type": "aws_route_table",
      "name": "tgwep1_rt_hub",
      "provider": "provider[\"registry.terraform.io/hashicorp/aws\"]",
      "instances": [
        {
          "schema_version": 0,
          "attributes": {
            "arn": "arn:aws:ec2:ap-northeast-1:931366402038:route-table/rtb-076583b7cad584fc7",
            "id": "rtb-076583b7cad584fc7",
            "owner_id": "931366402038",
            "propagating_vgws": [],
            "route": [
              {
                "carrier_gateway_id": "",
                "cidr_block": "0.0.0.0/0",
                "core_network_arn": "",
                "destination_prefix_list_id": "",
                "egress_only_gateway_id": "",
                "gateway_id": "",
                "instance_id": "",
                "ipv6_cidr_block": "",
                "local_gateway_id": "",
                "nat_gateway_id": "nat-01b598cb7e1ea0657",
                "network_interface_id": "",
                "transit_gateway_id": "",
                "vpc_endpoint_id": "",
                "vpc_peering_connection_id": ""
              },
              {
                "carrier_gateway_id": "",
                "cidr_block": "10.1.160.0/21",
                "core_network_arn": "",
                "destination_prefix_list_id": "",
                "egress_only_gateway_id": "",
                "gateway_id": "",
                "instance_id": "",
                "ipv6_cidr_block": "",
                "local_gateway_id": "",
                "nat_gateway_id": "",
                "network_interface_id": "",
                "transit_gateway_id": "tgw-08d6cbe193856b390",
                "vpc_endpoint_id": "",
                "vpc_peering_connection_id": ""
              }
            ],
            "tags": null,
            "tags_all": {},
            "timeouts": null,
            "vpc_id": "vpc-006fb29d2106dabe5"
          },
          "sensitive_attributes": [],
          "private": "eyJlMmJmYjczMC1lY2FhLTExZTYtOGY4OC0zNDM2M2JjN2M0YzAiOnsiY3JlYXRlIjozMDAwMDAwMDAwMDAsImRlbGV0ZSI6MzAwMDAwMDAwMDAwLCJ1cGRhdGUiOjEyMDAwMDAwMDAwMH19",
          "dependencies": [
            "module.tgw.aws_ec2_transit_gateway.this",
            "module.vpc.aws_eip.nat",
            "module.vpc.aws_internet_gateway.this",
            "module.vpc.aws_nat_gateway.this",
            "module.vpc.aws_subnet.private",
            "module.vpc.aws_vpc.this",
            "module.vpc.aws_vpc_ipv4_cidr_block_association.this"
          ]
        }
      ]
    },
    {
      "mode": "managed",
      "type": "aws_route_table",
      "name": "tgwep2_rt_hub",
      "provider": "provider[\"registry.terraform.io/hashicorp/aws\"]",
      "instances": [
        {
          "schema_version": 0,
          "attributes": {
            "arn": "arn:aws:ec2:ap-northeast-1:931366402038:route-table/rtb-093a09e6d5802559c",
            "id": "rtb-093a09e6d5802559c",
            "owner_id": "931366402038",
            "propagating_vgws": [],
            "route": [
              {
                "carrier_gateway_id": "",
                "cidr_block": "0.0.0.0/0",
                "core_network_arn": "",
                "destination_prefix_list_id": "",
                "egress_only_gateway_id": "",
                "gateway_id": "",
                "instance_id": "",
                "ipv6_cidr_block": "",
                "local_gateway_id": "",
                "nat_gateway_id": "nat-08b661452476f755f",
                "network_interface_id": "",
                "transit_gateway_id": "",
                "vpc_endpoint_id": "",
                "vpc_peering_connection_id": ""
              },
              {
                "carrier_gateway_id": "",
                "cidr_block": "10.1.160.0/21",
                "core_network_arn": "",
                "destination_prefix_list_id": "",
                "egress_only_gateway_id": "",
                "gateway_id": "",
                "instance_id": "",
                "ipv6_cidr_block": "",
                "local_gateway_id": "",
                "nat_gateway_id": "",
                "network_interface_id": "",
                "transit_gateway_id": "tgw-08d6cbe193856b390",
                "vpc_endpoint_id": "",
                "vpc_peering_connection_id": ""
              }
            ],
            "tags": null,
            "tags_all": {},
            "timeouts": null,
            "vpc_id": "vpc-006fb29d2106dabe5"
          },
          "sensitive_attributes": [],
          "private": "eyJlMmJmYjczMC1lY2FhLTExZTYtOGY4OC0zNDM2M2JjN2M0YzAiOnsiY3JlYXRlIjozMDAwMDAwMDAwMDAsImRlbGV0ZSI6MzAwMDAwMDAwMDAwLCJ1cGRhdGUiOjEyMDAwMDAwMDAwMH19",
          "dependencies": [
            "module.tgw.aws_ec2_transit_gateway.this",
            "module.vpc.aws_eip.nat",
            "module.vpc.aws_internet_gateway.this",
            "module.vpc.aws_nat_gateway.this",
            "module.vpc.aws_subnet.private",
            "module.vpc.aws_vpc.this",
            "module.vpc.aws_vpc_ipv4_cidr_block_association.this"
          ]
        }
      ]
    },
    {
      "mode": "managed",
      "type": "aws_route_table",
      "name": "tgwep3_rt_hub",
      "provider": "provider[\"registry.terraform.io/hashicorp/aws\"]",
      "instances": [
        {
          "schema_version": 0,
          "attributes": {
            "arn": "arn:aws:ec2:ap-northeast-1:931366402038:route-table/rtb-0d8996fa3ae77e250",
            "id": "rtb-0d8996fa3ae77e250",
            "owner_id": "931366402038",
            "propagating_vgws": [],
            "route": [
              {
                "carrier_gateway_id": "",
                "cidr_block": "0.0.0.0/0",
                "core_network_arn": "",
                "destination_prefix_list_id": "",
                "egress_only_gateway_id": "",
                "gateway_id": "",
                "instance_id": "",
                "ipv6_cidr_block": "",
                "local_gateway_id": "",
                "nat_gateway_id": "nat-091903ff3e840c180",
                "network_interface_id": "",
                "transit_gateway_id": "",
                "vpc_endpoint_id": "",
                "vpc_peering_connection_id": ""
              },
              {
                "carrier_gateway_id": "",
                "cidr_block": "10.1.160.0/21",
                "core_network_arn": "",
                "destination_prefix_list_id": "",
                "egress_only_gateway_id": "",
                "gateway_id": "",
                "instance_id": "",
                "ipv6_cidr_block": "",
                "local_gateway_id": "",
                "nat_gateway_id": "",
                "network_interface_id": "",
                "transit_gateway_id": "tgw-08d6cbe193856b390",
                "vpc_endpoint_id": "",
                "vpc_peering_connection_id": ""
              }
            ],
            "tags": null,
            "tags_all": {},
            "timeouts": null,
            "vpc_id": "vpc-006fb29d2106dabe5"
          },
          "sensitive_attributes": [],
          "private": "eyJlMmJmYjczMC1lY2FhLTExZTYtOGY4OC0zNDM2M2JjN2M0YzAiOnsiY3JlYXRlIjozMDAwMDAwMDAwMDAsImRlbGV0ZSI6MzAwMDAwMDAwMDAwLCJ1cGRhdGUiOjEyMDAwMDAwMDAwMH19",
          "dependencies": [
            "module.tgw.aws_ec2_transit_gateway.this",
            "module.vpc.aws_eip.nat",
            "module.vpc.aws_internet_gateway.this",
            "module.vpc.aws_nat_gateway.this",
            "module.vpc.aws_subnet.private",
            "module.vpc.aws_vpc.this",
            "module.vpc.aws_vpc_ipv4_cidr_block_association.this"
          ]
        }
      ]
    },
    {
      "mode": "managed",
      "type": "aws_security_group",
      "name": "app_sg_pod",
      "provider": "provider[\"registry.terraform.io/hashicorp/aws\"]",
      "instances": [
        {
          "schema_version": 1,
          "attributes": {
            "arn": "arn:aws:ec2:ap-northeast-1:931366402038:security-group/sg-0e812bd513d10c60e",
            "description": "web application sg",
            "egress": [
              {
                "cidr_blocks": [
                  "0.0.0.0/0"
                ],
                "description": "",
                "from_port": 0,
                "ipv6_cidr_blocks": [],
                "prefix_list_ids": [],
                "protocol": "tcp",
                "security_groups": [],
                "self": false,
                "to_port": 0
              }
            ],
            "id": "sg-0e812bd513d10c60e",
            "ingress": [
              {
                "cidr_blocks": [
                  "0.0.0.0/0"
                ],
                "description": "sip connections fron the internet",
                "from_port": 5060,
                "ipv6_cidr_blocks": [],
                "prefix_list_ids": [],
                "protocol": "tcp",
                "security_groups": [],
                "self": false,
                "to_port": 5060
              },
              {
                "cidr_blocks": [
                  "10.1.128.0/20"
                ],
                "description": "HTTPS access from the HUB VPC",
                "from_port": 443,
                "ipv6_cidr_blocks": [],
                "prefix_list_ids": [],
                "protocol": "tcp",
                "security_groups": [],
                "self": false,
                "to_port": 443
              },
              {
                "cidr_blocks": [
                  "10.1.160.128/26",
                  "10.1.160.192/26"
                ],
                "description": "",
                "from_port": 443,
                "ipv6_cidr_blocks": [],
                "prefix_list_ids": [],
                "protocol": "tcp",
                "security_groups": [],
                "self": false,
                "to_port": 443
              },
              {
                "cidr_blocks": [],
                "description": "HTTPS access from the POD VPC",
                "from_port": 443,
                "ipv6_cidr_blocks": [],
                "prefix_list_ids": [],
                "protocol": "tcp",
                "security_groups": [
                  "sg-055946fbcb219af74"
                ],
                "self": false,
                "to_port": 443
              }
            ],
            "name": "app_sg_pod",
            "name_prefix": "",
            "owner_id": "931366402038",
            "revoke_rules_on_delete": false,
            "tags": null,
            "tags_all": {},
            "timeouts": null,
            "vpc_id": "vpc-0958fbd2b8d22c6a8"
          },
          "sensitive_attributes": [],
          "private": "eyJlMmJmYjczMC1lY2FhLTExZTYtOGY4OC0zNDM2M2JjN2M0YzAiOnsiY3JlYXRlIjo2MDAwMDAwMDAwMDAsImRlbGV0ZSI6OTAwMDAwMDAwMDAwfSwic2NoZW1hX3ZlcnNpb24iOiIxIn0=",
          "dependencies": [
            "aws_security_group.pod_alb_sg",
            "module.vpc_pod.aws_vpc.this"
          ]
        }
      ]
    },
    {
      "mode": "managed",
      "type": "aws_security_group",
      "name": "db_sg_pod",
      "provider": "provider[\"registry.terraform.io/hashicorp/aws\"]",
      "instances": [
        {
          "schema_version": 1,
          "attributes": {
            "arn": "arn:aws:ec2:ap-northeast-1:931366402038:security-group/sg-0d1db9f6bc45d3136",
            "description": "database pod sg mse-poc",
            "egress": [
              {
                "cidr_blocks": [
                  "0.0.0.0/0"
                ],
                "description": "allowing traffic from web tier to RDS instance",
                "from_port": 0,
                "ipv6_cidr_blocks": [],
                "prefix_list_ids": [],
                "protocol": "tcp",
                "security_groups": [],
                "self": false,
                "to_port": 0
              }
            ],
            "id": "sg-0d1db9f6bc45d3136",
            "ingress": [
              {
                "cidr_blocks": [
                  "10.1.128.132/32"
                ],
                "description": "allowing traffic from private jumpbox",
                "from_port": 1443,
                "ipv6_cidr_blocks": [],
                "prefix_list_ids": [],
                "protocol": "tcp",
                "security_groups": [],
                "self": false,
                "to_port": 1443
              },
              {
                "cidr_blocks": [
                  "10.1.129.90/32"
                ],
                "description": "allowing traffic from Jumpbox to RDS instance",
                "from_port": 1443,
                "ipv6_cidr_blocks": [],
                "prefix_list_ids": [],
                "protocol": "tcp",
                "security_groups": [],
                "self": false,
                "to_port": 1443
              },
              {
                "cidr_blocks": [],
                "description": "allowing traffic from private jumpbox",
                "from_port": 1443,
                "ipv6_cidr_blocks": [],
                "prefix_list_ids": [],
                "protocol": "tcp",
                "security_groups": [
                  "sg-07c9724729281871c"
                ],
                "self": false,
                "to_port": 1443
              },
              {
                "cidr_blocks": [],
                "description": "allowing traffic from private jumpbox",
                "from_port": 1443,
                "ipv6_cidr_blocks": [],
                "prefix_list_ids": [],
                "protocol": "tcp",
                "security_groups": [
                  "sg-0e812bd513d10c60e"
                ],
                "self": false,
                "to_port": 1443
              }
            ],
            "name": "db_sg_pod",
            "name_prefix": "",
            "owner_id": "931366402038",
            "revoke_rules_on_delete": false,
            "tags": null,
            "tags_all": {},
            "timeouts": null,
            "vpc_id": "vpc-0958fbd2b8d22c6a8"
          },
          "sensitive_attributes": [],
          "private": "eyJlMmJmYjczMC1lY2FhLTExZTYtOGY4OC0zNDM2M2JjN2M0YzAiOnsiY3JlYXRlIjo2MDAwMDAwMDAwMDAsImRlbGV0ZSI6OTAwMDAwMDAwMDAwfSwic2NoZW1hX3ZlcnNpb24iOiIxIn0=",
          "dependencies": [
            "aws_security_group.app_sg_pod",
            "aws_security_group.pod_alb_sg",
            "aws_security_group.web_sg_pod",
            "module.vpc_pod.aws_vpc.this"
          ]
        }
      ]
    },
    {
      "mode": "managed",
      "type": "aws_security_group",
      "name": "ec2_rds",
      "provider": "provider[\"registry.terraform.io/hashicorp/aws\"]",
      "instances": [
        {
          "schema_version": 1,
          "attributes": {
            "arn": "arn:aws:ec2:ap-northeast-1:931366402038:security-group/sg-01e233862fa8808ae",
            "description": "Security group attached to instances to securely connect to mse-poc. Modification could lead to connection loss.",
            "egress": [
              {
                "cidr_blocks": [
                  "10.1.160.128/26",
                  "10.1.160.192/26"
                ],
                "description": "Rule to allow connections to mse-poc from any instances this security group is attached to",
                "from_port": 1433,
                "ipv6_cidr_blocks": [],
                "prefix_list_ids": [],
                "protocol": "tcp",
                "security_groups": [],
                "self": false,
                "to_port": 1433
              }
            ],
            "id": "sg-01e233862fa8808ae",
            "ingress": [],
            "name": "ec2_rds",
            "name_prefix": "",
            "owner_id": "931366402038",
            "revoke_rules_on_delete": false,
            "tags": null,
            "tags_all": {},
            "timeouts": null,
            "vpc_id": "vpc-0958fbd2b8d22c6a8"
          },
          "sensitive_attributes": [],
          "private": "eyJlMmJmYjczMC1lY2FhLTExZTYtOGY4OC0zNDM2M2JjN2M0YzAiOnsiY3JlYXRlIjo2MDAwMDAwMDAwMDAsImRlbGV0ZSI6OTAwMDAwMDAwMDAwfSwic2NoZW1hX3ZlcnNpb24iOiIxIn0=",
          "dependencies": [
            "module.vpc_pod.aws_vpc.this"
          ]
        }
      ]
    },
    {
      "mode": "managed",
      "type": "aws_security_group",
      "name": "hub_alb_sg",
      "provider": "provider[\"registry.terraform.io/hashicorp/aws\"]",
      "instances": [
        {
          "schema_version": 1,
          "attributes": {
            "arn": "arn:aws:ec2:ap-northeast-1:931366402038:security-group/sg-0497be641a1af1f3f",
            "description": "security group for hub application load balancer",
            "egress": [
              {
                "cidr_blocks": [
                  "0.0.0.0/0"
                ],
                "description": "allowing http traffic from the internet",
                "from_port": 0,
                "ipv6_cidr_blocks": [],
                "prefix_list_ids": [],
                "protocol": "tcp",
                "security_groups": [],
                "self": false,
                "to_port": 0
              }
            ],
            "id": "sg-0497be641a1af1f3f",
            "ingress": [
              {
                "cidr_blocks": [
                  "0.0.0.0/0"
                ],
                "description": "allowing http traffic from the internet",
                "from_port": 80,
                "ipv6_cidr_blocks": [],
                "prefix_list_ids": [],
                "protocol": "tcp",
                "security_groups": [],
                "self": false,
                "to_port": 80
              },
              {
                "cidr_blocks": [
                  "0.0.0.0/0"
                ],
                "description": "allowing https traffic from the internet",
                "from_port": 443,
                "ipv6_cidr_blocks": [],
                "prefix_list_ids": [],
                "protocol": "tcp",
                "security_groups": [],
                "self": false,
                "to_port": 443
              }
            ],
            "name": "hub_alb_sg",
            "name_prefix": "",
            "owner_id": "931366402038",
            "revoke_rules_on_delete": false,
            "tags": null,
            "tags_all": {},
            "timeouts": null,
            "vpc_id": "vpc-006fb29d2106dabe5"
          },
          "sensitive_attributes": [],
          "private": "eyJlMmJmYjczMC1lY2FhLTExZTYtOGY4OC0zNDM2M2JjN2M0YzAiOnsiY3JlYXRlIjo2MDAwMDAwMDAwMDAsImRlbGV0ZSI6OTAwMDAwMDAwMDAwfSwic2NoZW1hX3ZlcnNpb24iOiIxIn0=",
          "dependencies": [
            "module.vpc.aws_vpc.this"
          ]
        }
      ]
    },
    {
      "mode": "managed",
      "type": "aws_security_group",
      "name": "pod_alb_sg",
      "provider": "provider[\"registry.terraform.io/hashicorp/aws\"]",
      "instances": [
        {
          "schema_version": 1,
          "attributes": {
            "arn": "arn:aws:ec2:ap-northeast-1:931366402038:security-group/sg-055946fbcb219af74",
            "description": "security group for pod application load balancer",
            "egress": [
              {
                "cidr_blocks": [
                  "0.0.0.0/0"
                ],
                "description": "",
                "from_port": 0,
                "ipv6_cidr_blocks": [],
                "prefix_list_ids": [],
                "protocol": "tcp",
                "security_groups": [],
                "self": false,
                "to_port": 0
              }
            ],
            "id": "sg-055946fbcb219af74",
            "ingress": [
              {
                "cidr_blocks": [
                  "10.1.128.0/20"
                ],
                "description": "HTTPS access from the HUB VPC",
                "from_port": 443,
                "ipv6_cidr_blocks": [],
                "prefix_list_ids": [],
                "protocol": "tcp",
                "security_groups": [],
                "self": false,
                "to_port": 443
              },
              {
                "cidr_blocks": [
                  "10.1.160.0/21"
                ],
                "description": "HTTPS access from the POD VPC",
                "from_port": 443,
                "ipv6_cidr_blocks": [],
                "prefix_list_ids": [],
                "protocol": "tcp",
                "security_groups": [],
                "self": false,
                "to_port": 443
              }
            ],
            "name": "pod_alb_sg",
            "name_prefix": "",
            "owner_id": "931366402038",
            "revoke_rules_on_delete": false,
            "tags": null,
            "tags_all": {},
            "timeouts": null,
            "vpc_id": "vpc-0958fbd2b8d22c6a8"
          },
          "sensitive_attributes": [],
          "private": "eyJlMmJmYjczMC1lY2FhLTExZTYtOGY4OC0zNDM2M2JjN2M0YzAiOnsiY3JlYXRlIjo2MDAwMDAwMDAwMDAsImRlbGV0ZSI6OTAwMDAwMDAwMDAwfSwic2NoZW1hX3ZlcnNpb24iOiIxIn0=",
          "dependencies": [
            "module.vpc_pod.aws_vpc.this"
          ]
        }
      ]
    },
    {
      "mode": "managed",
      "type": "aws_security_group",
      "name": "pod_ssmep_sg",
      "provider": "provider[\"registry.terraform.io/hashicorp/aws\"]",
      "instances": [
        {
          "schema_version": 1,
          "attributes": {
            "arn": "arn:aws:ec2:ap-northeast-1:931366402038:security-group/sg-0ee46ef1a389eb404",
            "description": "security group for ssm endpoints in POD VPC for MSE PoC",
            "egress": [
              {
                "cidr_blocks": [
                  "0.0.0.0/0"
                ],
                "description": "",
                "from_port": 0,
                "ipv6_cidr_blocks": [],
                "prefix_list_ids": [],
                "protocol": "tcp",
                "security_groups": [],
                "self": false,
                "to_port": 0
              }
            ],
            "id": "sg-0ee46ef1a389eb404",
            "ingress": [
              {
                "cidr_blocks": [
                  "10.1.160.0/21"
                ],
                "description": "HTTPS access to SSM from POD VPC VMs",
                "from_port": 443,
                "ipv6_cidr_blocks": [],
                "prefix_list_ids": [],
                "protocol": "tcp",
                "security_groups": [],
                "self": false,
                "to_port": 443
              }
            ],
            "name": "pod_ssmep_sg",
            "name_prefix": "",
            "owner_id": "931366402038",
            "revoke_rules_on_delete": false,
            "tags": null,
            "tags_all": {},
            "timeouts": null,
            "vpc_id": "vpc-0958fbd2b8d22c6a8"
          },
          "sensitive_attributes": [],
          "private": "eyJlMmJmYjczMC1lY2FhLTExZTYtOGY4OC0zNDM2M2JjN2M0YzAiOnsiY3JlYXRlIjo2MDAwMDAwMDAwMDAsImRlbGV0ZSI6OTAwMDAwMDAwMDAwfSwic2NoZW1hX3ZlcnNpb24iOiIxIn0=",
          "dependencies": [
            "module.vpc_pod.aws_vpc.this"
          ]
        }
      ]
    },
    {
      "mode": "managed",
      "type": "aws_security_group",
      "name": "rds_ec2",
      "provider": "provider[\"registry.terraform.io/hashicorp/aws\"]",
      "instances": [
        {
          "schema_version": 1,
          "attributes": {
            "arn": "arn:aws:ec2:ap-northeast-1:931366402038:security-group/sg-0ade0d2e2c47ed965",
            "description": "Security group attached to mse-poc to allow EC2 instances with specific security groups attached to connect to the database. Modification could lead to connection loss.",
            "egress": [],
            "id": "sg-0ade0d2e2c47ed965",
            "ingress": [
              {
                "cidr_blocks": [],
                "description": "Rule to allow connections from EC2 instances with sg-017c700ba8ece6e90 attached",
                "from_port": 1433,
                "ipv6_cidr_blocks": [],
                "prefix_list_ids": [],
                "protocol": "tcp",
                "security_groups": [
                  "sg-01e233862fa8808ae"
                ],
                "self": false,
                "to_port": 1433
              }
            ],
            "name": "rds_ec2",
            "name_prefix": "",
            "owner_id": "931366402038",
            "revoke_rules_on_delete": false,
            "tags": null,
            "tags_all": {},
            "timeouts": null,
            "vpc_id": "vpc-0958fbd2b8d22c6a8"
          },
          "sensitive_attributes": [],
          "private": "eyJlMmJmYjczMC1lY2FhLTExZTYtOGY4OC0zNDM2M2JjN2M0YzAiOnsiY3JlYXRlIjo2MDAwMDAwMDAwMDAsImRlbGV0ZSI6OTAwMDAwMDAwMDAwfSwic2NoZW1hX3ZlcnNpb24iOiIxIn0=",
          "dependencies": [
            "aws_security_group.ec2_rds",
            "module.vpc_pod.aws_vpc.this"
          ]
        }
      ]
    },
    {
      "mode": "managed",
      "type": "aws_security_group",
      "name": "web_sg_pod",
      "provider": "provider[\"registry.terraform.io/hashicorp/aws\"]",
      "instances": [
        {
          "schema_version": 1,
          "attributes": {
            "arn": "arn:aws:ec2:ap-northeast-1:931366402038:security-group/sg-07c9724729281871c",
            "description": "web pod sg mse-pocc",
            "egress": [
              {
                "cidr_blocks": [
                  "0.0.0.0/0"
                ],
                "description": "",
                "from_port": 0,
                "ipv6_cidr_blocks": [],
                "prefix_list_ids": [],
                "protocol": "tcp",
                "security_groups": [],
                "self": false,
                "to_port": 0
              }
            ],
            "id": "sg-07c9724729281871c",
            "ingress": [
              {
                "cidr_blocks": [
                  "10.1.160.128/26",
                  "10.1.160.192/26"
                ],
                "description": "allow https from web tier sg",
                "from_port": 443,
                "ipv6_cidr_blocks": [],
                "prefix_list_ids": [],
                "protocol": "tcp",
                "security_groups": [],
                "self": false,
                "to_port": 443
              },
              {
                "cidr_blocks": [],
                "description": "allow https from app tier sg",
                "from_port": 443,
                "ipv6_cidr_blocks": [],
                "prefix_list_ids": [],
                "protocol": "tcp",
                "security_groups": [
                  "sg-0e812bd513d10c60e"
                ],
                "self": false,
                "to_port": 443
              },
              {
                "cidr_blocks": [],
                "description": "allow https from pod alb sg",
                "from_port": 443,
                "ipv6_cidr_blocks": [],
                "prefix_list_ids": [],
                "protocol": "tcp",
                "security_groups": [
                  "sg-055946fbcb219af74"
                ],
                "self": false,
                "to_port": 443
              }
            ],
            "name": "web_sg_pod",
            "name_prefix": "",
            "owner_id": "931366402038",
            "revoke_rules_on_delete": false,
            "tags": null,
            "tags_all": {},
            "timeouts": null,
            "vpc_id": "vpc-0958fbd2b8d22c6a8"
          },
          "sensitive_attributes": [],
          "private": "eyJlMmJmYjczMC1lY2FhLTExZTYtOGY4OC0zNDM2M2JjN2M0YzAiOnsiY3JlYXRlIjo2MDAwMDAwMDAwMDAsImRlbGV0ZSI6OTAwMDAwMDAwMDAwfSwic2NoZW1hX3ZlcnNpb24iOiIxIn0=",
          "dependencies": [
            "aws_security_group.app_sg_pod",
            "aws_security_group.pod_alb_sg",
            "module.vpc_pod.aws_vpc.this"
          ]
        }
      ]
    },
    {
      "module": "module.bgp_vpn",
      "mode": "managed",
      "type": "aws_customer_gateway",
      "name": "cgw",
      "provider": "provider[\"registry.terraform.io/hashicorp/aws\"]",
      "instances": [
        {
          "schema_version": 0,
          "attributes": {
            "arn": "arn:aws:ec2:ap-northeast-1:931366402038:customer-gateway/cgw-0ec0eada2afd07ada",
            "bgp_asn": "64802",
            "certificate_arn": "",
            "device_name": "",
            "id": "cgw-0ec0eada2afd07ada",
            "ip_address": "20.7.6.158",
            "tags": {
              "Name": "telemsetest-bgp-vpn-cgw-poc"
            },
            "tags_all": {
              "Name": "telemsetest-bgp-vpn-cgw-poc"
            },
            "type": "ipsec.1"
          },
          "sensitive_attributes": [],
          "private": "bnVsbA=="
        }
      ]
    },
    {
      "module": "module.bgp_vpn",
      "mode": "managed",
      "type": "aws_ec2_transit_gateway_route",
      "name": "default_vpn_att_route",
      "provider": "provider[\"registry.terraform.io/hashicorp/aws\"]",
      "instances": [
        {
          "schema_version": 0,
          "attributes": {
            "blackhole": false,
            "destination_cidr_block": "0.0.0.0/0",
            "id": "tgw-rtb-0a4a993bc06b27a4e_0.0.0.0/0",
            "transit_gateway_attachment_id": "tgw-attach-05ea916be92d49fc6",
            "transit_gateway_route_table_id": "tgw-rtb-0a4a993bc06b27a4e"
          },
          "sensitive_attributes": [],
          "private": "bnVsbA==",
          "dependencies": [
            "module.bgp_vpn.aws_ec2_transit_gateway_route_table.vpn_att_rt",
            "module.tgw.aws_ec2_transit_gateway.this",
            "module.tgw.aws_ec2_transit_gateway_vpc_attachment.this",
            "module.vpc.aws_subnet.private",
            "module.vpc.aws_vpc.this",
            "module.vpc.aws_vpc_ipv4_cidr_block_association.this",
            "module.vpc_pod.aws_subnet.private",
            "module.vpc_pod.aws_vpc.this",
            "module.vpc_pod.aws_vpc_ipv4_cidr_block_association.this"
          ]
        }
      ]
    },
    {
      "module": "module.bgp_vpn",
      "mode": "managed",
      "type": "aws_ec2_transit_gateway_route_table",
      "name": "vpn_att_rt",
      "provider": "provider[\"registry.terraform.io/hashicorp/aws\"]",
      "instances": [
        {
          "schema_version": 0,
          "attributes": {
            "arn": "arn:aws:ec2:ap-northeast-1:931366402038:transit-gateway-route-table/tgw-rtb-0a4a993bc06b27a4e",
            "default_association_route_table": false,
            "default_propagation_route_table": false,
            "id": "tgw-rtb-0a4a993bc06b27a4e",
            "tags": {
              "Name": "telemsetest-bgp-vpn-poc_tgw_rt"
            },
            "tags_all": {
              "Name": "telemsetest-bgp-vpn-poc_tgw_rt"
            },
            "transit_gateway_id": "tgw-08d6cbe193856b390"
          },
          "sensitive_attributes": [],
          "private": "bnVsbA==",
          "dependencies": [
            "module.tgw.aws_ec2_transit_gateway.this",
            "module.tgw.aws_ec2_transit_gateway_vpc_attachment.this",
            "module.vpc.aws_subnet.private",
            "module.vpc.aws_vpc.this",
            "module.vpc.aws_vpc_ipv4_cidr_block_association.this",
            "module.vpc_pod.aws_subnet.private",
            "module.vpc_pod.aws_vpc.this",
            "module.vpc_pod.aws_vpc_ipv4_cidr_block_association.this"
          ]
        }
      ]
    },
    {
      "module": "module.bgp_vpn",
      "mode": "managed",
      "type": "aws_vpn_connection",
      "name": "vpn_connection",
      "provider": "provider[\"registry.terraform.io/hashicorp/aws\"]",
      "instances": [
        {
          "schema_version": 0,
          "attributes": {
            "arn": "arn:aws:ec2:ap-northeast-1:931366402038:vpn-connection/vpn-04821c1dcaa1bbbeb",
            "core_network_arn": "",
            "core_network_attachment_arn": "",
            "customer_gateway_configuration": "\u003c?xml version=\"1.0\" encoding=\"UTF-8\"?\u003e\n\u003cvpn_connection id=\"vpn-04821c1dcaa1bbbeb\"\u003e\n  \u003ccustomer_gateway_id\u003ecgw-0ec0eada2afd07ada\u003c/customer_gateway_id\u003e\n  \u003cvpn_gateway_id\u003e\u003c/vpn_gateway_id\u003e\n  \u003cvpn_connection_type\u003eipsec.1\u003c/vpn_connection_type\u003e\n  \u003cipsec_tunnel\u003e\n    \u003ccustomer_gateway\u003e\n      \u003ctunnel_outside_address\u003e\n        \u003cip_address\u003e20.7.6.158\u003c/ip_address\u003e\n      \u003c/tunnel_outside_address\u003e\n      \u003ctunnel_inside_address\u003e\n        \u003cip_address\u003e169.254.252.2\u003c/ip_address\u003e\n        \u003cnetwork_mask\u003e255.255.255.252\u003c/network_mask\u003e\n        \u003cnetwork_cidr\u003e30\u003c/network_cidr\u003e\n      \u003c/tunnel_inside_address\u003e\n      \u003cbgp\u003e\n        \u003casn\u003e64802\u003c/asn\u003e\n        \u003chold_time\u003e30\u003c/hold_time\u003e\n      \u003c/bgp\u003e\n    \u003c/customer_gateway\u003e\n    \u003cvpn_gateway\u003e\n      \u003ctunnel_outside_address\u003e\n        \u003cip_address\u003e13.113.59.63\u003c/ip_address\u003e\n      \u003c/tunnel_outside_address\u003e\n      \u003ctunnel_inside_address\u003e\n        \u003cip_address\u003e169.254.252.1\u003c/ip_address\u003e\n        \u003cnetwork_mask\u003e255.255.255.252\u003c/network_mask\u003e\n        \u003cnetwork_cidr\u003e30\u003c/network_cidr\u003e\n      \u003c/tunnel_inside_address\u003e\n      \u003cbgp\u003e\n        \u003casn\u003e64512\u003c/asn\u003e\n        \u003chold_time\u003e30\u003c/hold_time\u003e\n      \u003c/bgp\u003e\n    \u003c/vpn_gateway\u003e\n    \u003cike\u003e\n      \u003cauthentication_protocol\u003esha1\u003c/authentication_protocol\u003e\n      \u003cencryption_protocol\u003eaes-128-cbc\u003c/encryption_protocol\u003e\n      \u003clifetime\u003e28800\u003c/lifetime\u003e\n      \u003cperfect_forward_secrecy\u003egroup2\u003c/perfect_forward_secrecy\u003e\n      \u003cmode\u003emain\u003c/mode\u003e\n      \u003cpre_shared_key\u003emnBTnk.GlPAjikkxuACuI.9ZqqQIxuWB\u003c/pre_shared_key\u003e\n    \u003c/ike\u003e\n    \u003cipsec\u003e\n      \u003cprotocol\u003eesp\u003c/protocol\u003e\n      \u003cauthentication_protocol\u003ehmac-sha1-96\u003c/authentication_protocol\u003e\n      \u003cencryption_protocol\u003eaes-128-cbc\u003c/encryption_protocol\u003e\n      \u003clifetime\u003e3600\u003c/lifetime\u003e\n      \u003cperfect_forward_secrecy\u003egroup2\u003c/perfect_forward_secrecy\u003e\n      \u003cmode\u003etunnel\u003c/mode\u003e\n      \u003cclear_df_bit\u003etrue\u003c/clear_df_bit\u003e\n      \u003cfragmentation_before_encryption\u003etrue\u003c/fragmentation_before_encryption\u003e\n      \u003ctcp_mss_adjustment\u003e1379\u003c/tcp_mss_adjustment\u003e\n      \u003cdead_peer_detection\u003e\n        \u003cinterval\u003e10\u003c/interval\u003e\n        \u003cretries\u003e3\u003c/retries\u003e\n      \u003c/dead_peer_detection\u003e\n    \u003c/ipsec\u003e\n  \u003c/ipsec_tunnel\u003e\n  \u003cipsec_tunnel\u003e\n    \u003ccustomer_gateway\u003e\n      \u003ctunnel_outside_address\u003e\n        \u003cip_address\u003e20.7.6.158\u003c/ip_address\u003e\n      \u003c/tunnel_outside_address\u003e\n      \u003ctunnel_inside_address\u003e\n        \u003cip_address\u003e169.254.252.6\u003c/ip_address\u003e\n        \u003cnetwork_mask\u003e255.255.255.252\u003c/network_mask\u003e\n        \u003cnetwork_cidr\u003e30\u003c/network_cidr\u003e\n      \u003c/tunnel_inside_address\u003e\n      \u003cbgp\u003e\n        \u003casn\u003e64802\u003c/asn\u003e\n        \u003chold_time\u003e30\u003c/hold_time\u003e\n      \u003c/bgp\u003e\n    \u003c/customer_gateway\u003e\n    \u003cvpn_gateway\u003e\n      \u003ctunnel_outside_address\u003e\n        \u003cip_address\u003e54.248.180.43\u003c/ip_address\u003e\n      \u003c/tunnel_outside_address\u003e\n      \u003ctunnel_inside_address\u003e\n        \u003cip_address\u003e169.254.252.5\u003c/ip_address\u003e\n        \u003cnetwork_mask\u003e255.255.255.252\u003c/network_mask\u003e\n        \u003cnetwork_cidr\u003e30\u003c/network_cidr\u003e\n      \u003c/tunnel_inside_address\u003e\n      \u003cbgp\u003e\n        \u003casn\u003e64512\u003c/asn\u003e\n        \u003chold_time\u003e30\u003c/hold_time\u003e\n      \u003c/bgp\u003e\n    \u003c/vpn_gateway\u003e\n    \u003cike\u003e\n      \u003cauthentication_protocol\u003esha1\u003c/authentication_protocol\u003e\n      \u003cencryption_protocol\u003eaes-128-cbc\u003c/encryption_protocol\u003e\n      \u003clifetime\u003e28800\u003c/lifetime\u003e\n      \u003cperfect_forward_secrecy\u003egroup2\u003c/perfect_forward_secrecy\u003e\n      \u003cmode\u003emain\u003c/mode\u003e\n      \u003cpre_shared_key\u003emnBTnk.GlPAjikkxuACuI.9ZqqQIxuWB\u003c/pre_shared_key\u003e\n    \u003c/ike\u003e\n    \u003cipsec\u003e\n      \u003cprotocol\u003eesp\u003c/protocol\u003e\n      \u003cauthentication_protocol\u003ehmac-sha1-96\u003c/authentication_protocol\u003e\n      \u003cencryption_protocol\u003eaes-128-cbc\u003c/encryption_protocol\u003e\n      \u003clifetime\u003e3600\u003c/lifetime\u003e\n      \u003cperfect_forward_secrecy\u003egroup2\u003c/perfect_forward_secrecy\u003e\n      \u003cmode\u003etunnel\u003c/mode\u003e\n      \u003cclear_df_bit\u003etrue\u003c/clear_df_bit\u003e\n      \u003cfragmentation_before_encryption\u003etrue\u003c/fragmentation_before_encryption\u003e\n      \u003ctcp_mss_adjustment\u003e1379\u003c/tcp_mss_adjustment\u003e\n      \u003cdead_peer_detection\u003e\n        \u003cinterval\u003e10\u003c/interval\u003e\n        \u003cretries\u003e3\u003c/retries\u003e\n      \u003c/dead_peer_detection\u003e\n    \u003c/ipsec\u003e\n  \u003c/ipsec_tunnel\u003e\n\u003c/vpn_connection\u003e",
            "customer_gateway_id": "cgw-0ec0eada2afd07ada",
            "enable_acceleration": false,
            "id": "vpn-04821c1dcaa1bbbeb",
            "local_ipv4_network_cidr": "0.0.0.0/0",
            "local_ipv6_network_cidr": "",
            "outside_ip_address_type": "PublicIpv4",
            "remote_ipv4_network_cidr": "0.0.0.0/0",
            "remote_ipv6_network_cidr": "",
            "routes": [],
            "static_routes_only": false,
            "tags": {
              "Name": "telemsetest-bgp-vpn-poc"
            },
            "tags_all": {
              "Name": "telemsetest-bgp-vpn-poc"
            },
            "transit_gateway_attachment_id": "tgw-attach-09ad23d17ac7fa760",
            "transit_gateway_id": "tgw-08d6cbe193856b390",
            "transport_transit_gateway_attachment_id": "",
            "tunnel1_address": "13.113.59.63",
            "tunnel1_bgp_asn": "64512",
            "tunnel1_bgp_holdtime": 30,
            "tunnel1_cgw_inside_address": "169.254.252.2",
            "tunnel1_dpd_timeout_action": "",
            "tunnel1_dpd_timeout_seconds": 0,
            "tunnel1_enable_tunnel_lifecycle_control": false,
            "tunnel1_ike_versions": null,
            "tunnel1_inside_cidr": "169.254.252.0/30",
            "tunnel1_inside_ipv6_cidr": "",
            "tunnel1_log_options": [
              {
                "cloudwatch_log_options": [
                  {
                    "log_enabled": false,
                    "log_group_arn": "",
                    "log_output_format": ""
                  }
                ]
              }
            ],
            "tunnel1_phase1_dh_group_numbers": null,
            "tunnel1_phase1_encryption_algorithms": null,
            "tunnel1_phase1_integrity_algorithms": null,
            "tunnel1_phase1_lifetime_seconds": 0,
            "tunnel1_phase2_dh_group_numbers": null,
            "tunnel1_phase2_encryption_algorithms": null,
            "tunnel1_phase2_integrity_algorithms": null,
            "tunnel1_phase2_lifetime_seconds": 0,
            "tunnel1_preshared_key": "mnBTnk.GlPAjikkxuACuI.9ZqqQIxuWB",
            "tunnel1_rekey_fuzz_percentage": 0,
            "tunnel1_rekey_margin_time_seconds": 0,
            "tunnel1_replay_window_size": 0,
            "tunnel1_startup_action": "",
            "tunnel1_vgw_inside_address": "169.254.252.1",
            "tunnel2_address": "54.248.180.43",
            "tunnel2_bgp_asn": "64512",
            "tunnel2_bgp_holdtime": 30,
            "tunnel2_cgw_inside_address": "169.254.252.6",
            "tunnel2_dpd_timeout_action": "",
            "tunnel2_dpd_timeout_seconds": 0,
            "tunnel2_enable_tunnel_lifecycle_control": false,
            "tunnel2_ike_versions": null,
            "tunnel2_inside_cidr": "169.254.252.4/30",
            "tunnel2_inside_ipv6_cidr": "",
            "tunnel2_log_options": [
              {
                "cloudwatch_log_options": [
                  {
                    "log_enabled": false,
                    "log_group_arn": "",
                    "log_output_format": ""
                  }
                ]
              }
            ],
            "tunnel2_phase1_dh_group_numbers": null,
            "tunnel2_phase1_encryption_algorithms": null,
            "tunnel2_phase1_integrity_algorithms": null,
            "tunnel2_phase1_lifetime_seconds": 0,
            "tunnel2_phase2_dh_group_numbers": null,
            "tunnel2_phase2_encryption_algorithms": null,
            "tunnel2_phase2_integrity_algorithms": null,
            "tunnel2_phase2_lifetime_seconds": 0,
            "tunnel2_preshared_key": "mnBTnk.GlPAjikkxuACuI.9ZqqQIxuWB",
            "tunnel2_rekey_fuzz_percentage": 0,
            "tunnel2_rekey_margin_time_seconds": 0,
            "tunnel2_replay_window_size": 0,
            "tunnel2_startup_action": "",
            "tunnel2_vgw_inside_address": "169.254.252.5",
            "tunnel_inside_ip_version": "ipv4",
            "type": "ipsec.1",
            "vgw_telemetry": [
              {
                "accepted_route_count": 0,
                "certificate_arn": "",
                "last_status_change": "2023-05-17T16:36:16Z",
                "outside_ip_address": "13.113.59.63",
                "status": "DOWN",
                "status_message": "IPSEC IS DOWN"
              },
              {
                "accepted_route_count": 0,
                "certificate_arn": "",
                "last_status_change": "2023-05-17T16:36:16Z",
                "outside_ip_address": "54.248.180.43",
                "status": "DOWN",
                "status_message": ""
              }
            ],
            "vpn_gateway_id": ""
          },
          "sensitive_attributes": [],
          "private": "bnVsbA==",
          "dependencies": [
            "module.bgp_vpn.aws_customer_gateway.cgw",
            "module.tgw.aws_ec2_transit_gateway.this",
            "module.tgw.aws_ec2_transit_gateway_vpc_attachment.this",
            "module.vpc.aws_subnet.private",
            "module.vpc.aws_vpc.this",
            "module.vpc.aws_vpc_ipv4_cidr_block_association.this",
            "module.vpc_pod.aws_subnet.private",
            "module.vpc_pod.aws_vpc.this",
            "module.vpc_pod.aws_vpc_ipv4_cidr_block_association.this"
          ]
        }
      ]
    },
    {
      "module": "module.endpoints",
      "mode": "data",
      "type": "aws_vpc_endpoint_service",
      "name": "this",
      "provider": "provider[\"registry.terraform.io/hashicorp/aws\"]",
      "instances": [
        {
          "index_key": "ec2",
          "schema_version": 0,
          "attributes": {
            "acceptance_required": false,
            "arn": "arn:aws:ec2:ap-northeast-1:931366402038:vpc-endpoint-service/vpce-svc-0ee6723c76642b3d8",
            "availability_zones": [
              "ap-northeast-1a",
              "ap-northeast-1c",
              "ap-northeast-1d"
            ],
            "base_endpoint_dns_names": [
              "ec2.ap-northeast-1.vpce.amazonaws.com"
            ],
            "filter": [
              {
                "name": "service-type",
                "values": [
                  "Interface"
                ]
              }
            ],
            "id": "152230189",
            "manages_vpc_endpoints": false,
            "owner": "amazon",
            "private_dns_name": "ec2.ap-northeast-1.amazonaws.com",
            "service": "ec2",
            "service_id": "vpce-svc-0ee6723c76642b3d8",
            "service_name": "com.amazonaws.ap-northeast-1.ec2",
            "service_type": "Interface",
            "supported_ip_address_types": [
              "ipv4"
            ],
            "tags": {},
            "timeouts": null,
            "vpc_endpoint_policy_supported": true
          },
          "sensitive_attributes": []
        },
        {
          "index_key": "kms",
          "schema_version": 0,
          "attributes": {
            "acceptance_required": false,
            "arn": "arn:aws:ec2:ap-northeast-1:931366402038:vpc-endpoint-service/vpce-svc-0bac25268e3c2647c",
            "availability_zones": [
              "ap-northeast-1a",
              "ap-northeast-1c",
              "ap-northeast-1d"
            ],
            "base_endpoint_dns_names": [
              "kms.ap-northeast-1.vpce.amazonaws.com"
            ],
            "filter": [
              {
                "name": "service-type",
                "values": [
                  "Interface"
                ]
              }
            ],
            "id": "1663784785",
            "manages_vpc_endpoints": false,
            "owner": "amazon",
            "private_dns_name": "kms.ap-northeast-1.amazonaws.com",
            "service": "kms",
            "service_id": "vpce-svc-0bac25268e3c2647c",
            "service_name": "com.amazonaws.ap-northeast-1.kms",
            "service_type": "Interface",
            "supported_ip_address_types": [
              "ipv4"
            ],
            "tags": {},
            "timeouts": null,
            "vpc_endpoint_policy_supported": true
          },
          "sensitive_attributes": []
        },
        {
          "index_key": "logs",
          "schema_version": 0,
          "attributes": {
            "acceptance_required": false,
            "arn": "arn:aws:ec2:ap-northeast-1:931366402038:vpc-endpoint-service/vpce-svc-00f34aa62ad54994a",
            "availability_zones": [
              "ap-northeast-1a",
              "ap-northeast-1c",
              "ap-northeast-1d"
            ],
            "base_endpoint_dns_names": [
              "logs.ap-northeast-1.vpce.amazonaws.com"
            ],
            "filter": [
              {
                "name": "service-type",
                "values": [
                  "Interface"
                ]
              }
            ],
            "id": "318333352",
            "manages_vpc_endpoints": false,
            "owner": "amazon",
            "private_dns_name": "logs.ap-northeast-1.amazonaws.com",
            "service": "logs",
            "service_id": "vpce-svc-00f34aa62ad54994a",
            "service_name": "com.amazonaws.ap-northeast-1.logs",
            "service_type": "Interface",
            "supported_ip_address_types": [
              "ipv4"
            ],
            "tags": {},
            "timeouts": null,
            "vpc_endpoint_policy_supported": true
          },
          "sensitive_attributes": []
        },
        {
          "index_key": "s3",
          "schema_version": 0,
          "attributes": {
            "acceptance_required": false,
            "arn": "arn:aws:ec2:ap-northeast-1:931366402038:vpc-endpoint-service/vpce-svc-093949690e06af6f2",
            "availability_zones": [
              "ap-northeast-1a",
              "ap-northeast-1c",
              "ap-northeast-1d"
            ],
            "base_endpoint_dns_names": [
              "s3.ap-northeast-1.amazonaws.com"
            ],
            "filter": [
              {
                "name": "service-type",
                "values": [
                  "Gateway"
                ]
              }
            ],
            "id": "603155909",
            "manages_vpc_endpoints": false,
            "owner": "amazon",
            "private_dns_name": "",
            "service": "s3",
            "service_id": "vpce-svc-093949690e06af6f2",
            "service_name": "com.amazonaws.ap-northeast-1.s3",
            "service_type": "Gateway",
            "supported_ip_address_types": [
              "ipv4"
            ],
            "tags": {},
            "timeouts": null,
            "vpc_endpoint_policy_supported": true
          },
          "sensitive_attributes": []
        },
        {
          "index_key": "ssm",
          "schema_version": 0,
          "attributes": {
            "acceptance_required": false,
            "arn": "arn:aws:ec2:ap-northeast-1:931366402038:vpc-endpoint-service/vpce-svc-0f70e5d200f09304f",
            "availability_zones": [
              "ap-northeast-1a",
              "ap-northeast-1c",
              "ap-northeast-1d"
            ],
            "base_endpoint_dns_names": [
              "ec2messages.ap-northeast-1.vpce.amazonaws.com"
            ],
            "filter": [
              {
                "name": "service-type",
                "values": [
                  "Interface"
                ]
              }
            ],
            "id": "1004212634",
            "manages_vpc_endpoints": false,
            "owner": "amazon",
            "private_dns_name": "ec2messages.ap-northeast-1.amazonaws.com",
            "service": "ec2messages",
            "service_id": "vpce-svc-0f70e5d200f09304f",
            "service_name": "com.amazonaws.ap-northeast-1.ec2messages",
            "service_type": "Interface",
            "supported_ip_address_types": [
              "ipv4"
            ],
            "tags": {},
            "timeouts": null,
            "vpc_endpoint_policy_supported": true
          },
          "sensitive_attributes": []
        },
        {
          "index_key": "ssmmessages",
          "schema_version": 0,
          "attributes": {
            "acceptance_required": false,
            "arn": "arn:aws:ec2:ap-northeast-1:931366402038:vpc-endpoint-service/vpce-svc-04c427e28f060add5",
            "availability_zones": [
              "ap-northeast-1a",
              "ap-northeast-1c",
              "ap-northeast-1d"
            ],
            "base_endpoint_dns_names": [
              "ssmmessages.ap-northeast-1.vpce.amazonaws.com"
            ],
            "filter": [
              {
                "name": "service-type",
                "values": [
                  "Interface"
                ]
              }
            ],
            "id": "136507297",
            "manages_vpc_endpoints": false,
            "owner": "amazon",
            "private_dns_name": "ssmmessages.ap-northeast-1.amazonaws.com",
            "service": "ssmmessages",
            "service_id": "vpce-svc-04c427e28f060add5",
            "service_name": "com.amazonaws.ap-northeast-1.ssmmessages",
            "service_type": "Interface",
            "supported_ip_address_types": [
              "ipv4"
            ],
            "tags": {},
            "timeouts": null,
            "vpc_endpoint_policy_supported": true
          },
          "sensitive_attributes": []
        }
      ]
    },
    {
      "module": "module.endpoints",
      "mode": "managed",
      "type": "aws_vpc_endpoint",
      "name": "this",
      "provider": "provider[\"registry.terraform.io/hashicorp/aws\"]",
      "instances": [
        {
          "index_key": "ec2",
          "schema_version": 0,
          "attributes": {
            "arn": "arn:aws:ec2:ap-northeast-1:931366402038:vpc-endpoint/vpce-0408dd4e2721fb007",
            "auto_accept": null,
            "cidr_blocks": [],
            "dns_entry": [
              {
                "dns_name": "vpce-0408dd4e2721fb007-ux2pbs6r.ec2.ap-northeast-1.vpce.amazonaws.com",
                "hosted_zone_id": "Z2E726K9Y6RL4W"
              },
              {
                "dns_name": "vpce-0408dd4e2721fb007-ux2pbs6r-ap-northeast-1c.ec2.ap-northeast-1.vpce.amazonaws.com",
                "hosted_zone_id": "Z2E726K9Y6RL4W"
              },
              {
                "dns_name": "vpce-0408dd4e2721fb007-ux2pbs6r-ap-northeast-1a.ec2.ap-northeast-1.vpce.amazonaws.com",
                "hosted_zone_id": "Z2E726K9Y6RL4W"
              }
            ],
            "dns_options": [
              {
                "dns_record_ip_type": "ipv4"
              }
            ],
            "id": "vpce-0408dd4e2721fb007",
            "ip_address_type": "ipv4",
            "network_interface_ids": [
              "eni-0532eff31bbe14862",
              "eni-09077f790cf040e6c"
            ],
            "owner_id": "931366402038",
            "policy": "{\"Statement\":[{\"Action\":\"*\",\"Effect\":\"Allow\",\"Principal\":\"*\",\"Resource\":\"*\"}]}",
            "prefix_list_id": null,
            "private_dns_enabled": false,
            "requester_managed": false,
            "route_table_ids": [],
            "security_group_ids": [
              "sg-0a9d000f7f9990e5f"
            ],
            "service_name": "com.amazonaws.ap-northeast-1.ec2",
            "state": "available",
            "subnet_ids": [
              "subnet-01af637f9e7448b44",
              "subnet-0d7ccdcda2b30bc7e"
            ],
            "tags": {
              "Name": "ssm-interface-ep-ec2-vpc-endpoint"
            },
            "tags_all": {
              "Name": "ssm-interface-ep-ec2-vpc-endpoint"
            },
            "timeouts": {
              "create": "10m",
              "delete": "10m",
              "update": "10m"
            },
            "vpc_endpoint_type": "Interface",
            "vpc_id": "vpc-0958fbd2b8d22c6a8"
          },
          "sensitive_attributes": [],
          "private": "eyJlMmJmYjczMC1lY2FhLTExZTYtOGY4OC0zNDM2M2JjN2M0YzAiOnsiY3JlYXRlIjo2MDAwMDAwMDAwMDAsImRlbGV0ZSI6NjAwMDAwMDAwMDAwLCJ1cGRhdGUiOjYwMDAwMDAwMDAwMH19",
          "dependencies": [
            "aws_route_table.pod_rt_db",
            "aws_route_table.pod_rt_web_app",
            "module.endpoints.data.aws_vpc_endpoint_service.this",
            "module.tgw.aws_ec2_transit_gateway.this",
            "module.vpc_pod.aws_subnet.private",
            "module.vpc_pod.aws_vpc.this",
            "module.vpc_pod.aws_vpc_ipv4_cidr_block_association.this"
          ]
        },
        {
          "index_key": "kms",
          "schema_version": 0,
          "attributes": {
            "arn": "arn:aws:ec2:ap-northeast-1:931366402038:vpc-endpoint/vpce-038fdc7414b6043aa",
            "auto_accept": null,
            "cidr_blocks": [],
            "dns_entry": [
              {
                "dns_name": "vpce-038fdc7414b6043aa-adul7anw.kms.ap-northeast-1.vpce.amazonaws.com",
                "hosted_zone_id": "Z2E726K9Y6RL4W"
              },
              {
                "dns_name": "vpce-038fdc7414b6043aa-adul7anw-ap-northeast-1a.kms.ap-northeast-1.vpce.amazonaws.com",
                "hosted_zone_id": "Z2E726K9Y6RL4W"
              },
              {
                "dns_name": "vpce-038fdc7414b6043aa-adul7anw-ap-northeast-1c.kms.ap-northeast-1.vpce.amazonaws.com",
                "hosted_zone_id": "Z2E726K9Y6RL4W"
              }
            ],
            "dns_options": [
              {
                "dns_record_ip_type": "ipv4"
              }
            ],
            "id": "vpce-038fdc7414b6043aa",
            "ip_address_type": "ipv4",
            "network_interface_ids": [
              "eni-0ac8b73c701d0a64f",
              "eni-0bf792764dfd8ca34"
            ],
            "owner_id": "931366402038",
            "policy": "{\"Statement\":[{\"Action\":\"*\",\"Effect\":\"Allow\",\"Principal\":\"*\",\"Resource\":\"*\"}]}",
            "prefix_list_id": null,
            "private_dns_enabled": false,
            "requester_managed": false,
            "route_table_ids": [],
            "security_group_ids": [
              "sg-0a9d000f7f9990e5f"
            ],
            "service_name": "com.amazonaws.ap-northeast-1.kms",
            "state": "available",
            "subnet_ids": [
              "subnet-01af637f9e7448b44",
              "subnet-0d7ccdcda2b30bc7e"
            ],
            "tags": {
              "Name": "kms-interface-ep-vpc-endpoint"
            },
            "tags_all": {
              "Name": "kms-interface-ep-vpc-endpoint"
            },
            "timeouts": {
              "create": "10m",
              "delete": "10m",
              "update": "10m"
            },
            "vpc_endpoint_type": "Interface",
            "vpc_id": "vpc-0958fbd2b8d22c6a8"
          },
          "sensitive_attributes": [],
          "private": "eyJlMmJmYjczMC1lY2FhLTExZTYtOGY4OC0zNDM2M2JjN2M0YzAiOnsiY3JlYXRlIjo2MDAwMDAwMDAwMDAsImRlbGV0ZSI6NjAwMDAwMDAwMDAwLCJ1cGRhdGUiOjYwMDAwMDAwMDAwMH19",
          "dependencies": [
            "aws_route_table.pod_rt_db",
            "aws_route_table.pod_rt_web_app",
            "module.endpoints.data.aws_vpc_endpoint_service.this",
            "module.tgw.aws_ec2_transit_gateway.this",
            "module.vpc_pod.aws_subnet.private",
            "module.vpc_pod.aws_vpc.this",
            "module.vpc_pod.aws_vpc_ipv4_cidr_block_association.this"
          ]
        },
        {
          "index_key": "logs",
          "schema_version": 0,
          "attributes": {
            "arn": "arn:aws:ec2:ap-northeast-1:931366402038:vpc-endpoint/vpce-019db938e3c1798e7",
            "auto_accept": null,
            "cidr_blocks": [],
            "dns_entry": [
              {
                "dns_name": "vpce-019db938e3c1798e7-40faxi9v.logs.ap-northeast-1.vpce.amazonaws.com",
                "hosted_zone_id": "Z2E726K9Y6RL4W"
              },
              {
                "dns_name": "vpce-019db938e3c1798e7-40faxi9v-ap-northeast-1a.logs.ap-northeast-1.vpce.amazonaws.com",
                "hosted_zone_id": "Z2E726K9Y6RL4W"
              },
              {
                "dns_name": "vpce-019db938e3c1798e7-40faxi9v-ap-northeast-1c.logs.ap-northeast-1.vpce.amazonaws.com",
                "hosted_zone_id": "Z2E726K9Y6RL4W"
              }
            ],
            "dns_options": [
              {
                "dns_record_ip_type": "ipv4"
              }
            ],
            "id": "vpce-019db938e3c1798e7",
            "ip_address_type": "ipv4",
            "network_interface_ids": [
              "eni-088ea603900854e0f",
              "eni-0b380ed5a940d1a06"
            ],
            "owner_id": "931366402038",
            "policy": "{\"Statement\":[{\"Action\":\"*\",\"Effect\":\"Allow\",\"Principal\":\"*\",\"Resource\":\"*\"}]}",
            "prefix_list_id": null,
            "private_dns_enabled": false,
            "requester_managed": false,
            "route_table_ids": [],
            "security_group_ids": [
              "sg-0a9d000f7f9990e5f"
            ],
            "service_name": "com.amazonaws.ap-northeast-1.logs",
            "state": "available",
            "subnet_ids": [
              "subnet-01af637f9e7448b44",
              "subnet-0d7ccdcda2b30bc7e"
            ],
            "tags": {
              "Name": "logs-interface-vpc-endpoint"
            },
            "tags_all": {
              "Name": "logs-interface-vpc-endpoint"
            },
            "timeouts": {
              "create": "10m",
              "delete": "10m",
              "update": "10m"
            },
            "vpc_endpoint_type": "Interface",
            "vpc_id": "vpc-0958fbd2b8d22c6a8"
          },
          "sensitive_attributes": [],
          "private": "eyJlMmJmYjczMC1lY2FhLTExZTYtOGY4OC0zNDM2M2JjN2M0YzAiOnsiY3JlYXRlIjo2MDAwMDAwMDAwMDAsImRlbGV0ZSI6NjAwMDAwMDAwMDAwLCJ1cGRhdGUiOjYwMDAwMDAwMDAwMH19",
          "dependencies": [
            "aws_route_table.pod_rt_db",
            "aws_route_table.pod_rt_web_app",
            "module.endpoints.data.aws_vpc_endpoint_service.this",
            "module.tgw.aws_ec2_transit_gateway.this",
            "module.vpc_pod.aws_subnet.private",
            "module.vpc_pod.aws_vpc.this",
            "module.vpc_pod.aws_vpc_ipv4_cidr_block_association.this"
          ]
        },
        {
          "index_key": "s3",
          "schema_version": 0,
          "attributes": {
            "arn": "arn:aws:ec2:ap-northeast-1:931366402038:vpc-endpoint/vpce-0b0dc2eec2bd2e8e6",
            "auto_accept": null,
            "cidr_blocks": [
              "52.219.195.0/24",
              "3.5.152.0/21",
              "52.219.200.0/23",
              "52.219.150.0/23",
              "52.219.0.0/20",
              "52.219.162.0/23",
              "52.219.152.0/22",
              "52.219.136.0/22",
              "52.219.16.0/22",
              "52.219.196.0/22",
              "52.219.68.0/22",
              "52.219.172.0/22"
            ],
            "dns_entry": [],
            "dns_options": [],
            "id": "vpce-0b0dc2eec2bd2e8e6",
            "ip_address_type": "",
            "network_interface_ids": [],
            "owner_id": "931366402038",
            "policy": "{\"Statement\":[{\"Action\":\"*\",\"Effect\":\"Allow\",\"Principal\":\"*\",\"Resource\":\"*\"}],\"Version\":\"2008-10-17\"}",
            "prefix_list_id": "pl-61a54008",
            "private_dns_enabled": false,
            "requester_managed": false,
            "route_table_ids": [
              "rtb-06adacb1a3748360c",
              "rtb-0842e081452780269"
            ],
            "security_group_ids": [],
            "service_name": "com.amazonaws.ap-northeast-1.s3",
            "state": "available",
            "subnet_ids": [],
            "tags": {
              "Name": "s3-vpc-endpoint"
            },
            "tags_all": {
              "Name": "s3-vpc-endpoint"
            },
            "timeouts": {
              "create": "10m",
              "delete": "10m",
              "update": "10m"
            },
            "vpc_endpoint_type": "Gateway",
            "vpc_id": "vpc-0958fbd2b8d22c6a8"
          },
          "sensitive_attributes": [],
          "private": "eyJlMmJmYjczMC1lY2FhLTExZTYtOGY4OC0zNDM2M2JjN2M0YzAiOnsiY3JlYXRlIjo2MDAwMDAwMDAwMDAsImRlbGV0ZSI6NjAwMDAwMDAwMDAwLCJ1cGRhdGUiOjYwMDAwMDAwMDAwMH19",
          "dependencies": [
            "aws_route_table.pod_rt_db",
            "aws_route_table.pod_rt_web_app",
            "module.endpoints.data.aws_vpc_endpoint_service.this",
            "module.tgw.aws_ec2_transit_gateway.this",
            "module.vpc_pod.aws_subnet.private",
            "module.vpc_pod.aws_vpc.this",
            "module.vpc_pod.aws_vpc_ipv4_cidr_block_association.this"
          ]
        },
        {
          "index_key": "ssm",
          "schema_version": 0,
          "attributes": {
            "arn": "arn:aws:ec2:ap-northeast-1:931366402038:vpc-endpoint/vpce-09419812d79ae95ca",
            "auto_accept": null,
            "cidr_blocks": [],
            "dns_entry": [
              {
                "dns_name": "vpce-09419812d79ae95ca-1z44bysc.ec2messages.ap-northeast-1.vpce.amazonaws.com",
                "hosted_zone_id": "Z2E726K9Y6RL4W"
              },
              {
                "dns_name": "vpce-09419812d79ae95ca-1z44bysc-ap-northeast-1a.ec2messages.ap-northeast-1.vpce.amazonaws.com",
                "hosted_zone_id": "Z2E726K9Y6RL4W"
              },
              {
                "dns_name": "vpce-09419812d79ae95ca-1z44bysc-ap-northeast-1c.ec2messages.ap-northeast-1.vpce.amazonaws.com",
                "hosted_zone_id": "Z2E726K9Y6RL4W"
              }
            ],
            "dns_options": [
              {
                "dns_record_ip_type": "ipv4"
              }
            ],
            "id": "vpce-09419812d79ae95ca",
            "ip_address_type": "ipv4",
            "network_interface_ids": [
              "eni-058da90fe2b76b1f4",
              "eni-0a2c41991706da0f8"
            ],
            "owner_id": "931366402038",
            "policy": "{\"Statement\":[{\"Action\":\"*\",\"Effect\":\"Allow\",\"Principal\":\"*\",\"Resource\":\"*\"}]}",
            "prefix_list_id": null,
            "private_dns_enabled": false,
            "requester_managed": false,
            "route_table_ids": [],
            "security_group_ids": [
              "sg-0a9d000f7f9990e5f"
            ],
            "service_name": "com.amazonaws.ap-northeast-1.ec2messages",
            "state": "available",
            "subnet_ids": [
              "subnet-01af637f9e7448b44",
              "subnet-0d7ccdcda2b30bc7e"
            ],
            "tags": {
              "Name": "ssm-interface-ep-ec2messages-vpc-endpoint"
            },
            "tags_all": {
              "Name": "ssm-interface-ep-ec2messages-vpc-endpoint"
            },
            "timeouts": {
              "create": "10m",
              "delete": "10m",
              "update": "10m"
            },
            "vpc_endpoint_type": "Interface",
            "vpc_id": "vpc-0958fbd2b8d22c6a8"
          },
          "sensitive_attributes": [],
          "private": "eyJlMmJmYjczMC1lY2FhLTExZTYtOGY4OC0zNDM2M2JjN2M0YzAiOnsiY3JlYXRlIjo2MDAwMDAwMDAwMDAsImRlbGV0ZSI6NjAwMDAwMDAwMDAwLCJ1cGRhdGUiOjYwMDAwMDAwMDAwMH19",
          "dependencies": [
            "aws_route_table.pod_rt_db",
            "aws_route_table.pod_rt_web_app",
            "module.endpoints.data.aws_vpc_endpoint_service.this",
            "module.tgw.aws_ec2_transit_gateway.this",
            "module.vpc_pod.aws_subnet.private",
            "module.vpc_pod.aws_vpc.this",
            "module.vpc_pod.aws_vpc_ipv4_cidr_block_association.this"
          ]
        },
        {
          "index_key": "ssmmessages",
          "schema_version": 0,
          "attributes": {
            "arn": "arn:aws:ec2:ap-northeast-1:931366402038:vpc-endpoint/vpce-055f4cdf0aa349374",
            "auto_accept": null,
            "cidr_blocks": [],
            "dns_entry": [
              {
                "dns_name": "vpce-055f4cdf0aa349374-4llqx2db.ssmmessages.ap-northeast-1.vpce.amazonaws.com",
                "hosted_zone_id": "Z2E726K9Y6RL4W"
              },
              {
                "dns_name": "vpce-055f4cdf0aa349374-4llqx2db-ap-northeast-1a.ssmmessages.ap-northeast-1.vpce.amazonaws.com",
                "hosted_zone_id": "Z2E726K9Y6RL4W"
              },
              {
                "dns_name": "vpce-055f4cdf0aa349374-4llqx2db-ap-northeast-1c.ssmmessages.ap-northeast-1.vpce.amazonaws.com",
                "hosted_zone_id": "Z2E726K9Y6RL4W"
              }
            ],
            "dns_options": [
              {
                "dns_record_ip_type": "ipv4"
              }
            ],
            "id": "vpce-055f4cdf0aa349374",
            "ip_address_type": "ipv4",
            "network_interface_ids": [
              "eni-05ba3bc7d7dfde5d2",
              "eni-0a54b25fe9a00375d"
            ],
            "owner_id": "931366402038",
            "policy": "{\"Statement\":[{\"Action\":\"*\",\"Effect\":\"Allow\",\"Principal\":\"*\",\"Resource\":\"*\"}]}",
            "prefix_list_id": null,
            "private_dns_enabled": false,
            "requester_managed": false,
            "route_table_ids": [],
            "security_group_ids": [
              "sg-0a9d000f7f9990e5f"
            ],
            "service_name": "com.amazonaws.ap-northeast-1.ssmmessages",
            "state": "available",
            "subnet_ids": [
              "subnet-01af637f9e7448b44",
              "subnet-0d7ccdcda2b30bc7e"
            ],
            "tags": {
              "Name": "ssm-interface-ep-ssmmessages-vpc-endpoint"
            },
            "tags_all": {
              "Name": "ssm-interface-ep-ssmmessages-vpc-endpoint"
            },
            "timeouts": {
              "create": "10m",
              "delete": "10m",
              "update": "10m"
            },
            "vpc_endpoint_type": "Interface",
            "vpc_id": "vpc-0958fbd2b8d22c6a8"
          },
          "sensitive_attributes": [],
          "private": "eyJlMmJmYjczMC1lY2FhLTExZTYtOGY4OC0zNDM2M2JjN2M0YzAiOnsiY3JlYXRlIjo2MDAwMDAwMDAwMDAsImRlbGV0ZSI6NjAwMDAwMDAwMDAwLCJ1cGRhdGUiOjYwMDAwMDAwMDAwMH19",
          "dependencies": [
            "aws_route_table.pod_rt_db",
            "aws_route_table.pod_rt_web_app",
            "module.endpoints.data.aws_vpc_endpoint_service.this",
            "module.tgw.aws_ec2_transit_gateway.this",
            "module.vpc_pod.aws_subnet.private",
            "module.vpc_pod.aws_vpc.this",
            "module.vpc_pod.aws_vpc_ipv4_cidr_block_association.this"
          ]
        }
      ]
    },
    {
      "module": "module.endpoints_hub",
      "mode": "data",
      "type": "aws_vpc_endpoint_service",
      "name": "this",
      "provider": "provider[\"registry.terraform.io/hashicorp/aws\"]",
      "instances": [
        {
          "index_key": "s3",
          "schema_version": 0,
          "attributes": {
            "acceptance_required": false,
            "arn": "arn:aws:ec2:ap-northeast-1:931366402038:vpc-endpoint-service/vpce-svc-093949690e06af6f2",
            "availability_zones": [
              "ap-northeast-1a",
              "ap-northeast-1c",
              "ap-northeast-1d"
            ],
            "base_endpoint_dns_names": [
              "s3.ap-northeast-1.amazonaws.com"
            ],
            "filter": [
              {
                "name": "service-type",
                "values": [
                  "Gateway"
                ]
              }
            ],
            "id": "603155909",
            "manages_vpc_endpoints": false,
            "owner": "amazon",
            "private_dns_name": "",
            "service": "s3",
            "service_id": "vpce-svc-093949690e06af6f2",
            "service_name": "com.amazonaws.ap-northeast-1.s3",
            "service_type": "Gateway",
            "supported_ip_address_types": [
              "ipv4"
            ],
            "tags": {},
            "timeouts": null,
            "vpc_endpoint_policy_supported": true
          },
          "sensitive_attributes": []
        }
      ]
    },
    {
      "module": "module.endpoints_hub",
      "mode": "managed",
      "type": "aws_vpc_endpoint",
      "name": "this",
      "provider": "provider[\"registry.terraform.io/hashicorp/aws\"]",
      "instances": [
        {
          "index_key": "s3",
          "schema_version": 0,
          "attributes": {
            "arn": "arn:aws:ec2:ap-northeast-1:931366402038:vpc-endpoint/vpce-0bffe61864f550ba0",
            "auto_accept": null,
            "cidr_blocks": [
              "52.219.195.0/24",
              "3.5.152.0/21",
              "52.219.200.0/23",
              "52.219.150.0/23",
              "52.219.0.0/20",
              "52.219.162.0/23",
              "52.219.152.0/22",
              "52.219.136.0/22",
              "52.219.16.0/22",
              "52.219.196.0/22",
              "52.219.68.0/22",
              "52.219.172.0/22"
            ],
            "dns_entry": [],
            "dns_options": [],
            "id": "vpce-0bffe61864f550ba0",
            "ip_address_type": "",
            "network_interface_ids": [],
            "owner_id": "931366402038",
            "policy": "{\"Statement\":[{\"Action\":\"*\",\"Effect\":\"Allow\",\"Principal\":\"*\",\"Resource\":\"*\"}],\"Version\":\"2008-10-17\"}",
            "prefix_list_id": "pl-61a54008",
            "private_dns_enabled": false,
            "requester_managed": false,
            "route_table_ids": [
              "rtb-015f98323434e9dda",
              "rtb-01beeaae66072d8dc",
              "rtb-03508e7538c9d7937",
              "rtb-062726d2f0095c702",
              "rtb-06f99ab7e44d9007b",
              "rtb-0e59b5cff7d5f02f3",
              "rtb-0e73f86cfac2f132e"
            ],
            "security_group_ids": [],
            "service_name": "com.amazonaws.ap-northeast-1.s3",
            "state": "available",
            "subnet_ids": [],
            "tags": {
              "Name": "hub-s3-gw-endpoint"
            },
            "tags_all": {
              "Name": "hub-s3-gw-endpoint"
            },
            "timeouts": {
              "create": "10m",
              "delete": "10m",
              "update": "10m"
            },
            "vpc_endpoint_type": "Gateway",
            "vpc_id": "vpc-006fb29d2106dabe5"
          },
          "sensitive_attributes": [],
          "private": "eyJlMmJmYjczMC1lY2FhLTExZTYtOGY4OC0zNDM2M2JjN2M0YzAiOnsiY3JlYXRlIjo2MDAwMDAwMDAwMDAsImRlbGV0ZSI6NjAwMDAwMDAwMDAwLCJ1cGRhdGUiOjYwMDAwMDAwMDAwMH19",
          "dependencies": [
            "aws_route_table.fwsb_rt_hub",
            "aws_route_table.ingress1",
            "aws_route_table.ingress2",
            "aws_route_table.ingress3",
            "aws_route_table.prisb1_rt_hub",
            "aws_route_table.prisb2_rt_hub",
            "aws_route_table.prisb3_rt_hub",
            "module.endpoints_hub.data.aws_vpc_endpoint_service.this",
            "module.tgw.aws_ec2_transit_gateway.this",
            "module.vpc.aws_eip.nat",
            "module.vpc.aws_internet_gateway.this",
            "module.vpc.aws_nat_gateway.this",
            "module.vpc.aws_subnet.private",
            "module.vpc.aws_vpc.this",
            "module.vpc.aws_vpc_ipv4_cidr_block_association.this"
          ]
        }
      ]
    },
    {
      "module": "module.static_vpn",
      "mode": "managed",
      "type": "aws_customer_gateway",
      "name": "cgw",
      "provider": "provider[\"registry.terraform.io/hashicorp/aws\"]",
      "instances": [
        {
          "schema_version": 0,
          "attributes": {
            "arn": "arn:aws:ec2:ap-northeast-1:931366402038:customer-gateway/cgw-0335e7722122803c9",
            "bgp_asn": "64577",
            "certificate_arn": "",
            "device_name": "",
            "id": "cgw-0335e7722122803c9",
            "ip_address": "20.7.6.194",
            "tags": {
              "Name": "telemsetest-vpn-cgw-poc"
            },
            "tags_all": {
              "Name": "telemsetest-vpn-cgw-poc"
            },
            "type": "ipsec.1"
          },
          "sensitive_attributes": [],
          "private": "bnVsbA=="
        }
      ]
    },
    {
      "module": "module.static_vpn",
      "mode": "managed",
      "type": "aws_ec2_transit_gateway_route",
      "name": "default_vpn_att_route",
      "provider": "provider[\"registry.terraform.io/hashicorp/aws\"]",
      "instances": [
        {
          "schema_version": 0,
          "attributes": {
            "blackhole": false,
            "destination_cidr_block": "0.0.0.0/0",
            "id": "tgw-rtb-05e9b6d645437a54c_0.0.0.0/0",
            "transit_gateway_attachment_id": "tgw-attach-05ea916be92d49fc6",
            "transit_gateway_route_table_id": "tgw-rtb-05e9b6d645437a54c"
          },
          "sensitive_attributes": [],
          "private": "bnVsbA==",
          "dependencies": [
            "module.static_vpn.aws_ec2_transit_gateway_route_table.vpn_att_rt",
            "module.tgw.aws_ec2_transit_gateway.this",
            "module.tgw.aws_ec2_transit_gateway_vpc_attachment.this",
            "module.vpc.aws_subnet.private",
            "module.vpc.aws_vpc.this",
            "module.vpc.aws_vpc_ipv4_cidr_block_association.this",
            "module.vpc_pod.aws_subnet.private",
            "module.vpc_pod.aws_vpc.this",
            "module.vpc_pod.aws_vpc_ipv4_cidr_block_association.this"
          ]
        }
      ]
    },
    {
      "module": "module.static_vpn",
      "mode": "managed",
      "type": "aws_ec2_transit_gateway_route_table",
      "name": "vpn_att_rt",
      "provider": "provider[\"registry.terraform.io/hashicorp/aws\"]",
      "instances": [
        {
          "schema_version": 0,
          "attributes": {
            "arn": "arn:aws:ec2:ap-northeast-1:931366402038:transit-gateway-route-table/tgw-rtb-05e9b6d645437a54c",
            "default_association_route_table": false,
            "default_propagation_route_table": false,
            "id": "tgw-rtb-05e9b6d645437a54c",
            "tags": {
              "Name": "telemsetest-vpn-poc_tgw_rt"
            },
            "tags_all": {
              "Name": "telemsetest-vpn-poc_tgw_rt"
            },
            "transit_gateway_id": "tgw-08d6cbe193856b390"
          },
          "sensitive_attributes": [],
          "private": "bnVsbA==",
          "dependencies": [
            "module.tgw.aws_ec2_transit_gateway.this",
            "module.tgw.aws_ec2_transit_gateway_vpc_attachment.this",
            "module.vpc.aws_subnet.private",
            "module.vpc.aws_vpc.this",
            "module.vpc.aws_vpc_ipv4_cidr_block_association.this",
            "module.vpc_pod.aws_subnet.private",
            "module.vpc_pod.aws_vpc.this",
            "module.vpc_pod.aws_vpc_ipv4_cidr_block_association.this"
          ]
        }
      ]
    },
    {
      "module": "module.static_vpn",
      "mode": "managed",
      "type": "aws_vpn_connection",
      "name": "vpn_connection",
      "provider": "provider[\"registry.terraform.io/hashicorp/aws\"]",
      "instances": [
        {
          "schema_version": 0,
          "attributes": {
            "arn": "arn:aws:ec2:ap-northeast-1:931366402038:vpn-connection/vpn-03b7867815c2866e2",
            "core_network_arn": "",
            "core_network_attachment_arn": "",
            "customer_gateway_configuration": "\u003c?xml version=\"1.0\" encoding=\"UTF-8\"?\u003e\n\u003cvpn_connection id=\"vpn-03b7867815c2866e2\"\u003e\n  \u003ccustomer_gateway_id\u003ecgw-0335e7722122803c9\u003c/customer_gateway_id\u003e\n  \u003cvpn_gateway_id\u003e\u003c/vpn_gateway_id\u003e\n  \u003cvpn_connection_type\u003eipsec.1\u003c/vpn_connection_type\u003e\n  \u003cvpn_connection_attributes\u003eNoBGPVPNConnection\u003c/vpn_connection_attributes\u003e\n  \u003cipsec_tunnel\u003e\n    \u003ccustomer_gateway\u003e\n      \u003ctunnel_outside_address\u003e\n        \u003cip_address\u003e20.7.6.194\u003c/ip_address\u003e\n      \u003c/tunnel_outside_address\u003e\n      \u003ctunnel_inside_address\u003e\n        \u003cip_address\u003e169.254.190.146\u003c/ip_address\u003e\n        \u003cnetwork_mask\u003e255.255.255.252\u003c/network_mask\u003e\n        \u003cnetwork_cidr\u003e30\u003c/network_cidr\u003e\n      \u003c/tunnel_inside_address\u003e\n    \u003c/customer_gateway\u003e\n    \u003cvpn_gateway\u003e\n      \u003ctunnel_outside_address\u003e\n        \u003cip_address\u003e18.180.10.120\u003c/ip_address\u003e\n      \u003c/tunnel_outside_address\u003e\n      \u003ctunnel_inside_address\u003e\n        \u003cip_address\u003e169.254.190.145\u003c/ip_address\u003e\n        \u003cnetwork_mask\u003e255.255.255.252\u003c/network_mask\u003e\n        \u003cnetwork_cidr\u003e30\u003c/network_cidr\u003e\n      \u003c/tunnel_inside_address\u003e\n    \u003c/vpn_gateway\u003e\n    \u003cike\u003e\n      \u003cauthentication_protocol\u003esha1\u003c/authentication_protocol\u003e\n      \u003cencryption_protocol\u003eaes-128-cbc\u003c/encryption_protocol\u003e\n      \u003clifetime\u003e28800\u003c/lifetime\u003e\n      \u003cperfect_forward_secrecy\u003egroup2\u003c/perfect_forward_secrecy\u003e\n      \u003cmode\u003emain\u003c/mode\u003e\n      \u003cpre_shared_key\u003ex_yv7lav6eeHUq.6PRrUPZbKHsUA7oia\u003c/pre_shared_key\u003e\n    \u003c/ike\u003e\n    \u003cipsec\u003e\n      \u003cprotocol\u003eesp\u003c/protocol\u003e\n      \u003cauthentication_protocol\u003ehmac-sha1-96\u003c/authentication_protocol\u003e\n      \u003cencryption_protocol\u003eaes-128-cbc\u003c/encryption_protocol\u003e\n      \u003clifetime\u003e3600\u003c/lifetime\u003e\n      \u003cperfect_forward_secrecy\u003egroup2\u003c/perfect_forward_secrecy\u003e\n      \u003cmode\u003etunnel\u003c/mode\u003e\n      \u003cclear_df_bit\u003etrue\u003c/clear_df_bit\u003e\n      \u003cfragmentation_before_encryption\u003etrue\u003c/fragmentation_before_encryption\u003e\n      \u003ctcp_mss_adjustment\u003e1379\u003c/tcp_mss_adjustment\u003e\n      \u003cdead_peer_detection\u003e\n        \u003cinterval\u003e10\u003c/interval\u003e\n        \u003cretries\u003e3\u003c/retries\u003e\n      \u003c/dead_peer_detection\u003e\n    \u003c/ipsec\u003e\n  \u003c/ipsec_tunnel\u003e\n  \u003cipsec_tunnel\u003e\n    \u003ccustomer_gateway\u003e\n      \u003ctunnel_outside_address\u003e\n        \u003cip_address\u003e20.7.6.194\u003c/ip_address\u003e\n      \u003c/tunnel_outside_address\u003e\n      \u003ctunnel_inside_address\u003e\n        \u003cip_address\u003e169.254.229.194\u003c/ip_address\u003e\n        \u003cnetwork_mask\u003e255.255.255.252\u003c/network_mask\u003e\n        \u003cnetwork_cidr\u003e30\u003c/network_cidr\u003e\n      \u003c/tunnel_inside_address\u003e\n    \u003c/customer_gateway\u003e\n    \u003cvpn_gateway\u003e\n      \u003ctunnel_outside_address\u003e\n        \u003cip_address\u003e54.178.46.231\u003c/ip_address\u003e\n      \u003c/tunnel_outside_address\u003e\n      \u003ctunnel_inside_address\u003e\n        \u003cip_address\u003e169.254.229.193\u003c/ip_address\u003e\n        \u003cnetwork_mask\u003e255.255.255.252\u003c/network_mask\u003e\n        \u003cnetwork_cidr\u003e30\u003c/network_cidr\u003e\n      \u003c/tunnel_inside_address\u003e\n    \u003c/vpn_gateway\u003e\n    \u003cike\u003e\n      \u003cauthentication_protocol\u003esha1\u003c/authentication_protocol\u003e\n      \u003cencryption_protocol\u003eaes-128-cbc\u003c/encryption_protocol\u003e\n      \u003clifetime\u003e28800\u003c/lifetime\u003e\n      \u003cperfect_forward_secrecy\u003egroup2\u003c/perfect_forward_secrecy\u003e\n      \u003cmode\u003emain\u003c/mode\u003e\n      \u003cpre_shared_key\u003eEq3uOsR1F0VlLdNCbp_Y0FCd5u4K27QS\u003c/pre_shared_key\u003e\n    \u003c/ike\u003e\n    \u003cipsec\u003e\n      \u003cprotocol\u003eesp\u003c/protocol\u003e\n      \u003cauthentication_protocol\u003ehmac-sha1-96\u003c/authentication_protocol\u003e\n      \u003cencryption_protocol\u003eaes-128-cbc\u003c/encryption_protocol\u003e\n      \u003clifetime\u003e3600\u003c/lifetime\u003e\n      \u003cperfect_forward_secrecy\u003egroup2\u003c/perfect_forward_secrecy\u003e\n      \u003cmode\u003etunnel\u003c/mode\u003e\n      \u003cclear_df_bit\u003etrue\u003c/clear_df_bit\u003e\n      \u003cfragmentation_before_encryption\u003etrue\u003c/fragmentation_before_encryption\u003e\n      \u003ctcp_mss_adjustment\u003e1379\u003c/tcp_mss_adjustment\u003e\n      \u003cdead_peer_detection\u003e\n        \u003cinterval\u003e10\u003c/interval\u003e\n        \u003cretries\u003e3\u003c/retries\u003e\n      \u003c/dead_peer_detection\u003e\n    \u003c/ipsec\u003e\n  \u003c/ipsec_tunnel\u003e\n\u003c/vpn_connection\u003e",
            "customer_gateway_id": "cgw-0335e7722122803c9",
            "enable_acceleration": false,
            "id": "vpn-03b7867815c2866e2",
            "local_ipv4_network_cidr": "0.0.0.0/0",
            "local_ipv6_network_cidr": "",
            "outside_ip_address_type": "PublicIpv4",
            "remote_ipv4_network_cidr": "0.0.0.0/0",
            "remote_ipv6_network_cidr": "",
            "routes": [],
            "static_routes_only": true,
            "tags": {
              "Name": "telemsetest-vpn-poc"
            },
            "tags_all": {
              "Name": "telemsetest-vpn-poc"
            },
            "transit_gateway_attachment_id": "tgw-attach-026f7a38432f1a293",
            "transit_gateway_id": "tgw-08d6cbe193856b390",
            "transport_transit_gateway_attachment_id": "",
            "tunnel1_address": "18.180.10.120",
            "tunnel1_bgp_asn": "",
            "tunnel1_bgp_holdtime": 0,
            "tunnel1_cgw_inside_address": "169.254.190.146",
            "tunnel1_dpd_timeout_action": "",
            "tunnel1_dpd_timeout_seconds": 0,
            "tunnel1_enable_tunnel_lifecycle_control": false,
            "tunnel1_ike_versions": null,
            "tunnel1_inside_cidr": "169.254.190.144/30",
            "tunnel1_inside_ipv6_cidr": "",
            "tunnel1_log_options": [
              {
                "cloudwatch_log_options": [
                  {
                    "log_enabled": false,
                    "log_group_arn": "",
                    "log_output_format": ""
                  }
                ]
              }
            ],
            "tunnel1_phase1_dh_group_numbers": null,
            "tunnel1_phase1_encryption_algorithms": null,
            "tunnel1_phase1_integrity_algorithms": null,
            "tunnel1_phase1_lifetime_seconds": 0,
            "tunnel1_phase2_dh_group_numbers": null,
            "tunnel1_phase2_encryption_algorithms": null,
            "tunnel1_phase2_integrity_algorithms": null,
            "tunnel1_phase2_lifetime_seconds": 0,
            "tunnel1_preshared_key": "x_yv7lav6eeHUq.6PRrUPZbKHsUA7oia",
            "tunnel1_rekey_fuzz_percentage": 0,
            "tunnel1_rekey_margin_time_seconds": 0,
            "tunnel1_replay_window_size": 0,
            "tunnel1_startup_action": "",
            "tunnel1_vgw_inside_address": "169.254.190.145",
            "tunnel2_address": "54.178.46.231",
            "tunnel2_bgp_asn": "",
            "tunnel2_bgp_holdtime": 0,
            "tunnel2_cgw_inside_address": "169.254.229.194",
            "tunnel2_dpd_timeout_action": "",
            "tunnel2_dpd_timeout_seconds": 0,
            "tunnel2_enable_tunnel_lifecycle_control": false,
            "tunnel2_ike_versions": null,
            "tunnel2_inside_cidr": "169.254.229.192/30",
            "tunnel2_inside_ipv6_cidr": "",
            "tunnel2_log_options": [
              {
                "cloudwatch_log_options": [
                  {
                    "log_enabled": false,
                    "log_group_arn": "",
                    "log_output_format": ""
                  }
                ]
              }
            ],
            "tunnel2_phase1_dh_group_numbers": null,
            "tunnel2_phase1_encryption_algorithms": null,
            "tunnel2_phase1_integrity_algorithms": null,
            "tunnel2_phase1_lifetime_seconds": 0,
            "tunnel2_phase2_dh_group_numbers": null,
            "tunnel2_phase2_encryption_algorithms": null,
            "tunnel2_phase2_integrity_algorithms": null,
            "tunnel2_phase2_lifetime_seconds": 0,
            "tunnel2_preshared_key": "Eq3uOsR1F0VlLdNCbp_Y0FCd5u4K27QS",
            "tunnel2_rekey_fuzz_percentage": 0,
            "tunnel2_rekey_margin_time_seconds": 0,
            "tunnel2_replay_window_size": 0,
            "tunnel2_startup_action": "",
            "tunnel2_vgw_inside_address": "169.254.229.193",
            "tunnel_inside_ip_version": "ipv4",
            "type": "ipsec.1",
            "vgw_telemetry": [
              {
                "accepted_route_count": 0,
                "certificate_arn": "",
                "last_status_change": "2023-05-17T16:36:16Z",
                "outside_ip_address": "18.180.10.120",
                "status": "DOWN",
                "status_message": ""
              },
              {
                "accepted_route_count": 0,
                "certificate_arn": "",
                "last_status_change": "2023-05-17T16:36:16Z",
                "outside_ip_address": "54.178.46.231",
                "status": "DOWN",
                "status_message": ""
              }
            ],
            "vpn_gateway_id": ""
          },
          "sensitive_attributes": [],
          "private": "bnVsbA==",
          "dependencies": [
            "module.static_vpn.aws_customer_gateway.cgw",
            "module.tgw.aws_ec2_transit_gateway.this",
            "module.tgw.aws_ec2_transit_gateway_vpc_attachment.this",
            "module.vpc.aws_subnet.private",
            "module.vpc.aws_vpc.this",
            "module.vpc.aws_vpc_ipv4_cidr_block_association.this",
            "module.vpc_pod.aws_subnet.private",
            "module.vpc_pod.aws_vpc.this",
            "module.vpc_pod.aws_vpc_ipv4_cidr_block_association.this"
          ]
        }
      ]
    },
    {
      "module": "module.tgw",
      "mode": "managed",
      "type": "aws_ec2_tag",
      "name": "this",
      "provider": "provider[\"registry.terraform.io/hashicorp/aws\"]",
      "instances": [
        {
          "index_key": "Name",
          "schema_version": 0,
          "attributes": {
            "id": "tgw-rtb-0c3edf5b2652b249e,Name",
            "key": "Name",
            "resource_id": "tgw-rtb-0c3edf5b2652b249e",
            "value": "tgw-mse-poc"
          },
          "sensitive_attributes": [],
          "private": "bnVsbA==",
          "dependencies": [
            "module.tgw.aws_ec2_transit_gateway.this"
          ]
        }
      ]
    },
    {
      "module": "module.tgw",
      "mode": "managed",
      "type": "aws_ec2_transit_gateway",
      "name": "this",
      "provider": "provider[\"registry.terraform.io/hashicorp/aws\"]",
      "instances": [
        {
          "index_key": 0,
          "schema_version": 0,
          "attributes": {
            "amazon_side_asn": 64512,
            "arn": "arn:aws:ec2:ap-northeast-1:931366402038:transit-gateway/tgw-08d6cbe193856b390",
            "association_default_route_table_id": "tgw-rtb-0c3edf5b2652b249e",
            "auto_accept_shared_attachments": "enable",
            "default_route_table_association": "enable",
            "default_route_table_propagation": "enable",
            "description": "My TGW shared with several other AWS accounts",
            "dns_support": "enable",
            "id": "tgw-08d6cbe193856b390",
            "multicast_support": "disable",
            "owner_id": "931366402038",
            "propagation_default_route_table_id": "tgw-rtb-0c3edf5b2652b249e",
            "tags": {
              "Name": "tgw-mse-poc"
            },
            "tags_all": {
              "Name": "tgw-mse-poc"
            },
            "timeouts": {
              "create": null,
              "delete": null,
              "update": null
            },
            "transit_gateway_cidr_blocks": null,
            "vpn_ecmp_support": "enable"
          },
          "sensitive_attributes": [],
          "private": "eyJlMmJmYjczMC1lY2FhLTExZTYtOGY4OC0zNDM2M2JjN2M0YzAiOnsiY3JlYXRlIjo2MDAwMDAwMDAwMDAsImRlbGV0ZSI6NjAwMDAwMDAwMDAwLCJ1cGRhdGUiOjYwMDAwMDAwMDAwMH19"
        }
      ]
    },
    {
      "module": "module.tgw",
      "mode": "managed",
      "type": "aws_ec2_transit_gateway_route",
      "name": "this",
      "provider": "provider[\"registry.terraform.io/hashicorp/aws\"]",
      "instances": [
        {
          "index_key": 0,
          "schema_version": 0,
          "attributes": {
            "blackhole": false,
            "destination_cidr_block": "10.1.160.0/21",
            "id": "tgw-rtb-0e362143330c1dc9a_10.1.160.0/21",
            "transit_gateway_attachment_id": "tgw-attach-05ea916be92d49fc6",
            "transit_gateway_route_table_id": "tgw-rtb-0e362143330c1dc9a"
          },
          "sensitive_attributes": [],
          "private": "bnVsbA==",
          "dependencies": [
            "module.tgw.aws_ec2_transit_gateway.this",
            "module.tgw.aws_ec2_transit_gateway_route_table.this",
            "module.tgw.aws_ec2_transit_gateway_vpc_attachment.this",
            "module.vpc.aws_subnet.private",
            "module.vpc.aws_vpc.this",
            "module.vpc.aws_vpc_ipv4_cidr_block_association.this",
            "module.vpc_pod.aws_subnet.private",
            "module.vpc_pod.aws_vpc.this",
            "module.vpc_pod.aws_vpc_ipv4_cidr_block_association.this"
          ]
        },
        {
          "index_key": 1,
          "schema_version": 0,
          "attributes": {
            "blackhole": false,
            "destination_cidr_block": "0.0.0.0/0",
            "id": "tgw-rtb-0e362143330c1dc9a_0.0.0.0/0",
            "transit_gateway_attachment_id": "tgw-attach-060b761a4a219cd30",
            "transit_gateway_route_table_id": "tgw-rtb-0e362143330c1dc9a"
          },
          "sensitive_attributes": [],
          "private": "bnVsbA==",
          "dependencies": [
            "module.tgw.aws_ec2_transit_gateway.this",
            "module.tgw.aws_ec2_transit_gateway_route_table.this",
            "module.tgw.aws_ec2_transit_gateway_vpc_attachment.this",
            "module.vpc.aws_subnet.private",
            "module.vpc.aws_vpc.this",
            "module.vpc.aws_vpc_ipv4_cidr_block_association.this",
            "module.vpc_pod.aws_subnet.private",
            "module.vpc_pod.aws_vpc.this",
            "module.vpc_pod.aws_vpc_ipv4_cidr_block_association.this"
          ]
        }
      ]
    },
    {
      "module": "module.tgw",
      "mode": "managed",
      "type": "aws_ec2_transit_gateway_route_table",
      "name": "this",
      "provider": "provider[\"registry.terraform.io/hashicorp/aws\"]",
      "instances": [
        {
          "index_key": 0,
          "schema_version": 0,
          "attributes": {
            "arn": "arn:aws:ec2:ap-northeast-1:931366402038:transit-gateway-route-table/tgw-rtb-0e362143330c1dc9a",
            "default_association_route_table": false,
            "default_propagation_route_table": false,
            "id": "tgw-rtb-0e362143330c1dc9a",
            "tags": {
              "Name": "tgw-mse-poc"
            },
            "tags_all": {
              "Name": "tgw-mse-poc"
            },
            "transit_gateway_id": "tgw-08d6cbe193856b390"
          },
          "sensitive_attributes": [],
          "private": "bnVsbA==",
          "dependencies": [
            "module.tgw.aws_ec2_transit_gateway.this"
          ]
        }
      ]
    },
    {
      "module": "module.tgw",
      "mode": "managed",
      "type": "aws_ec2_transit_gateway_vpc_attachment",
      "name": "this",
      "provider": "provider[\"registry.terraform.io/hashicorp/aws\"]",
      "instances": [
        {
          "index_key": "tgw_att_to_hub",
          "schema_version": 0,
          "attributes": {
            "appliance_mode_support": "disable",
            "dns_support": "enable",
            "id": "tgw-attach-05ea916be92d49fc6",
            "ipv6_support": "disable",
            "subnet_ids": [
              "subnet-000d9a242e026e409",
              "subnet-037a792bff2e9d128",
              "subnet-083714f7512f977b1"
            ],
            "tags": {
              "Name": "tgw-mse-poc"
            },
            "tags_all": {
              "Name": "tgw-mse-poc"
            },
            "transit_gateway_default_route_table_association": true,
            "transit_gateway_default_route_table_propagation": true,
            "transit_gateway_id": "tgw-08d6cbe193856b390",
            "vpc_id": "vpc-006fb29d2106dabe5",
            "vpc_owner_id": "931366402038"
          },
          "sensitive_attributes": [],
          "private": "bnVsbA==",
          "dependencies": [
            "module.tgw.aws_ec2_transit_gateway.this",
            "module.vpc.aws_subnet.private",
            "module.vpc.aws_vpc.this",
            "module.vpc.aws_vpc_ipv4_cidr_block_association.this",
            "module.vpc_pod.aws_subnet.private",
            "module.vpc_pod.aws_vpc.this",
            "module.vpc_pod.aws_vpc_ipv4_cidr_block_association.this"
          ]
        },
        {
          "index_key": "tgw_att_to_pod",
          "schema_version": 0,
          "attributes": {
            "appliance_mode_support": "disable",
            "dns_support": "enable",
            "id": "tgw-attach-060b761a4a219cd30",
            "ipv6_support": "disable",
            "subnet_ids": [
              "subnet-04e123e246d6af092",
              "subnet-0b424bca31231cf1e"
            ],
            "tags": {
              "Name": "tgw-mse-poc"
            },
            "tags_all": {
              "Name": "tgw-mse-poc"
            },
            "transit_gateway_default_route_table_association": true,
            "transit_gateway_default_route_table_propagation": true,
            "transit_gateway_id": "tgw-08d6cbe193856b390",
            "vpc_id": "vpc-0958fbd2b8d22c6a8",
            "vpc_owner_id": "931366402038"
          },
          "sensitive_attributes": [],
          "private": "bnVsbA==",
          "dependencies": [
            "module.tgw.aws_ec2_transit_gateway.this",
            "module.vpc.aws_subnet.private",
            "module.vpc.aws_vpc.this",
            "module.vpc.aws_vpc_ipv4_cidr_block_association.this",
            "module.vpc_pod.aws_subnet.private",
            "module.vpc_pod.aws_vpc.this",
            "module.vpc_pod.aws_vpc_ipv4_cidr_block_association.this"
          ]
        }
      ]
    },
    {
      "module": "module.tgw",
      "mode": "managed",
      "type": "aws_ram_resource_association",
      "name": "this",
      "provider": "provider[\"registry.terraform.io/hashicorp/aws\"]",
      "instances": [
        {
          "index_key": 0,
          "schema_version": 0,
          "attributes": {
            "id": "arn:aws:ram:ap-northeast-1:931366402038:resource-share/284984ad-1150-413e-afbe-a3d4df143376,arn:aws:ec2:ap-northeast-1:931366402038:transit-gateway/tgw-08d6cbe193856b390",
            "resource_arn": "arn:aws:ec2:ap-northeast-1:931366402038:transit-gateway/tgw-08d6cbe193856b390",
            "resource_share_arn": "arn:aws:ram:ap-northeast-1:931366402038:resource-share/284984ad-1150-413e-afbe-a3d4df143376"
          },
          "sensitive_attributes": [],
          "private": "bnVsbA==",
          "dependencies": [
            "module.tgw.aws_ec2_transit_gateway.this",
            "module.tgw.aws_ram_resource_share.this"
          ]
        }
      ]
    },
    {
      "module": "module.tgw",
      "mode": "managed",
      "type": "aws_ram_resource_share",
      "name": "this",
      "provider": "provider[\"registry.terraform.io/hashicorp/aws\"]",
      "instances": [
        {
          "index_key": 0,
          "schema_version": 0,
          "attributes": {
            "allow_external_principals": true,
            "arn": "arn:aws:ram:ap-northeast-1:931366402038:resource-share/284984ad-1150-413e-afbe-a3d4df143376",
            "id": "arn:aws:ram:ap-northeast-1:931366402038:resource-share/284984ad-1150-413e-afbe-a3d4df143376",
            "name": "tgw-mse-poc",
            "permission_arns": [],
            "tags": {
              "Name": "tgw-mse-poc"
            },
            "tags_all": {
              "Name": "tgw-mse-poc"
            },
            "timeouts": null
          },
          "sensitive_attributes": [],
          "private": "eyJlMmJmYjczMC1lY2FhLTExZTYtOGY4OC0zNDM2M2JjN2M0YzAiOnsiY3JlYXRlIjozMDAwMDAwMDAwMDAsImRlbGV0ZSI6MzAwMDAwMDAwMDAwfX0="
        }
      ]
    },
    {
      "module": "module.vpc",
      "mode": "managed",
      "type": "aws_default_network_acl",
      "name": "this",
      "provider": "provider[\"registry.terraform.io/hashicorp/aws\"]",
      "instances": [
        {
          "index_key": 0,
          "schema_version": 0,
          "attributes": {
            "arn": "arn:aws:ec2:ap-northeast-1:931366402038:network-acl/acl-03e96b7198f5fc6b5",
            "default_network_acl_id": "acl-03e96b7198f5fc6b5",
            "egress": [
              {
                "action": "allow",
                "cidr_block": "",
                "from_port": 0,
                "icmp_code": null,
                "icmp_type": null,
                "ipv6_cidr_block": "::/0",
                "protocol": "-1",
                "rule_no": 101,
                "to_port": 0
              },
              {
                "action": "allow",
                "cidr_block": "0.0.0.0/0",
                "from_port": 0,
                "icmp_code": null,
                "icmp_type": null,
                "ipv6_cidr_block": "",
                "protocol": "-1",
                "rule_no": 100,
                "to_port": 0
              }
            ],
            "id": "acl-03e96b7198f5fc6b5",
            "ingress": [
              {
                "action": "allow",
                "cidr_block": "",
                "from_port": 0,
                "icmp_code": null,
                "icmp_type": null,
                "ipv6_cidr_block": "::/0",
                "protocol": "-1",
                "rule_no": 101,
                "to_port": 0
              },
              {
                "action": "allow",
                "cidr_block": "0.0.0.0/0",
                "from_port": 0,
                "icmp_code": null,
                "icmp_type": null,
                "ipv6_cidr_block": "",
                "protocol": "-1",
                "rule_no": 100,
                "to_port": 0
              }
            ],
            "owner_id": "931366402038",
            "subnet_ids": [
              "subnet-0790979308befe403",
              "subnet-080bdff6520f1d0cb",
              "subnet-083714f7512f977b1",
              "subnet-0c3b6031a61b470d9"
            ],
            "tags": {
              "Name": "hub-default"
            },
            "tags_all": {
              "Name": "hub-default"
            },
            "vpc_id": "vpc-006fb29d2106dabe5"
          },
          "sensitive_attributes": [],
          "private": "bnVsbA==",
          "dependencies": [
            "module.vpc.aws_vpc.this"
          ]
        }
      ]
    },
    {
      "module": "module.vpc",
      "mode": "managed",
      "type": "aws_default_route_table",
      "name": "default",
      "provider": "provider[\"registry.terraform.io/hashicorp/aws\"]",
      "instances": [
        {
          "index_key": 0,
          "schema_version": 0,
          "attributes": {
            "arn": "arn:aws:ec2:ap-northeast-1:931366402038:route-table/rtb-090ee2274f221fbbf",
            "default_route_table_id": "rtb-090ee2274f221fbbf",
            "id": "rtb-090ee2274f221fbbf",
            "owner_id": "931366402038",
            "propagating_vgws": null,
            "route": [],
            "tags": {
              "Name": "hub-default"
            },
            "tags_all": {
              "Name": "hub-default"
            },
            "timeouts": {
              "create": "5m",
              "update": "5m"
            },
            "vpc_id": "vpc-006fb29d2106dabe5"
          },
          "sensitive_attributes": [],
          "private": "eyJlMmJmYjczMC1lY2FhLTExZTYtOGY4OC0zNDM2M2JjN2M0YzAiOnsiY3JlYXRlIjozMDAwMDAwMDAwMDAsInVwZGF0ZSI6MzAwMDAwMDAwMDAwfX0=",
          "dependencies": [
            "module.vpc.aws_vpc.this"
          ]
        }
      ]
    },
    {
      "module": "module.vpc",
      "mode": "managed",
      "type": "aws_default_security_group",
      "name": "this",
      "provider": "provider[\"registry.terraform.io/hashicorp/aws\"]",
      "instances": [
        {
          "index_key": 0,
          "schema_version": 1,
          "attributes": {
            "arn": "arn:aws:ec2:ap-northeast-1:931366402038:security-group/sg-0fc9fca0f5e8e9082",
            "description": "default VPC security group",
            "egress": [],
            "id": "sg-0fc9fca0f5e8e9082",
            "ingress": [],
            "name": "default",
            "name_prefix": "",
            "owner_id": "931366402038",
            "revoke_rules_on_delete": false,
            "tags": {
              "Name": "hub-default"
            },
            "tags_all": {
              "Name": "hub-default"
            },
            "vpc_id": "vpc-006fb29d2106dabe5"
          },
          "sensitive_attributes": [],
          "private": "eyJzY2hlbWFfdmVyc2lvbiI6IjEifQ==",
          "dependencies": [
            "module.vpc.aws_vpc.this"
          ]
        }
      ]
    },
    {
      "module": "module.vpc",
      "mode": "managed",
      "type": "aws_eip",
      "name": "nat",
      "provider": "provider[\"registry.terraform.io/hashicorp/aws\"]",
      "instances": [
        {
          "index_key": 0,
          "schema_version": 0,
          "attributes": {
            "address": null,
            "allocation_id": "eipalloc-0719f9486a0e19731",
            "associate_with_private_ip": null,
            "association_id": "",
            "carrier_ip": "",
            "customer_owned_ip": "",
            "customer_owned_ipv4_pool": "",
            "domain": "vpc",
            "id": "eipalloc-0719f9486a0e19731",
            "instance": "",
            "network_border_group": "ap-northeast-1",
            "network_interface": "",
            "private_dns": null,
            "private_ip": "",
            "public_dns": "ec2-54-238-178-169.ap-northeast-1.compute.amazonaws.com",
            "public_ip": "54.238.178.169",
            "public_ipv4_pool": "amazon",
            "tags": {
              "Name": "hub-ap-northeast-1a"
            },
            "tags_all": {
              "Name": "hub-ap-northeast-1a"
            },
            "timeouts": null,
            "vpc": true
          },
          "sensitive_attributes": [],
          "private": "eyJlMmJmYjczMC1lY2FhLTExZTYtOGY4OC0zNDM2M2JjN2M0YzAiOnsiZGVsZXRlIjoxODAwMDAwMDAwMDAsInJlYWQiOjkwMDAwMDAwMDAwMCwidXBkYXRlIjozMDAwMDAwMDAwMDB9fQ=="
        },
        {
          "index_key": 1,
          "schema_version": 0,
          "attributes": {
            "address": null,
            "allocation_id": "eipalloc-056b3e219124ab569",
            "associate_with_private_ip": null,
            "association_id": "",
            "carrier_ip": "",
            "customer_owned_ip": "",
            "customer_owned_ipv4_pool": "",
            "domain": "vpc",
            "id": "eipalloc-056b3e219124ab569",
            "instance": "",
            "network_border_group": "ap-northeast-1",
            "network_interface": "",
            "private_dns": null,
            "private_ip": "",
            "public_dns": "ec2-54-249-174-174.ap-northeast-1.compute.amazonaws.com",
            "public_ip": "54.249.174.174",
            "public_ipv4_pool": "amazon",
            "tags": {
              "Name": "hub-ap-northeast-1c"
            },
            "tags_all": {
              "Name": "hub-ap-northeast-1c"
            },
            "timeouts": null,
            "vpc": true
          },
          "sensitive_attributes": [],
          "private": "eyJlMmJmYjczMC1lY2FhLTExZTYtOGY4OC0zNDM2M2JjN2M0YzAiOnsiZGVsZXRlIjoxODAwMDAwMDAwMDAsInJlYWQiOjkwMDAwMDAwMDAwMCwidXBkYXRlIjozMDAwMDAwMDAwMDB9fQ=="
        },
        {
          "index_key": 2,
          "schema_version": 0,
          "attributes": {
            "address": null,
            "allocation_id": "eipalloc-06f092a0129ec392b",
            "associate_with_private_ip": null,
            "association_id": "",
            "carrier_ip": "",
            "customer_owned_ip": "",
            "customer_owned_ipv4_pool": "",
            "domain": "vpc",
            "id": "eipalloc-06f092a0129ec392b",
            "instance": "",
            "network_border_group": "ap-northeast-1",
            "network_interface": "",
            "private_dns": null,
            "private_ip": "",
            "public_dns": "ec2-35-79-94-164.ap-northeast-1.compute.amazonaws.com",
            "public_ip": "35.79.94.164",
            "public_ipv4_pool": "amazon",
            "tags": {
              "Name": "hub-ap-northeast-1d"
            },
            "tags_all": {
              "Name": "hub-ap-northeast-1d"
            },
            "timeouts": null,
            "vpc": true
          },
          "sensitive_attributes": [],
          "private": "eyJlMmJmYjczMC1lY2FhLTExZTYtOGY4OC0zNDM2M2JjN2M0YzAiOnsiZGVsZXRlIjoxODAwMDAwMDAwMDAsInJlYWQiOjkwMDAwMDAwMDAwMCwidXBkYXRlIjozMDAwMDAwMDAwMDB9fQ=="
        }
      ]
    },
    {
      "module": "module.vpc",
      "mode": "managed",
      "type": "aws_internet_gateway",
      "name": "this",
      "provider": "provider[\"registry.terraform.io/hashicorp/aws\"]",
      "instances": [
        {
          "index_key": 0,
          "schema_version": 0,
          "attributes": {
            "arn": "arn:aws:ec2:ap-northeast-1:931366402038:internet-gateway/igw-096b78a6ae31bdfe0",
            "id": "igw-096b78a6ae31bdfe0",
            "owner_id": "931366402038",
            "tags": {
              "Name": "hub"
            },
            "tags_all": {
              "Name": "hub"
            },
            "timeouts": null,
            "vpc_id": "vpc-006fb29d2106dabe5"
          },
          "sensitive_attributes": [],
          "private": "eyJlMmJmYjczMC1lY2FhLTExZTYtOGY4OC0zNDM2M2JjN2M0YzAiOnsiY3JlYXRlIjoxMjAwMDAwMDAwMDAwLCJkZWxldGUiOjEyMDAwMDAwMDAwMDAsInVwZGF0ZSI6MTIwMDAwMDAwMDAwMH19",
          "dependencies": [
            "module.vpc.aws_vpc.this",
            "module.vpc.aws_vpc_ipv4_cidr_block_association.this"
          ]
        }
      ]
    },
    {
      "module": "module.vpc",
      "mode": "managed",
      "type": "aws_nat_gateway",
      "name": "this",
      "provider": "provider[\"registry.terraform.io/hashicorp/aws\"]",
      "instances": [
        {
          "index_key": 0,
          "schema_version": 0,
          "attributes": {
            "allocation_id": "eipalloc-0719f9486a0e19731",
            "association_id": "eipassoc-0ede755e5a27f7a83",
            "connectivity_type": "public",
            "id": "nat-01b598cb7e1ea0657",
            "network_interface_id": "eni-01a5b55109c05aa7e",
            "private_ip": "10.1.129.10",
            "public_ip": "54.238.178.169",
            "subnet_id": "subnet-04920d6a69ddd838e",
            "tags": {
              "Name": "hub-ap-northeast-1a"
            },
            "tags_all": {
              "Name": "hub-ap-northeast-1a"
            }
          },
          "sensitive_attributes": [],
          "private": "bnVsbA==",
          "dependencies": [
            "module.vpc.aws_eip.nat",
            "module.vpc.aws_internet_gateway.this",
            "module.vpc.aws_subnet.private",
            "module.vpc.aws_vpc.this",
            "module.vpc.aws_vpc_ipv4_cidr_block_association.this"
          ]
        },
        {
          "index_key": 1,
          "schema_version": 0,
          "attributes": {
            "allocation_id": "eipalloc-056b3e219124ab569",
            "association_id": "eipassoc-0996dc4879fb16611",
            "connectivity_type": "public",
            "id": "nat-08b661452476f755f",
            "network_interface_id": "eni-0f7c1a84072fb92f7",
            "private_ip": "10.1.129.51",
            "public_ip": "54.249.174.174",
            "subnet_id": "subnet-0080f759869fe4ef6",
            "tags": {
              "Name": "hub-ap-northeast-1c"
            },
            "tags_all": {
              "Name": "hub-ap-northeast-1c"
            }
          },
          "sensitive_attributes": [],
          "private": "bnVsbA==",
          "dependencies": [
            "module.vpc.aws_eip.nat",
            "module.vpc.aws_internet_gateway.this",
            "module.vpc.aws_subnet.private",
            "module.vpc.aws_vpc.this",
            "module.vpc.aws_vpc_ipv4_cidr_block_association.this"
          ]
        },
        {
          "index_key": 2,
          "schema_version": 0,
          "attributes": {
            "allocation_id": "eipalloc-06f092a0129ec392b",
            "association_id": "eipassoc-0564c5c9db732bf83",
            "connectivity_type": "public",
            "id": "nat-091903ff3e840c180",
            "network_interface_id": "eni-0e63feb7a22e7b123",
            "private_ip": "10.1.129.69",
            "public_ip": "35.79.94.164",
            "subnet_id": "subnet-006841b1049a9dac3",
            "tags": {
              "Name": "hub-ap-northeast-1d"
            },
            "tags_all": {
              "Name": "hub-ap-northeast-1d"
            }
          },
          "sensitive_attributes": [],
          "private": "bnVsbA==",
          "dependencies": [
            "module.vpc.aws_eip.nat",
            "module.vpc.aws_internet_gateway.this",
            "module.vpc.aws_subnet.private",
            "module.vpc.aws_vpc.this",
            "module.vpc.aws_vpc_ipv4_cidr_block_association.this"
          ]
        }
      ]
    },
    {
      "module": "module.vpc",
      "mode": "managed",
      "type": "aws_route",
      "name": "private_nat_gateway",
      "provider": "provider[\"registry.terraform.io/hashicorp/aws\"]",
      "instances": [
        {
          "index_key": 0,
          "schema_version": 0,
          "attributes": {
            "carrier_gateway_id": "",
            "core_network_arn": "",
            "destination_cidr_block": "0.0.0.0/0",
            "destination_ipv6_cidr_block": "",
            "destination_prefix_list_id": "",
            "egress_only_gateway_id": "",
            "gateway_id": "",
            "id": "r-rtb-0e71acb1d829e36731080289494",
            "instance_id": "",
            "instance_owner_id": "",
            "local_gateway_id": "",
            "nat_gateway_id": "nat-01b598cb7e1ea0657",
            "network_interface_id": "",
            "origin": "CreateRoute",
            "route_table_id": "rtb-0e71acb1d829e3673",
            "state": "active",
            "timeouts": {
              "create": "5m",
              "delete": null,
              "update": null
            },
            "transit_gateway_id": "",
            "vpc_endpoint_id": "",
            "vpc_peering_connection_id": ""
          },
          "sensitive_attributes": [],
          "private": "eyJlMmJmYjczMC1lY2FhLTExZTYtOGY4OC0zNDM2M2JjN2M0YzAiOnsiY3JlYXRlIjozMDAwMDAwMDAwMDAsImRlbGV0ZSI6MzAwMDAwMDAwMDAwLCJ1cGRhdGUiOjEyMDAwMDAwMDAwMH19",
          "dependencies": [
            "module.vpc.aws_eip.nat",
            "module.vpc.aws_internet_gateway.this",
            "module.vpc.aws_nat_gateway.this",
            "module.vpc.aws_route_table.private",
            "module.vpc.aws_subnet.private",
            "module.vpc.aws_vpc.this",
            "module.vpc.aws_vpc_ipv4_cidr_block_association.this"
          ]
        },
        {
          "index_key": 1,
          "schema_version": 0,
          "attributes": {
            "carrier_gateway_id": "",
            "core_network_arn": "",
            "destination_cidr_block": "0.0.0.0/0",
            "destination_ipv6_cidr_block": "",
            "destination_prefix_list_id": "",
            "egress_only_gateway_id": "",
            "gateway_id": "",
            "id": "r-rtb-04a73afe902a61ea21080289494",
            "instance_id": "",
            "instance_owner_id": "",
            "local_gateway_id": "",
            "nat_gateway_id": "nat-08b661452476f755f",
            "network_interface_id": "",
            "origin": "CreateRoute",
            "route_table_id": "rtb-04a73afe902a61ea2",
            "state": "active",
            "timeouts": {
              "create": "5m",
              "delete": null,
              "update": null
            },
            "transit_gateway_id": "",
            "vpc_endpoint_id": "",
            "vpc_peering_connection_id": ""
          },
          "sensitive_attributes": [],
          "private": "eyJlMmJmYjczMC1lY2FhLTExZTYtOGY4OC0zNDM2M2JjN2M0YzAiOnsiY3JlYXRlIjozMDAwMDAwMDAwMDAsImRlbGV0ZSI6MzAwMDAwMDAwMDAwLCJ1cGRhdGUiOjEyMDAwMDAwMDAwMH19",
          "dependencies": [
            "module.vpc.aws_eip.nat",
            "module.vpc.aws_internet_gateway.this",
            "module.vpc.aws_nat_gateway.this",
            "module.vpc.aws_route_table.private",
            "module.vpc.aws_subnet.private",
            "module.vpc.aws_vpc.this",
            "module.vpc.aws_vpc_ipv4_cidr_block_association.this"
          ]
        },
        {
          "index_key": 2,
          "schema_version": 0,
          "attributes": {
            "carrier_gateway_id": "",
            "core_network_arn": "",
            "destination_cidr_block": "0.0.0.0/0",
            "destination_ipv6_cidr_block": "",
            "destination_prefix_list_id": "",
            "egress_only_gateway_id": "",
            "gateway_id": "",
            "id": "r-rtb-03885ea11f54feb3b1080289494",
            "instance_id": "",
            "instance_owner_id": "",
            "local_gateway_id": "",
            "nat_gateway_id": "nat-091903ff3e840c180",
            "network_interface_id": "",
            "origin": "CreateRoute",
            "route_table_id": "rtb-03885ea11f54feb3b",
            "state": "active",
            "timeouts": {
              "create": "5m",
              "delete": null,
              "update": null
            },
            "transit_gateway_id": "",
            "vpc_endpoint_id": "",
            "vpc_peering_connection_id": ""
          },
          "sensitive_attributes": [],
          "private": "eyJlMmJmYjczMC1lY2FhLTExZTYtOGY4OC0zNDM2M2JjN2M0YzAiOnsiY3JlYXRlIjozMDAwMDAwMDAwMDAsImRlbGV0ZSI6MzAwMDAwMDAwMDAwLCJ1cGRhdGUiOjEyMDAwMDAwMDAwMH19",
          "dependencies": [
            "module.vpc.aws_eip.nat",
            "module.vpc.aws_internet_gateway.this",
            "module.vpc.aws_nat_gateway.this",
            "module.vpc.aws_route_table.private",
            "module.vpc.aws_subnet.private",
            "module.vpc.aws_vpc.this",
            "module.vpc.aws_vpc_ipv4_cidr_block_association.this"
          ]
        }
      ]
    },
    {
      "module": "module.vpc",
      "mode": "managed",
      "type": "aws_route",
      "name": "public_internet_gateway",
      "provider": "provider[\"registry.terraform.io/hashicorp/aws\"]",
      "instances": [
        {
          "index_key": 0,
          "schema_version": 0,
          "attributes": {
            "carrier_gateway_id": "",
            "core_network_arn": "",
            "destination_cidr_block": "0.0.0.0/0",
            "destination_ipv6_cidr_block": "",
            "destination_prefix_list_id": "",
            "egress_only_gateway_id": "",
            "gateway_id": "igw-096b78a6ae31bdfe0",
            "id": "r-rtb-04acb54eaaaefd3201080289494",
            "instance_id": "",
            "instance_owner_id": "",
            "local_gateway_id": "",
            "nat_gateway_id": "",
            "network_interface_id": "",
            "origin": "CreateRoute",
            "route_table_id": "rtb-04acb54eaaaefd320",
            "state": "active",
            "timeouts": {
              "create": "5m",
              "delete": null,
              "update": null
            },
            "transit_gateway_id": "",
            "vpc_endpoint_id": "",
            "vpc_peering_connection_id": ""
          },
          "sensitive_attributes": [],
          "private": "eyJlMmJmYjczMC1lY2FhLTExZTYtOGY4OC0zNDM2M2JjN2M0YzAiOnsiY3JlYXRlIjozMDAwMDAwMDAwMDAsImRlbGV0ZSI6MzAwMDAwMDAwMDAwLCJ1cGRhdGUiOjEyMDAwMDAwMDAwMH19",
          "dependencies": [
            "module.vpc.aws_internet_gateway.this",
            "module.vpc.aws_route_table.public",
            "module.vpc.aws_vpc.this",
            "module.vpc.aws_vpc_ipv4_cidr_block_association.this"
          ]
        }
      ]
    },
    {
      "module": "module.vpc",
      "mode": "managed",
      "type": "aws_route_table",
      "name": "private",
      "provider": "provider[\"registry.terraform.io/hashicorp/aws\"]",
      "instances": [
        {
          "index_key": 0,
          "schema_version": 0,
          "attributes": {
            "arn": "arn:aws:ec2:ap-northeast-1:931366402038:route-table/rtb-0e71acb1d829e3673",
            "id": "rtb-0e71acb1d829e3673",
            "owner_id": "931366402038",
            "propagating_vgws": [],
            "route": [],
            "tags": {
              "Name": "hub-private-ap-northeast-1a"
            },
            "tags_all": {
              "Name": "hub-private-ap-northeast-1a"
            },
            "timeouts": null,
            "vpc_id": "vpc-006fb29d2106dabe5"
          },
          "sensitive_attributes": [],
          "private": "eyJlMmJmYjczMC1lY2FhLTExZTYtOGY4OC0zNDM2M2JjN2M0YzAiOnsiY3JlYXRlIjozMDAwMDAwMDAwMDAsImRlbGV0ZSI6MzAwMDAwMDAwMDAwLCJ1cGRhdGUiOjEyMDAwMDAwMDAwMH19",
          "dependencies": [
            "module.vpc.aws_vpc.this",
            "module.vpc.aws_vpc_ipv4_cidr_block_association.this"
          ]
        },
        {
          "index_key": 1,
          "schema_version": 0,
          "attributes": {
            "arn": "arn:aws:ec2:ap-northeast-1:931366402038:route-table/rtb-04a73afe902a61ea2",
            "id": "rtb-04a73afe902a61ea2",
            "owner_id": "931366402038",
            "propagating_vgws": [],
            "route": [],
            "tags": {
              "Name": "hub-private-ap-northeast-1c"
            },
            "tags_all": {
              "Name": "hub-private-ap-northeast-1c"
            },
            "timeouts": null,
            "vpc_id": "vpc-006fb29d2106dabe5"
          },
          "sensitive_attributes": [],
          "private": "eyJlMmJmYjczMC1lY2FhLTExZTYtOGY4OC0zNDM2M2JjN2M0YzAiOnsiY3JlYXRlIjozMDAwMDAwMDAwMDAsImRlbGV0ZSI6MzAwMDAwMDAwMDAwLCJ1cGRhdGUiOjEyMDAwMDAwMDAwMH19",
          "dependencies": [
            "module.vpc.aws_vpc.this",
            "module.vpc.aws_vpc_ipv4_cidr_block_association.this"
          ]
        },
        {
          "index_key": 2,
          "schema_version": 0,
          "attributes": {
            "arn": "arn:aws:ec2:ap-northeast-1:931366402038:route-table/rtb-03885ea11f54feb3b",
            "id": "rtb-03885ea11f54feb3b",
            "owner_id": "931366402038",
            "propagating_vgws": [],
            "route": [],
            "tags": {
              "Name": "hub-private-ap-northeast-1d"
            },
            "tags_all": {
              "Name": "hub-private-ap-northeast-1d"
            },
            "timeouts": null,
            "vpc_id": "vpc-006fb29d2106dabe5"
          },
          "sensitive_attributes": [],
          "private": "eyJlMmJmYjczMC1lY2FhLTExZTYtOGY4OC0zNDM2M2JjN2M0YzAiOnsiY3JlYXRlIjozMDAwMDAwMDAwMDAsImRlbGV0ZSI6MzAwMDAwMDAwMDAwLCJ1cGRhdGUiOjEyMDAwMDAwMDAwMH19",
          "dependencies": [
            "module.vpc.aws_vpc.this",
            "module.vpc.aws_vpc_ipv4_cidr_block_association.this"
          ]
        }
      ]
    },
    {
      "module": "module.vpc",
      "mode": "managed",
      "type": "aws_route_table",
      "name": "public",
      "provider": "provider[\"registry.terraform.io/hashicorp/aws\"]",
      "instances": [
        {
          "index_key": 0,
          "schema_version": 0,
          "attributes": {
            "arn": "arn:aws:ec2:ap-northeast-1:931366402038:route-table/rtb-04acb54eaaaefd320",
            "id": "rtb-04acb54eaaaefd320",
            "owner_id": "931366402038",
            "propagating_vgws": [],
            "route": [],
            "tags": {
              "Name": "hub-public"
            },
            "tags_all": {
              "Name": "hub-public"
            },
            "timeouts": null,
            "vpc_id": "vpc-006fb29d2106dabe5"
          },
          "sensitive_attributes": [],
          "private": "eyJlMmJmYjczMC1lY2FhLTExZTYtOGY4OC0zNDM2M2JjN2M0YzAiOnsiY3JlYXRlIjozMDAwMDAwMDAwMDAsImRlbGV0ZSI6MzAwMDAwMDAwMDAwLCJ1cGRhdGUiOjEyMDAwMDAwMDAwMH19",
          "dependencies": [
            "module.vpc.aws_vpc.this",
            "module.vpc.aws_vpc_ipv4_cidr_block_association.this"
          ]
        }
      ]
    },
    {
      "module": "module.vpc",
      "mode": "managed",
      "type": "aws_route_table_association",
      "name": "private",
      "provider": "provider[\"registry.terraform.io/hashicorp/aws\"]",
      "instances": [
        {
          "index_key": 0,
          "schema_version": 0,
          "attributes": {
            "gateway_id": "",
            "id": "rtbassoc-0b545d122e7aafb75",
            "route_table_id": "rtb-0e71acb1d829e3673",
            "subnet_id": "subnet-0790979308befe403",
            "timeouts": null
          },
          "sensitive_attributes": [],
          "private": "eyJlMmJmYjczMC1lY2FhLTExZTYtOGY4OC0zNDM2M2JjN2M0YzAiOnsiY3JlYXRlIjozMDAwMDAwMDAwMDAsImRlbGV0ZSI6MzAwMDAwMDAwMDAwLCJ1cGRhdGUiOjEyMDAwMDAwMDAwMH19",
          "dependencies": [
            "module.vpc.aws_route_table.private",
            "module.vpc.aws_subnet.private",
            "module.vpc.aws_vpc.this",
            "module.vpc.aws_vpc_ipv4_cidr_block_association.this"
          ]
        },
        {
          "index_key": 1,
          "schema_version": 0,
          "attributes": {
            "gateway_id": "",
            "id": "rtbassoc-0323d41b8cdf2e936",
            "route_table_id": "rtb-04a73afe902a61ea2",
            "subnet_id": "subnet-0af5013dfabe19faf",
            "timeouts": null
          },
          "sensitive_attributes": [],
          "private": "eyJlMmJmYjczMC1lY2FhLTExZTYtOGY4OC0zNDM2M2JjN2M0YzAiOnsiY3JlYXRlIjozMDAwMDAwMDAwMDAsImRlbGV0ZSI6MzAwMDAwMDAwMDAwLCJ1cGRhdGUiOjEyMDAwMDAwMDAwMH19",
          "dependencies": [
            "module.vpc.aws_route_table.private",
            "module.vpc.aws_subnet.private",
            "module.vpc.aws_vpc.this",
            "module.vpc.aws_vpc_ipv4_cidr_block_association.this"
          ]
        },
        {
          "index_key": 2,
          "schema_version": 0,
          "attributes": {
            "gateway_id": "",
            "id": "rtbassoc-0b7a4982a3045b245",
            "route_table_id": "rtb-03885ea11f54feb3b",
            "subnet_id": "subnet-05d68486f0fbd3af0",
            "timeouts": null
          },
          "sensitive_attributes": [],
          "private": "eyJlMmJmYjczMC1lY2FhLTExZTYtOGY4OC0zNDM2M2JjN2M0YzAiOnsiY3JlYXRlIjozMDAwMDAwMDAwMDAsImRlbGV0ZSI6MzAwMDAwMDAwMDAwLCJ1cGRhdGUiOjEyMDAwMDAwMDAwMH19",
          "dependencies": [
            "module.vpc.aws_route_table.private",
            "module.vpc.aws_subnet.private",
            "module.vpc.aws_vpc.this",
            "module.vpc.aws_vpc_ipv4_cidr_block_association.this"
          ]
        },
        {
          "index_key": 3,
          "schema_version": 0,
          "attributes": {
            "gateway_id": "",
            "id": "rtbassoc-0864c4e62c4945146",
            "route_table_id": "rtb-0e71acb1d829e3673",
            "subnet_id": "subnet-083714f7512f977b1",
            "timeouts": null
          },
          "sensitive_attributes": [],
          "private": "eyJlMmJmYjczMC1lY2FhLTExZTYtOGY4OC0zNDM2M2JjN2M0YzAiOnsiY3JlYXRlIjozMDAwMDAwMDAwMDAsImRlbGV0ZSI6MzAwMDAwMDAwMDAwLCJ1cGRhdGUiOjEyMDAwMDAwMDAwMH19",
          "dependencies": [
            "module.vpc.aws_route_table.private",
            "module.vpc.aws_subnet.private",
            "module.vpc.aws_vpc.this",
            "module.vpc.aws_vpc_ipv4_cidr_block_association.this"
          ]
        },
        {
          "index_key": 4,
          "schema_version": 0,
          "attributes": {
            "gateway_id": "",
            "id": "rtbassoc-05ecec0145e943c2c",
            "route_table_id": "rtb-04a73afe902a61ea2",
            "subnet_id": "subnet-000d9a242e026e409",
            "timeouts": null
          },
          "sensitive_attributes": [],
          "private": "eyJlMmJmYjczMC1lY2FhLTExZTYtOGY4OC0zNDM2M2JjN2M0YzAiOnsiY3JlYXRlIjozMDAwMDAwMDAwMDAsImRlbGV0ZSI6MzAwMDAwMDAwMDAwLCJ1cGRhdGUiOjEyMDAwMDAwMDAwMH19",
          "dependencies": [
            "module.vpc.aws_route_table.private",
            "module.vpc.aws_subnet.private",
            "module.vpc.aws_vpc.this",
            "module.vpc.aws_vpc_ipv4_cidr_block_association.this"
          ]
        },
        {
          "index_key": 5,
          "schema_version": 0,
          "attributes": {
            "gateway_id": "",
            "id": "rtbassoc-0173ab49cccc585a3",
            "route_table_id": "rtb-03885ea11f54feb3b",
            "subnet_id": "subnet-037a792bff2e9d128",
            "timeouts": null
          },
          "sensitive_attributes": [],
          "private": "eyJlMmJmYjczMC1lY2FhLTExZTYtOGY4OC0zNDM2M2JjN2M0YzAiOnsiY3JlYXRlIjozMDAwMDAwMDAwMDAsImRlbGV0ZSI6MzAwMDAwMDAwMDAwLCJ1cGRhdGUiOjEyMDAwMDAwMDAwMH19",
          "dependencies": [
            "module.vpc.aws_route_table.private",
            "module.vpc.aws_subnet.private",
            "module.vpc.aws_vpc.this",
            "module.vpc.aws_vpc_ipv4_cidr_block_association.this"
          ]
        },
        {
          "index_key": 6,
          "schema_version": 0,
          "attributes": {
            "gateway_id": "",
            "id": "rtbassoc-0379a1c0d5c122ef2",
            "route_table_id": "rtb-0e71acb1d829e3673",
            "subnet_id": "subnet-04920d6a69ddd838e",
            "timeouts": null
          },
          "sensitive_attributes": [],
          "private": "eyJlMmJmYjczMC1lY2FhLTExZTYtOGY4OC0zNDM2M2JjN2M0YzAiOnsiY3JlYXRlIjozMDAwMDAwMDAwMDAsImRlbGV0ZSI6MzAwMDAwMDAwMDAwLCJ1cGRhdGUiOjEyMDAwMDAwMDAwMH19",
          "dependencies": [
            "module.vpc.aws_route_table.private",
            "module.vpc.aws_subnet.private",
            "module.vpc.aws_vpc.this",
            "module.vpc.aws_vpc_ipv4_cidr_block_association.this"
          ]
        },
        {
          "index_key": 7,
          "schema_version": 0,
          "attributes": {
            "gateway_id": "",
            "id": "rtbassoc-0844ed11675185544",
            "route_table_id": "rtb-04a73afe902a61ea2",
            "subnet_id": "subnet-0080f759869fe4ef6",
            "timeouts": null
          },
          "sensitive_attributes": [],
          "private": "eyJlMmJmYjczMC1lY2FhLTExZTYtOGY4OC0zNDM2M2JjN2M0YzAiOnsiY3JlYXRlIjozMDAwMDAwMDAwMDAsImRlbGV0ZSI6MzAwMDAwMDAwMDAwLCJ1cGRhdGUiOjEyMDAwMDAwMDAwMH19",
          "dependencies": [
            "module.vpc.aws_route_table.private",
            "module.vpc.aws_subnet.private",
            "module.vpc.aws_vpc.this",
            "module.vpc.aws_vpc_ipv4_cidr_block_association.this"
          ]
        },
        {
          "index_key": 8,
          "schema_version": 0,
          "attributes": {
            "gateway_id": "",
            "id": "rtbassoc-0f2d375ab53f31e2c",
            "route_table_id": "rtb-03885ea11f54feb3b",
            "subnet_id": "subnet-006841b1049a9dac3",
            "timeouts": null
          },
          "sensitive_attributes": [],
          "private": "eyJlMmJmYjczMC1lY2FhLTExZTYtOGY4OC0zNDM2M2JjN2M0YzAiOnsiY3JlYXRlIjozMDAwMDAwMDAwMDAsImRlbGV0ZSI6MzAwMDAwMDAwMDAwLCJ1cGRhdGUiOjEyMDAwMDAwMDAwMH19",
          "dependencies": [
            "module.vpc.aws_route_table.private",
            "module.vpc.aws_subnet.private",
            "module.vpc.aws_vpc.this",
            "module.vpc.aws_vpc_ipv4_cidr_block_association.this"
          ]
        }
      ]
    },
    {
      "module": "module.vpc",
      "mode": "managed",
      "type": "aws_route_table_association",
      "name": "public",
      "provider": "provider[\"registry.terraform.io/hashicorp/aws\"]",
      "instances": [
        {
          "index_key": 0,
          "schema_version": 0,
          "attributes": {
            "gateway_id": "",
            "id": "rtbassoc-086422810b33bca51",
            "route_table_id": "rtb-04acb54eaaaefd320",
            "subnet_id": "subnet-080bdff6520f1d0cb",
            "timeouts": null
          },
          "sensitive_attributes": [],
          "private": "eyJlMmJmYjczMC1lY2FhLTExZTYtOGY4OC0zNDM2M2JjN2M0YzAiOnsiY3JlYXRlIjozMDAwMDAwMDAwMDAsImRlbGV0ZSI6MzAwMDAwMDAwMDAwLCJ1cGRhdGUiOjEyMDAwMDAwMDAwMH19",
          "dependencies": [
            "module.vpc.aws_route_table.public",
            "module.vpc.aws_subnet.public",
            "module.vpc.aws_vpc.this",
            "module.vpc.aws_vpc_ipv4_cidr_block_association.this"
          ]
        },
        {
          "index_key": 1,
          "schema_version": 0,
          "attributes": {
            "gateway_id": "",
            "id": "rtbassoc-0063f4850792e9509",
            "route_table_id": "rtb-04acb54eaaaefd320",
            "subnet_id": "subnet-0c3b6031a61b470d9",
            "timeouts": null
          },
          "sensitive_attributes": [],
          "private": "eyJlMmJmYjczMC1lY2FhLTExZTYtOGY4OC0zNDM2M2JjN2M0YzAiOnsiY3JlYXRlIjozMDAwMDAwMDAwMDAsImRlbGV0ZSI6MzAwMDAwMDAwMDAwLCJ1cGRhdGUiOjEyMDAwMDAwMDAwMH19",
          "dependencies": [
            "module.vpc.aws_route_table.public",
            "module.vpc.aws_subnet.public",
            "module.vpc.aws_vpc.this",
            "module.vpc.aws_vpc_ipv4_cidr_block_association.this"
          ]
        },
        {
          "index_key": 2,
          "schema_version": 0,
          "attributes": {
            "gateway_id": "",
            "id": "rtbassoc-088889155d86c4ed2",
            "route_table_id": "rtb-04acb54eaaaefd320",
            "subnet_id": "subnet-070c52f01f9acc138",
            "timeouts": null
          },
          "sensitive_attributes": [],
          "private": "eyJlMmJmYjczMC1lY2FhLTExZTYtOGY4OC0zNDM2M2JjN2M0YzAiOnsiY3JlYXRlIjozMDAwMDAwMDAwMDAsImRlbGV0ZSI6MzAwMDAwMDAwMDAwLCJ1cGRhdGUiOjEyMDAwMDAwMDAwMH19",
          "dependencies": [
            "module.vpc.aws_route_table.public",
            "module.vpc.aws_subnet.public",
            "module.vpc.aws_vpc.this",
            "module.vpc.aws_vpc_ipv4_cidr_block_association.this"
          ]
        }
      ]
    },
    {
      "module": "module.vpc",
      "mode": "managed",
      "type": "aws_subnet",
      "name": "private",
      "provider": "provider[\"registry.terraform.io/hashicorp/aws\"]",
      "instances": [
        {
          "index_key": 0,
          "schema_version": 1,
          "attributes": {
            "arn": "arn:aws:ec2:ap-northeast-1:931366402038:subnet/subnet-0790979308befe403",
            "assign_ipv6_address_on_creation": false,
            "availability_zone": "ap-northeast-1a",
            "availability_zone_id": "apne1-az4",
            "cidr_block": "10.1.128.96/28",
            "customer_owned_ipv4_pool": "",
            "enable_dns64": false,
            "enable_lni_at_device_index": 0,
            "enable_resource_name_dns_a_record_on_launch": false,
            "enable_resource_name_dns_aaaa_record_on_launch": false,
            "id": "subnet-0790979308befe403",
            "ipv6_cidr_block": "",
            "ipv6_cidr_block_association_id": "",
            "ipv6_native": false,
            "map_customer_owned_ip_on_launch": false,
            "map_public_ip_on_launch": false,
            "outpost_arn": "",
            "owner_id": "931366402038",
            "private_dns_hostname_type_on_launch": "ip-name",
            "tags": {
              "Name": "hub-private-ap-northeast-1a"
            },
            "tags_all": {
              "Name": "hub-private-ap-northeast-1a"
            },
            "timeouts": null,
            "vpc_id": "vpc-006fb29d2106dabe5"
          },
          "sensitive_attributes": [],
          "private": "eyJlMmJmYjczMC1lY2FhLTExZTYtOGY4OC0zNDM2M2JjN2M0YzAiOnsiY3JlYXRlIjo2MDAwMDAwMDAwMDAsImRlbGV0ZSI6MTIwMDAwMDAwMDAwMH0sInNjaGVtYV92ZXJzaW9uIjoiMSJ9",
          "dependencies": [
            "module.vpc.aws_vpc.this",
            "module.vpc.aws_vpc_ipv4_cidr_block_association.this"
          ]
        },
        {
          "index_key": 1,
          "schema_version": 1,
          "attributes": {
            "arn": "arn:aws:ec2:ap-northeast-1:931366402038:subnet/subnet-0af5013dfabe19faf",
            "assign_ipv6_address_on_creation": false,
            "availability_zone": "ap-northeast-1c",
            "availability_zone_id": "apne1-az1",
            "cidr_block": "10.1.128.112/28",
            "customer_owned_ipv4_pool": "",
            "enable_dns64": false,
            "enable_lni_at_device_index": 0,
            "enable_resource_name_dns_a_record_on_launch": false,
            "enable_resource_name_dns_aaaa_record_on_launch": false,
            "id": "subnet-0af5013dfabe19faf",
            "ipv6_cidr_block": "",
            "ipv6_cidr_block_association_id": "",
            "ipv6_native": false,
            "map_customer_owned_ip_on_launch": false,
            "map_public_ip_on_launch": false,
            "outpost_arn": "",
            "owner_id": "931366402038",
            "private_dns_hostname_type_on_launch": "ip-name",
            "tags": {
              "Name": "hub-private-ap-northeast-1c"
            },
            "tags_all": {
              "Name": "hub-private-ap-northeast-1c"
            },
            "timeouts": null,
            "vpc_id": "vpc-006fb29d2106dabe5"
          },
          "sensitive_attributes": [],
          "private": "eyJlMmJmYjczMC1lY2FhLTExZTYtOGY4OC0zNDM2M2JjN2M0YzAiOnsiY3JlYXRlIjo2MDAwMDAwMDAwMDAsImRlbGV0ZSI6MTIwMDAwMDAwMDAwMH0sInNjaGVtYV92ZXJzaW9uIjoiMSJ9",
          "dependencies": [
            "module.vpc.aws_vpc.this",
            "module.vpc.aws_vpc_ipv4_cidr_block_association.this"
          ]
        },
        {
          "index_key": 2,
          "schema_version": 1,
          "attributes": {
            "arn": "arn:aws:ec2:ap-northeast-1:931366402038:subnet/subnet-05d68486f0fbd3af0",
            "assign_ipv6_address_on_creation": false,
            "availability_zone": "ap-northeast-1d",
            "availability_zone_id": "apne1-az2",
            "cidr_block": "10.1.128.128/28",
            "customer_owned_ipv4_pool": "",
            "enable_dns64": false,
            "enable_lni_at_device_index": 0,
            "enable_resource_name_dns_a_record_on_launch": false,
            "enable_resource_name_dns_aaaa_record_on_launch": false,
            "id": "subnet-05d68486f0fbd3af0",
            "ipv6_cidr_block": "",
            "ipv6_cidr_block_association_id": "",
            "ipv6_native": false,
            "map_customer_owned_ip_on_launch": false,
            "map_public_ip_on_launch": false,
            "outpost_arn": "",
            "owner_id": "931366402038",
            "private_dns_hostname_type_on_launch": "ip-name",
            "tags": {
              "Name": "hub-private-ap-northeast-1d"
            },
            "tags_all": {
              "Name": "hub-private-ap-northeast-1d"
            },
            "timeouts": null,
            "vpc_id": "vpc-006fb29d2106dabe5"
          },
          "sensitive_attributes": [],
          "private": "eyJlMmJmYjczMC1lY2FhLTExZTYtOGY4OC0zNDM2M2JjN2M0YzAiOnsiY3JlYXRlIjo2MDAwMDAwMDAwMDAsImRlbGV0ZSI6MTIwMDAwMDAwMDAwMH0sInNjaGVtYV92ZXJzaW9uIjoiMSJ9",
          "dependencies": [
            "module.vpc.aws_vpc.this",
            "module.vpc.aws_vpc_ipv4_cidr_block_association.this"
          ]
        },
        {
          "index_key": 3,
          "schema_version": 1,
          "attributes": {
            "arn": "arn:aws:ec2:ap-northeast-1:931366402038:subnet/subnet-083714f7512f977b1",
            "assign_ipv6_address_on_creation": false,
            "availability_zone": "ap-northeast-1a",
            "availability_zone_id": "apne1-az4",
            "cidr_block": "10.1.128.48/28",
            "customer_owned_ipv4_pool": "",
            "enable_dns64": false,
            "enable_lni_at_device_index": 0,
            "enable_resource_name_dns_a_record_on_launch": false,
            "enable_resource_name_dns_aaaa_record_on_launch": false,
            "id": "subnet-083714f7512f977b1",
            "ipv6_cidr_block": "",
            "ipv6_cidr_block_association_id": "",
            "ipv6_native": false,
            "map_customer_owned_ip_on_launch": false,
            "map_public_ip_on_launch": false,
            "outpost_arn": "",
            "owner_id": "931366402038",
            "private_dns_hostname_type_on_launch": "ip-name",
            "tags": {
              "Name": "hub-private-ap-northeast-1a"
            },
            "tags_all": {
              "Name": "hub-private-ap-northeast-1a"
            },
            "timeouts": null,
            "vpc_id": "vpc-006fb29d2106dabe5"
          },
          "sensitive_attributes": [],
          "private": "eyJlMmJmYjczMC1lY2FhLTExZTYtOGY4OC0zNDM2M2JjN2M0YzAiOnsiY3JlYXRlIjo2MDAwMDAwMDAwMDAsImRlbGV0ZSI6MTIwMDAwMDAwMDAwMH0sInNjaGVtYV92ZXJzaW9uIjoiMSJ9",
          "dependencies": [
            "module.vpc.aws_vpc.this",
            "module.vpc.aws_vpc_ipv4_cidr_block_association.this"
          ]
        },
        {
          "index_key": 4,
          "schema_version": 1,
          "attributes": {
            "arn": "arn:aws:ec2:ap-northeast-1:931366402038:subnet/subnet-000d9a242e026e409",
            "assign_ipv6_address_on_creation": false,
            "availability_zone": "ap-northeast-1c",
            "availability_zone_id": "apne1-az1",
            "cidr_block": "10.1.128.64/28",
            "customer_owned_ipv4_pool": "",
            "enable_dns64": false,
            "enable_lni_at_device_index": 0,
            "enable_resource_name_dns_a_record_on_launch": false,
            "enable_resource_name_dns_aaaa_record_on_launch": false,
            "id": "subnet-000d9a242e026e409",
            "ipv6_cidr_block": "",
            "ipv6_cidr_block_association_id": "",
            "ipv6_native": false,
            "map_customer_owned_ip_on_launch": false,
            "map_public_ip_on_launch": false,
            "outpost_arn": "",
            "owner_id": "931366402038",
            "private_dns_hostname_type_on_launch": "ip-name",
            "tags": {
              "Name": "hub-private-ap-northeast-1c"
            },
            "tags_all": {
              "Name": "hub-private-ap-northeast-1c"
            },
            "timeouts": null,
            "vpc_id": "vpc-006fb29d2106dabe5"
          },
          "sensitive_attributes": [],
          "private": "eyJlMmJmYjczMC1lY2FhLTExZTYtOGY4OC0zNDM2M2JjN2M0YzAiOnsiY3JlYXRlIjo2MDAwMDAwMDAwMDAsImRlbGV0ZSI6MTIwMDAwMDAwMDAwMH0sInNjaGVtYV92ZXJzaW9uIjoiMSJ9",
          "dependencies": [
            "module.vpc.aws_vpc.this",
            "module.vpc.aws_vpc_ipv4_cidr_block_association.this"
          ]
        },
        {
          "index_key": 5,
          "schema_version": 1,
          "attributes": {
            "arn": "arn:aws:ec2:ap-northeast-1:931366402038:subnet/subnet-037a792bff2e9d128",
            "assign_ipv6_address_on_creation": false,
            "availability_zone": "ap-northeast-1d",
            "availability_zone_id": "apne1-az2",
            "cidr_block": "10.1.128.80/28",
            "customer_owned_ipv4_pool": "",
            "enable_dns64": false,
            "enable_lni_at_device_index": 0,
            "enable_resource_name_dns_a_record_on_launch": false,
            "enable_resource_name_dns_aaaa_record_on_launch": false,
            "id": "subnet-037a792bff2e9d128",
            "ipv6_cidr_block": "",
            "ipv6_cidr_block_association_id": "",
            "ipv6_native": false,
            "map_customer_owned_ip_on_launch": false,
            "map_public_ip_on_launch": false,
            "outpost_arn": "",
            "owner_id": "931366402038",
            "private_dns_hostname_type_on_launch": "ip-name",
            "tags": {
              "Name": "hub-private-ap-northeast-1d"
            },
            "tags_all": {
              "Name": "hub-private-ap-northeast-1d"
            },
            "timeouts": null,
            "vpc_id": "vpc-006fb29d2106dabe5"
          },
          "sensitive_attributes": [],
          "private": "eyJlMmJmYjczMC1lY2FhLTExZTYtOGY4OC0zNDM2M2JjN2M0YzAiOnsiY3JlYXRlIjo2MDAwMDAwMDAwMDAsImRlbGV0ZSI6MTIwMDAwMDAwMDAwMH0sInNjaGVtYV92ZXJzaW9uIjoiMSJ9",
          "dependencies": [
            "module.vpc.aws_vpc.this",
            "module.vpc.aws_vpc_ipv4_cidr_block_association.this"
          ]
        },
        {
          "index_key": 6,
          "schema_version": 1,
          "attributes": {
            "arn": "arn:aws:ec2:ap-northeast-1:931366402038:subnet/subnet-04920d6a69ddd838e",
            "assign_ipv6_address_on_creation": false,
            "availability_zone": "ap-northeast-1a",
            "availability_zone_id": "apne1-az4",
            "cidr_block": "10.1.129.0/27",
            "customer_owned_ipv4_pool": "",
            "enable_dns64": false,
            "enable_lni_at_device_index": 0,
            "enable_resource_name_dns_a_record_on_launch": false,
            "enable_resource_name_dns_aaaa_record_on_launch": false,
            "id": "subnet-04920d6a69ddd838e",
            "ipv6_cidr_block": "",
            "ipv6_cidr_block_association_id": "",
            "ipv6_native": false,
            "map_customer_owned_ip_on_launch": false,
            "map_public_ip_on_launch": false,
            "outpost_arn": "",
            "owner_id": "931366402038",
            "private_dns_hostname_type_on_launch": "ip-name",
            "tags": {
              "Name": "hub-private-ap-northeast-1a"
            },
            "tags_all": {
              "Name": "hub-private-ap-northeast-1a"
            },
            "timeouts": null,
            "vpc_id": "vpc-006fb29d2106dabe5"
          },
          "sensitive_attributes": [],
          "private": "eyJlMmJmYjczMC1lY2FhLTExZTYtOGY4OC0zNDM2M2JjN2M0YzAiOnsiY3JlYXRlIjo2MDAwMDAwMDAwMDAsImRlbGV0ZSI6MTIwMDAwMDAwMDAwMH0sInNjaGVtYV92ZXJzaW9uIjoiMSJ9",
          "dependencies": [
            "module.vpc.aws_vpc.this",
            "module.vpc.aws_vpc_ipv4_cidr_block_association.this"
          ]
        },
        {
          "index_key": 7,
          "schema_version": 1,
          "attributes": {
            "arn": "arn:aws:ec2:ap-northeast-1:931366402038:subnet/subnet-0080f759869fe4ef6",
            "assign_ipv6_address_on_creation": false,
            "availability_zone": "ap-northeast-1c",
            "availability_zone_id": "apne1-az1",
            "cidr_block": "10.1.129.32/27",
            "customer_owned_ipv4_pool": "",
            "enable_dns64": false,
            "enable_lni_at_device_index": 0,
            "enable_resource_name_dns_a_record_on_launch": false,
            "enable_resource_name_dns_aaaa_record_on_launch": false,
            "id": "subnet-0080f759869fe4ef6",
            "ipv6_cidr_block": "",
            "ipv6_cidr_block_association_id": "",
            "ipv6_native": false,
            "map_customer_owned_ip_on_launch": false,
            "map_public_ip_on_launch": false,
            "outpost_arn": "",
            "owner_id": "931366402038",
            "private_dns_hostname_type_on_launch": "ip-name",
            "tags": {
              "Name": "hub-private-ap-northeast-1c"
            },
            "tags_all": {
              "Name": "hub-private-ap-northeast-1c"
            },
            "timeouts": null,
            "vpc_id": "vpc-006fb29d2106dabe5"
          },
          "sensitive_attributes": [],
          "private": "eyJlMmJmYjczMC1lY2FhLTExZTYtOGY4OC0zNDM2M2JjN2M0YzAiOnsiY3JlYXRlIjo2MDAwMDAwMDAwMDAsImRlbGV0ZSI6MTIwMDAwMDAwMDAwMH0sInNjaGVtYV92ZXJzaW9uIjoiMSJ9",
          "dependencies": [
            "module.vpc.aws_vpc.this",
            "module.vpc.aws_vpc_ipv4_cidr_block_association.this"
          ]
        },
        {
          "index_key": 8,
          "schema_version": 1,
          "attributes": {
            "arn": "arn:aws:ec2:ap-northeast-1:931366402038:subnet/subnet-006841b1049a9dac3",
            "assign_ipv6_address_on_creation": false,
            "availability_zone": "ap-northeast-1d",
            "availability_zone_id": "apne1-az2",
            "cidr_block": "10.1.129.64/27",
            "customer_owned_ipv4_pool": "",
            "enable_dns64": false,
            "enable_lni_at_device_index": 0,
            "enable_resource_name_dns_a_record_on_launch": false,
            "enable_resource_name_dns_aaaa_record_on_launch": false,
            "id": "subnet-006841b1049a9dac3",
            "ipv6_cidr_block": "",
            "ipv6_cidr_block_association_id": "",
            "ipv6_native": false,
            "map_customer_owned_ip_on_launch": false,
            "map_public_ip_on_launch": false,
            "outpost_arn": "",
            "owner_id": "931366402038",
            "private_dns_hostname_type_on_launch": "ip-name",
            "tags": {
              "Name": "hub-private-ap-northeast-1d"
            },
            "tags_all": {
              "Name": "hub-private-ap-northeast-1d"
            },
            "timeouts": null,
            "vpc_id": "vpc-006fb29d2106dabe5"
          },
          "sensitive_attributes": [],
          "private": "eyJlMmJmYjczMC1lY2FhLTExZTYtOGY4OC0zNDM2M2JjN2M0YzAiOnsiY3JlYXRlIjo2MDAwMDAwMDAwMDAsImRlbGV0ZSI6MTIwMDAwMDAwMDAwMH0sInNjaGVtYV92ZXJzaW9uIjoiMSJ9",
          "dependencies": [
            "module.vpc.aws_vpc.this",
            "module.vpc.aws_vpc_ipv4_cidr_block_association.this"
          ]
        }
      ]
    },
    {
      "module": "module.vpc",
      "mode": "managed",
      "type": "aws_subnet",
      "name": "public",
      "provider": "provider[\"registry.terraform.io/hashicorp/aws\"]",
      "instances": [
        {
          "index_key": 0,
          "schema_version": 1,
          "attributes": {
            "arn": "arn:aws:ec2:ap-northeast-1:931366402038:subnet/subnet-080bdff6520f1d0cb",
            "assign_ipv6_address_on_creation": false,
            "availability_zone": "ap-northeast-1a",
            "availability_zone_id": "apne1-az4",
            "cidr_block": "10.1.128.0/28",
            "customer_owned_ipv4_pool": "",
            "enable_dns64": false,
            "enable_lni_at_device_index": 0,
            "enable_resource_name_dns_a_record_on_launch": false,
            "enable_resource_name_dns_aaaa_record_on_launch": false,
            "id": "subnet-080bdff6520f1d0cb",
            "ipv6_cidr_block": "",
            "ipv6_cidr_block_association_id": "",
            "ipv6_native": false,
            "map_customer_owned_ip_on_launch": false,
            "map_public_ip_on_launch": false,
            "outpost_arn": "",
            "owner_id": "931366402038",
            "private_dns_hostname_type_on_launch": "ip-name",
            "tags": {
              "Name": "hub-public-ap-northeast-1a"
            },
            "tags_all": {
              "Name": "hub-public-ap-northeast-1a"
            },
            "timeouts": null,
            "vpc_id": "vpc-006fb29d2106dabe5"
          },
          "sensitive_attributes": [],
          "private": "eyJlMmJmYjczMC1lY2FhLTExZTYtOGY4OC0zNDM2M2JjN2M0YzAiOnsiY3JlYXRlIjo2MDAwMDAwMDAwMDAsImRlbGV0ZSI6MTIwMDAwMDAwMDAwMH0sInNjaGVtYV92ZXJzaW9uIjoiMSJ9",
          "dependencies": [
            "module.vpc.aws_vpc.this",
            "module.vpc.aws_vpc_ipv4_cidr_block_association.this"
          ]
        },
        {
          "index_key": 1,
          "schema_version": 1,
          "attributes": {
            "arn": "arn:aws:ec2:ap-northeast-1:931366402038:subnet/subnet-0c3b6031a61b470d9",
            "assign_ipv6_address_on_creation": false,
            "availability_zone": "ap-northeast-1c",
            "availability_zone_id": "apne1-az1",
            "cidr_block": "10.1.128.16/28",
            "customer_owned_ipv4_pool": "",
            "enable_dns64": false,
            "enable_lni_at_device_index": 0,
            "enable_resource_name_dns_a_record_on_launch": false,
            "enable_resource_name_dns_aaaa_record_on_launch": false,
            "id": "subnet-0c3b6031a61b470d9",
            "ipv6_cidr_block": "",
            "ipv6_cidr_block_association_id": "",
            "ipv6_native": false,
            "map_customer_owned_ip_on_launch": false,
            "map_public_ip_on_launch": false,
            "outpost_arn": "",
            "owner_id": "931366402038",
            "private_dns_hostname_type_on_launch": "ip-name",
            "tags": {
              "Name": "hub-public-ap-northeast-1c"
            },
            "tags_all": {
              "Name": "hub-public-ap-northeast-1c"
            },
            "timeouts": null,
            "vpc_id": "vpc-006fb29d2106dabe5"
          },
          "sensitive_attributes": [],
          "private": "eyJlMmJmYjczMC1lY2FhLTExZTYtOGY4OC0zNDM2M2JjN2M0YzAiOnsiY3JlYXRlIjo2MDAwMDAwMDAwMDAsImRlbGV0ZSI6MTIwMDAwMDAwMDAwMH0sInNjaGVtYV92ZXJzaW9uIjoiMSJ9",
          "dependencies": [
            "module.vpc.aws_vpc.this",
            "module.vpc.aws_vpc_ipv4_cidr_block_association.this"
          ]
        },
        {
          "index_key": 2,
          "schema_version": 1,
          "attributes": {
            "arn": "arn:aws:ec2:ap-northeast-1:931366402038:subnet/subnet-070c52f01f9acc138",
            "assign_ipv6_address_on_creation": false,
            "availability_zone": "ap-northeast-1d",
            "availability_zone_id": "apne1-az2",
            "cidr_block": "10.1.128.32/28",
            "customer_owned_ipv4_pool": "",
            "enable_dns64": false,
            "enable_lni_at_device_index": 0,
            "enable_resource_name_dns_a_record_on_launch": false,
            "enable_resource_name_dns_aaaa_record_on_launch": false,
            "id": "subnet-070c52f01f9acc138",
            "ipv6_cidr_block": "",
            "ipv6_cidr_block_association_id": "",
            "ipv6_native": false,
            "map_customer_owned_ip_on_launch": false,
            "map_public_ip_on_launch": false,
            "outpost_arn": "",
            "owner_id": "931366402038",
            "private_dns_hostname_type_on_launch": "ip-name",
            "tags": {
              "Name": "hub-public-ap-northeast-1d"
            },
            "tags_all": {
              "Name": "hub-public-ap-northeast-1d"
            },
            "timeouts": null,
            "vpc_id": "vpc-006fb29d2106dabe5"
          },
          "sensitive_attributes": [],
          "private": "eyJlMmJmYjczMC1lY2FhLTExZTYtOGY4OC0zNDM2M2JjN2M0YzAiOnsiY3JlYXRlIjo2MDAwMDAwMDAwMDAsImRlbGV0ZSI6MTIwMDAwMDAwMDAwMH0sInNjaGVtYV92ZXJzaW9uIjoiMSJ9",
          "dependencies": [
            "module.vpc.aws_vpc.this",
            "module.vpc.aws_vpc_ipv4_cidr_block_association.this"
          ]
        }
      ]
    },
    {
      "module": "module.vpc",
      "mode": "managed",
      "type": "aws_vpc",
      "name": "this",
      "provider": "provider[\"registry.terraform.io/hashicorp/aws\"]",
      "instances": [
        {
          "index_key": 0,
          "schema_version": 1,
          "attributes": {
            "arn": "arn:aws:ec2:ap-northeast-1:931366402038:vpc/vpc-006fb29d2106dabe5",
            "assign_generated_ipv6_cidr_block": false,
            "cidr_block": "10.1.128.0/20",
            "default_network_acl_id": "acl-03e96b7198f5fc6b5",
            "default_route_table_id": "rtb-090ee2274f221fbbf",
            "default_security_group_id": "sg-0fc9fca0f5e8e9082",
            "dhcp_options_id": "dopt-8f90f8ea",
            "enable_classiclink": false,
            "enable_classiclink_dns_support": false,
            "enable_dns_hostnames": true,
            "enable_dns_support": true,
            "enable_network_address_usage_metrics": false,
            "id": "vpc-006fb29d2106dabe5",
            "instance_tenancy": "default",
            "ipv4_ipam_pool_id": null,
            "ipv4_netmask_length": null,
            "ipv6_association_id": "",
            "ipv6_cidr_block": "",
            "ipv6_cidr_block_network_border_group": "",
            "ipv6_ipam_pool_id": "",
            "ipv6_netmask_length": 0,
            "main_route_table_id": "rtb-090ee2274f221fbbf",
            "owner_id": "931366402038",
            "tags": {
              "Name": "hub"
            },
            "tags_all": {
              "Name": "hub"
            }
          },
          "sensitive_attributes": [],
          "private": "eyJzY2hlbWFfdmVyc2lvbiI6IjEifQ=="
        }
      ]
    },
    {
      "module": "module.vpc",
      "mode": "managed",
      "type": "aws_vpc_ipv4_cidr_block_association",
      "name": "this",
      "provider": "provider[\"registry.terraform.io/hashicorp/aws\"]",
      "instances": []
    },
    {
      "module": "module.vpc",
      "mode": "managed",
      "type": "aws_vpn_gateway",
      "name": "this",
      "provider": "provider[\"registry.terraform.io/hashicorp/aws\"]",
      "instances": [
        {
          "index_key": 0,
          "schema_version": 0,
          "attributes": {
            "amazon_side_asn": "64512",
            "arn": "arn:aws:ec2:ap-northeast-1:931366402038:vpn-gateway/vgw-009c5766961074804",
            "availability_zone": null,
            "id": "vgw-009c5766961074804",
            "tags": {
              "Name": "hub"
            },
            "tags_all": {
              "Name": "hub"
            },
            "vpc_id": "vpc-006fb29d2106dabe5"
          },
          "sensitive_attributes": [],
          "private": "bnVsbA==",
          "dependencies": [
            "module.vpc.aws_vpc.this",
            "module.vpc.aws_vpc_ipv4_cidr_block_association.this"
          ]
        }
      ]
    },
    {
      "module": "module.vpc_pod",
      "mode": "managed",
      "type": "aws_default_network_acl",
      "name": "this",
      "provider": "provider[\"registry.terraform.io/hashicorp/aws\"]",
      "instances": [
        {
          "index_key": 0,
          "schema_version": 0,
          "attributes": {
            "arn": "arn:aws:ec2:ap-northeast-1:931366402038:network-acl/acl-040a890393023e7bd",
            "default_network_acl_id": "acl-040a890393023e7bd",
            "egress": [
              {
                "action": "allow",
                "cidr_block": "",
                "from_port": 0,
                "icmp_code": null,
                "icmp_type": null,
                "ipv6_cidr_block": "::/0",
                "protocol": "-1",
                "rule_no": 101,
                "to_port": 0
              },
              {
                "action": "allow",
                "cidr_block": "0.0.0.0/0",
                "from_port": 0,
                "icmp_code": null,
                "icmp_type": null,
                "ipv6_cidr_block": "",
                "protocol": "-1",
                "rule_no": 100,
                "to_port": 0
              }
            ],
            "id": "acl-040a890393023e7bd",
            "ingress": [
              {
                "action": "allow",
                "cidr_block": "",
                "from_port": 0,
                "icmp_code": null,
                "icmp_type": null,
                "ipv6_cidr_block": "::/0",
                "protocol": "-1",
                "rule_no": 101,
                "to_port": 0
              },
              {
                "action": "allow",
                "cidr_block": "0.0.0.0/0",
                "from_port": 0,
                "icmp_code": null,
                "icmp_type": null,
                "ipv6_cidr_block": "",
                "protocol": "-1",
                "rule_no": 100,
                "to_port": 0
              }
            ],
            "owner_id": "931366402038",
            "subnet_ids": [
              "subnet-01af637f9e7448b44",
              "subnet-04e123e246d6af092",
              "subnet-0b424bca31231cf1e"
            ],
            "tags": {
              "Name": "pod-default"
            },
            "tags_all": {
              "Name": "pod-default"
            },
            "vpc_id": "vpc-0958fbd2b8d22c6a8"
          },
          "sensitive_attributes": [],
          "private": "bnVsbA==",
          "dependencies": [
            "module.vpc_pod.aws_vpc.this"
          ]
        }
      ]
    },
    {
      "module": "module.vpc_pod",
      "mode": "managed",
      "type": "aws_default_route_table",
      "name": "default",
      "provider": "provider[\"registry.terraform.io/hashicorp/aws\"]",
      "instances": [
        {
          "index_key": 0,
          "schema_version": 0,
          "attributes": {
            "arn": "arn:aws:ec2:ap-northeast-1:931366402038:route-table/rtb-0f8c0cff5c4ba372e",
            "default_route_table_id": "rtb-0f8c0cff5c4ba372e",
            "id": "rtb-0f8c0cff5c4ba372e",
            "owner_id": "931366402038",
            "propagating_vgws": null,
            "route": [],
            "tags": {
              "Name": "pod-default"
            },
            "tags_all": {
              "Name": "pod-default"
            },
            "timeouts": {
              "create": "5m",
              "update": "5m"
            },
            "vpc_id": "vpc-0958fbd2b8d22c6a8"
          },
          "sensitive_attributes": [],
          "private": "eyJlMmJmYjczMC1lY2FhLTExZTYtOGY4OC0zNDM2M2JjN2M0YzAiOnsiY3JlYXRlIjozMDAwMDAwMDAwMDAsInVwZGF0ZSI6MzAwMDAwMDAwMDAwfX0=",
          "dependencies": [
            "module.vpc_pod.aws_vpc.this"
          ]
        }
      ]
    },
    {
      "module": "module.vpc_pod",
      "mode": "managed",
      "type": "aws_default_security_group",
      "name": "this",
      "provider": "provider[\"registry.terraform.io/hashicorp/aws\"]",
      "instances": [
        {
          "index_key": 0,
          "schema_version": 1,
          "attributes": {
            "arn": "arn:aws:ec2:ap-northeast-1:931366402038:security-group/sg-0a9d000f7f9990e5f",
            "description": "default VPC security group",
            "egress": [],
            "id": "sg-0a9d000f7f9990e5f",
            "ingress": [],
            "name": "default",
            "name_prefix": "",
            "owner_id": "931366402038",
            "revoke_rules_on_delete": false,
            "tags": {
              "Name": "pod-default"
            },
            "tags_all": {
              "Name": "pod-default"
            },
            "vpc_id": "vpc-0958fbd2b8d22c6a8"
          },
          "sensitive_attributes": [],
          "private": "eyJzY2hlbWFfdmVyc2lvbiI6IjEifQ==",
          "dependencies": [
            "module.vpc_pod.aws_vpc.this"
          ]
        }
      ]
    },
    {
      "module": "module.vpc_pod",
      "mode": "managed",
      "type": "aws_route_table",
      "name": "private",
      "provider": "provider[\"registry.terraform.io/hashicorp/aws\"]",
      "instances": [
        {
          "index_key": 0,
          "schema_version": 0,
          "attributes": {
            "arn": "arn:aws:ec2:ap-northeast-1:931366402038:route-table/rtb-06c420bbc999ee1f2",
            "id": "rtb-06c420bbc999ee1f2",
            "owner_id": "931366402038",
            "propagating_vgws": [],
            "route": [],
            "tags": {
              "Name": "pod-private-ap-northeast-1a"
            },
            "tags_all": {
              "Name": "pod-private-ap-northeast-1a"
            },
            "timeouts": null,
            "vpc_id": "vpc-0958fbd2b8d22c6a8"
          },
          "sensitive_attributes": [],
          "private": "eyJlMmJmYjczMC1lY2FhLTExZTYtOGY4OC0zNDM2M2JjN2M0YzAiOnsiY3JlYXRlIjozMDAwMDAwMDAwMDAsImRlbGV0ZSI6MzAwMDAwMDAwMDAwLCJ1cGRhdGUiOjEyMDAwMDAwMDAwMH19",
          "dependencies": [
            "module.vpc_pod.aws_vpc.this",
            "module.vpc_pod.aws_vpc_ipv4_cidr_block_association.this"
          ]
        },
        {
          "index_key": 1,
          "schema_version": 0,
          "attributes": {
            "arn": "arn:aws:ec2:ap-northeast-1:931366402038:route-table/rtb-0c3b15c33856a0449",
            "id": "rtb-0c3b15c33856a0449",
            "owner_id": "931366402038",
            "propagating_vgws": [],
            "route": [],
            "tags": {
              "Name": "pod-private-ap-northeast-1c"
            },
            "tags_all": {
              "Name": "pod-private-ap-northeast-1c"
            },
            "timeouts": null,
            "vpc_id": "vpc-0958fbd2b8d22c6a8"
          },
          "sensitive_attributes": [],
          "private": "eyJlMmJmYjczMC1lY2FhLTExZTYtOGY4OC0zNDM2M2JjN2M0YzAiOnsiY3JlYXRlIjozMDAwMDAwMDAwMDAsImRlbGV0ZSI6MzAwMDAwMDAwMDAwLCJ1cGRhdGUiOjEyMDAwMDAwMDAwMH19",
          "dependencies": [
            "module.vpc_pod.aws_vpc.this",
            "module.vpc_pod.aws_vpc_ipv4_cidr_block_association.this"
          ]
        },
        {
          "index_key": 2,
          "schema_version": 0,
          "attributes": {
            "arn": "arn:aws:ec2:ap-northeast-1:931366402038:route-table/rtb-02b93154dab97726c",
            "id": "rtb-02b93154dab97726c",
            "owner_id": "931366402038",
            "propagating_vgws": [],
            "route": [],
            "tags": {
              "Name": "pod-private-ap-northeast-1a"
            },
            "tags_all": {
              "Name": "pod-private-ap-northeast-1a"
            },
            "timeouts": null,
            "vpc_id": "vpc-0958fbd2b8d22c6a8"
          },
          "sensitive_attributes": [],
          "private": "eyJlMmJmYjczMC1lY2FhLTExZTYtOGY4OC0zNDM2M2JjN2M0YzAiOnsiY3JlYXRlIjozMDAwMDAwMDAwMDAsImRlbGV0ZSI6MzAwMDAwMDAwMDAwLCJ1cGRhdGUiOjEyMDAwMDAwMDAwMH19",
          "dependencies": [
            "module.vpc_pod.aws_vpc.this",
            "module.vpc_pod.aws_vpc_ipv4_cidr_block_association.this"
          ]
        },
        {
          "index_key": 3,
          "schema_version": 0,
          "attributes": {
            "arn": "arn:aws:ec2:ap-northeast-1:931366402038:route-table/rtb-09c40ad042d3db8ff",
            "id": "rtb-09c40ad042d3db8ff",
            "owner_id": "931366402038",
            "propagating_vgws": [],
            "route": [],
            "tags": {
              "Name": "pod-private-ap-northeast-1c"
            },
            "tags_all": {
              "Name": "pod-private-ap-northeast-1c"
            },
            "timeouts": null,
            "vpc_id": "vpc-0958fbd2b8d22c6a8"
          },
          "sensitive_attributes": [],
          "private": "eyJlMmJmYjczMC1lY2FhLTExZTYtOGY4OC0zNDM2M2JjN2M0YzAiOnsiY3JlYXRlIjozMDAwMDAwMDAwMDAsImRlbGV0ZSI6MzAwMDAwMDAwMDAwLCJ1cGRhdGUiOjEyMDAwMDAwMDAwMH19",
          "dependencies": [
            "module.vpc_pod.aws_vpc.this",
            "module.vpc_pod.aws_vpc_ipv4_cidr_block_association.this"
          ]
        },
        {
          "index_key": 4,
          "schema_version": 0,
          "attributes": {
            "arn": "arn:aws:ec2:ap-northeast-1:931366402038:route-table/rtb-0444d9ff1b1d74ee7",
            "id": "rtb-0444d9ff1b1d74ee7",
            "owner_id": "931366402038",
            "propagating_vgws": [],
            "route": [],
            "tags": {
              "Name": "pod-private-ap-northeast-1a"
            },
            "tags_all": {
              "Name": "pod-private-ap-northeast-1a"
            },
            "timeouts": null,
            "vpc_id": "vpc-0958fbd2b8d22c6a8"
          },
          "sensitive_attributes": [],
          "private": "eyJlMmJmYjczMC1lY2FhLTExZTYtOGY4OC0zNDM2M2JjN2M0YzAiOnsiY3JlYXRlIjozMDAwMDAwMDAwMDAsImRlbGV0ZSI6MzAwMDAwMDAwMDAwLCJ1cGRhdGUiOjEyMDAwMDAwMDAwMH19",
          "dependencies": [
            "module.vpc_pod.aws_vpc.this",
            "module.vpc_pod.aws_vpc_ipv4_cidr_block_association.this"
          ]
        },
        {
          "index_key": 5,
          "schema_version": 0,
          "attributes": {
            "arn": "arn:aws:ec2:ap-northeast-1:931366402038:route-table/rtb-04175015c14e605f4",
            "id": "rtb-04175015c14e605f4",
            "owner_id": "931366402038",
            "propagating_vgws": [],
            "route": [],
            "tags": {
              "Name": "pod-private-ap-northeast-1c"
            },
            "tags_all": {
              "Name": "pod-private-ap-northeast-1c"
            },
            "timeouts": null,
            "vpc_id": "vpc-0958fbd2b8d22c6a8"
          },
          "sensitive_attributes": [],
          "private": "eyJlMmJmYjczMC1lY2FhLTExZTYtOGY4OC0zNDM2M2JjN2M0YzAiOnsiY3JlYXRlIjozMDAwMDAwMDAwMDAsImRlbGV0ZSI6MzAwMDAwMDAwMDAwLCJ1cGRhdGUiOjEyMDAwMDAwMDAwMH19",
          "dependencies": [
            "module.vpc_pod.aws_vpc.this",
            "module.vpc_pod.aws_vpc_ipv4_cidr_block_association.this"
          ]
        },
        {
          "index_key": 6,
          "schema_version": 0,
          "attributes": {
            "arn": "arn:aws:ec2:ap-northeast-1:931366402038:route-table/rtb-0b77cbc26f684a980",
            "id": "rtb-0b77cbc26f684a980",
            "owner_id": "931366402038",
            "propagating_vgws": [],
            "route": [],
            "tags": {
              "Name": "pod-private-ap-northeast-1a"
            },
            "tags_all": {
              "Name": "pod-private-ap-northeast-1a"
            },
            "timeouts": null,
            "vpc_id": "vpc-0958fbd2b8d22c6a8"
          },
          "sensitive_attributes": [],
          "private": "eyJlMmJmYjczMC1lY2FhLTExZTYtOGY4OC0zNDM2M2JjN2M0YzAiOnsiY3JlYXRlIjozMDAwMDAwMDAwMDAsImRlbGV0ZSI6MzAwMDAwMDAwMDAwLCJ1cGRhdGUiOjEyMDAwMDAwMDAwMH19",
          "dependencies": [
            "module.vpc_pod.aws_vpc.this",
            "module.vpc_pod.aws_vpc_ipv4_cidr_block_association.this"
          ]
        },
        {
          "index_key": 7,
          "schema_version": 0,
          "attributes": {
            "arn": "arn:aws:ec2:ap-northeast-1:931366402038:route-table/rtb-06e8cbafc648c0bc4",
            "id": "rtb-06e8cbafc648c0bc4",
            "owner_id": "931366402038",
            "propagating_vgws": [],
            "route": [],
            "tags": {
              "Name": "pod-private-ap-northeast-1c"
            },
            "tags_all": {
              "Name": "pod-private-ap-northeast-1c"
            },
            "timeouts": null,
            "vpc_id": "vpc-0958fbd2b8d22c6a8"
          },
          "sensitive_attributes": [],
          "private": "eyJlMmJmYjczMC1lY2FhLTExZTYtOGY4OC0zNDM2M2JjN2M0YzAiOnsiY3JlYXRlIjozMDAwMDAwMDAwMDAsImRlbGV0ZSI6MzAwMDAwMDAwMDAwLCJ1cGRhdGUiOjEyMDAwMDAwMDAwMH19",
          "dependencies": [
            "module.vpc_pod.aws_vpc.this",
            "module.vpc_pod.aws_vpc_ipv4_cidr_block_association.this"
          ]
        }
      ]
    },
    {
      "module": "module.vpc_pod",
      "mode": "managed",
      "type": "aws_route_table_association",
      "name": "private",
      "provider": "provider[\"registry.terraform.io/hashicorp/aws\"]",
      "instances": [
        {
          "index_key": 0,
          "schema_version": 0,
          "attributes": {
            "gateway_id": "",
            "id": "rtbassoc-02a280b57040df468",
            "route_table_id": "rtb-06c420bbc999ee1f2",
            "subnet_id": "subnet-04e123e246d6af092",
            "timeouts": null
          },
          "sensitive_attributes": [],
          "private": "eyJlMmJmYjczMC1lY2FhLTExZTYtOGY4OC0zNDM2M2JjN2M0YzAiOnsiY3JlYXRlIjozMDAwMDAwMDAwMDAsImRlbGV0ZSI6MzAwMDAwMDAwMDAwLCJ1cGRhdGUiOjEyMDAwMDAwMDAwMH19",
          "dependencies": [
            "module.vpc_pod.aws_route_table.private",
            "module.vpc_pod.aws_subnet.private",
            "module.vpc_pod.aws_vpc.this",
            "module.vpc_pod.aws_vpc_ipv4_cidr_block_association.this"
          ]
        },
        {
          "index_key": 1,
          "schema_version": 0,
          "attributes": {
            "gateway_id": "",
            "id": "rtbassoc-0eee95895eafa310a",
            "route_table_id": "rtb-0c3b15c33856a0449",
            "subnet_id": "subnet-0b424bca31231cf1e",
            "timeouts": null
          },
          "sensitive_attributes": [],
          "private": "eyJlMmJmYjczMC1lY2FhLTExZTYtOGY4OC0zNDM2M2JjN2M0YzAiOnsiY3JlYXRlIjozMDAwMDAwMDAwMDAsImRlbGV0ZSI6MzAwMDAwMDAwMDAwLCJ1cGRhdGUiOjEyMDAwMDAwMDAwMH19",
          "dependencies": [
            "module.vpc_pod.aws_route_table.private",
            "module.vpc_pod.aws_subnet.private",
            "module.vpc_pod.aws_vpc.this",
            "module.vpc_pod.aws_vpc_ipv4_cidr_block_association.this"
          ]
        },
        {
          "index_key": 2,
          "schema_version": 0,
          "attributes": {
            "gateway_id": "",
            "id": "rtbassoc-0a815b2a1bfaf64e7",
            "route_table_id": "rtb-02b93154dab97726c",
            "subnet_id": "subnet-0d7ccdcda2b30bc7e",
            "timeouts": null
          },
          "sensitive_attributes": [],
          "private": "eyJlMmJmYjczMC1lY2FhLTExZTYtOGY4OC0zNDM2M2JjN2M0YzAiOnsiY3JlYXRlIjozMDAwMDAwMDAwMDAsImRlbGV0ZSI6MzAwMDAwMDAwMDAwLCJ1cGRhdGUiOjEyMDAwMDAwMDAwMH19",
          "dependencies": [
            "module.vpc_pod.aws_route_table.private",
            "module.vpc_pod.aws_subnet.private",
            "module.vpc_pod.aws_vpc.this",
            "module.vpc_pod.aws_vpc_ipv4_cidr_block_association.this"
          ]
        },
        {
          "index_key": 3,
          "schema_version": 0,
          "attributes": {
            "gateway_id": "",
            "id": "rtbassoc-006c85f7b4491b82d",
            "route_table_id": "rtb-09c40ad042d3db8ff",
            "subnet_id": "subnet-01af637f9e7448b44",
            "timeouts": null
          },
          "sensitive_attributes": [],
          "private": "eyJlMmJmYjczMC1lY2FhLTExZTYtOGY4OC0zNDM2M2JjN2M0YzAiOnsiY3JlYXRlIjozMDAwMDAwMDAwMDAsImRlbGV0ZSI6MzAwMDAwMDAwMDAwLCJ1cGRhdGUiOjEyMDAwMDAwMDAwMH19",
          "dependencies": [
            "module.vpc_pod.aws_route_table.private",
            "module.vpc_pod.aws_subnet.private",
            "module.vpc_pod.aws_vpc.this",
            "module.vpc_pod.aws_vpc_ipv4_cidr_block_association.this"
          ]
        },
        {
          "index_key": 4,
          "schema_version": 0,
          "attributes": {
            "gateway_id": "",
            "id": "rtbassoc-05e1c90bab43aa7cc",
            "route_table_id": "rtb-0444d9ff1b1d74ee7",
            "subnet_id": "subnet-076f283bce5d25d12",
            "timeouts": null
          },
          "sensitive_attributes": [],
          "private": "eyJlMmJmYjczMC1lY2FhLTExZTYtOGY4OC0zNDM2M2JjN2M0YzAiOnsiY3JlYXRlIjozMDAwMDAwMDAwMDAsImRlbGV0ZSI6MzAwMDAwMDAwMDAwLCJ1cGRhdGUiOjEyMDAwMDAwMDAwMH19",
          "dependencies": [
            "module.vpc_pod.aws_route_table.private",
            "module.vpc_pod.aws_subnet.private",
            "module.vpc_pod.aws_vpc.this",
            "module.vpc_pod.aws_vpc_ipv4_cidr_block_association.this"
          ]
        },
        {
          "index_key": 5,
          "schema_version": 0,
          "attributes": {
            "gateway_id": "",
            "id": "rtbassoc-0e000423de91d1012",
            "route_table_id": "rtb-04175015c14e605f4",
            "subnet_id": "subnet-0efa9f9b64aee2749",
            "timeouts": null
          },
          "sensitive_attributes": [],
          "private": "eyJlMmJmYjczMC1lY2FhLTExZTYtOGY4OC0zNDM2M2JjN2M0YzAiOnsiY3JlYXRlIjozMDAwMDAwMDAwMDAsImRlbGV0ZSI6MzAwMDAwMDAwMDAwLCJ1cGRhdGUiOjEyMDAwMDAwMDAwMH19",
          "dependencies": [
            "module.vpc_pod.aws_route_table.private",
            "module.vpc_pod.aws_subnet.private",
            "module.vpc_pod.aws_vpc.this",
            "module.vpc_pod.aws_vpc_ipv4_cidr_block_association.this"
          ]
        },
        {
          "index_key": 6,
          "schema_version": 0,
          "attributes": {
            "gateway_id": "",
            "id": "rtbassoc-037b501752dbd64db",
            "route_table_id": "rtb-0b77cbc26f684a980",
            "subnet_id": "subnet-00b2edab9ae469229",
            "timeouts": null
          },
          "sensitive_attributes": [],
          "private": "eyJlMmJmYjczMC1lY2FhLTExZTYtOGY4OC0zNDM2M2JjN2M0YzAiOnsiY3JlYXRlIjozMDAwMDAwMDAwMDAsImRlbGV0ZSI6MzAwMDAwMDAwMDAwLCJ1cGRhdGUiOjEyMDAwMDAwMDAwMH19",
          "dependencies": [
            "module.vpc_pod.aws_route_table.private",
            "module.vpc_pod.aws_subnet.private",
            "module.vpc_pod.aws_vpc.this",
            "module.vpc_pod.aws_vpc_ipv4_cidr_block_association.this"
          ]
        },
        {
          "index_key": 7,
          "schema_version": 0,
          "attributes": {
            "gateway_id": "",
            "id": "rtbassoc-07154d9ab1c2d435e",
            "route_table_id": "rtb-06e8cbafc648c0bc4",
            "subnet_id": "subnet-0b57a69568ef8d1a5",
            "timeouts": null
          },
          "sensitive_attributes": [],
          "private": "eyJlMmJmYjczMC1lY2FhLTExZTYtOGY4OC0zNDM2M2JjN2M0YzAiOnsiY3JlYXRlIjozMDAwMDAwMDAwMDAsImRlbGV0ZSI6MzAwMDAwMDAwMDAwLCJ1cGRhdGUiOjEyMDAwMDAwMDAwMH19",
          "dependencies": [
            "module.vpc_pod.aws_route_table.private",
            "module.vpc_pod.aws_subnet.private",
            "module.vpc_pod.aws_vpc.this",
            "module.vpc_pod.aws_vpc_ipv4_cidr_block_association.this"
          ]
        }
      ]
    },
    {
      "module": "module.vpc_pod",
      "mode": "managed",
      "type": "aws_subnet",
      "name": "private",
      "provider": "provider[\"registry.terraform.io/hashicorp/aws\"]",
      "instances": [
        {
          "index_key": 0,
          "schema_version": 1,
          "attributes": {
            "arn": "arn:aws:ec2:ap-northeast-1:931366402038:subnet/subnet-04e123e246d6af092",
            "assign_ipv6_address_on_creation": false,
            "availability_zone": "ap-northeast-1a",
            "availability_zone_id": "apne1-az4",
            "cidr_block": "10.1.160.0/28",
            "customer_owned_ipv4_pool": "",
            "enable_dns64": false,
            "enable_lni_at_device_index": 0,
            "enable_resource_name_dns_a_record_on_launch": false,
            "enable_resource_name_dns_aaaa_record_on_launch": false,
            "id": "subnet-04e123e246d6af092",
            "ipv6_cidr_block": "",
            "ipv6_cidr_block_association_id": "",
            "ipv6_native": false,
            "map_customer_owned_ip_on_launch": false,
            "map_public_ip_on_launch": false,
            "outpost_arn": "",
            "owner_id": "931366402038",
            "private_dns_hostname_type_on_launch": "ip-name",
            "tags": {
              "Name": "pod-private-ap-northeast-1a"
            },
            "tags_all": {
              "Name": "pod-private-ap-northeast-1a"
            },
            "timeouts": null,
            "vpc_id": "vpc-0958fbd2b8d22c6a8"
          },
          "sensitive_attributes": [],
          "private": "eyJlMmJmYjczMC1lY2FhLTExZTYtOGY4OC0zNDM2M2JjN2M0YzAiOnsiY3JlYXRlIjo2MDAwMDAwMDAwMDAsImRlbGV0ZSI6MTIwMDAwMDAwMDAwMH0sInNjaGVtYV92ZXJzaW9uIjoiMSJ9",
          "dependencies": [
            "module.vpc_pod.aws_vpc.this",
            "module.vpc_pod.aws_vpc_ipv4_cidr_block_association.this"
          ]
        },
        {
          "index_key": 1,
          "schema_version": 1,
          "attributes": {
            "arn": "arn:aws:ec2:ap-northeast-1:931366402038:subnet/subnet-0b424bca31231cf1e",
            "assign_ipv6_address_on_creation": false,
            "availability_zone": "ap-northeast-1c",
            "availability_zone_id": "apne1-az1",
            "cidr_block": "10.1.160.16/28",
            "customer_owned_ipv4_pool": "",
            "enable_dns64": false,
            "enable_lni_at_device_index": 0,
            "enable_resource_name_dns_a_record_on_launch": false,
            "enable_resource_name_dns_aaaa_record_on_launch": false,
            "id": "subnet-0b424bca31231cf1e",
            "ipv6_cidr_block": "",
            "ipv6_cidr_block_association_id": "",
            "ipv6_native": false,
            "map_customer_owned_ip_on_launch": false,
            "map_public_ip_on_launch": false,
            "outpost_arn": "",
            "owner_id": "931366402038",
            "private_dns_hostname_type_on_launch": "ip-name",
            "tags": {
              "Name": "pod-private-ap-northeast-1c"
            },
            "tags_all": {
              "Name": "pod-private-ap-northeast-1c"
            },
            "timeouts": null,
            "vpc_id": "vpc-0958fbd2b8d22c6a8"
          },
          "sensitive_attributes": [],
          "private": "eyJlMmJmYjczMC1lY2FhLTExZTYtOGY4OC0zNDM2M2JjN2M0YzAiOnsiY3JlYXRlIjo2MDAwMDAwMDAwMDAsImRlbGV0ZSI6MTIwMDAwMDAwMDAwMH0sInNjaGVtYV92ZXJzaW9uIjoiMSJ9",
          "dependencies": [
            "module.vpc_pod.aws_vpc.this",
            "module.vpc_pod.aws_vpc_ipv4_cidr_block_association.this"
          ]
        },
        {
          "index_key": 2,
          "schema_version": 1,
          "attributes": {
            "arn": "arn:aws:ec2:ap-northeast-1:931366402038:subnet/subnet-0d7ccdcda2b30bc7e",
            "assign_ipv6_address_on_creation": false,
            "availability_zone": "ap-northeast-1a",
            "availability_zone_id": "apne1-az4",
            "cidr_block": "10.1.160.128/26",
            "customer_owned_ipv4_pool": "",
            "enable_dns64": false,
            "enable_lni_at_device_index": 0,
            "enable_resource_name_dns_a_record_on_launch": false,
            "enable_resource_name_dns_aaaa_record_on_launch": false,
            "id": "subnet-0d7ccdcda2b30bc7e",
            "ipv6_cidr_block": "",
            "ipv6_cidr_block_association_id": "",
            "ipv6_native": false,
            "map_customer_owned_ip_on_launch": false,
            "map_public_ip_on_launch": false,
            "outpost_arn": "",
            "owner_id": "931366402038",
            "private_dns_hostname_type_on_launch": "ip-name",
            "tags": {
              "Name": "pod-private-ap-northeast-1a"
            },
            "tags_all": {
              "Name": "pod-private-ap-northeast-1a"
            },
            "timeouts": null,
            "vpc_id": "vpc-0958fbd2b8d22c6a8"
          },
          "sensitive_attributes": [],
          "private": "eyJlMmJmYjczMC1lY2FhLTExZTYtOGY4OC0zNDM2M2JjN2M0YzAiOnsiY3JlYXRlIjo2MDAwMDAwMDAwMDAsImRlbGV0ZSI6MTIwMDAwMDAwMDAwMH0sInNjaGVtYV92ZXJzaW9uIjoiMSJ9",
          "dependencies": [
            "module.vpc_pod.aws_vpc.this",
            "module.vpc_pod.aws_vpc_ipv4_cidr_block_association.this"
          ]
        },
        {
          "index_key": 3,
          "schema_version": 1,
          "attributes": {
            "arn": "arn:aws:ec2:ap-northeast-1:931366402038:subnet/subnet-01af637f9e7448b44",
            "assign_ipv6_address_on_creation": false,
            "availability_zone": "ap-northeast-1c",
            "availability_zone_id": "apne1-az1",
            "cidr_block": "10.1.160.192/26",
            "customer_owned_ipv4_pool": "",
            "enable_dns64": false,
            "enable_lni_at_device_index": 0,
            "enable_resource_name_dns_a_record_on_launch": false,
            "enable_resource_name_dns_aaaa_record_on_launch": false,
            "id": "subnet-01af637f9e7448b44",
            "ipv6_cidr_block": "",
            "ipv6_cidr_block_association_id": "",
            "ipv6_native": false,
            "map_customer_owned_ip_on_launch": false,
            "map_public_ip_on_launch": false,
            "outpost_arn": "",
            "owner_id": "931366402038",
            "private_dns_hostname_type_on_launch": "ip-name",
            "tags": {
              "Name": "pod-private-ap-northeast-1c"
            },
            "tags_all": {
              "Name": "pod-private-ap-northeast-1c"
            },
            "timeouts": null,
            "vpc_id": "vpc-0958fbd2b8d22c6a8"
          },
          "sensitive_attributes": [],
          "private": "eyJlMmJmYjczMC1lY2FhLTExZTYtOGY4OC0zNDM2M2JjN2M0YzAiOnsiY3JlYXRlIjo2MDAwMDAwMDAwMDAsImRlbGV0ZSI6MTIwMDAwMDAwMDAwMH0sInNjaGVtYV92ZXJzaW9uIjoiMSJ9",
          "dependencies": [
            "module.vpc_pod.aws_vpc.this",
            "module.vpc_pod.aws_vpc_ipv4_cidr_block_association.this"
          ]
        },
        {
          "index_key": 4,
          "schema_version": 1,
          "attributes": {
            "arn": "arn:aws:ec2:ap-northeast-1:931366402038:subnet/subnet-076f283bce5d25d12",
            "assign_ipv6_address_on_creation": false,
            "availability_zone": "ap-northeast-1a",
            "availability_zone_id": "apne1-az4",
            "cidr_block": "10.1.160.64/28",
            "customer_owned_ipv4_pool": "",
            "enable_dns64": false,
            "enable_lni_at_device_index": 0,
            "enable_resource_name_dns_a_record_on_launch": false,
            "enable_resource_name_dns_aaaa_record_on_launch": false,
            "id": "subnet-076f283bce5d25d12",
            "ipv6_cidr_block": "",
            "ipv6_cidr_block_association_id": "",
            "ipv6_native": false,
            "map_customer_owned_ip_on_launch": false,
            "map_public_ip_on_launch": false,
            "outpost_arn": "",
            "owner_id": "931366402038",
            "private_dns_hostname_type_on_launch": "ip-name",
            "tags": {
              "Name": "pod-private-ap-northeast-1a"
            },
            "tags_all": {
              "Name": "pod-private-ap-northeast-1a"
            },
            "timeouts": null,
            "vpc_id": "vpc-0958fbd2b8d22c6a8"
          },
          "sensitive_attributes": [],
          "private": "eyJlMmJmYjczMC1lY2FhLTExZTYtOGY4OC0zNDM2M2JjN2M0YzAiOnsiY3JlYXRlIjo2MDAwMDAwMDAwMDAsImRlbGV0ZSI6MTIwMDAwMDAwMDAwMH0sInNjaGVtYV92ZXJzaW9uIjoiMSJ9",
          "dependencies": [
            "module.vpc_pod.aws_vpc.this",
            "module.vpc_pod.aws_vpc_ipv4_cidr_block_association.this"
          ]
        },
        {
          "index_key": 5,
          "schema_version": 1,
          "attributes": {
            "arn": "arn:aws:ec2:ap-northeast-1:931366402038:subnet/subnet-0efa9f9b64aee2749",
            "assign_ipv6_address_on_creation": false,
            "availability_zone": "ap-northeast-1c",
            "availability_zone_id": "apne1-az1",
            "cidr_block": "10.1.160.80/28",
            "customer_owned_ipv4_pool": "",
            "enable_dns64": false,
            "enable_lni_at_device_index": 0,
            "enable_resource_name_dns_a_record_on_launch": false,
            "enable_resource_name_dns_aaaa_record_on_launch": false,
            "id": "subnet-0efa9f9b64aee2749",
            "ipv6_cidr_block": "",
            "ipv6_cidr_block_association_id": "",
            "ipv6_native": false,
            "map_customer_owned_ip_on_launch": false,
            "map_public_ip_on_launch": false,
            "outpost_arn": "",
            "owner_id": "931366402038",
            "private_dns_hostname_type_on_launch": "ip-name",
            "tags": {
              "Name": "pod-private-ap-northeast-1c"
            },
            "tags_all": {
              "Name": "pod-private-ap-northeast-1c"
            },
            "timeouts": null,
            "vpc_id": "vpc-0958fbd2b8d22c6a8"
          },
          "sensitive_attributes": [],
          "private": "eyJlMmJmYjczMC1lY2FhLTExZTYtOGY4OC0zNDM2M2JjN2M0YzAiOnsiY3JlYXRlIjo2MDAwMDAwMDAwMDAsImRlbGV0ZSI6MTIwMDAwMDAwMDAwMH0sInNjaGVtYV92ZXJzaW9uIjoiMSJ9",
          "dependencies": [
            "module.vpc_pod.aws_vpc.this",
            "module.vpc_pod.aws_vpc_ipv4_cidr_block_association.this"
          ]
        },
        {
          "index_key": 6,
          "schema_version": 1,
          "attributes": {
            "arn": "arn:aws:ec2:ap-northeast-1:931366402038:subnet/subnet-00b2edab9ae469229",
            "assign_ipv6_address_on_creation": false,
            "availability_zone": "ap-northeast-1a",
            "availability_zone_id": "apne1-az4",
            "cidr_block": "10.1.161.0/24",
            "customer_owned_ipv4_pool": "",
            "enable_dns64": false,
            "enable_lni_at_device_index": 0,
            "enable_resource_name_dns_a_record_on_launch": false,
            "enable_resource_name_dns_aaaa_record_on_launch": false,
            "id": "subnet-00b2edab9ae469229",
            "ipv6_cidr_block": "",
            "ipv6_cidr_block_association_id": "",
            "ipv6_native": false,
            "map_customer_owned_ip_on_launch": false,
            "map_public_ip_on_launch": false,
            "outpost_arn": "",
            "owner_id": "931366402038",
            "private_dns_hostname_type_on_launch": "ip-name",
            "tags": {
              "Name": "pod-private-ap-northeast-1a"
            },
            "tags_all": {
              "Name": "pod-private-ap-northeast-1a"
            },
            "timeouts": null,
            "vpc_id": "vpc-0958fbd2b8d22c6a8"
          },
          "sensitive_attributes": [],
          "private": "eyJlMmJmYjczMC1lY2FhLTExZTYtOGY4OC0zNDM2M2JjN2M0YzAiOnsiY3JlYXRlIjo2MDAwMDAwMDAwMDAsImRlbGV0ZSI6MTIwMDAwMDAwMDAwMH0sInNjaGVtYV92ZXJzaW9uIjoiMSJ9",
          "dependencies": [
            "module.vpc_pod.aws_vpc.this",
            "module.vpc_pod.aws_vpc_ipv4_cidr_block_association.this"
          ]
        },
        {
          "index_key": 7,
          "schema_version": 1,
          "attributes": {
            "arn": "arn:aws:ec2:ap-northeast-1:931366402038:subnet/subnet-0b57a69568ef8d1a5",
            "assign_ipv6_address_on_creation": false,
            "availability_zone": "ap-northeast-1c",
            "availability_zone_id": "apne1-az1",
            "cidr_block": "10.1.162.0/24",
            "customer_owned_ipv4_pool": "",
            "enable_dns64": false,
            "enable_lni_at_device_index": 0,
            "enable_resource_name_dns_a_record_on_launch": false,
            "enable_resource_name_dns_aaaa_record_on_launch": false,
            "id": "subnet-0b57a69568ef8d1a5",
            "ipv6_cidr_block": "",
            "ipv6_cidr_block_association_id": "",
            "ipv6_native": false,
            "map_customer_owned_ip_on_launch": false,
            "map_public_ip_on_launch": false,
            "outpost_arn": "",
            "owner_id": "931366402038",
            "private_dns_hostname_type_on_launch": "ip-name",
            "tags": {
              "Name": "pod-private-ap-northeast-1c"
            },
            "tags_all": {
              "Name": "pod-private-ap-northeast-1c"
            },
            "timeouts": null,
            "vpc_id": "vpc-0958fbd2b8d22c6a8"
          },
          "sensitive_attributes": [],
          "private": "eyJlMmJmYjczMC1lY2FhLTExZTYtOGY4OC0zNDM2M2JjN2M0YzAiOnsiY3JlYXRlIjo2MDAwMDAwMDAwMDAsImRlbGV0ZSI6MTIwMDAwMDAwMDAwMH0sInNjaGVtYV92ZXJzaW9uIjoiMSJ9",
          "dependencies": [
            "module.vpc_pod.aws_vpc.this",
            "module.vpc_pod.aws_vpc_ipv4_cidr_block_association.this"
          ]
        }
      ]
    },
    {
      "module": "module.vpc_pod",
      "mode": "managed",
      "type": "aws_vpc",
      "name": "this",
      "provider": "provider[\"registry.terraform.io/hashicorp/aws\"]",
      "instances": [
        {
          "index_key": 0,
          "schema_version": 1,
          "attributes": {
            "arn": "arn:aws:ec2:ap-northeast-1:931366402038:vpc/vpc-0958fbd2b8d22c6a8",
            "assign_generated_ipv6_cidr_block": false,
            "cidr_block": "10.1.160.0/21",
            "default_network_acl_id": "acl-040a890393023e7bd",
            "default_route_table_id": "rtb-0f8c0cff5c4ba372e",
            "default_security_group_id": "sg-0a9d000f7f9990e5f",
            "dhcp_options_id": "dopt-8f90f8ea",
            "enable_classiclink": false,
            "enable_classiclink_dns_support": false,
            "enable_dns_hostnames": true,
            "enable_dns_support": true,
            "enable_network_address_usage_metrics": false,
            "id": "vpc-0958fbd2b8d22c6a8",
            "instance_tenancy": "default",
            "ipv4_ipam_pool_id": null,
            "ipv4_netmask_length": null,
            "ipv6_association_id": "",
            "ipv6_cidr_block": "",
            "ipv6_cidr_block_network_border_group": "",
            "ipv6_ipam_pool_id": "",
            "ipv6_netmask_length": 0,
            "main_route_table_id": "rtb-0f8c0cff5c4ba372e",
            "owner_id": "931366402038",
            "tags": {
              "Name": "pod"
            },
            "tags_all": {
              "Name": "pod"
            }
          },
          "sensitive_attributes": [],
          "private": "eyJzY2hlbWFfdmVyc2lvbiI6IjEifQ=="
        }
      ]
    },
    {
      "module": "module.vpc_pod",
      "mode": "managed",
      "type": "aws_vpc_ipv4_cidr_block_association",
      "name": "this",
      "provider": "provider[\"registry.terraform.io/hashicorp/aws\"]",
      "instances": []
    }
  ],
  "check_results": null
}
